{
  "version": 4,
  "terraform_version": "1.1.2",
  "serial": 36,
  "lineage": "0b609556-8449-b95c-60ad-90cb62630992",
  "outputs": {
    "app_security_group_ids": {
      "value": [
        "sg-09a2c3b2470adde3a"
      ],
      "type": [
        "tuple",
        [
          "string"
        ]
      ]
    },
    "aws_availability_zones": {
      "value": [
        "us-east-1a",
        "us-east-1b",
        "us-east-1c",
        "us-east-1d",
        "us-east-1e",
        "us-east-1f"
      ],
      "type": [
        "list",
        "string"
      ]
    },
    "lb_security_group_ids": {
      "value": [
        "sg-0dfbd42db1de93b9b"
      ],
      "type": [
        "tuple",
        [
          "string"
        ]
      ]
    },
    "private_subnet_ids": {
      "value": [
        "subnet-03532cf3ddf0c8ca3",
        "subnet-0dd3f1803884f9d83"
      ],
      "type": [
        "tuple",
        [
          "string",
          "string"
        ]
      ]
    },
    "public_subnet_ids": {
      "value": [
        "subnet-00f41cafa92adf754",
        "subnet-06ee3c420da16ba05"
      ],
      "type": [
        "tuple",
        [
          "string",
          "string"
        ]
      ]
    }
  },
  "resources": [
    {
      "mode": "data",
      "type": "aws_availability_zones",
      "name": "available",
      "provider": "provider[\"registry.terraform.io/hashicorp/aws\"]",
      "instances": [
        {
          "schema_version": 0,
          "attributes": {
            "all_availability_zones": null,
            "exclude_names": null,
            "exclude_zone_ids": null,
            "filter": null,
            "group_names": [
              "us-east-1"
            ],
            "id": "us-east-1",
            "names": [
              "us-east-1a",
              "us-east-1b",
              "us-east-1c",
              "us-east-1d",
              "us-east-1e",
              "us-east-1f"
            ],
            "state": "available",
            "zone_ids": [
              "use1-az4",
              "use1-az6",
              "use1-az1",
              "use1-az2",
              "use1-az3",
              "use1-az5"
            ]
          },
          "sensitive_attributes": []
        }
      ]
    },
    {
      "module": "module.app_security_group.module.sg",
      "mode": "managed",
      "type": "aws_security_group",
      "name": "this_name_prefix",
      "provider": "provider[\"registry.terraform.io/hashicorp/aws\"]",
      "instances": [
        {
          "index_key": 0,
          "schema_version": 1,
          "attributes": {
            "arn": "arn:aws:ec2:us-east-1:808449850312:security-group/sg-09a2c3b2470adde3a",
            "description": "Security group for web-servers with HTTP ports open within VPC",
            "egress": [
              {
                "cidr_blocks": [
                  "0.0.0.0/0"
                ],
                "description": "All protocols",
                "from_port": 0,
                "ipv6_cidr_blocks": [
                  "::/0"
                ],
                "prefix_list_ids": [],
                "protocol": "-1",
                "security_groups": [],
                "self": false,
                "to_port": 0
              }
            ],
            "id": "sg-09a2c3b2470adde3a",
            "ingress": [
              {
                "cidr_blocks": [
                  "10.0.1.0/24",
                  "10.0.2.0/24"
                ],
                "description": "HTTP",
                "from_port": 8080,
                "ipv6_cidr_blocks": [],
                "prefix_list_ids": [],
                "protocol": "tcp",
                "security_groups": [],
                "self": false,
                "to_port": 8080
              },
              {
                "cidr_blocks": [
                  "10.0.1.0/24",
                  "10.0.2.0/24"
                ],
                "description": "HTTP",
                "from_port": 80,
                "ipv6_cidr_blocks": [],
                "prefix_list_ids": [],
                "protocol": "tcp",
                "security_groups": [],
                "self": false,
                "to_port": 80
              },
              {
                "cidr_blocks": [
                  "10.0.1.0/24",
                  "10.0.2.0/24"
                ],
                "description": "HTTPS",
                "from_port": 443,
                "ipv6_cidr_blocks": [],
                "prefix_list_ids": [],
                "protocol": "tcp",
                "security_groups": [],
                "self": false,
                "to_port": 443
              },
              {
                "cidr_blocks": [
                  "10.0.1.0/24",
                  "10.0.2.0/24"
                ],
                "description": "JMX",
                "from_port": 1099,
                "ipv6_cidr_blocks": [],
                "prefix_list_ids": [],
                "protocol": "tcp",
                "security_groups": [],
                "self": false,
                "to_port": 1099
              },
              {
                "cidr_blocks": [],
                "description": "Ingress Rule",
                "from_port": 0,
                "ipv6_cidr_blocks": [],
                "prefix_list_ids": [],
                "protocol": "-1",
                "security_groups": [],
                "self": true,
                "to_port": 0
              }
            ],
            "name": "web-server-sg-20220104173624449500000001",
            "name_prefix": "web-server-sg-",
            "owner_id": "808449850312",
            "revoke_rules_on_delete": false,
            "tags": {
              "Name": "web-server-sg"
            },
            "timeouts": null,
            "vpc_id": "vpc-008af99716130790e"
          },
          "sensitive_attributes": [],
          "private": "eyJlMmJmYjczMC1lY2FhLTExZTYtOGY4OC0zNDM2M2JjN2M0YzAiOnsiY3JlYXRlIjo2MDAwMDAwMDAwMDAsImRlbGV0ZSI6NjAwMDAwMDAwMDAwfSwic2NoZW1hX3ZlcnNpb24iOiIxIn0=",
          "dependencies": [
            "module.vpc.aws_vpc.this"
          ],
          "create_before_destroy": true
        }
      ]
    },
    {
      "module": "module.app_security_group.module.sg",
      "mode": "managed",
      "type": "aws_security_group_rule",
      "name": "egress_rules",
      "provider": "provider[\"registry.terraform.io/hashicorp/aws\"]",
      "instances": [
        {
          "index_key": 0,
          "schema_version": 2,
          "attributes": {
            "cidr_blocks": [
              "0.0.0.0/0"
            ],
            "description": "All protocols",
            "from_port": 0,
            "id": "sgrule-812850",
            "ipv6_cidr_blocks": [
              "::/0"
            ],
            "prefix_list_ids": [],
            "protocol": "-1",
            "security_group_id": "sg-09a2c3b2470adde3a",
            "self": false,
            "source_security_group_id": null,
            "to_port": 0,
            "type": "egress"
          },
          "sensitive_attributes": [],
          "private": "eyJzY2hlbWFfdmVyc2lvbiI6IjIifQ==",
          "dependencies": [
            "module.app_security_group.module.sg.aws_security_group.this",
            "module.app_security_group.module.sg.aws_security_group.this_name_prefix",
            "module.vpc.aws_vpc.this"
          ]
        }
      ]
    },
    {
      "module": "module.app_security_group.module.sg",
      "mode": "managed",
      "type": "aws_security_group_rule",
      "name": "ingress_rules",
      "provider": "provider[\"registry.terraform.io/hashicorp/aws\"]",
      "instances": [
        {
          "index_key": 0,
          "schema_version": 2,
          "attributes": {
            "cidr_blocks": [
              "10.0.1.0/24",
              "10.0.2.0/24"
            ],
            "description": "HTTP",
            "from_port": 80,
            "id": "sgrule-3466719224",
            "ipv6_cidr_blocks": [],
            "prefix_list_ids": [],
            "protocol": "tcp",
            "security_group_id": "sg-09a2c3b2470adde3a",
            "self": false,
            "source_security_group_id": null,
            "to_port": 80,
            "type": "ingress"
          },
          "sensitive_attributes": [],
          "private": "eyJzY2hlbWFfdmVyc2lvbiI6IjIifQ==",
          "dependencies": [
            "module.vpc.aws_vpc.this",
            "module.vpc.aws_vpc_ipv4_cidr_block_association.this",
            "data.aws_availability_zones.available",
            "module.app_security_group.module.sg.aws_security_group.this",
            "module.app_security_group.module.sg.aws_security_group.this_name_prefix",
            "module.vpc.aws_subnet.public"
          ]
        },
        {
          "index_key": 1,
          "schema_version": 2,
          "attributes": {
            "cidr_blocks": [
              "10.0.1.0/24",
              "10.0.2.0/24"
            ],
            "description": "HTTP",
            "from_port": 8080,
            "id": "sgrule-3712346361",
            "ipv6_cidr_blocks": [],
            "prefix_list_ids": [],
            "protocol": "tcp",
            "security_group_id": "sg-09a2c3b2470adde3a",
            "self": false,
            "source_security_group_id": null,
            "to_port": 8080,
            "type": "ingress"
          },
          "sensitive_attributes": [],
          "private": "eyJzY2hlbWFfdmVyc2lvbiI6IjIifQ==",
          "dependencies": [
            "module.vpc.aws_subnet.public",
            "module.vpc.aws_vpc.this",
            "module.vpc.aws_vpc_ipv4_cidr_block_association.this",
            "data.aws_availability_zones.available",
            "module.app_security_group.module.sg.aws_security_group.this",
            "module.app_security_group.module.sg.aws_security_group.this_name_prefix"
          ]
        },
        {
          "index_key": 2,
          "schema_version": 2,
          "attributes": {
            "cidr_blocks": [
              "10.0.1.0/24",
              "10.0.2.0/24"
            ],
            "description": "HTTPS",
            "from_port": 443,
            "id": "sgrule-1379693328",
            "ipv6_cidr_blocks": [],
            "prefix_list_ids": [],
            "protocol": "tcp",
            "security_group_id": "sg-09a2c3b2470adde3a",
            "self": false,
            "source_security_group_id": null,
            "to_port": 443,
            "type": "ingress"
          },
          "sensitive_attributes": [],
          "private": "eyJzY2hlbWFfdmVyc2lvbiI6IjIifQ==",
          "dependencies": [
            "data.aws_availability_zones.available",
            "module.app_security_group.module.sg.aws_security_group.this",
            "module.app_security_group.module.sg.aws_security_group.this_name_prefix",
            "module.vpc.aws_subnet.public",
            "module.vpc.aws_vpc.this",
            "module.vpc.aws_vpc_ipv4_cidr_block_association.this"
          ]
        },
        {
          "index_key": 3,
          "schema_version": 2,
          "attributes": {
            "cidr_blocks": [
              "10.0.1.0/24",
              "10.0.2.0/24"
            ],
            "description": "JMX",
            "from_port": 1099,
            "id": "sgrule-1662701698",
            "ipv6_cidr_blocks": [],
            "prefix_list_ids": [],
            "protocol": "tcp",
            "security_group_id": "sg-09a2c3b2470adde3a",
            "self": false,
            "source_security_group_id": null,
            "to_port": 1099,
            "type": "ingress"
          },
          "sensitive_attributes": [],
          "private": "eyJzY2hlbWFfdmVyc2lvbiI6IjIifQ==",
          "dependencies": [
            "data.aws_availability_zones.available",
            "module.app_security_group.module.sg.aws_security_group.this",
            "module.app_security_group.module.sg.aws_security_group.this_name_prefix",
            "module.vpc.aws_subnet.public",
            "module.vpc.aws_vpc.this",
            "module.vpc.aws_vpc_ipv4_cidr_block_association.this"
          ]
        }
      ]
    },
    {
      "module": "module.app_security_group.module.sg",
      "mode": "managed",
      "type": "aws_security_group_rule",
      "name": "ingress_with_self",
      "provider": "provider[\"registry.terraform.io/hashicorp/aws\"]",
      "instances": [
        {
          "index_key": 0,
          "schema_version": 2,
          "attributes": {
            "cidr_blocks": [],
            "description": "Ingress Rule",
            "from_port": 0,
            "id": "sgrule-76567931",
            "ipv6_cidr_blocks": [],
            "prefix_list_ids": [],
            "protocol": "-1",
            "security_group_id": "sg-09a2c3b2470adde3a",
            "self": true,
            "source_security_group_id": "sg-09a2c3b2470adde3a",
            "to_port": 0,
            "type": "ingress"
          },
          "sensitive_attributes": [],
          "private": "eyJzY2hlbWFfdmVyc2lvbiI6IjIifQ==",
          "dependencies": [
            "module.app_security_group.module.sg.aws_security_group.this",
            "module.app_security_group.module.sg.aws_security_group.this_name_prefix",
            "module.vpc.aws_vpc.this"
          ]
        }
      ]
    },
    {
      "module": "module.lb_security_group.module.sg",
      "mode": "managed",
      "type": "aws_security_group",
      "name": "this_name_prefix",
      "provider": "provider[\"registry.terraform.io/hashicorp/aws\"]",
      "instances": [
        {
          "index_key": 0,
          "schema_version": 1,
          "attributes": {
            "arn": "arn:aws:ec2:us-east-1:808449850312:security-group/sg-0dfbd42db1de93b9b",
            "description": "Security group for load balancer with HTTP ports open within VPC",
            "egress": [
              {
                "cidr_blocks": [
                  "0.0.0.0/0"
                ],
                "description": "All protocols",
                "from_port": 0,
                "ipv6_cidr_blocks": [
                  "::/0"
                ],
                "prefix_list_ids": [],
                "protocol": "-1",
                "security_groups": [],
                "self": false,
                "to_port": 0
              }
            ],
            "id": "sg-0dfbd42db1de93b9b",
            "ingress": [
              {
                "cidr_blocks": [
                  "0.0.0.0/0"
                ],
                "description": "HTTP",
                "from_port": 8080,
                "ipv6_cidr_blocks": [],
                "prefix_list_ids": [],
                "protocol": "tcp",
                "security_groups": [],
                "self": false,
                "to_port": 8080
              },
              {
                "cidr_blocks": [
                  "0.0.0.0/0"
                ],
                "description": "HTTP",
                "from_port": 80,
                "ipv6_cidr_blocks": [],
                "prefix_list_ids": [],
                "protocol": "tcp",
                "security_groups": [],
                "self": false,
                "to_port": 80
              },
              {
                "cidr_blocks": [
                  "0.0.0.0/0"
                ],
                "description": "HTTPS",
                "from_port": 443,
                "ipv6_cidr_blocks": [],
                "prefix_list_ids": [],
                "protocol": "tcp",
                "security_groups": [],
                "self": false,
                "to_port": 443
              },
              {
                "cidr_blocks": [
                  "0.0.0.0/0"
                ],
                "description": "JMX",
                "from_port": 1099,
                "ipv6_cidr_blocks": [],
                "prefix_list_ids": [],
                "protocol": "tcp",
                "security_groups": [],
                "self": false,
                "to_port": 1099
              },
              {
                "cidr_blocks": [],
                "description": "Ingress Rule",
                "from_port": 0,
                "ipv6_cidr_blocks": [],
                "prefix_list_ids": [],
                "protocol": "-1",
                "security_groups": [],
                "self": true,
                "to_port": 0
              }
            ],
            "name": "lb-sg-project-alpha-dev-20220104173624449600000002",
            "name_prefix": "lb-sg-project-alpha-dev-",
            "owner_id": "808449850312",
            "revoke_rules_on_delete": false,
            "tags": {
              "Name": "lb-sg-project-alpha-dev"
            },
            "timeouts": null,
            "vpc_id": "vpc-008af99716130790e"
          },
          "sensitive_attributes": [],
          "private": "eyJlMmJmYjczMC1lY2FhLTExZTYtOGY4OC0zNDM2M2JjN2M0YzAiOnsiY3JlYXRlIjo2MDAwMDAwMDAwMDAsImRlbGV0ZSI6NjAwMDAwMDAwMDAwfSwic2NoZW1hX3ZlcnNpb24iOiIxIn0=",
          "dependencies": [
            "module.vpc.aws_vpc.this"
          ],
          "create_before_destroy": true
        }
      ]
    },
    {
      "module": "module.lb_security_group.module.sg",
      "mode": "managed",
      "type": "aws_security_group_rule",
      "name": "egress_rules",
      "provider": "provider[\"registry.terraform.io/hashicorp/aws\"]",
      "instances": [
        {
          "index_key": 0,
          "schema_version": 2,
          "attributes": {
            "cidr_blocks": [
              "0.0.0.0/0"
            ],
            "description": "All protocols",
            "from_port": 0,
            "id": "sgrule-1542549601",
            "ipv6_cidr_blocks": [
              "::/0"
            ],
            "prefix_list_ids": [],
            "protocol": "-1",
            "security_group_id": "sg-0dfbd42db1de93b9b",
            "self": false,
            "source_security_group_id": null,
            "to_port": 0,
            "type": "egress"
          },
          "sensitive_attributes": [],
          "private": "eyJzY2hlbWFfdmVyc2lvbiI6IjIifQ==",
          "dependencies": [
            "module.lb_security_group.module.sg.aws_security_group.this",
            "module.lb_security_group.module.sg.aws_security_group.this_name_prefix",
            "module.vpc.aws_vpc.this"
          ]
        }
      ]
    },
    {
      "module": "module.lb_security_group.module.sg",
      "mode": "managed",
      "type": "aws_security_group_rule",
      "name": "ingress_rules",
      "provider": "provider[\"registry.terraform.io/hashicorp/aws\"]",
      "instances": [
        {
          "index_key": 0,
          "schema_version": 2,
          "attributes": {
            "cidr_blocks": [
              "0.0.0.0/0"
            ],
            "description": "HTTP",
            "from_port": 80,
            "id": "sgrule-3501036895",
            "ipv6_cidr_blocks": [],
            "prefix_list_ids": [],
            "protocol": "tcp",
            "security_group_id": "sg-0dfbd42db1de93b9b",
            "self": false,
            "source_security_group_id": null,
            "to_port": 80,
            "type": "ingress"
          },
          "sensitive_attributes": [],
          "private": "eyJzY2hlbWFfdmVyc2lvbiI6IjIifQ==",
          "dependencies": [
            "module.lb_security_group.module.sg.aws_security_group.this",
            "module.lb_security_group.module.sg.aws_security_group.this_name_prefix",
            "module.vpc.aws_vpc.this"
          ]
        },
        {
          "index_key": 1,
          "schema_version": 2,
          "attributes": {
            "cidr_blocks": [
              "0.0.0.0/0"
            ],
            "description": "HTTP",
            "from_port": 8080,
            "id": "sgrule-552671499",
            "ipv6_cidr_blocks": [],
            "prefix_list_ids": [],
            "protocol": "tcp",
            "security_group_id": "sg-0dfbd42db1de93b9b",
            "self": false,
            "source_security_group_id": null,
            "to_port": 8080,
            "type": "ingress"
          },
          "sensitive_attributes": [],
          "private": "eyJzY2hlbWFfdmVyc2lvbiI6IjIifQ==",
          "dependencies": [
            "module.lb_security_group.module.sg.aws_security_group.this",
            "module.lb_security_group.module.sg.aws_security_group.this_name_prefix",
            "module.vpc.aws_vpc.this"
          ]
        },
        {
          "index_key": 2,
          "schema_version": 2,
          "attributes": {
            "cidr_blocks": [
              "0.0.0.0/0"
            ],
            "description": "HTTPS",
            "from_port": 443,
            "id": "sgrule-459641871",
            "ipv6_cidr_blocks": [],
            "prefix_list_ids": [],
            "protocol": "tcp",
            "security_group_id": "sg-0dfbd42db1de93b9b",
            "self": false,
            "source_security_group_id": null,
            "to_port": 443,
            "type": "ingress"
          },
          "sensitive_attributes": [],
          "private": "eyJzY2hlbWFfdmVyc2lvbiI6IjIifQ==",
          "dependencies": [
            "module.lb_security_group.module.sg.aws_security_group.this",
            "module.lb_security_group.module.sg.aws_security_group.this_name_prefix",
            "module.vpc.aws_vpc.this"
          ]
        },
        {
          "index_key": 3,
          "schema_version": 2,
          "attributes": {
            "cidr_blocks": [
              "0.0.0.0/0"
            ],
            "description": "JMX",
            "from_port": 1099,
            "id": "sgrule-2569655079",
            "ipv6_cidr_blocks": [],
            "prefix_list_ids": [],
            "protocol": "tcp",
            "security_group_id": "sg-0dfbd42db1de93b9b",
            "self": false,
            "source_security_group_id": null,
            "to_port": 1099,
            "type": "ingress"
          },
          "sensitive_attributes": [],
          "private": "eyJzY2hlbWFfdmVyc2lvbiI6IjIifQ==",
          "dependencies": [
            "module.lb_security_group.module.sg.aws_security_group.this",
            "module.lb_security_group.module.sg.aws_security_group.this_name_prefix",
            "module.vpc.aws_vpc.this"
          ]
        }
      ]
    },
    {
      "module": "module.lb_security_group.module.sg",
      "mode": "managed",
      "type": "aws_security_group_rule",
      "name": "ingress_with_self",
      "provider": "provider[\"registry.terraform.io/hashicorp/aws\"]",
      "instances": [
        {
          "index_key": 0,
          "schema_version": 2,
          "attributes": {
            "cidr_blocks": [],
            "description": "Ingress Rule",
            "from_port": 0,
            "id": "sgrule-2322761293",
            "ipv6_cidr_blocks": [],
            "prefix_list_ids": [],
            "protocol": "-1",
            "security_group_id": "sg-0dfbd42db1de93b9b",
            "self": true,
            "source_security_group_id": "sg-0dfbd42db1de93b9b",
            "to_port": 0,
            "type": "ingress"
          },
          "sensitive_attributes": [],
          "private": "eyJzY2hlbWFfdmVyc2lvbiI6IjIifQ==",
          "dependencies": [
            "module.lb_security_group.module.sg.aws_security_group.this",
            "module.lb_security_group.module.sg.aws_security_group.this_name_prefix",
            "module.vpc.aws_vpc.this"
          ]
        }
      ]
    },
    {
      "module": "module.vpc",
      "mode": "managed",
      "type": "aws_eip",
      "name": "nat",
      "provider": "provider[\"registry.terraform.io/hashicorp/aws\"]",
      "instances": [
        {
          "index_key": 0,
          "schema_version": 0,
          "attributes": {
            "allocation_id": null,
            "associate_with_private_ip": null,
            "association_id": "eipassoc-0d605ddd5d0058209",
            "carrier_ip": "",
            "customer_owned_ip": "",
            "customer_owned_ipv4_pool": "",
            "domain": "vpc",
            "id": "eipalloc-0497bb1ac3a271303",
            "instance": "",
            "network_border_group": "us-east-1",
            "network_interface": "eni-0fab94d63e228489a",
            "private_dns": "ip-10-0-1-28.ec2.internal",
            "private_ip": "10.0.1.28",
            "public_dns": "ec2-54-166-166-198.compute-1.amazonaws.com",
            "public_ip": "54.166.166.198",
            "public_ipv4_pool": "amazon",
            "tags": {
              "Name": "-us-east-1a"
            },
            "timeouts": null,
            "vpc": true
          },
          "sensitive_attributes": [],
          "private": "eyJlMmJmYjczMC1lY2FhLTExZTYtOGY4OC0zNDM2M2JjN2M0YzAiOnsiZGVsZXRlIjoxODAwMDAwMDAwMDAsInJlYWQiOjkwMDAwMDAwMDAwMCwidXBkYXRlIjozMDAwMDAwMDAwMDB9fQ==",
          "dependencies": [
            "data.aws_availability_zones.available"
          ]
        },
        {
          "index_key": 1,
          "schema_version": 0,
          "attributes": {
            "allocation_id": null,
            "associate_with_private_ip": null,
            "association_id": "eipassoc-00f758526600d1e8c",
            "carrier_ip": "",
            "customer_owned_ip": "",
            "customer_owned_ipv4_pool": "",
            "domain": "vpc",
            "id": "eipalloc-0282b39ebf43bf51b",
            "instance": "",
            "network_border_group": "us-east-1",
            "network_interface": "eni-02af840585e521b5f",
            "private_dns": "ip-10-0-2-138.ec2.internal",
            "private_ip": "10.0.2.138",
            "public_dns": "ec2-54-152-5-92.compute-1.amazonaws.com",
            "public_ip": "54.152.5.92",
            "public_ipv4_pool": "amazon",
            "tags": {
              "Name": "-us-east-1b"
            },
            "timeouts": null,
            "vpc": true
          },
          "sensitive_attributes": [],
          "private": "eyJlMmJmYjczMC1lY2FhLTExZTYtOGY4OC0zNDM2M2JjN2M0YzAiOnsiZGVsZXRlIjoxODAwMDAwMDAwMDAsInJlYWQiOjkwMDAwMDAwMDAwMCwidXBkYXRlIjozMDAwMDAwMDAwMDB9fQ==",
          "dependencies": [
            "data.aws_availability_zones.available"
          ]
        }
      ]
    },
    {
      "module": "module.vpc",
      "mode": "managed",
      "type": "aws_internet_gateway",
      "name": "this",
      "provider": "provider[\"registry.terraform.io/hashicorp/aws\"]",
      "instances": [
        {
          "index_key": 0,
          "schema_version": 0,
          "attributes": {
            "arn": "arn:aws:ec2:us-east-1:808449850312:internet-gateway/igw-0a1ec365e2af1ee14",
            "id": "igw-0a1ec365e2af1ee14",
            "owner_id": "808449850312",
            "tags": {
              "Name": ""
            },
            "vpc_id": "vpc-008af99716130790e"
          },
          "sensitive_attributes": [],
          "private": "bnVsbA==",
          "dependencies": [
            "module.vpc.aws_vpc.this",
            "module.vpc.aws_vpc_ipv4_cidr_block_association.this"
          ]
        }
      ]
    },
    {
      "module": "module.vpc",
      "mode": "managed",
      "type": "aws_nat_gateway",
      "name": "this",
      "provider": "provider[\"registry.terraform.io/hashicorp/aws\"]",
      "instances": [
        {
          "index_key": 0,
          "schema_version": 0,
          "attributes": {
            "allocation_id": "eipalloc-0497bb1ac3a271303",
            "id": "nat-03ebd39c3dcc1a187",
            "network_interface_id": "eni-0fab94d63e228489a",
            "private_ip": "10.0.1.28",
            "public_ip": "54.166.166.198",
            "subnet_id": "subnet-00f41cafa92adf754",
            "tags": {
              "Name": "-us-east-1a"
            }
          },
          "sensitive_attributes": [],
          "private": "bnVsbA==",
          "dependencies": [
            "data.aws_availability_zones.available",
            "module.vpc.aws_eip.nat",
            "module.vpc.aws_internet_gateway.this",
            "module.vpc.aws_subnet.public",
            "module.vpc.aws_vpc.this",
            "module.vpc.aws_vpc_ipv4_cidr_block_association.this"
          ]
        },
        {
          "index_key": 1,
          "schema_version": 0,
          "attributes": {
            "allocation_id": "eipalloc-0282b39ebf43bf51b",
            "id": "nat-0bd305f3bb3914957",
            "network_interface_id": "eni-02af840585e521b5f",
            "private_ip": "10.0.2.138",
            "public_ip": "54.152.5.92",
            "subnet_id": "subnet-06ee3c420da16ba05",
            "tags": {
              "Name": "-us-east-1b"
            }
          },
          "sensitive_attributes": [],
          "private": "bnVsbA==",
          "dependencies": [
            "data.aws_availability_zones.available",
            "module.vpc.aws_eip.nat",
            "module.vpc.aws_internet_gateway.this",
            "module.vpc.aws_subnet.public",
            "module.vpc.aws_vpc.this",
            "module.vpc.aws_vpc_ipv4_cidr_block_association.this"
          ]
        }
      ]
    },
    {
      "module": "module.vpc",
      "mode": "managed",
      "type": "aws_route",
      "name": "private_nat_gateway",
      "provider": "provider[\"registry.terraform.io/hashicorp/aws\"]",
      "instances": [
        {
          "index_key": 0,
          "schema_version": 0,
          "attributes": {
            "destination_cidr_block": "0.0.0.0/0",
            "destination_ipv6_cidr_block": "",
            "destination_prefix_list_id": "",
            "egress_only_gateway_id": "",
            "gateway_id": "",
            "id": "r-rtb-0482aaf707cd0f06d1080289494",
            "instance_id": "",
            "instance_owner_id": "",
            "local_gateway_id": "",
            "nat_gateway_id": "nat-03ebd39c3dcc1a187",
            "network_interface_id": "",
            "origin": "CreateRoute",
            "route_table_id": "rtb-0482aaf707cd0f06d",
            "state": "active",
            "timeouts": {
              "create": "5m",
              "delete": null
            },
            "transit_gateway_id": "",
            "vpc_endpoint_id": null,
            "vpc_peering_connection_id": ""
          },
          "sensitive_attributes": [],
          "private": "eyJlMmJmYjczMC1lY2FhLTExZTYtOGY4OC0zNDM2M2JjN2M0YzAiOnsiY3JlYXRlIjozMDAwMDAwMDAwMDAsImRlbGV0ZSI6MzAwMDAwMDAwMDAwfX0=",
          "dependencies": [
            "data.aws_availability_zones.available",
            "module.vpc.aws_eip.nat",
            "module.vpc.aws_internet_gateway.this",
            "module.vpc.aws_nat_gateway.this",
            "module.vpc.aws_route_table.private",
            "module.vpc.aws_subnet.public",
            "module.vpc.aws_vpc.this",
            "module.vpc.aws_vpc_ipv4_cidr_block_association.this"
          ]
        },
        {
          "index_key": 1,
          "schema_version": 0,
          "attributes": {
            "destination_cidr_block": "0.0.0.0/0",
            "destination_ipv6_cidr_block": "",
            "destination_prefix_list_id": "",
            "egress_only_gateway_id": "",
            "gateway_id": "",
            "id": "r-rtb-0509761a59cbff21e1080289494",
            "instance_id": "",
            "instance_owner_id": "",
            "local_gateway_id": "",
            "nat_gateway_id": "nat-0bd305f3bb3914957",
            "network_interface_id": "",
            "origin": "CreateRoute",
            "route_table_id": "rtb-0509761a59cbff21e",
            "state": "active",
            "timeouts": {
              "create": "5m",
              "delete": null
            },
            "transit_gateway_id": "",
            "vpc_endpoint_id": null,
            "vpc_peering_connection_id": ""
          },
          "sensitive_attributes": [],
          "private": "eyJlMmJmYjczMC1lY2FhLTExZTYtOGY4OC0zNDM2M2JjN2M0YzAiOnsiY3JlYXRlIjozMDAwMDAwMDAwMDAsImRlbGV0ZSI6MzAwMDAwMDAwMDAwfX0=",
          "dependencies": [
            "module.vpc.aws_subnet.public",
            "module.vpc.aws_vpc.this",
            "module.vpc.aws_vpc_ipv4_cidr_block_association.this",
            "data.aws_availability_zones.available",
            "module.vpc.aws_eip.nat",
            "module.vpc.aws_internet_gateway.this",
            "module.vpc.aws_nat_gateway.this",
            "module.vpc.aws_route_table.private"
          ]
        }
      ]
    },
    {
      "module": "module.vpc",
      "mode": "managed",
      "type": "aws_route",
      "name": "public_internet_gateway",
      "provider": "provider[\"registry.terraform.io/hashicorp/aws\"]",
      "instances": [
        {
          "index_key": 0,
          "schema_version": 0,
          "attributes": {
            "destination_cidr_block": "0.0.0.0/0",
            "destination_ipv6_cidr_block": "",
            "destination_prefix_list_id": "",
            "egress_only_gateway_id": "",
            "gateway_id": "igw-0a1ec365e2af1ee14",
            "id": "r-rtb-009bec12597fa3f3f1080289494",
            "instance_id": "",
            "instance_owner_id": "",
            "local_gateway_id": "",
            "nat_gateway_id": "",
            "network_interface_id": "",
            "origin": "CreateRoute",
            "route_table_id": "rtb-009bec12597fa3f3f",
            "state": "active",
            "timeouts": {
              "create": "5m",
              "delete": null
            },
            "transit_gateway_id": "",
            "vpc_endpoint_id": null,
            "vpc_peering_connection_id": ""
          },
          "sensitive_attributes": [],
          "private": "eyJlMmJmYjczMC1lY2FhLTExZTYtOGY4OC0zNDM2M2JjN2M0YzAiOnsiY3JlYXRlIjozMDAwMDAwMDAwMDAsImRlbGV0ZSI6MzAwMDAwMDAwMDAwfX0=",
          "dependencies": [
            "module.vpc.aws_route_table.public",
            "module.vpc.aws_vpc.this",
            "module.vpc.aws_vpc_ipv4_cidr_block_association.this",
            "module.vpc.aws_internet_gateway.this"
          ]
        }
      ]
    },
    {
      "module": "module.vpc",
      "mode": "managed",
      "type": "aws_route_table",
      "name": "private",
      "provider": "provider[\"registry.terraform.io/hashicorp/aws\"]",
      "instances": [
        {
          "index_key": 0,
          "schema_version": 0,
          "attributes": {
            "id": "rtb-0482aaf707cd0f06d",
            "owner_id": "808449850312",
            "propagating_vgws": [],
            "route": [
              {
                "cidr_block": "0.0.0.0/0",
                "egress_only_gateway_id": "",
                "gateway_id": "",
                "instance_id": "",
                "ipv6_cidr_block": "",
                "local_gateway_id": "",
                "nat_gateway_id": "nat-03ebd39c3dcc1a187",
                "network_interface_id": "",
                "transit_gateway_id": "",
                "vpc_endpoint_id": "",
                "vpc_peering_connection_id": ""
              }
            ],
            "tags": {
              "Name": "-private-us-east-1a"
            },
            "vpc_id": "vpc-008af99716130790e"
          },
          "sensitive_attributes": [],
          "private": "bnVsbA==",
          "dependencies": [
            "data.aws_availability_zones.available",
            "module.vpc.aws_vpc.this",
            "module.vpc.aws_vpc_ipv4_cidr_block_association.this"
          ]
        },
        {
          "index_key": 1,
          "schema_version": 0,
          "attributes": {
            "id": "rtb-0509761a59cbff21e",
            "owner_id": "808449850312",
            "propagating_vgws": [],
            "route": [
              {
                "cidr_block": "0.0.0.0/0",
                "egress_only_gateway_id": "",
                "gateway_id": "",
                "instance_id": "",
                "ipv6_cidr_block": "",
                "local_gateway_id": "",
                "nat_gateway_id": "nat-0bd305f3bb3914957",
                "network_interface_id": "",
                "transit_gateway_id": "",
                "vpc_endpoint_id": "",
                "vpc_peering_connection_id": ""
              }
            ],
            "tags": {
              "Name": "-private-us-east-1b"
            },
            "vpc_id": "vpc-008af99716130790e"
          },
          "sensitive_attributes": [],
          "private": "bnVsbA==",
          "dependencies": [
            "data.aws_availability_zones.available",
            "module.vpc.aws_vpc.this",
            "module.vpc.aws_vpc_ipv4_cidr_block_association.this"
          ]
        }
      ]
    },
    {
      "module": "module.vpc",
      "mode": "managed",
      "type": "aws_route_table",
      "name": "public",
      "provider": "provider[\"registry.terraform.io/hashicorp/aws\"]",
      "instances": [
        {
          "index_key": 0,
          "schema_version": 0,
          "attributes": {
            "id": "rtb-009bec12597fa3f3f",
            "owner_id": "808449850312",
            "propagating_vgws": [],
            "route": [
              {
                "cidr_block": "0.0.0.0/0",
                "egress_only_gateway_id": "",
                "gateway_id": "igw-0a1ec365e2af1ee14",
                "instance_id": "",
                "ipv6_cidr_block": "",
                "local_gateway_id": "",
                "nat_gateway_id": "",
                "network_interface_id": "",
                "transit_gateway_id": "",
                "vpc_endpoint_id": "",
                "vpc_peering_connection_id": ""
              }
            ],
            "tags": {
              "Name": "-public"
            },
            "vpc_id": "vpc-008af99716130790e"
          },
          "sensitive_attributes": [],
          "private": "bnVsbA==",
          "dependencies": [
            "module.vpc.aws_vpc.this",
            "module.vpc.aws_vpc_ipv4_cidr_block_association.this"
          ]
        }
      ]
    },
    {
      "module": "module.vpc",
      "mode": "managed",
      "type": "aws_route_table_association",
      "name": "private",
      "provider": "provider[\"registry.terraform.io/hashicorp/aws\"]",
      "instances": [
        {
          "index_key": 0,
          "schema_version": 0,
          "attributes": {
            "gateway_id": null,
            "id": "rtbassoc-07e5707b15fee9b53",
            "route_table_id": "rtb-0482aaf707cd0f06d",
            "subnet_id": "subnet-03532cf3ddf0c8ca3"
          },
          "sensitive_attributes": [],
          "private": "bnVsbA==",
          "dependencies": [
            "data.aws_availability_zones.available",
            "module.vpc.aws_route_table.private",
            "module.vpc.aws_subnet.private",
            "module.vpc.aws_vpc.this",
            "module.vpc.aws_vpc_ipv4_cidr_block_association.this"
          ]
        },
        {
          "index_key": 1,
          "schema_version": 0,
          "attributes": {
            "gateway_id": null,
            "id": "rtbassoc-0ec6ed9831531f3f3",
            "route_table_id": "rtb-0509761a59cbff21e",
            "subnet_id": "subnet-0dd3f1803884f9d83"
          },
          "sensitive_attributes": [],
          "private": "bnVsbA==",
          "dependencies": [
            "module.vpc.aws_subnet.private",
            "module.vpc.aws_vpc.this",
            "module.vpc.aws_vpc_ipv4_cidr_block_association.this",
            "data.aws_availability_zones.available",
            "module.vpc.aws_route_table.private"
          ]
        }
      ]
    },
    {
      "module": "module.vpc",
      "mode": "managed",
      "type": "aws_route_table_association",
      "name": "public",
      "provider": "provider[\"registry.terraform.io/hashicorp/aws\"]",
      "instances": [
        {
          "index_key": 0,
          "schema_version": 0,
          "attributes": {
            "gateway_id": null,
            "id": "rtbassoc-0b69523d6ba7081f1",
            "route_table_id": "rtb-009bec12597fa3f3f",
            "subnet_id": "subnet-00f41cafa92adf754"
          },
          "sensitive_attributes": [],
          "private": "bnVsbA==",
          "dependencies": [
            "data.aws_availability_zones.available",
            "module.vpc.aws_route_table.public",
            "module.vpc.aws_subnet.public",
            "module.vpc.aws_vpc.this",
            "module.vpc.aws_vpc_ipv4_cidr_block_association.this"
          ]
        },
        {
          "index_key": 1,
          "schema_version": 0,
          "attributes": {
            "gateway_id": null,
            "id": "rtbassoc-01062e2c8003d905b",
            "route_table_id": "rtb-009bec12597fa3f3f",
            "subnet_id": "subnet-06ee3c420da16ba05"
          },
          "sensitive_attributes": [],
          "private": "bnVsbA==",
          "dependencies": [
            "module.vpc.aws_vpc_ipv4_cidr_block_association.this",
            "data.aws_availability_zones.available",
            "module.vpc.aws_route_table.public",
            "module.vpc.aws_subnet.public",
            "module.vpc.aws_vpc.this"
          ]
        }
      ]
    },
    {
      "module": "module.vpc",
      "mode": "managed",
      "type": "aws_subnet",
      "name": "private",
      "provider": "provider[\"registry.terraform.io/hashicorp/aws\"]",
      "instances": [
        {
          "index_key": 0,
          "schema_version": 1,
          "attributes": {
            "arn": "arn:aws:ec2:us-east-1:808449850312:subnet/subnet-03532cf3ddf0c8ca3",
            "assign_ipv6_address_on_creation": false,
            "availability_zone": "us-east-1a",
            "availability_zone_id": "use1-az4",
            "cidr_block": "10.0.101.0/24",
            "id": "subnet-03532cf3ddf0c8ca3",
            "ipv6_cidr_block": "",
            "ipv6_cidr_block_association_id": "",
            "map_public_ip_on_launch": false,
            "outpost_arn": "",
            "owner_id": "808449850312",
            "tags": {
              "Name": "-private-us-east-1a"
            },
            "timeouts": null,
            "vpc_id": "vpc-008af99716130790e"
          },
          "sensitive_attributes": [],
          "private": "eyJlMmJmYjczMC1lY2FhLTExZTYtOGY4OC0zNDM2M2JjN2M0YzAiOnsiY3JlYXRlIjo2MDAwMDAwMDAwMDAsImRlbGV0ZSI6MTIwMDAwMDAwMDAwMH0sInNjaGVtYV92ZXJzaW9uIjoiMSJ9",
          "dependencies": [
            "data.aws_availability_zones.available",
            "module.vpc.aws_vpc.this",
            "module.vpc.aws_vpc_ipv4_cidr_block_association.this"
          ]
        },
        {
          "index_key": 1,
          "schema_version": 1,
          "attributes": {
            "arn": "arn:aws:ec2:us-east-1:808449850312:subnet/subnet-0dd3f1803884f9d83",
            "assign_ipv6_address_on_creation": false,
            "availability_zone": "us-east-1b",
            "availability_zone_id": "use1-az6",
            "cidr_block": "10.0.102.0/24",
            "id": "subnet-0dd3f1803884f9d83",
            "ipv6_cidr_block": "",
            "ipv6_cidr_block_association_id": "",
            "map_public_ip_on_launch": false,
            "outpost_arn": "",
            "owner_id": "808449850312",
            "tags": {
              "Name": "-private-us-east-1b"
            },
            "timeouts": null,
            "vpc_id": "vpc-008af99716130790e"
          },
          "sensitive_attributes": [],
          "private": "eyJlMmJmYjczMC1lY2FhLTExZTYtOGY4OC0zNDM2M2JjN2M0YzAiOnsiY3JlYXRlIjo2MDAwMDAwMDAwMDAsImRlbGV0ZSI6MTIwMDAwMDAwMDAwMH0sInNjaGVtYV92ZXJzaW9uIjoiMSJ9",
          "dependencies": [
            "data.aws_availability_zones.available",
            "module.vpc.aws_vpc.this",
            "module.vpc.aws_vpc_ipv4_cidr_block_association.this"
          ]
        }
      ]
    },
    {
      "module": "module.vpc",
      "mode": "managed",
      "type": "aws_subnet",
      "name": "public",
      "provider": "provider[\"registry.terraform.io/hashicorp/aws\"]",
      "instances": [
        {
          "index_key": 0,
          "schema_version": 1,
          "attributes": {
            "arn": "arn:aws:ec2:us-east-1:808449850312:subnet/subnet-00f41cafa92adf754",
            "assign_ipv6_address_on_creation": false,
            "availability_zone": "us-east-1a",
            "availability_zone_id": "use1-az4",
            "cidr_block": "10.0.1.0/24",
            "id": "subnet-00f41cafa92adf754",
            "ipv6_cidr_block": "",
            "ipv6_cidr_block_association_id": "",
            "map_public_ip_on_launch": true,
            "outpost_arn": "",
            "owner_id": "808449850312",
            "tags": {
              "Name": "-public-us-east-1a"
            },
            "timeouts": null,
            "vpc_id": "vpc-008af99716130790e"
          },
          "sensitive_attributes": [],
          "private": "eyJlMmJmYjczMC1lY2FhLTExZTYtOGY4OC0zNDM2M2JjN2M0YzAiOnsiY3JlYXRlIjo2MDAwMDAwMDAwMDAsImRlbGV0ZSI6MTIwMDAwMDAwMDAwMH0sInNjaGVtYV92ZXJzaW9uIjoiMSJ9",
          "dependencies": [
            "data.aws_availability_zones.available",
            "module.vpc.aws_vpc.this",
            "module.vpc.aws_vpc_ipv4_cidr_block_association.this"
          ]
        },
        {
          "index_key": 1,
          "schema_version": 1,
          "attributes": {
            "arn": "arn:aws:ec2:us-east-1:808449850312:subnet/subnet-06ee3c420da16ba05",
            "assign_ipv6_address_on_creation": false,
            "availability_zone": "us-east-1b",
            "availability_zone_id": "use1-az6",
            "cidr_block": "10.0.2.0/24",
            "id": "subnet-06ee3c420da16ba05",
            "ipv6_cidr_block": "",
            "ipv6_cidr_block_association_id": "",
            "map_public_ip_on_launch": true,
            "outpost_arn": "",
            "owner_id": "808449850312",
            "tags": {
              "Name": "-public-us-east-1b"
            },
            "timeouts": null,
            "vpc_id": "vpc-008af99716130790e"
          },
          "sensitive_attributes": [],
          "private": "eyJlMmJmYjczMC1lY2FhLTExZTYtOGY4OC0zNDM2M2JjN2M0YzAiOnsiY3JlYXRlIjo2MDAwMDAwMDAwMDAsImRlbGV0ZSI6MTIwMDAwMDAwMDAwMH0sInNjaGVtYV92ZXJzaW9uIjoiMSJ9",
          "dependencies": [
            "data.aws_availability_zones.available",
            "module.vpc.aws_vpc.this",
            "module.vpc.aws_vpc_ipv4_cidr_block_association.this"
          ]
        }
      ]
    },
    {
      "module": "module.vpc",
      "mode": "managed",
      "type": "aws_vpc",
      "name": "this",
      "provider": "provider[\"registry.terraform.io/hashicorp/aws\"]",
      "instances": [
        {
          "index_key": 0,
          "schema_version": 1,
          "attributes": {
            "arn": "arn:aws:ec2:us-east-1:808449850312:vpc/vpc-008af99716130790e",
            "assign_generated_ipv6_cidr_block": false,
            "cidr_block": "10.0.0.0/16",
            "default_network_acl_id": "acl-06c5a83f384eaa73f",
            "default_route_table_id": "rtb-013f1335a44d9f845",
            "default_security_group_id": "sg-0f35f714f3f42f0b4",
            "dhcp_options_id": "dopt-08a1d13c076c3c316",
            "enable_classiclink": false,
            "enable_classiclink_dns_support": false,
            "enable_dns_hostnames": false,
            "enable_dns_support": true,
            "id": "vpc-008af99716130790e",
            "instance_tenancy": "default",
            "ipv6_association_id": "",
            "ipv6_cidr_block": "",
            "main_route_table_id": "rtb-013f1335a44d9f845",
            "owner_id": "808449850312",
            "tags": {
              "Name": ""
            }
          },
          "sensitive_attributes": [],
          "private": "eyJzY2hlbWFfdmVyc2lvbiI6IjEifQ==",
          "create_before_destroy": true
        }
      ]
    }
  ]
}
