{
  "version": 4,
  "terraform_version": "1.1.5",
  "serial": 349,
  "lineage": "96dc1d25-2c7c-d1b9-4a9d-bbdbe5e7e61a",
  "outputs": {},
  "resources": [
    {
      "mode": "data",
      "type": "google_app_engine_default_service_account",
      "name": "default",
      "provider": "provider[\"registry.terraform.io/hashicorp/google\"]",
      "instances": [
        {
          "schema_version": 0,
          "attributes": {
            "display_name": "App Engine default service account",
            "email": "trustly-data-services-test@appspot.gserviceaccount.com",
            "id": "projects/trustly-data-services-test/serviceAccounts/trustly-data-services-test@appspot.gserviceaccount.com",
            "name": "projects/trustly-data-services-test/serviceAccounts/trustly-data-services-test@appspot.gserviceaccount.com",
            "project": "trustly-data-services-test",
            "unique_id": "108127271796508234804"
          },
          "sensitive_attributes": []
        }
      ]
    },
    {
      "mode": "data",
      "type": "google_monitoring_notification_channel",
      "name": "basic",
      "provider": "provider[\"registry.terraform.io/hashicorp/google\"]",
      "instances": [
        {
          "schema_version": 0,
          "attributes": {
            "description": "",
            "display_name": "Data Ingestion Framework GCP Alerts",
            "enabled": true,
            "id": "projects/trustly-data-services-test/notificationChannels/572798634940374349",
            "labels": {
              "auth_token": "",
              "channel_name": "#data-ingestion-gcp-alerts-test"
            },
            "name": "projects/trustly-data-services-test/notificationChannels/572798634940374349",
            "project": "trustly-data-services-test",
            "sensitive_labels": null,
            "type": "slack",
            "user_labels": {},
            "verification_status": ""
          },
          "sensitive_attributes": []
        }
      ]
    },
    {
      "mode": "data",
      "type": "google_project",
      "name": "current_project",
      "provider": "provider[\"registry.terraform.io/hashicorp/google\"]",
      "instances": [
        {
          "schema_version": 0,
          "attributes": {
            "auto_create_network": null,
            "billing_account": null,
            "folder_id": "645534415534",
            "id": "projects/trustly-data-services-test",
            "labels": {},
            "name": "Trustly Data Services Test",
            "number": "496466744113",
            "org_id": "",
            "project_id": "trustly-data-services-test",
            "skip_delete": null
          },
          "sensitive_attributes": []
        }
      ]
    },
    {
      "mode": "managed",
      "type": "google_bigquery_dataset_iam_member",
      "name": "data_lake_viewer_productanalytics",
      "provider": "provider[\"registry.terraform.io/hashicorp/google\"]",
      "instances": [
        {
          "schema_version": 0,
          "attributes": {
            "condition": [],
            "dataset_id": "data_lake_sysint",
            "etag": "",
            "id": "projects/trustly-data-services-test/datasets/data_lake_sysint/roles/bigquery.dataViewer/group:team.productanalytics@trustly.com",
            "member": "group:team.productanalytics@trustly.com",
            "project": "trustly-data-services-test",
            "role": "roles/bigquery.dataViewer"
          },
          "sensitive_attributes": [],
          "private": "bnVsbA==",
          "dependencies": [
            "module.data_pipeline.google_bigquery_dataset.datalake_dataset"
          ]
        }
      ]
    },
    {
      "mode": "managed",
      "type": "google_bigquery_dataset_iam_member",
      "name": "data_lake_viewer_productanalytics_staging",
      "provider": "provider[\"registry.terraform.io/hashicorp/google\"]",
      "instances": [
        {
          "schema_version": 0,
          "attributes": {
            "condition": [],
            "dataset_id": "data_lake_staging",
            "etag": "",
            "id": "projects/trustly-data-services-test/datasets/data_lake_staging/roles/bigquery.dataViewer/group:team.productanalytics@trustly.com",
            "member": "group:team.productanalytics@trustly.com",
            "project": "trustly-data-services-test",
            "role": "roles/bigquery.dataViewer"
          },
          "sensitive_attributes": [],
          "private": "bnVsbA==",
          "dependencies": [
            "module.data_pipeline_staging.google_bigquery_dataset.datalake_dataset"
          ]
        }
      ]
    },
    {
      "mode": "managed",
      "type": "google_bigquery_dataset_iam_member",
      "name": "data_lake_viewer_svc_github_action",
      "provider": "provider[\"registry.terraform.io/hashicorp/google\"]",
      "instances": [
        {
          "schema_version": 0,
          "attributes": {
            "condition": [],
            "dataset_id": "data_lake_sysint",
            "etag": "",
            "id": "projects/trustly-data-services-test/datasets/data_lake_sysint/roles/bigquery.dataViewer/serviceaccount:svc-application-deployment@trustly-data-services-test.iam.gserviceaccount.com",
            "member": "serviceAccount:svc-application-deployment@trustly-data-services-test.iam.gserviceaccount.com",
            "project": "trustly-data-services-test",
            "role": "roles/bigquery.dataViewer"
          },
          "sensitive_attributes": [],
          "private": "bnVsbA==",
          "dependencies": [
            "google_service_account.svc_github_action_application_deployment",
            "module.data_pipeline.google_bigquery_dataset.datalake_dataset"
          ]
        }
      ]
    },
    {
      "mode": "managed",
      "type": "google_bigquery_dataset_iam_member",
      "name": "data_lake_viewer_svc_github_action_staging",
      "provider": "provider[\"registry.terraform.io/hashicorp/google\"]",
      "instances": [
        {
          "schema_version": 0,
          "attributes": {
            "condition": [],
            "dataset_id": "data_lake_staging",
            "etag": "",
            "id": "projects/trustly-data-services-test/datasets/data_lake_staging/roles/bigquery.dataViewer/serviceaccount:svc-application-deployment@trustly-data-services-test.iam.gserviceaccount.com",
            "member": "serviceAccount:svc-application-deployment@trustly-data-services-test.iam.gserviceaccount.com",
            "project": "trustly-data-services-test",
            "role": "roles/bigquery.dataViewer"
          },
          "sensitive_attributes": [],
          "private": "bnVsbA==",
          "dependencies": [
            "google_service_account.svc_github_action_application_deployment",
            "module.data_pipeline_staging.google_bigquery_dataset.datalake_dataset"
          ]
        }
      ]
    },
    {
      "mode": "managed",
      "type": "google_bigquery_dataset_iam_member",
      "name": "data_lake_viewer_tech",
      "provider": "provider[\"registry.terraform.io/hashicorp/google\"]",
      "instances": [
        {
          "schema_version": 0,
          "attributes": {
            "condition": [],
            "dataset_id": "data_lake_sysint",
            "etag": "",
            "id": "projects/trustly-data-services-test/datasets/data_lake_sysint/roles/bigquery.dataViewer/group:team.tech@trustly.com",
            "member": "group:team.tech@trustly.com",
            "project": "trustly-data-services-test",
            "role": "roles/bigquery.dataViewer"
          },
          "sensitive_attributes": [],
          "private": "bnVsbA==",
          "dependencies": [
            "module.data_pipeline.google_bigquery_dataset.datalake_dataset"
          ]
        }
      ]
    },
    {
      "mode": "managed",
      "type": "google_bigquery_dataset_iam_member",
      "name": "data_lake_viewer_tech_staging",
      "provider": "provider[\"registry.terraform.io/hashicorp/google\"]",
      "instances": [
        {
          "schema_version": 0,
          "attributes": {
            "condition": [],
            "dataset_id": "data_lake_staging",
            "etag": "",
            "id": "projects/trustly-data-services-test/datasets/data_lake_staging/roles/bigquery.dataViewer/group:team.tech@trustly.com",
            "member": "group:team.tech@trustly.com",
            "project": "trustly-data-services-test",
            "role": "roles/bigquery.dataViewer"
          },
          "sensitive_attributes": [],
          "private": "bnVsbA==",
          "dependencies": [
            "module.data_pipeline_staging.google_bigquery_dataset.datalake_dataset"
          ]
        }
      ]
    },
    {
      "mode": "managed",
      "type": "google_compute_network",
      "name": "app_engine_network",
      "provider": "provider[\"registry.terraform.io/hashicorp/google\"]",
      "instances": [
        {
          "schema_version": 0,
          "attributes": {
            "auto_create_subnetworks": false,
            "delete_default_routes_on_create": false,
            "description": "",
            "gateway_ipv4": "",
            "id": "projects/trustly-data-services-test/global/networks/app-engine-network",
            "mtu": 0,
            "name": "app-engine-network",
            "project": "trustly-data-services-test",
            "routing_mode": "REGIONAL",
            "self_link": "https://www.googleapis.com/compute/v1/projects/trustly-data-services-test/global/networks/app-engine-network",
            "timeouts": null
          },
          "sensitive_attributes": [],
          "private": "eyJlMmJmYjczMC1lY2FhLTExZTYtOGY4OC0zNDM2M2JjN2M0YzAiOnsiY3JlYXRlIjoyNDAwMDAwMDAwMDAsImRlbGV0ZSI6MjQwMDAwMDAwMDAwLCJ1cGRhdGUiOjI0MDAwMDAwMDAwMH19"
        }
      ]
    },
    {
      "mode": "managed",
      "type": "google_compute_subnetwork",
      "name": "app_engine_subnetwork",
      "provider": "provider[\"registry.terraform.io/hashicorp/google\"]",
      "instances": [
        {
          "schema_version": 0,
          "attributes": {
            "creation_timestamp": "2021-04-07T23:55:44.295-07:00",
            "description": "",
            "fingerprint": null,
            "gateway_address": "10.0.0.1",
            "id": "projects/trustly-data-services-test/regions/europe-west3/subnetworks/app-engine-subnetwork",
            "ip_cidr_range": "10.0.0.0/20",
            "log_config": [],
            "name": "app-engine-subnetwork",
            "network": "https://www.googleapis.com/compute/v1/projects/trustly-data-services-test/global/networks/app-engine-network",
            "private_ip_google_access": false,
            "private_ipv6_google_access": "DISABLE_GOOGLE_ACCESS",
            "project": "trustly-data-services-test",
            "purpose": "PRIVATE",
            "region": "europe-west3",
            "role": "",
            "secondary_ip_range": [],
            "self_link": "https://www.googleapis.com/compute/v1/projects/trustly-data-services-test/regions/europe-west3/subnetworks/app-engine-subnetwork",
            "timeouts": null
          },
          "sensitive_attributes": [],
          "private": "eyJlMmJmYjczMC1lY2FhLTExZTYtOGY4OC0zNDM2M2JjN2M0YzAiOnsiY3JlYXRlIjozNjAwMDAwMDAwMDAsImRlbGV0ZSI6MzYwMDAwMDAwMDAwLCJ1cGRhdGUiOjM2MDAwMDAwMDAwMH19",
          "dependencies": [
            "google_compute_network.app_engine_network"
          ]
        }
      ]
    },
    {
      "mode": "managed",
      "type": "google_container_registry",
      "name": "registry",
      "provider": "provider[\"registry.terraform.io/hashicorp/google\"]",
      "instances": [
        {
          "schema_version": 0,
          "attributes": {
            "bucket_self_link": "https://www.googleapis.com/storage/v1/b/eu.artifacts.trustly-data-services-test.appspot.com",
            "id": "eu.artifacts.trustly-data-services-test.appspot.com",
            "location": "EU",
            "project": null
          },
          "sensitive_attributes": [],
          "private": "bnVsbA=="
        }
      ]
    },
    {
      "mode": "managed",
      "type": "google_data_catalog_policy_tag",
      "name": "policy_tag_financial",
      "provider": "provider[\"registry.terraform.io/hashicorp/google-beta\"]",
      "instances": [
        {
          "schema_version": 0,
          "attributes": {
            "child_policy_tags": [],
            "description": "Corporate financial data",
            "display_name": "financial",
            "id": "projects/trustly-data-services-test/locations/eu/taxonomies/8272532422472026992/policyTags/300640201046844880",
            "name": "projects/trustly-data-services-test/locations/eu/taxonomies/8272532422472026992/policyTags/300640201046844880",
            "parent_policy_tag": "",
            "taxonomy": "projects/trustly-data-services-test/locations/eu/taxonomies/8272532422472026992",
            "timeouts": null
          },
          "sensitive_attributes": [],
          "private": "eyJlMmJmYjczMC1lY2FhLTExZTYtOGY4OC0zNDM2M2JjN2M0YzAiOnsiY3JlYXRlIjoyNDAwMDAwMDAwMDAsImRlbGV0ZSI6MjQwMDAwMDAwMDAwLCJ1cGRhdGUiOjI0MDAwMDAwMDAwMH19",
          "dependencies": [
            "google_data_catalog_taxonomy.basic_taxonomy"
          ]
        }
      ]
    },
    {
      "mode": "managed",
      "type": "google_data_catalog_policy_tag",
      "name": "policy_tag_mpi",
      "provider": "provider[\"registry.terraform.io/hashicorp/google-beta\"]",
      "instances": [
        {
          "schema_version": 0,
          "attributes": {
            "child_policy_tags": [],
            "description": "Merchant Provided Identifier",
            "display_name": "mpi",
            "id": "projects/trustly-data-services-test/locations/eu/taxonomies/8272532422472026992/policyTags/625734402488479168",
            "name": "projects/trustly-data-services-test/locations/eu/taxonomies/8272532422472026992/policyTags/625734402488479168",
            "parent_policy_tag": "projects/trustly-data-services-test/locations/eu/taxonomies/8272532422472026992/policyTags/3074345190907596075",
            "taxonomy": "projects/trustly-data-services-test/locations/eu/taxonomies/8272532422472026992",
            "timeouts": null
          },
          "sensitive_attributes": [],
          "private": "eyJlMmJmYjczMC1lY2FhLTExZTYtOGY4OC0zNDM2M2JjN2M0YzAiOnsiY3JlYXRlIjoyNDAwMDAwMDAwMDAsImRlbGV0ZSI6MjQwMDAwMDAwMDAwLCJ1cGRhdGUiOjI0MDAwMDAwMDAwMH19",
          "dependencies": [
            "google_data_catalog_policy_tag.policy_tag_pii",
            "google_data_catalog_taxonomy.basic_taxonomy"
          ]
        }
      ]
    },
    {
      "mode": "managed",
      "type": "google_data_catalog_policy_tag",
      "name": "policy_tag_pii",
      "provider": "provider[\"registry.terraform.io/hashicorp/google-beta\"]",
      "instances": [
        {
          "schema_version": 0,
          "attributes": {
            "child_policy_tags": [
              "projects/trustly-data-services-test/locations/eu/taxonomies/8272532422472026992/policyTags/625734402488479168"
            ],
            "description": "Personally Identifiable Information",
            "display_name": "pii",
            "id": "projects/trustly-data-services-test/locations/eu/taxonomies/8272532422472026992/policyTags/3074345190907596075",
            "name": "projects/trustly-data-services-test/locations/eu/taxonomies/8272532422472026992/policyTags/3074345190907596075",
            "parent_policy_tag": "",
            "taxonomy": "projects/trustly-data-services-test/locations/eu/taxonomies/8272532422472026992",
            "timeouts": null
          },
          "sensitive_attributes": [],
          "private": "eyJlMmJmYjczMC1lY2FhLTExZTYtOGY4OC0zNDM2M2JjN2M0YzAiOnsiY3JlYXRlIjoyNDAwMDAwMDAwMDAsImRlbGV0ZSI6MjQwMDAwMDAwMDAwLCJ1cGRhdGUiOjI0MDAwMDAwMDAwMH19",
          "dependencies": [
            "google_data_catalog_taxonomy.basic_taxonomy"
          ]
        }
      ]
    },
    {
      "mode": "managed",
      "type": "google_data_catalog_policy_tag_iam_binding",
      "name": "binding_financial",
      "provider": "provider[\"registry.terraform.io/hashicorp/google-beta\"]",
      "instances": [
        {
          "schema_version": 0,
          "attributes": {
            "condition": [],
            "etag": "BwXGrqlajwE=",
            "id": "projects/trustly-data-services-test/locations/eu/taxonomies/8272532422472026992/policyTags/300640201046844880/roles/datacatalog.categoryFineGrainedReader",
            "members": [
              "group:bigquery.powerusers@trustly.com",
              "group:team.businesscontrol@trustly.com",
              "group:team.businessintelligence@trustly.com"
            ],
            "policy_tag": "projects/trustly-data-services-test/locations/eu/taxonomies/8272532422472026992/policyTags/300640201046844880",
            "role": "roles/datacatalog.categoryFineGrainedReader"
          },
          "sensitive_attributes": [],
          "private": "bnVsbA==",
          "dependencies": [
            "google_data_catalog_policy_tag.policy_tag_financial",
            "google_data_catalog_taxonomy.basic_taxonomy"
          ]
        }
      ]
    },
    {
      "mode": "managed",
      "type": "google_data_catalog_policy_tag_iam_binding",
      "name": "binding_mpi",
      "provider": "provider[\"registry.terraform.io/hashicorp/google-beta\"]",
      "instances": [
        {
          "schema_version": 0,
          "attributes": {
            "condition": [],
            "etag": "BwXFf6WqRXA=",
            "id": "projects/trustly-data-services-test/locations/eu/taxonomies/8272532422472026992/policyTags/625734402488479168/roles/datacatalog.categoryFineGrainedReader",
            "members": [],
            "policy_tag": "projects/trustly-data-services-test/locations/eu/taxonomies/8272532422472026992/policyTags/625734402488479168",
            "role": "roles/datacatalog.categoryFineGrainedReader"
          },
          "sensitive_attributes": [],
          "private": "bnVsbA==",
          "dependencies": [
            "google_data_catalog_policy_tag.policy_tag_mpi",
            "google_data_catalog_policy_tag.policy_tag_pii",
            "google_data_catalog_taxonomy.basic_taxonomy"
          ]
        }
      ]
    },
    {
      "mode": "managed",
      "type": "google_data_catalog_policy_tag_iam_binding",
      "name": "binding_pii",
      "provider": "provider[\"registry.terraform.io/hashicorp/google-beta\"]",
      "instances": [
        {
          "schema_version": 0,
          "attributes": {
            "condition": [],
            "etag": "BwXGrqllSJU=",
            "id": "projects/trustly-data-services-test/locations/eu/taxonomies/8272532422472026992/policyTags/3074345190907596075/roles/datacatalog.categoryFineGrainedReader",
            "members": [
              "group:aml.napieranalysts@trustly.com",
              "group:bigquery.powerusers@trustly.com",
              "group:team.businessintelligence@trustly.com"
            ],
            "policy_tag": "projects/trustly-data-services-test/locations/eu/taxonomies/8272532422472026992/policyTags/3074345190907596075",
            "role": "roles/datacatalog.categoryFineGrainedReader"
          },
          "sensitive_attributes": [],
          "private": "bnVsbA==",
          "dependencies": [
            "google_data_catalog_policy_tag.policy_tag_pii",
            "google_data_catalog_taxonomy.basic_taxonomy"
          ]
        }
      ]
    },
    {
      "mode": "managed",
      "type": "google_data_catalog_taxonomy",
      "name": "basic_taxonomy",
      "provider": "provider[\"registry.terraform.io/hashicorp/google-beta\"]",
      "instances": [
        {
          "schema_version": 0,
          "attributes": {
            "activated_policy_types": [
              "FINE_GRAINED_ACCESS_CONTROL"
            ],
            "description": "A collection of policy tags to control column level access in BigQuery",
            "display_name": "trustly-test-basic",
            "id": "projects/trustly-data-services-test/locations/eu/taxonomies/8272532422472026992",
            "name": "projects/trustly-data-services-test/locations/eu/taxonomies/8272532422472026992",
            "project": "trustly-data-services-test",
            "region": "eu",
            "timeouts": null
          },
          "sensitive_attributes": [],
          "private": "eyJlMmJmYjczMC1lY2FhLTExZTYtOGY4OC0zNDM2M2JjN2M0YzAiOnsiY3JlYXRlIjoyNDAwMDAwMDAwMDAsImRlbGV0ZSI6MjQwMDAwMDAwMDAwLCJ1cGRhdGUiOjI0MDAwMDAwMDAwMH19"
        }
      ]
    },
    {
      "mode": "managed",
      "type": "google_logging_metric",
      "name": "dataflow_micro_batch_error_staging_metric",
      "provider": "provider[\"registry.terraform.io/hashicorp/google\"]",
      "instances": [
        {
          "schema_version": 0,
          "attributes": {
            "bucket_options": [],
            "description": "",
            "filter": "resource.type=dataflow_step AND severity\u003e=ERROR AND resource.labels.job_name=beam-pubsub-avro-gcs-staging AND logName!=\"projects/trustly-data-services-test/logs/dataflow.googleapis.com%2Fkubelet\"",
            "id": "dataflow_micro_batch_error_staging/metric",
            "label_extractors": {},
            "metric_descriptor": [
              {
                "display_name": "",
                "labels": [],
                "metric_kind": "DELTA",
                "unit": "1",
                "value_type": "INT64"
              }
            ],
            "name": "dataflow_micro_batch_error_staging/metric",
            "project": "trustly-data-services-test",
            "timeouts": null,
            "value_extractor": ""
          },
          "sensitive_attributes": [],
          "private": "eyJlMmJmYjczMC1lY2FhLTExZTYtOGY4OC0zNDM2M2JjN2M0YzAiOnsiY3JlYXRlIjoyNDAwMDAwMDAwMDAsImRlbGV0ZSI6MjQwMDAwMDAwMDAwLCJ1cGRhdGUiOjI0MDAwMDAwMDAwMH19"
        }
      ]
    },
    {
      "mode": "managed",
      "type": "google_logging_metric",
      "name": "dataflow_micro_batch_error_sysint_metric",
      "provider": "provider[\"registry.terraform.io/hashicorp/google\"]",
      "instances": [
        {
          "schema_version": 0,
          "attributes": {
            "bucket_options": [],
            "description": "",
            "filter": "resource.type=dataflow_step AND severity\u003e=ERROR AND resource.labels.job_name=beam-pubsub-avro-gcs-sysint AND logName!=\"projects/trustly-data-services-test/logs/dataflow.googleapis.com%2Fkubelet\"",
            "id": "dataflow_micro_batch_error_sysint/metric",
            "label_extractors": {},
            "metric_descriptor": [
              {
                "display_name": "",
                "labels": [],
                "metric_kind": "DELTA",
                "unit": "1",
                "value_type": "INT64"
              }
            ],
            "name": "dataflow_micro_batch_error_sysint/metric",
            "project": "trustly-data-services-test",
            "timeouts": null,
            "value_extractor": ""
          },
          "sensitive_attributes": [],
          "private": "eyJlMmJmYjczMC1lY2FhLTExZTYtOGY4OC0zNDM2M2JjN2M0YzAiOnsiY3JlYXRlIjoyNDAwMDAwMDAwMDAsImRlbGV0ZSI6MjQwMDAwMDAwMDAwLCJ1cGRhdGUiOjI0MDAwMDAwMDAwMH19"
        }
      ]
    },
    {
      "mode": "managed",
      "type": "google_logging_project_sink",
      "name": "bigquery_data_access_log_sink",
      "provider": "provider[\"registry.terraform.io/hashicorp/google\"]",
      "instances": [
        {
          "schema_version": 0,
          "attributes": {
            "bigquery_options": [
              {
                "use_partitioned_tables": true
              }
            ],
            "description": "",
            "destination": "bigquery.googleapis.com/projects/trustly-data-services-prod/datasets/bigquery_logs",
            "disabled": false,
            "exclusions": [],
            "filter": "resource.type=bigquery_resource AND protoPayload.methodName=jobservice.jobcompleted",
            "id": "projects/trustly-data-services-test/sinks/bigquery-data-access-log-sink",
            "name": "bigquery-data-access-log-sink",
            "project": "trustly-data-services-test",
            "unique_writer_identity": true,
            "writer_identity": "serviceAccount:p496466744113-781632@gcp-sa-logging.iam.gserviceaccount.com"
          },
          "sensitive_attributes": [],
          "private": "bnVsbA=="
        }
      ]
    },
    {
      "mode": "managed",
      "type": "google_monitoring_alert_policy",
      "name": "dataflow_micro_batch_staging_policy",
      "provider": "provider[\"registry.terraform.io/hashicorp/google\"]",
      "instances": [
        {
          "schema_version": 0,
          "attributes": {
            "combiner": "OR",
            "conditions": [
              {
                "condition_absent": [],
                "condition_monitoring_query_language": [],
                "condition_threshold": [
                  {
                    "aggregations": [],
                    "comparison": "COMPARISON_GT",
                    "denominator_aggregations": [],
                    "denominator_filter": "",
                    "duration": "0s",
                    "filter": "resource.type = \"dataflow_job\" AND metric.type = \"logging.googleapis.com/user/dataflow_micro_batch_error_staging/metric\"",
                    "threshold_value": 0,
                    "trigger": [
                      {
                        "count": 1,
                        "percent": 0
                      }
                    ]
                  }
                ],
                "display_name": "Dataflow micro batch Job - logging/user/dataflow_micro_batch_error_staging/metric",
                "name": "projects/trustly-data-services-test/alertPolicies/5099382481740376439/conditions/5099382481740375510"
              }
            ],
            "creation_record": [
              {
                "mutate_time": "2021-09-22T13:32:20.508060030Z",
                "mutated_by": "terraform-admin@trustly-data-services-test.iam.gserviceaccount.com"
              }
            ],
            "display_name": "beam-pubsub-avro-gcs-staging micro batch staging error",
            "documentation": [
              {
                "content": "Dataflow micro batch job beam-pubsub-avro-gcs-staging has errors.",
                "mime_type": "text/markdown"
              }
            ],
            "enabled": true,
            "id": "projects/trustly-data-services-test/alertPolicies/5099382481740376439",
            "name": "projects/trustly-data-services-test/alertPolicies/5099382481740376439",
            "notification_channels": [
              "projects/trustly-data-services-test/notificationChannels/572798634940374349"
            ],
            "project": "trustly-data-services-test",
            "timeouts": null,
            "user_labels": {}
          },
          "sensitive_attributes": [],
          "private": "eyJlMmJmYjczMC1lY2FhLTExZTYtOGY4OC0zNDM2M2JjN2M0YzAiOnsiY3JlYXRlIjoyNDAwMDAwMDAwMDAsImRlbGV0ZSI6MjQwMDAwMDAwMDAwLCJ1cGRhdGUiOjI0MDAwMDAwMDAwMH19",
          "dependencies": [
            "data.google_monitoring_notification_channel.basic",
            "google_logging_metric.dataflow_micro_batch_error_staging_metric"
          ]
        }
      ]
    },
    {
      "mode": "managed",
      "type": "google_monitoring_alert_policy",
      "name": "dataflow_micro_batch_sysint_policy",
      "provider": "provider[\"registry.terraform.io/hashicorp/google\"]",
      "instances": [
        {
          "schema_version": 0,
          "attributes": {
            "combiner": "OR",
            "conditions": [
              {
                "condition_absent": [],
                "condition_monitoring_query_language": [],
                "condition_threshold": [
                  {
                    "aggregations": [],
                    "comparison": "COMPARISON_GT",
                    "denominator_aggregations": [],
                    "denominator_filter": "",
                    "duration": "0s",
                    "filter": "resource.type = \"dataflow_job\" AND metric.type = \"logging.googleapis.com/user/dataflow_micro_batch_error_sysint/metric\"",
                    "threshold_value": 0,
                    "trigger": [
                      {
                        "count": 1,
                        "percent": 0
                      }
                    ]
                  }
                ],
                "display_name": "Dataflow micro batch Job - logging/user/dataflow_micro_batch_error_sysint/metric",
                "name": "projects/trustly-data-services-test/alertPolicies/14478698320430395384/conditions/14478698320430394243"
              }
            ],
            "creation_record": [
              {
                "mutate_time": "2021-09-22T14:03:00.654962073Z",
                "mutated_by": "terraform-admin@trustly-data-services-test.iam.gserviceaccount.com"
              }
            ],
            "display_name": "beam-pubsub-avro-gcs-sysint micro batch sysint error",
            "documentation": [
              {
                "content": "Dataflow micro batch job beam-pubsub-avro-gcs-sysint has errors.",
                "mime_type": "text/markdown"
              }
            ],
            "enabled": true,
            "id": "projects/trustly-data-services-test/alertPolicies/14478698320430395384",
            "name": "projects/trustly-data-services-test/alertPolicies/14478698320430395384",
            "notification_channels": [
              "projects/trustly-data-services-test/notificationChannels/572798634940374349"
            ],
            "project": "trustly-data-services-test",
            "timeouts": null,
            "user_labels": {}
          },
          "sensitive_attributes": [],
          "private": "eyJlMmJmYjczMC1lY2FhLTExZTYtOGY4OC0zNDM2M2JjN2M0YzAiOnsiY3JlYXRlIjoyNDAwMDAwMDAwMDAsImRlbGV0ZSI6MjQwMDAwMDAwMDAwLCJ1cGRhdGUiOjI0MDAwMDAwMDAwMH19",
          "dependencies": [
            "data.google_monitoring_notification_channel.basic",
            "google_logging_metric.dataflow_micro_batch_error_sysint_metric"
          ]
        }
      ]
    },
    {
      "mode": "managed",
      "type": "google_project_iam_binding",
      "name": "appengine_admin",
      "provider": "provider[\"registry.terraform.io/hashicorp/google\"]",
      "instances": [
        {
          "schema_version": 0,
          "attributes": {
            "condition": [],
            "etag": "BwXW9UQZCaU=",
            "id": "trustly-data-services-test/roles/appengine.appAdmin",
            "members": [
              "group:team.dataservices@trustly.com",
              "serviceAccount:svc-app-engine@trustly-data-services-test.iam.gserviceaccount.com"
            ],
            "project": "trustly-data-services-test",
            "role": "roles/appengine.appAdmin"
          },
          "sensitive_attributes": [],
          "private": "bnVsbA==",
          "dependencies": [
            "google_service_account.svc_app_engine"
          ]
        }
      ]
    },
    {
      "mode": "managed",
      "type": "google_project_iam_binding",
      "name": "appengine_cloudbuild_editor",
      "provider": "provider[\"registry.terraform.io/hashicorp/google\"]",
      "instances": [
        {
          "schema_version": 0,
          "attributes": {
            "condition": [],
            "etag": "BwXW9UQZCaU=",
            "id": "trustly-data-services-test/roles/cloudbuild.builds.editor",
            "members": [
              "group:team.dataservices@trustly.com",
              "serviceAccount:svc-app-engine@trustly-data-services-test.iam.gserviceaccount.com"
            ],
            "project": "trustly-data-services-test",
            "role": "roles/cloudbuild.builds.editor"
          },
          "sensitive_attributes": [],
          "private": "bnVsbA==",
          "dependencies": [
            "google_service_account.svc_app_engine"
          ]
        }
      ]
    },
    {
      "mode": "managed",
      "type": "google_project_iam_binding",
      "name": "appengine_compute_storageadmin",
      "provider": "provider[\"registry.terraform.io/hashicorp/google\"]",
      "instances": [
        {
          "schema_version": 0,
          "attributes": {
            "condition": [],
            "etag": "BwXW9UQZCaU=",
            "id": "trustly-data-services-test/roles/compute.storageAdmin",
            "members": [
              "group:team.dataservices@trustly.com",
              "serviceAccount:svc-app-engine@trustly-data-services-test.iam.gserviceaccount.com"
            ],
            "project": "trustly-data-services-test",
            "role": "roles/compute.storageAdmin"
          },
          "sensitive_attributes": [],
          "private": "bnVsbA==",
          "dependencies": [
            "google_service_account.svc_app_engine"
          ]
        }
      ]
    },
    {
      "mode": "managed",
      "type": "google_project_iam_binding",
      "name": "appengine_creator",
      "provider": "provider[\"registry.terraform.io/hashicorp/google\"]",
      "instances": [
        {
          "schema_version": 0,
          "attributes": {
            "condition": [],
            "etag": "BwXW9UQZCaU=",
            "id": "trustly-data-services-test/roles/appengine.appCreator",
            "members": [
              "group:team.dataservices@trustly.com",
              "serviceAccount:svc-app-engine@trustly-data-services-test.iam.gserviceaccount.com"
            ],
            "project": "trustly-data-services-test",
            "role": "roles/appengine.appCreator"
          },
          "sensitive_attributes": [],
          "private": "bnVsbA==",
          "dependencies": [
            "google_service_account.svc_app_engine"
          ]
        }
      ]
    },
    {
      "mode": "managed",
      "type": "google_project_iam_binding",
      "name": "appengine_svc_user",
      "provider": "provider[\"registry.terraform.io/hashicorp/google\"]",
      "instances": [
        {
          "schema_version": 0,
          "attributes": {
            "condition": [],
            "etag": "BwXW9UQZCaU=",
            "id": "trustly-data-services-test/roles/iam.serviceAccountUser",
            "members": [
              "group:team.dataservices@trustly.com",
              "serviceAccount:svc-app-engine@trustly-data-services-test.iam.gserviceaccount.com"
            ],
            "project": "trustly-data-services-test",
            "role": "roles/iam.serviceAccountUser"
          },
          "sensitive_attributes": [],
          "private": "bnVsbA==",
          "dependencies": [
            "google_service_account.svc_app_engine"
          ]
        }
      ]
    },
    {
      "mode": "managed",
      "type": "google_project_iam_binding",
      "name": "bigquery_admin",
      "provider": "provider[\"registry.terraform.io/hashicorp/google\"]",
      "instances": [
        {
          "schema_version": 0,
          "attributes": {
            "condition": [],
            "etag": "BwXW9UQZCaU=",
            "id": "trustly-data-services-test/roles/bigquery.admin",
            "members": [
              "group:team.dataservices@trustly.com"
            ],
            "project": "trustly-data-services-test",
            "role": "roles/bigquery.admin"
          },
          "sensitive_attributes": [],
          "private": "bnVsbA=="
        }
      ]
    },
    {
      "mode": "managed",
      "type": "google_project_iam_binding",
      "name": "bigquery_data_editor",
      "provider": "provider[\"registry.terraform.io/hashicorp/google\"]",
      "instances": [
        {
          "schema_version": 0,
          "attributes": {
            "condition": [],
            "etag": "BwXW9UQZCaU=",
            "id": "trustly-data-services-test/roles/bigquery.dataEditor",
            "members": [
              "group:bigquery.powerusers@trustly.com"
            ],
            "project": "trustly-data-services-test",
            "role": "roles/bigquery.dataEditor"
          },
          "sensitive_attributes": [],
          "private": "bnVsbA=="
        }
      ]
    },
    {
      "mode": "managed",
      "type": "google_project_iam_binding",
      "name": "bigquery_data_owner",
      "provider": "provider[\"registry.terraform.io/hashicorp/google\"]",
      "instances": [
        {
          "schema_version": 0,
          "attributes": {
            "condition": [],
            "etag": "BwXW9UQZCaU=",
            "id": "trustly-data-services-test/roles/bigquery.dataOwner",
            "members": [
              "serviceAccount:svc-application-deployment@trustly-data-services-prod.iam.gserviceaccount.com",
              "serviceAccount:svc-composer-worker@trustly-data-services-test.iam.gserviceaccount.com",
              "serviceAccount:svc-dbt@trustly-data-services-test.iam.gserviceaccount.com",
              "serviceAccount:terraform-admin@trustly-data-services-test.iam.gserviceaccount.com"
            ],
            "project": "trustly-data-services-test",
            "role": "roles/bigquery.dataOwner"
          },
          "sensitive_attributes": [],
          "private": "bnVsbA==",
          "dependencies": [
            "google_service_account.svc_composer_worker",
            "google_service_account.svc_dbt"
          ]
        }
      ]
    },
    {
      "mode": "managed",
      "type": "google_project_iam_binding",
      "name": "bigquery_job_user",
      "provider": "provider[\"registry.terraform.io/hashicorp/google\"]",
      "instances": [
        {
          "schema_version": 0,
          "attributes": {
            "condition": [],
            "etag": "BwXW9UQZCaU=",
            "id": "trustly-data-services-test/roles/bigquery.jobUser",
            "members": [
              "group:bigquery.powerusers@trustly.com",
              "group:team.businessintelligence@trustly.com",
              "group:team.tech@trustly.com",
              "serviceAccount:svc-application-deployment@trustly-data-services-prod.iam.gserviceaccount.com",
              "serviceAccount:svc-application-deployment@trustly-data-services-test.iam.gserviceaccount.com",
              "serviceAccount:svc-composer-worker@trustly-data-services-test.iam.gserviceaccount.com",
              "serviceAccount:svc-dataflow-worker@trustly-data-services-test.iam.gserviceaccount.com",
              "serviceAccount:svc-dbt@trustly-data-services-test.iam.gserviceaccount.com",
              "serviceAccount:svc-qliksense@trustly-data-services-test.iam.gserviceaccount.com"
            ],
            "project": "trustly-data-services-test",
            "role": "roles/bigquery.jobUser"
          },
          "sensitive_attributes": [],
          "private": "bnVsbA==",
          "dependencies": [
            "google_service_account.svc_composer_worker",
            "google_service_account.svc_dataflow_worker",
            "google_service_account.svc_dbt",
            "google_service_account.svc_github_action_application_deployment",
            "google_service_account.svc_qliksense"
          ]
        }
      ]
    },
    {
      "mode": "managed",
      "type": "google_project_iam_binding",
      "name": "bigquery_read_session_user",
      "provider": "provider[\"registry.terraform.io/hashicorp/google\"]",
      "instances": [
        {
          "schema_version": 0,
          "attributes": {
            "condition": [],
            "etag": "BwXW9UQZCaU=",
            "id": "trustly-data-services-test/roles/bigquery.readSessionUser",
            "members": [
              "serviceAccount:svc-qliksense@trustly-data-services-test.iam.gserviceaccount.com"
            ],
            "project": "trustly-data-services-test",
            "role": "roles/bigquery.readSessionUser"
          },
          "sensitive_attributes": [],
          "private": "bnVsbA==",
          "dependencies": [
            "google_service_account.svc_qliksense"
          ]
        }
      ]
    },
    {
      "mode": "managed",
      "type": "google_project_iam_binding",
      "name": "cloudsql_client",
      "provider": "provider[\"registry.terraform.io/hashicorp/google\"]",
      "instances": [
        {
          "schema_version": 0,
          "attributes": {
            "condition": [],
            "etag": "BwXW9UQZCaU=",
            "id": "trustly-data-services-test/roles/cloudsql.client",
            "members": [
              "group:team.dataservices@trustly.com",
              "serviceAccount:trustly-data-services-test@appspot.gserviceaccount.com"
            ],
            "project": "trustly-data-services-test",
            "role": "roles/cloudsql.client"
          },
          "sensitive_attributes": [],
          "private": "bnVsbA==",
          "dependencies": [
            "data.google_app_engine_default_service_account.default"
          ]
        }
      ]
    },
    {
      "mode": "managed",
      "type": "google_project_iam_binding",
      "name": "cloudsql_instanceUser",
      "provider": "provider[\"registry.terraform.io/hashicorp/google\"]",
      "instances": [
        {
          "schema_version": 0,
          "attributes": {
            "condition": [],
            "etag": "BwXW9UQZCaU=",
            "id": "trustly-data-services-test/roles/cloudsql.instanceUser",
            "members": [
              "group:team.dataservices@trustly.com",
              "serviceAccount:trustly-data-services-test@appspot.gserviceaccount.com"
            ],
            "project": "trustly-data-services-test",
            "role": "roles/cloudsql.instanceUser"
          },
          "sensitive_attributes": [],
          "private": "bnVsbA==",
          "dependencies": [
            "data.google_app_engine_default_service_account.default"
          ]
        }
      ]
    },
    {
      "mode": "managed",
      "type": "google_project_iam_binding",
      "name": "composer_user",
      "provider": "provider[\"registry.terraform.io/hashicorp/google\"]",
      "instances": [
        {
          "schema_version": 0,
          "attributes": {
            "condition": [],
            "etag": "BwXW9UQZCaU=",
            "id": "trustly-data-services-test/roles/composer.user",
            "members": [
              "group:bigquery.powerusers@trustly.com",
              "group:team.businessintelligence@trustly.com"
            ],
            "project": "trustly-data-services-test",
            "role": "roles/composer.user"
          },
          "sensitive_attributes": [],
          "private": "bnVsbA=="
        }
      ]
    },
    {
      "mode": "managed",
      "type": "google_project_iam_binding",
      "name": "composer_worker",
      "provider": "provider[\"registry.terraform.io/hashicorp/google\"]",
      "instances": [
        {
          "schema_version": 0,
          "attributes": {
            "condition": [],
            "etag": "BwXW9UQZCaU=",
            "id": "trustly-data-services-test/roles/composer.worker",
            "members": [
              "serviceAccount:svc-composer-worker@trustly-data-services-test.iam.gserviceaccount.com"
            ],
            "project": "trustly-data-services-test",
            "role": "roles/composer.worker"
          },
          "sensitive_attributes": [],
          "private": "bnVsbA==",
          "dependencies": [
            "google_service_account.svc_composer_worker"
          ]
        }
      ]
    },
    {
      "mode": "managed",
      "type": "google_project_iam_binding",
      "name": "datacatalog_category_admin",
      "provider": "provider[\"registry.terraform.io/hashicorp/google\"]",
      "instances": [
        {
          "schema_version": 0,
          "attributes": {
            "condition": [],
            "etag": "BwXW9UQZCaU=",
            "id": "trustly-data-services-test/roles/datacatalog.categoryAdmin",
            "members": [
              "group:bigquery.powerusers@trustly.com",
              "serviceAccount:svc-application-deployment@trustly-data-services-prod.iam.gserviceaccount.com",
              "serviceAccount:svc-composer-worker@trustly-data-services-test.iam.gserviceaccount.com",
              "serviceAccount:svc-dbt@trustly-data-services-test.iam.gserviceaccount.com",
              "serviceAccount:terraform-admin@trustly-data-services-test.iam.gserviceaccount.com"
            ],
            "project": "trustly-data-services-test",
            "role": "roles/datacatalog.categoryAdmin"
          },
          "sensitive_attributes": [],
          "private": "bnVsbA==",
          "dependencies": [
            "google_service_account.svc_composer_worker",
            "google_service_account.svc_dbt"
          ]
        }
      ]
    },
    {
      "mode": "managed",
      "type": "google_project_iam_binding",
      "name": "datacatalog_category_fine_grained_reader",
      "provider": "provider[\"registry.terraform.io/hashicorp/google\"]",
      "instances": [
        {
          "schema_version": 0,
          "attributes": {
            "condition": [],
            "etag": "BwXW9UQZCaU=",
            "id": "trustly-data-services-test/roles/datacatalog.categoryFineGrainedReader",
            "members": [
              "group:team.dataservices@trustly.com",
              "serviceAccount:svc-application-deployment@trustly-data-services-prod.iam.gserviceaccount.com",
              "serviceAccount:svc-composer-worker@trustly-data-services-test.iam.gserviceaccount.com",
              "serviceAccount:svc-dbt@trustly-data-services-test.iam.gserviceaccount.com",
              "serviceAccount:svc-qliksense@trustly-data-services-test.iam.gserviceaccount.com"
            ],
            "project": "trustly-data-services-test",
            "role": "roles/datacatalog.categoryFineGrainedReader"
          },
          "sensitive_attributes": [],
          "private": "bnVsbA==",
          "dependencies": [
            "google_service_account.svc_composer_worker",
            "google_service_account.svc_dbt",
            "google_service_account.svc_qliksense"
          ]
        }
      ]
    },
    {
      "mode": "managed",
      "type": "google_project_iam_binding",
      "name": "dataflow_admin",
      "provider": "provider[\"registry.terraform.io/hashicorp/google\"]",
      "instances": [
        {
          "schema_version": 0,
          "attributes": {
            "condition": [],
            "etag": "BwXW9UQZCaU=",
            "id": "trustly-data-services-test/roles/dataflow.admin",
            "members": [
              "serviceAccount:svc-application-deployment@trustly-data-services-test.iam.gserviceaccount.com",
              "serviceAccount:svc-composer-worker@trustly-data-services-test.iam.gserviceaccount.com"
            ],
            "project": "trustly-data-services-test",
            "role": "roles/dataflow.admin"
          },
          "sensitive_attributes": [],
          "private": "bnVsbA==",
          "dependencies": [
            "google_service_account.svc_composer_worker",
            "google_service_account.svc_github_action_application_deployment"
          ]
        }
      ]
    },
    {
      "mode": "managed",
      "type": "google_project_iam_binding",
      "name": "dataflow_viewer",
      "provider": "provider[\"registry.terraform.io/hashicorp/google\"]",
      "instances": [
        {
          "schema_version": 0,
          "attributes": {
            "condition": [],
            "etag": "BwXW9UQZCaU=",
            "id": "trustly-data-services-test/roles/dataflow.viewer",
            "members": [
              "group:team.tech@trustly.com"
            ],
            "project": "trustly-data-services-test",
            "role": "roles/dataflow.viewer"
          },
          "sensitive_attributes": [],
          "private": "bnVsbA=="
        }
      ]
    },
    {
      "mode": "managed",
      "type": "google_project_iam_binding",
      "name": "dataflow_worker",
      "provider": "provider[\"registry.terraform.io/hashicorp/google\"]",
      "instances": [
        {
          "schema_version": 0,
          "attributes": {
            "condition": [],
            "etag": "BwXW9UQZCaU=",
            "id": "trustly-data-services-test/roles/dataflow.worker",
            "members": [
              "serviceAccount:svc-dataflow-worker@trustly-data-services-test.iam.gserviceaccount.com"
            ],
            "project": "trustly-data-services-test",
            "role": "roles/dataflow.worker"
          },
          "sensitive_attributes": [],
          "private": "bnVsbA==",
          "dependencies": [
            "google_service_account.svc_dataflow_worker"
          ]
        }
      ]
    },
    {
      "mode": "managed",
      "type": "google_project_iam_binding",
      "name": "iam_security_reviewer",
      "provider": "provider[\"registry.terraform.io/hashicorp/google\"]",
      "instances": [
        {
          "schema_version": 0,
          "attributes": {
            "condition": [],
            "etag": "BwXW9UQZCaU=",
            "id": "trustly-data-services-test/roles/iam.securityReviewer",
            "members": [
              "group:team.dataservices@trustly.com"
            ],
            "project": "trustly-data-services-test",
            "role": "roles/iam.securityReviewer"
          },
          "sensitive_attributes": [],
          "private": "bnVsbA=="
        }
      ]
    },
    {
      "mode": "managed",
      "type": "google_project_iam_binding",
      "name": "iap_admin",
      "provider": "provider[\"registry.terraform.io/hashicorp/google\"]",
      "instances": [
        {
          "schema_version": 0,
          "attributes": {
            "condition": [],
            "etag": "BwXW9UQZCaU=",
            "id": "trustly-data-services-test/roles/iap.admin",
            "members": [
              "group:team.dataservices@trustly.com",
              "serviceAccount:svc-app-engine@trustly-data-services-test.iam.gserviceaccount.com"
            ],
            "project": "trustly-data-services-test",
            "role": "roles/iap.admin"
          },
          "sensitive_attributes": [],
          "private": "bnVsbA==",
          "dependencies": [
            "google_service_account.svc_app_engine"
          ]
        }
      ]
    },
    {
      "mode": "managed",
      "type": "google_project_iam_binding",
      "name": "iap_settingsAdmin",
      "provider": "provider[\"registry.terraform.io/hashicorp/google\"]",
      "instances": [
        {
          "schema_version": 0,
          "attributes": {
            "condition": [],
            "etag": "BwXW9UQZCaU=",
            "id": "trustly-data-services-test/roles/iap.settingsAdmin",
            "members": [
              "group:team.dataservices@trustly.com",
              "serviceAccount:svc-app-engine@trustly-data-services-test.iam.gserviceaccount.com"
            ],
            "project": "trustly-data-services-test",
            "role": "roles/iap.settingsAdmin"
          },
          "sensitive_attributes": [],
          "private": "bnVsbA==",
          "dependencies": [
            "google_service_account.svc_app_engine"
          ]
        }
      ]
    },
    {
      "mode": "managed",
      "type": "google_project_iam_binding",
      "name": "logging_log_writer",
      "provider": "provider[\"registry.terraform.io/hashicorp/google\"]",
      "instances": [
        {
          "schema_version": 0,
          "attributes": {
            "condition": [],
            "etag": "BwXW9UQZCaU=",
            "id": "trustly-data-services-test/roles/logging.logWriter",
            "members": [
              "serviceAccount:trustly-data-services-test@appspot.gserviceaccount.com"
            ],
            "project": "trustly-data-services-test",
            "role": "roles/logging.logWriter"
          },
          "sensitive_attributes": [],
          "private": "bnVsbA==",
          "dependencies": [
            "data.google_app_engine_default_service_account.default"
          ]
        }
      ]
    },
    {
      "mode": "managed",
      "type": "google_project_iam_binding",
      "name": "logging_private_log_viewer",
      "provider": "provider[\"registry.terraform.io/hashicorp/google\"]",
      "instances": [
        {
          "schema_version": 0,
          "attributes": {
            "condition": [],
            "etag": "BwXW9UQZCaU=",
            "id": "trustly-data-services-test/roles/logging.privateLogViewer",
            "members": [
              "group:team.dataservices@trustly.com"
            ],
            "project": "trustly-data-services-test",
            "role": "roles/logging.privateLogViewer"
          },
          "sensitive_attributes": [],
          "private": "bnVsbA=="
        }
      ]
    },
    {
      "mode": "managed",
      "type": "google_project_iam_binding",
      "name": "logging_viewer",
      "provider": "provider[\"registry.terraform.io/hashicorp/google\"]",
      "instances": [
        {
          "schema_version": 0,
          "attributes": {
            "condition": [],
            "etag": "BwXW9UQZCaU=",
            "id": "trustly-data-services-test/roles/logging.viewer",
            "members": [
              "group:bigquery.powerusers@trustly.com"
            ],
            "project": "trustly-data-services-test",
            "role": "roles/logging.viewer"
          },
          "sensitive_attributes": [],
          "private": "bnVsbA=="
        }
      ]
    },
    {
      "mode": "managed",
      "type": "google_project_iam_binding",
      "name": "ml_admin",
      "provider": "provider[\"registry.terraform.io/hashicorp/google\"]",
      "instances": [
        {
          "schema_version": 0,
          "attributes": {
            "condition": [],
            "etag": "BwXW9UQZCaU=",
            "id": "trustly-data-services-test/roles/ml.admin",
            "members": [
              "group:bigquery.powerusers@trustly.com",
              "group:team.dataservices@trustly.com",
              "serviceAccount:svc-data-science-deployment@trustly-data-services-test.iam.gserviceaccount.com"
            ],
            "project": "trustly-data-services-test",
            "role": "roles/ml.admin"
          },
          "sensitive_attributes": [],
          "private": "bnVsbA==",
          "dependencies": [
            "google_service_account.svc_github_action_data_science_deployment"
          ]
        }
      ]
    },
    {
      "mode": "managed",
      "type": "google_project_iam_binding",
      "name": "ml_developer",
      "provider": "provider[\"registry.terraform.io/hashicorp/google\"]",
      "instances": [
        {
          "schema_version": 0,
          "attributes": {
            "condition": [],
            "etag": "BwXW9UQZCaU=",
            "id": "trustly-data-services-test/roles/ml.developer",
            "members": [
              "serviceAccount:svc-composer-worker@trustly-data-services-test.iam.gserviceaccount.com"
            ],
            "project": "trustly-data-services-test",
            "role": "roles/ml.developer"
          },
          "sensitive_attributes": [],
          "private": "bnVsbA==",
          "dependencies": [
            "google_service_account.svc_composer_worker"
          ]
        }
      ]
    },
    {
      "mode": "managed",
      "type": "google_project_iam_binding",
      "name": "monitoring_metric_writer",
      "provider": "provider[\"registry.terraform.io/hashicorp/google\"]",
      "instances": [
        {
          "schema_version": 0,
          "attributes": {
            "condition": [],
            "etag": "BwXW9UQZCaU=",
            "id": "trustly-data-services-test/roles/monitoring.metricWriter",
            "members": [
              "serviceAccount:svc-dataflow-worker@trustly-data-services-test.iam.gserviceaccount.com"
            ],
            "project": "trustly-data-services-test",
            "role": "roles/monitoring.metricWriter"
          },
          "sensitive_attributes": [],
          "private": "bnVsbA==",
          "dependencies": [
            "google_service_account.svc_dataflow_worker"
          ]
        }
      ]
    },
    {
      "mode": "managed",
      "type": "google_project_iam_binding",
      "name": "monitoring_notification_channels_editor",
      "provider": "provider[\"registry.terraform.io/hashicorp/google\"]",
      "instances": [
        {
          "schema_version": 0,
          "attributes": {
            "condition": [],
            "etag": "BwXW9UQZCaU=",
            "id": "trustly-data-services-test/roles/monitoring.notificationChannelEditor",
            "members": [
              "group:team.dataservices@trustly.com"
            ],
            "project": "trustly-data-services-test",
            "role": "roles/monitoring.notificationChannelEditor"
          },
          "sensitive_attributes": [],
          "private": "bnVsbA=="
        }
      ]
    },
    {
      "mode": "managed",
      "type": "google_project_iam_binding",
      "name": "pubsub_editor",
      "provider": "provider[\"registry.terraform.io/hashicorp/google\"]",
      "instances": [
        {
          "schema_version": 0,
          "attributes": {
            "condition": [],
            "etag": "BwXW9UQZCaU=",
            "id": "trustly-data-services-test/roles/pubsub.editor",
            "members": [
              "serviceAccount:svc-application-deployment@trustly-data-services-test.iam.gserviceaccount.com"
            ],
            "project": "trustly-data-services-test",
            "role": "roles/pubsub.editor"
          },
          "sensitive_attributes": [],
          "private": "bnVsbA==",
          "dependencies": [
            "google_service_account.svc_github_action_application_deployment"
          ]
        }
      ]
    },
    {
      "mode": "managed",
      "type": "google_project_iam_binding",
      "name": "secretmanager_admin",
      "provider": "provider[\"registry.terraform.io/hashicorp/google\"]",
      "instances": [
        {
          "schema_version": 0,
          "attributes": {
            "condition": [],
            "etag": "BwXW9UQZCaU=",
            "id": "trustly-data-services-test/roles/secretmanager.admin",
            "members": [
              "group:team.dataservices@trustly.com",
              "serviceAccount:svc-application-deployment@trustly-data-services-test.iam.gserviceaccount.com",
              "serviceAccount:svc-composer-worker@trustly-data-services-test.iam.gserviceaccount.com"
            ],
            "project": "trustly-data-services-test",
            "role": "roles/secretmanager.admin"
          },
          "sensitive_attributes": [],
          "private": "bnVsbA==",
          "dependencies": [
            "google_service_account.svc_composer_worker",
            "google_service_account.svc_github_action_application_deployment"
          ]
        }
      ]
    },
    {
      "mode": "managed",
      "type": "google_project_iam_binding",
      "name": "secretmanager_secretaccessor",
      "provider": "provider[\"registry.terraform.io/hashicorp/google\"]",
      "instances": [
        {
          "schema_version": 0,
          "attributes": {
            "condition": [],
            "etag": "BwXW9UQZCaU=",
            "id": "trustly-data-services-test/roles/secretmanager.secretAccessor",
            "members": [
              "serviceAccount:svc-application-deployment@trustly-data-services-prod.iam.gserviceaccount.com",
              "serviceAccount:trustly-data-services-test@appspot.gserviceaccount.com"
            ],
            "project": "trustly-data-services-test",
            "role": "roles/secretmanager.secretAccessor"
          },
          "sensitive_attributes": [],
          "private": "bnVsbA==",
          "dependencies": [
            "data.google_app_engine_default_service_account.default"
          ]
        }
      ]
    },
    {
      "mode": "managed",
      "type": "google_project_iam_binding",
      "name": "storage_admin",
      "provider": "provider[\"registry.terraform.io/hashicorp/google\"]",
      "instances": [
        {
          "schema_version": 0,
          "attributes": {
            "condition": [],
            "etag": "BwXW9UQZCaU=",
            "id": "trustly-data-services-test/roles/storage.admin",
            "members": [
              "group:team.dataservices@trustly.com",
              "serviceAccount:svc-app-engine@trustly-data-services-test.iam.gserviceaccount.com",
              "serviceAccount:svc-application-deployment@trustly-data-services-test.iam.gserviceaccount.com",
              "serviceAccount:terraform-admin@trustly-data-services-test.iam.gserviceaccount.com"
            ],
            "project": "trustly-data-services-test",
            "role": "roles/storage.admin"
          },
          "sensitive_attributes": [],
          "private": "bnVsbA==",
          "dependencies": [
            "google_service_account.svc_app_engine",
            "google_service_account.svc_github_action_application_deployment"
          ]
        }
      ]
    },
    {
      "mode": "managed",
      "type": "google_project_iam_binding",
      "name": "storage_object_admin",
      "provider": "provider[\"registry.terraform.io/hashicorp/google\"]",
      "instances": [
        {
          "schema_version": 0,
          "attributes": {
            "condition": [],
            "etag": "BwXW9UQZCaU=",
            "id": "trustly-data-services-test/roles/storage.objectAdmin",
            "members": [
              "group:bigquery.powerusers@trustly.com",
              "group:team.dataservices@trustly.com",
              "serviceAccount:svc-composer-worker@trustly-data-services-test.iam.gserviceaccount.com"
            ],
            "project": "trustly-data-services-test",
            "role": "roles/storage.objectAdmin"
          },
          "sensitive_attributes": [],
          "private": "bnVsbA==",
          "dependencies": [
            "google_service_account.svc_composer_worker"
          ]
        }
      ]
    },
    {
      "mode": "managed",
      "type": "google_project_iam_member",
      "name": "cloudservices_editor",
      "provider": "provider[\"registry.terraform.io/hashicorp/google\"]",
      "instances": [
        {
          "schema_version": 0,
          "attributes": {
            "condition": [],
            "etag": "BwXW9UQZCaU=",
            "id": "trustly-data-services-test/roles/editor/serviceaccount:496466744113@cloudservices.gserviceaccount.com",
            "member": "serviceAccount:496466744113@cloudservices.gserviceaccount.com",
            "project": "trustly-data-services-test",
            "role": "roles/editor"
          },
          "sensitive_attributes": [],
          "private": "bnVsbA==",
          "dependencies": [
            "data.google_project.current_project"
          ]
        }
      ]
    },
    {
      "mode": "managed",
      "type": "google_project_iam_member",
      "name": "containerregistry_editor",
      "provider": "provider[\"registry.terraform.io/hashicorp/google\"]",
      "instances": [
        {
          "schema_version": 0,
          "attributes": {
            "condition": [],
            "etag": "BwXW9UQZCaU=",
            "id": "trustly-data-services-test/roles/editor/serviceaccount:service-496466744113@containerregistry.iam.gserviceaccount.com",
            "member": "serviceAccount:service-496466744113@containerregistry.iam.gserviceaccount.com",
            "project": "trustly-data-services-test",
            "role": "roles/editor"
          },
          "sensitive_attributes": [],
          "private": "bnVsbA==",
          "dependencies": [
            "data.google_project.current_project"
          ]
        }
      ]
    },
    {
      "mode": "managed",
      "type": "google_project_iam_member",
      "name": "viewer",
      "provider": "provider[\"registry.terraform.io/hashicorp/google\"]",
      "instances": [
        {
          "schema_version": 0,
          "attributes": {
            "condition": [],
            "etag": "BwXW9UQZCaU=",
            "id": "trustly-data-services-test/roles/viewer/group:team.businessintelligence@trustly.com",
            "member": "group:team.businessintelligence@trustly.com",
            "project": "trustly-data-services-test",
            "role": "roles/viewer"
          },
          "sensitive_attributes": [],
          "private": "bnVsbA=="
        }
      ]
    },
    {
      "mode": "managed",
      "type": "google_project_service",
      "name": "ai_platform_api",
      "provider": "provider[\"registry.terraform.io/hashicorp/google\"]",
      "instances": [
        {
          "schema_version": 0,
          "attributes": {
            "disable_dependent_services": null,
            "disable_on_destroy": true,
            "id": "trustly-data-services-test/ml.googleapis.com",
            "project": "trustly-data-services-test",
            "service": "ml.googleapis.com",
            "timeouts": null
          },
          "sensitive_attributes": [],
          "private": "eyJlMmJmYjczMC1lY2FhLTExZTYtOGY4OC0zNDM2M2JjN2M0YzAiOnsiY3JlYXRlIjoxMjAwMDAwMDAwMDAwLCJkZWxldGUiOjEyMDAwMDAwMDAwMDAsInJlYWQiOjYwMDAwMDAwMDAwMCwidXBkYXRlIjoxMjAwMDAwMDAwMDAwfX0="
        }
      ]
    },
    {
      "mode": "managed",
      "type": "google_project_service",
      "name": "appengine_api",
      "provider": "provider[\"registry.terraform.io/hashicorp/google\"]",
      "instances": [
        {
          "schema_version": 0,
          "attributes": {
            "disable_dependent_services": null,
            "disable_on_destroy": true,
            "id": "trustly-data-services-test/appengine.googleapis.com",
            "project": "trustly-data-services-test",
            "service": "appengine.googleapis.com",
            "timeouts": null
          },
          "sensitive_attributes": [],
          "private": "eyJlMmJmYjczMC1lY2FhLTExZTYtOGY4OC0zNDM2M2JjN2M0YzAiOnsiY3JlYXRlIjoxMjAwMDAwMDAwMDAwLCJkZWxldGUiOjEyMDAwMDAwMDAwMDAsInJlYWQiOjYwMDAwMDAwMDAwMCwidXBkYXRlIjoxMjAwMDAwMDAwMDAwfX0="
        }
      ]
    },
    {
      "mode": "managed",
      "type": "google_project_service",
      "name": "bigquery_api",
      "provider": "provider[\"registry.terraform.io/hashicorp/google\"]",
      "instances": [
        {
          "schema_version": 0,
          "attributes": {
            "disable_dependent_services": null,
            "disable_on_destroy": true,
            "id": "trustly-data-services-test/bigquery.googleapis.com",
            "project": "trustly-data-services-test",
            "service": "bigquery.googleapis.com",
            "timeouts": null
          },
          "sensitive_attributes": [],
          "private": "eyJlMmJmYjczMC1lY2FhLTExZTYtOGY4OC0zNDM2M2JjN2M0YzAiOnsiY3JlYXRlIjoxMjAwMDAwMDAwMDAwLCJkZWxldGUiOjEyMDAwMDAwMDAwMDAsInJlYWQiOjYwMDAwMDAwMDAwMCwidXBkYXRlIjoxMjAwMDAwMDAwMDAwfX0="
        }
      ]
    },
    {
      "mode": "managed",
      "type": "google_project_service",
      "name": "cloudresourcemanager_api",
      "provider": "provider[\"registry.terraform.io/hashicorp/google\"]",
      "instances": [
        {
          "schema_version": 0,
          "attributes": {
            "disable_dependent_services": null,
            "disable_on_destroy": true,
            "id": "trustly-data-services-test/cloudresourcemanager.googleapis.com",
            "project": "trustly-data-services-test",
            "service": "cloudresourcemanager.googleapis.com",
            "timeouts": null
          },
          "sensitive_attributes": [],
          "private": "eyJlMmJmYjczMC1lY2FhLTExZTYtOGY4OC0zNDM2M2JjN2M0YzAiOnsiY3JlYXRlIjoxMjAwMDAwMDAwMDAwLCJkZWxldGUiOjEyMDAwMDAwMDAwMDAsInJlYWQiOjYwMDAwMDAwMDAwMCwidXBkYXRlIjoxMjAwMDAwMDAwMDAwfX0="
        }
      ]
    },
    {
      "mode": "managed",
      "type": "google_project_service",
      "name": "datacatalog_api",
      "provider": "provider[\"registry.terraform.io/hashicorp/google\"]",
      "instances": [
        {
          "schema_version": 0,
          "attributes": {
            "disable_dependent_services": null,
            "disable_on_destroy": true,
            "id": "trustly-data-services-test/datacatalog.googleapis.com",
            "project": "trustly-data-services-test",
            "service": "datacatalog.googleapis.com",
            "timeouts": null
          },
          "sensitive_attributes": [],
          "private": "eyJlMmJmYjczMC1lY2FhLTExZTYtOGY4OC0zNDM2M2JjN2M0YzAiOnsiY3JlYXRlIjoxMjAwMDAwMDAwMDAwLCJkZWxldGUiOjEyMDAwMDAwMDAwMDAsInJlYWQiOjYwMDAwMDAwMDAwMCwidXBkYXRlIjoxMjAwMDAwMDAwMDAwfX0="
        }
      ]
    },
    {
      "mode": "managed",
      "type": "google_project_service",
      "name": "dataflow_api",
      "provider": "provider[\"registry.terraform.io/hashicorp/google\"]",
      "instances": [
        {
          "schema_version": 0,
          "attributes": {
            "disable_dependent_services": null,
            "disable_on_destroy": true,
            "id": "trustly-data-services-test/dataflow.googleapis.com",
            "project": "trustly-data-services-test",
            "service": "dataflow.googleapis.com",
            "timeouts": null
          },
          "sensitive_attributes": [],
          "private": "eyJlMmJmYjczMC1lY2FhLTExZTYtOGY4OC0zNDM2M2JjN2M0YzAiOnsiY3JlYXRlIjoxMjAwMDAwMDAwMDAwLCJkZWxldGUiOjEyMDAwMDAwMDAwMDAsInJlYWQiOjYwMDAwMDAwMDAwMCwidXBkYXRlIjoxMjAwMDAwMDAwMDAwfX0="
        }
      ]
    },
    {
      "mode": "managed",
      "type": "google_project_service",
      "name": "drive_api",
      "provider": "provider[\"registry.terraform.io/hashicorp/google\"]",
      "instances": [
        {
          "schema_version": 0,
          "attributes": {
            "disable_dependent_services": null,
            "disable_on_destroy": true,
            "id": "trustly-data-services-test/drive.googleapis.com",
            "project": "trustly-data-services-test",
            "service": "drive.googleapis.com",
            "timeouts": null
          },
          "sensitive_attributes": [],
          "private": "eyJlMmJmYjczMC1lY2FhLTExZTYtOGY4OC0zNDM2M2JjN2M0YzAiOnsiY3JlYXRlIjoxMjAwMDAwMDAwMDAwLCJkZWxldGUiOjEyMDAwMDAwMDAwMDAsInJlYWQiOjYwMDAwMDAwMDAwMCwidXBkYXRlIjoxMjAwMDAwMDAwMDAwfX0="
        }
      ]
    },
    {
      "mode": "managed",
      "type": "google_project_service",
      "name": "iam_api",
      "provider": "provider[\"registry.terraform.io/hashicorp/google\"]",
      "instances": [
        {
          "schema_version": 0,
          "attributes": {
            "disable_dependent_services": null,
            "disable_on_destroy": true,
            "id": "trustly-data-services-test/iam.googleapis.com",
            "project": "trustly-data-services-test",
            "service": "iam.googleapis.com",
            "timeouts": null
          },
          "sensitive_attributes": [],
          "private": "eyJlMmJmYjczMC1lY2FhLTExZTYtOGY4OC0zNDM2M2JjN2M0YzAiOnsiY3JlYXRlIjoxMjAwMDAwMDAwMDAwLCJkZWxldGUiOjEyMDAwMDAwMDAwMDAsInJlYWQiOjYwMDAwMDAwMDAwMCwidXBkYXRlIjoxMjAwMDAwMDAwMDAwfX0="
        }
      ]
    },
    {
      "mode": "managed",
      "type": "google_project_service",
      "name": "iap_api",
      "provider": "provider[\"registry.terraform.io/hashicorp/google\"]",
      "instances": [
        {
          "schema_version": 0,
          "attributes": {
            "disable_dependent_services": null,
            "disable_on_destroy": true,
            "id": "trustly-data-services-test/iap.googleapis.com",
            "project": "trustly-data-services-test",
            "service": "iap.googleapis.com",
            "timeouts": null
          },
          "sensitive_attributes": [],
          "private": "eyJlMmJmYjczMC1lY2FhLTExZTYtOGY4OC0zNDM2M2JjN2M0YzAiOnsiY3JlYXRlIjoxMjAwMDAwMDAwMDAwLCJkZWxldGUiOjEyMDAwMDAwMDAwMDAsInJlYWQiOjYwMDAwMDAwMDAwMCwidXBkYXRlIjoxMjAwMDAwMDAwMDAwfX0="
        }
      ]
    },
    {
      "mode": "managed",
      "type": "google_project_service",
      "name": "secretmanager_api",
      "provider": "provider[\"registry.terraform.io/hashicorp/google\"]",
      "instances": [
        {
          "schema_version": 0,
          "attributes": {
            "disable_dependent_services": null,
            "disable_on_destroy": true,
            "id": "trustly-data-services-test/secretmanager.googleapis.com",
            "project": "trustly-data-services-test",
            "service": "secretmanager.googleapis.com",
            "timeouts": null
          },
          "sensitive_attributes": [],
          "private": "eyJlMmJmYjczMC1lY2FhLTExZTYtOGY4OC0zNDM2M2JjN2M0YzAiOnsiY3JlYXRlIjoxMjAwMDAwMDAwMDAwLCJkZWxldGUiOjEyMDAwMDAwMDAwMDAsInJlYWQiOjYwMDAwMDAwMDAwMCwidXBkYXRlIjoxMjAwMDAwMDAwMDAwfX0="
        }
      ]
    },
    {
      "mode": "managed",
      "type": "google_pubsub_topic_iam_member",
      "name": "phoenix_analytics_avro_viewer_tech",
      "provider": "provider[\"registry.terraform.io/hashicorp/google\"]",
      "instances": [
        {
          "schema_version": 0,
          "attributes": {
            "condition": [],
            "etag": "BwXNRiRRgt0=",
            "id": "projects/trustly-data-services-test/topics/phoenix.analytics.avro/roles/viewer/group:team.tech@trustly.com",
            "member": "group:team.tech@trustly.com",
            "project": "trustly-data-services-test",
            "role": "roles/viewer",
            "topic": "projects/trustly-data-services-test/topics/phoenix.analytics.avro"
          },
          "sensitive_attributes": [],
          "private": "bnVsbA==",
          "dependencies": [
            "module.data_pipeline.google_pubsub_topic.data_ingestion_topic"
          ]
        }
      ]
    },
    {
      "mode": "managed",
      "type": "google_pubsub_topic_iam_member",
      "name": "phoenix_analytics_avro_viewer_tech_staging",
      "provider": "provider[\"registry.terraform.io/hashicorp/google\"]",
      "instances": [
        {
          "schema_version": 0,
          "attributes": {
            "condition": [],
            "etag": "BwXNRiRP1KY=",
            "id": "projects/trustly-data-services-test/topics/phoenix.analytics.avro.staging/roles/viewer/group:team.tech@trustly.com",
            "member": "group:team.tech@trustly.com",
            "project": "trustly-data-services-test",
            "role": "roles/viewer",
            "topic": "projects/trustly-data-services-test/topics/phoenix.analytics.avro.staging"
          },
          "sensitive_attributes": [],
          "private": "bnVsbA==",
          "dependencies": [
            "module.data_pipeline_staging.google_pubsub_topic.data_ingestion_topic"
          ]
        }
      ]
    },
    {
      "mode": "managed",
      "type": "google_service_account",
      "name": "svc_app_engine",
      "provider": "provider[\"registry.terraform.io/hashicorp/google\"]",
      "instances": [
        {
          "schema_version": 0,
          "attributes": {
            "account_id": "svc-app-engine",
            "description": "",
            "display_name": "",
            "email": "svc-app-engine@trustly-data-services-test.iam.gserviceaccount.com",
            "id": "projects/trustly-data-services-test/serviceAccounts/svc-app-engine@trustly-data-services-test.iam.gserviceaccount.com",
            "name": "projects/trustly-data-services-test/serviceAccounts/svc-app-engine@trustly-data-services-test.iam.gserviceaccount.com",
            "project": "trustly-data-services-test",
            "timeouts": null,
            "unique_id": "102718747937834124868"
          },
          "sensitive_attributes": [],
          "private": "eyJlMmJmYjczMC1lY2FhLTExZTYtOGY4OC0zNDM2M2JjN2M0YzAiOnsiY3JlYXRlIjozMDAwMDAwMDAwMDB9fQ=="
        }
      ]
    },
    {
      "mode": "managed",
      "type": "google_service_account",
      "name": "svc_bi_etl",
      "provider": "provider[\"registry.terraform.io/hashicorp/google\"]",
      "instances": [
        {
          "schema_version": 0,
          "attributes": {
            "account_id": "svc-bi-etl",
            "description": "",
            "display_name": "",
            "email": "svc-bi-etl@trustly-data-services-test.iam.gserviceaccount.com",
            "id": "projects/trustly-data-services-test/serviceAccounts/svc-bi-etl@trustly-data-services-test.iam.gserviceaccount.com",
            "name": "projects/trustly-data-services-test/serviceAccounts/svc-bi-etl@trustly-data-services-test.iam.gserviceaccount.com",
            "project": "trustly-data-services-test",
            "timeouts": null,
            "unique_id": "108124125686277530602"
          },
          "sensitive_attributes": [],
          "private": "bnVsbA=="
        }
      ]
    },
    {
      "mode": "managed",
      "type": "google_service_account",
      "name": "svc_composer_worker",
      "provider": "provider[\"registry.terraform.io/hashicorp/google\"]",
      "instances": [
        {
          "schema_version": 0,
          "attributes": {
            "account_id": "svc-composer-worker",
            "description": "",
            "display_name": "",
            "email": "svc-composer-worker@trustly-data-services-test.iam.gserviceaccount.com",
            "id": "projects/trustly-data-services-test/serviceAccounts/svc-composer-worker@trustly-data-services-test.iam.gserviceaccount.com",
            "name": "projects/trustly-data-services-test/serviceAccounts/svc-composer-worker@trustly-data-services-test.iam.gserviceaccount.com",
            "project": "trustly-data-services-test",
            "timeouts": null,
            "unique_id": "111300218573403041422"
          },
          "sensitive_attributes": [],
          "private": "eyJlMmJmYjczMC1lY2FhLTExZTYtOGY4OC0zNDM2M2JjN2M0YzAiOnsiY3JlYXRlIjozMDAwMDAwMDAwMDB9fQ=="
        }
      ]
    },
    {
      "mode": "managed",
      "type": "google_service_account",
      "name": "svc_data_lake_producer",
      "provider": "provider[\"registry.terraform.io/hashicorp/google\"]",
      "instances": [
        {
          "schema_version": 0,
          "attributes": {
            "account_id": "svc-data-lake-producer",
            "description": "",
            "display_name": "",
            "email": "svc-data-lake-producer@trustly-data-services-test.iam.gserviceaccount.com",
            "id": "projects/trustly-data-services-test/serviceAccounts/svc-data-lake-producer@trustly-data-services-test.iam.gserviceaccount.com",
            "name": "projects/trustly-data-services-test/serviceAccounts/svc-data-lake-producer@trustly-data-services-test.iam.gserviceaccount.com",
            "project": "trustly-data-services-test",
            "timeouts": null,
            "unique_id": "103654918271584793109"
          },
          "sensitive_attributes": [],
          "private": "eyJlMmJmYjczMC1lY2FhLTExZTYtOGY4OC0zNDM2M2JjN2M0YzAiOnsiY3JlYXRlIjozMDAwMDAwMDAwMDB9fQ=="
        }
      ]
    },
    {
      "mode": "managed",
      "type": "google_service_account",
      "name": "svc_dataflow_worker",
      "provider": "provider[\"registry.terraform.io/hashicorp/google\"]",
      "instances": [
        {
          "schema_version": 0,
          "attributes": {
            "account_id": "svc-dataflow-worker",
            "description": "",
            "display_name": "",
            "email": "svc-dataflow-worker@trustly-data-services-test.iam.gserviceaccount.com",
            "id": "projects/trustly-data-services-test/serviceAccounts/svc-dataflow-worker@trustly-data-services-test.iam.gserviceaccount.com",
            "name": "projects/trustly-data-services-test/serviceAccounts/svc-dataflow-worker@trustly-data-services-test.iam.gserviceaccount.com",
            "project": "trustly-data-services-test",
            "timeouts": null,
            "unique_id": "108729855565074349312"
          },
          "sensitive_attributes": [],
          "private": "eyJlMmJmYjczMC1lY2FhLTExZTYtOGY4OC0zNDM2M2JjN2M0YzAiOnsiY3JlYXRlIjozMDAwMDAwMDAwMDB9fQ=="
        }
      ]
    },
    {
      "mode": "managed",
      "type": "google_service_account",
      "name": "svc_dbt",
      "provider": "provider[\"registry.terraform.io/hashicorp/google\"]",
      "instances": [
        {
          "schema_version": 0,
          "attributes": {
            "account_id": "svc-dbt",
            "description": "",
            "display_name": "",
            "email": "svc-dbt@trustly-data-services-test.iam.gserviceaccount.com",
            "id": "projects/trustly-data-services-test/serviceAccounts/svc-dbt@trustly-data-services-test.iam.gserviceaccount.com",
            "name": "projects/trustly-data-services-test/serviceAccounts/svc-dbt@trustly-data-services-test.iam.gserviceaccount.com",
            "project": "trustly-data-services-test",
            "timeouts": null,
            "unique_id": "111148196965508056961"
          },
          "sensitive_attributes": [],
          "private": "eyJlMmJmYjczMC1lY2FhLTExZTYtOGY4OC0zNDM2M2JjN2M0YzAiOnsiY3JlYXRlIjozMDAwMDAwMDAwMDB9fQ=="
        }
      ]
    },
    {
      "mode": "managed",
      "type": "google_service_account",
      "name": "svc_github_action_application_deployment",
      "provider": "provider[\"registry.terraform.io/hashicorp/google\"]",
      "instances": [
        {
          "schema_version": 0,
          "attributes": {
            "account_id": "svc-application-deployment",
            "description": "",
            "display_name": "",
            "email": "svc-application-deployment@trustly-data-services-test.iam.gserviceaccount.com",
            "id": "projects/trustly-data-services-test/serviceAccounts/svc-application-deployment@trustly-data-services-test.iam.gserviceaccount.com",
            "name": "projects/trustly-data-services-test/serviceAccounts/svc-application-deployment@trustly-data-services-test.iam.gserviceaccount.com",
            "project": "trustly-data-services-test",
            "timeouts": null,
            "unique_id": "103303564377518452756"
          },
          "sensitive_attributes": [],
          "private": "eyJlMmJmYjczMC1lY2FhLTExZTYtOGY4OC0zNDM2M2JjN2M0YzAiOnsiY3JlYXRlIjozMDAwMDAwMDAwMDB9fQ=="
        }
      ]
    },
    {
      "mode": "managed",
      "type": "google_service_account",
      "name": "svc_github_action_avro_schema_registry",
      "provider": "provider[\"registry.terraform.io/hashicorp/google\"]",
      "instances": [
        {
          "schema_version": 0,
          "attributes": {
            "account_id": "svc-avro-schema-registry",
            "description": "",
            "display_name": "",
            "email": "svc-avro-schema-registry@trustly-data-services-test.iam.gserviceaccount.com",
            "id": "projects/trustly-data-services-test/serviceAccounts/svc-avro-schema-registry@trustly-data-services-test.iam.gserviceaccount.com",
            "name": "projects/trustly-data-services-test/serviceAccounts/svc-avro-schema-registry@trustly-data-services-test.iam.gserviceaccount.com",
            "project": "trustly-data-services-test",
            "timeouts": null,
            "unique_id": "107277710587187225124"
          },
          "sensitive_attributes": [],
          "private": "eyJlMmJmYjczMC1lY2FhLTExZTYtOGY4OC0zNDM2M2JjN2M0YzAiOnsiY3JlYXRlIjozMDAwMDAwMDAwMDB9fQ=="
        }
      ]
    },
    {
      "mode": "managed",
      "type": "google_service_account",
      "name": "svc_github_action_data_science_deployment",
      "provider": "provider[\"registry.terraform.io/hashicorp/google\"]",
      "instances": [
        {
          "schema_version": 0,
          "attributes": {
            "account_id": "svc-data-science-deployment",
            "description": "",
            "display_name": "",
            "email": "svc-data-science-deployment@trustly-data-services-test.iam.gserviceaccount.com",
            "id": "projects/trustly-data-services-test/serviceAccounts/svc-data-science-deployment@trustly-data-services-test.iam.gserviceaccount.com",
            "name": "projects/trustly-data-services-test/serviceAccounts/svc-data-science-deployment@trustly-data-services-test.iam.gserviceaccount.com",
            "project": "trustly-data-services-test",
            "timeouts": null,
            "unique_id": "116203377968178772661"
          },
          "sensitive_attributes": [],
          "private": "eyJlMmJmYjczMC1lY2FhLTExZTYtOGY4OC0zNDM2M2JjN2M0YzAiOnsiY3JlYXRlIjozMDAwMDAwMDAwMDB9fQ=="
        }
      ]
    },
    {
      "mode": "managed",
      "type": "google_service_account",
      "name": "svc_kafka_connect",
      "provider": "provider[\"registry.terraform.io/hashicorp/google\"]",
      "instances": [
        {
          "schema_version": 0,
          "attributes": {
            "account_id": "svc-kafka-connect",
            "description": "",
            "display_name": "",
            "email": "svc-kafka-connect@trustly-data-services-test.iam.gserviceaccount.com",
            "id": "projects/trustly-data-services-test/serviceAccounts/svc-kafka-connect@trustly-data-services-test.iam.gserviceaccount.com",
            "name": "projects/trustly-data-services-test/serviceAccounts/svc-kafka-connect@trustly-data-services-test.iam.gserviceaccount.com",
            "project": "trustly-data-services-test",
            "timeouts": null,
            "unique_id": "107534952457965208021"
          },
          "sensitive_attributes": [],
          "private": "eyJlMmJmYjczMC1lY2FhLTExZTYtOGY4OC0zNDM2M2JjN2M0YzAiOnsiY3JlYXRlIjozMDAwMDAwMDAwMDB9fQ=="
        }
      ]
    },
    {
      "mode": "managed",
      "type": "google_service_account",
      "name": "svc_paywithmybank",
      "provider": "provider[\"registry.terraform.io/hashicorp/google\"]",
      "instances": [
        {
          "schema_version": 0,
          "attributes": {
            "account_id": "svc-paywithmybank",
            "description": "",
            "display_name": "",
            "email": "svc-paywithmybank@trustly-data-services-test.iam.gserviceaccount.com",
            "id": "projects/trustly-data-services-test/serviceAccounts/svc-paywithmybank@trustly-data-services-test.iam.gserviceaccount.com",
            "name": "projects/trustly-data-services-test/serviceAccounts/svc-paywithmybank@trustly-data-services-test.iam.gserviceaccount.com",
            "project": "trustly-data-services-test",
            "timeouts": null,
            "unique_id": "110573754255468848439"
          },
          "sensitive_attributes": [],
          "private": "eyJlMmJmYjczMC1lY2FhLTExZTYtOGY4OC0zNDM2M2JjN2M0YzAiOnsiY3JlYXRlIjozMDAwMDAwMDAwMDB9fQ=="
        }
      ]
    },
    {
      "mode": "managed",
      "type": "google_service_account",
      "name": "svc_pubsub_checkout_mon",
      "provider": "provider[\"registry.terraform.io/hashicorp/google\"]",
      "instances": [
        {
          "schema_version": 0,
          "attributes": {
            "account_id": "svc-pubsub-checkout-mon",
            "description": "",
            "display_name": "",
            "email": "svc-pubsub-checkout-mon@trustly-data-services-test.iam.gserviceaccount.com",
            "id": "projects/trustly-data-services-test/serviceAccounts/svc-pubsub-checkout-mon@trustly-data-services-test.iam.gserviceaccount.com",
            "name": "projects/trustly-data-services-test/serviceAccounts/svc-pubsub-checkout-mon@trustly-data-services-test.iam.gserviceaccount.com",
            "project": "trustly-data-services-test",
            "timeouts": null,
            "unique_id": "112511425224672101888"
          },
          "sensitive_attributes": [],
          "private": "eyJlMmJmYjczMC1lY2FhLTExZTYtOGY4OC0zNDM2M2JjN2M0YzAiOnsiY3JlYXRlIjozMDAwMDAwMDAwMDB9fQ=="
        }
      ]
    },
    {
      "mode": "managed",
      "type": "google_service_account",
      "name": "svc_pubsub_deposit_service",
      "provider": "provider[\"registry.terraform.io/hashicorp/google\"]",
      "instances": [
        {
          "schema_version": 0,
          "attributes": {
            "account_id": "svc-pubsub-deposit-service",
            "description": "",
            "display_name": "",
            "email": "svc-pubsub-deposit-service@trustly-data-services-test.iam.gserviceaccount.com",
            "id": "projects/trustly-data-services-test/serviceAccounts/svc-pubsub-deposit-service@trustly-data-services-test.iam.gserviceaccount.com",
            "name": "projects/trustly-data-services-test/serviceAccounts/svc-pubsub-deposit-service@trustly-data-services-test.iam.gserviceaccount.com",
            "project": "trustly-data-services-test",
            "timeouts": null,
            "unique_id": "109383725642193470841"
          },
          "sensitive_attributes": [],
          "private": "eyJlMmJmYjczMC1lY2FhLTExZTYtOGY4OC0zNDM2M2JjN2M0YzAiOnsiY3JlYXRlIjozMDAwMDAwMDAwMDB9fQ=="
        }
      ]
    },
    {
      "mode": "managed",
      "type": "google_service_account",
      "name": "svc_qliksense",
      "provider": "provider[\"registry.terraform.io/hashicorp/google\"]",
      "instances": [
        {
          "schema_version": 0,
          "attributes": {
            "account_id": "svc-qliksense",
            "description": "",
            "display_name": "",
            "email": "svc-qliksense@trustly-data-services-test.iam.gserviceaccount.com",
            "id": "projects/trustly-data-services-test/serviceAccounts/svc-qliksense@trustly-data-services-test.iam.gserviceaccount.com",
            "name": "projects/trustly-data-services-test/serviceAccounts/svc-qliksense@trustly-data-services-test.iam.gserviceaccount.com",
            "project": "trustly-data-services-test",
            "timeouts": null,
            "unique_id": "117827477364488633264"
          },
          "sensitive_attributes": [],
          "private": "bnVsbA=="
        }
      ]
    },
    {
      "mode": "managed",
      "type": "google_service_account_iam_binding",
      "name": "svc_composer_worker_user",
      "provider": "provider[\"registry.terraform.io/hashicorp/google\"]",
      "instances": [
        {
          "schema_version": 0,
          "attributes": {
            "condition": [],
            "etag": "BwXK1S9YyIk=",
            "id": "projects/trustly-data-services-test/serviceAccounts/svc-composer-worker@trustly-data-services-test.iam.gserviceaccount.com/roles/iam.serviceAccountUser",
            "members": [
              "group:bigquery.powerusers@trustly.com",
              "serviceAccount:svc-data-science-deployment@trustly-data-services-test.iam.gserviceaccount.com"
            ],
            "role": "roles/iam.serviceAccountUser",
            "service_account_id": "projects/trustly-data-services-test/serviceAccounts/svc-composer-worker@trustly-data-services-test.iam.gserviceaccount.com"
          },
          "sensitive_attributes": [],
          "private": "bnVsbA==",
          "dependencies": [
            "google_service_account.svc_composer_worker",
            "google_service_account.svc_github_action_data_science_deployment"
          ]
        }
      ]
    },
    {
      "mode": "managed",
      "type": "google_service_account_iam_binding",
      "name": "svc_dataflow_worker_user",
      "provider": "provider[\"registry.terraform.io/hashicorp/google\"]",
      "instances": [
        {
          "schema_version": 0,
          "attributes": {
            "condition": [],
            "etag": "BwXHAF2c3Ak=",
            "id": "projects/trustly-data-services-test/serviceAccounts/svc-dataflow-worker@trustly-data-services-test.iam.gserviceaccount.com/roles/iam.serviceAccountUser",
            "members": [
              "serviceAccount:svc-application-deployment@trustly-data-services-test.iam.gserviceaccount.com",
              "serviceAccount:svc-composer-worker@trustly-data-services-test.iam.gserviceaccount.com"
            ],
            "role": "roles/iam.serviceAccountUser",
            "service_account_id": "projects/trustly-data-services-test/serviceAccounts/svc-dataflow-worker@trustly-data-services-test.iam.gserviceaccount.com"
          },
          "sensitive_attributes": [],
          "private": "bnVsbA==",
          "dependencies": [
            "google_service_account.svc_composer_worker",
            "google_service_account.svc_dataflow_worker",
            "google_service_account.svc_github_action_application_deployment"
          ]
        }
      ]
    },
    {
      "mode": "managed",
      "type": "google_storage_bucket_iam_member",
      "name": "dataflow_temp_bucket_object_admin",
      "provider": "provider[\"registry.terraform.io/hashicorp/google\"]",
      "instances": [
        {
          "schema_version": 0,
          "attributes": {
            "bucket": "b/trustly-data-services-test-dataflow-temp-sysint",
            "condition": [],
            "etag": "CAM=",
            "id": "b/trustly-data-services-test-dataflow-temp-sysint/roles/storage.objectAdmin/serviceaccount:svc-application-deployment@trustly-data-services-test.iam.gserviceaccount.com",
            "member": "serviceAccount:svc-application-deployment@trustly-data-services-test.iam.gserviceaccount.com",
            "role": "roles/storage.objectAdmin"
          },
          "sensitive_attributes": [],
          "private": "bnVsbA==",
          "dependencies": [
            "google_service_account.svc_github_action_application_deployment",
            "module.data_pipeline.google_storage_bucket.dataflow_temp_bucket"
          ]
        }
      ]
    },
    {
      "mode": "managed",
      "type": "google_storage_bucket_iam_member",
      "name": "dataflow_temp_bucket_object_admin_staging",
      "provider": "provider[\"registry.terraform.io/hashicorp/google\"]",
      "instances": [
        {
          "schema_version": 0,
          "attributes": {
            "bucket": "b/trustly-data-services-test-dataflow-temp-staging",
            "condition": [],
            "etag": "CAM=",
            "id": "b/trustly-data-services-test-dataflow-temp-staging/roles/storage.objectAdmin/serviceaccount:svc-application-deployment@trustly-data-services-test.iam.gserviceaccount.com",
            "member": "serviceAccount:svc-application-deployment@trustly-data-services-test.iam.gserviceaccount.com",
            "role": "roles/storage.objectAdmin"
          },
          "sensitive_attributes": [],
          "private": "bnVsbA==",
          "dependencies": [
            "google_service_account.svc_github_action_application_deployment",
            "module.data_pipeline_staging.google_storage_bucket.dataflow_temp_bucket"
          ]
        }
      ]
    },
    {
      "mode": "managed",
      "type": "google_storage_bucket_iam_member",
      "name": "github_action_data_science_legacy_bucket_reader",
      "provider": "provider[\"registry.terraform.io/hashicorp/google\"]",
      "instances": [
        {
          "schema_version": 0,
          "attributes": {
            "bucket": "b/eu.artifacts.trustly-data-services-test.appspot.com",
            "condition": [],
            "etag": "CAY=",
            "id": "b/eu.artifacts.trustly-data-services-test.appspot.com/roles/storage.legacyBucketReader/serviceaccount:svc-data-science-deployment@trustly-data-services-test.iam.gserviceaccount.com",
            "member": "serviceAccount:svc-data-science-deployment@trustly-data-services-test.iam.gserviceaccount.com",
            "role": "roles/storage.legacyBucketReader"
          },
          "sensitive_attributes": [],
          "private": "bnVsbA==",
          "dependencies": [
            "google_service_account.svc_github_action_data_science_deployment"
          ]
        }
      ]
    },
    {
      "mode": "managed",
      "type": "google_storage_bucket_iam_member",
      "name": "github_action_data_science_legacy_bucket_reader_powerusers",
      "provider": "provider[\"registry.terraform.io/hashicorp/google\"]",
      "instances": [
        {
          "schema_version": 0,
          "attributes": {
            "bucket": "b/eu.artifacts.trustly-data-services-test.appspot.com",
            "condition": [],
            "etag": "CAY=",
            "id": "b/eu.artifacts.trustly-data-services-test.appspot.com/roles/storage.legacyBucketReader/group:bigquery.powerusers@trustly.com",
            "member": "group:bigquery.powerusers@trustly.com",
            "role": "roles/storage.legacyBucketReader"
          },
          "sensitive_attributes": [],
          "private": "bnVsbA=="
        }
      ]
    },
    {
      "mode": "managed",
      "type": "google_storage_bucket_iam_member",
      "name": "github_action_data_science_object_admin",
      "provider": "provider[\"registry.terraform.io/hashicorp/google\"]",
      "instances": [
        {
          "schema_version": 0,
          "attributes": {
            "bucket": "b/eu.artifacts.trustly-data-services-test.appspot.com",
            "condition": [],
            "etag": "CAY=",
            "id": "b/eu.artifacts.trustly-data-services-test.appspot.com/roles/storage.objectAdmin/serviceaccount:svc-data-science-deployment@trustly-data-services-test.iam.gserviceaccount.com",
            "member": "serviceAccount:svc-data-science-deployment@trustly-data-services-test.iam.gserviceaccount.com",
            "role": "roles/storage.objectAdmin"
          },
          "sensitive_attributes": [],
          "private": "bnVsbA==",
          "dependencies": [
            "google_service_account.svc_github_action_data_science_deployment"
          ]
        }
      ]
    },
    {
      "mode": "managed",
      "type": "google_storage_bucket_iam_member",
      "name": "github_action_data_science_object_admin_powerusers",
      "provider": "provider[\"registry.terraform.io/hashicorp/google\"]",
      "instances": [
        {
          "schema_version": 0,
          "attributes": {
            "bucket": "b/eu.artifacts.trustly-data-services-test.appspot.com",
            "condition": [],
            "etag": "CAY=",
            "id": "b/eu.artifacts.trustly-data-services-test.appspot.com/roles/storage.objectAdmin/group:bigquery.powerusers@trustly.com",
            "member": "group:bigquery.powerusers@trustly.com",
            "role": "roles/storage.objectAdmin"
          },
          "sensitive_attributes": [],
          "private": "bnVsbA=="
        }
      ]
    },
    {
      "mode": "managed",
      "type": "google_storage_bucket_iam_member",
      "name": "schema_registry_bucket_viewer_tech",
      "provider": "provider[\"registry.terraform.io/hashicorp/google\"]",
      "instances": [
        {
          "schema_version": 0,
          "attributes": {
            "bucket": "b/trustly-data-services-test-avro-schema-store-sysint",
            "condition": [],
            "etag": "CAU=",
            "id": "b/trustly-data-services-test-avro-schema-store-sysint/roles/storage.objectViewer/group:team.tech@trustly.com",
            "member": "group:team.tech@trustly.com",
            "role": "roles/storage.objectViewer"
          },
          "sensitive_attributes": [],
          "private": "bnVsbA==",
          "dependencies": [
            "module.data_pipeline.google_storage_bucket.schema_registry_bucket"
          ]
        }
      ]
    },
    {
      "mode": "managed",
      "type": "google_storage_bucket_iam_member",
      "name": "schema_registry_bucket_viewer_tech_staging",
      "provider": "provider[\"registry.terraform.io/hashicorp/google\"]",
      "instances": [
        {
          "schema_version": 0,
          "attributes": {
            "bucket": "b/trustly-data-services-test-avro-schema-store-staging",
            "condition": [],
            "etag": "CAQ=",
            "id": "b/trustly-data-services-test-avro-schema-store-staging/roles/storage.objectViewer/group:team.tech@trustly.com",
            "member": "group:team.tech@trustly.com",
            "role": "roles/storage.objectViewer"
          },
          "sensitive_attributes": [],
          "private": "bnVsbA==",
          "dependencies": [
            "module.data_pipeline_staging.google_storage_bucket.schema_registry_bucket"
          ]
        }
      ]
    },
    {
      "mode": "managed",
      "type": "google_storage_bucket_iam_member",
      "name": "unprocessed_bucket_viewer_tech",
      "provider": "provider[\"registry.terraform.io/hashicorp/google\"]",
      "instances": [
        {
          "schema_version": 0,
          "attributes": {
            "bucket": "b/trustly-data-services-test-beam-pubsub-unprocessed-sysint",
            "condition": [],
            "etag": "CAM=",
            "id": "b/trustly-data-services-test-beam-pubsub-unprocessed-sysint/roles/storage.objectViewer/group:team.tech@trustly.com",
            "member": "group:team.tech@trustly.com",
            "role": "roles/storage.objectViewer"
          },
          "sensitive_attributes": [],
          "private": "bnVsbA==",
          "dependencies": [
            "module.data_pipeline.google_storage_bucket.unprocessed_bucket"
          ]
        }
      ]
    },
    {
      "mode": "managed",
      "type": "google_storage_bucket_iam_member",
      "name": "unprocessed_bucket_viewer_tech_staging",
      "provider": "provider[\"registry.terraform.io/hashicorp/google\"]",
      "instances": [
        {
          "schema_version": 0,
          "attributes": {
            "bucket": "b/trustly-data-services-test-beam-pubsub-unprocessed-staging",
            "condition": [],
            "etag": "CAM=",
            "id": "b/trustly-data-services-test-beam-pubsub-unprocessed-staging/roles/storage.objectViewer/group:team.tech@trustly.com",
            "member": "group:team.tech@trustly.com",
            "role": "roles/storage.objectViewer"
          },
          "sensitive_attributes": [],
          "private": "bnVsbA==",
          "dependencies": [
            "module.data_pipeline_staging.google_storage_bucket.unprocessed_bucket"
          ]
        }
      ]
    },
    {
      "mode": "managed",
      "type": "google_storage_bucket_iam_member",
      "name": "viewer",
      "provider": "provider[\"registry.terraform.io/hashicorp/google\"]",
      "instances": [
        {
          "schema_version": 0,
          "attributes": {
            "bucket": "b/eu.artifacts.trustly-data-services-test.appspot.com",
            "condition": [],
            "etag": "CAY=",
            "id": "b/eu.artifacts.trustly-data-services-test.appspot.com/roles/storage.objectViewer/serviceaccount:trustly-data-services-test@appspot.gserviceaccount.com",
            "member": "serviceAccount:trustly-data-services-test@appspot.gserviceaccount.com",
            "role": "roles/storage.objectViewer"
          },
          "sensitive_attributes": [],
          "private": "bnVsbA==",
          "dependencies": [
            "data.google_app_engine_default_service_account.default",
            "google_container_registry.registry"
          ]
        }
      ]
    },
    {
      "module": "module.bucket_catalystone_import",
      "mode": "data",
      "type": "google_iam_policy",
      "name": "policy",
      "provider": "provider[\"registry.terraform.io/hashicorp/google\"]",
      "instances": [
        {
          "schema_version": 0,
          "attributes": {
            "audit_config": null,
            "binding": [
              {
                "condition": [],
                "members": [],
                "role": "roles/storage.admin"
              },
              {
                "condition": [],
                "members": [],
                "role": "roles/storage.objectAdmin"
              },
              {
                "condition": [],
                "members": [],
                "role": "roles/storage.objectViewer"
              }
            ],
            "id": "3771213234",
            "policy_data": "{\"bindings\":[{\"role\":\"roles/storage.admin\"},{\"role\":\"roles/storage.objectAdmin\"},{\"role\":\"roles/storage.objectViewer\"}]}"
          },
          "sensitive_attributes": []
        }
      ]
    },
    {
      "module": "module.bucket_catalystone_import",
      "mode": "data",
      "type": "google_project",
      "name": "current_project",
      "provider": "provider[\"registry.terraform.io/hashicorp/google\"]",
      "instances": [
        {
          "schema_version": 0,
          "attributes": {
            "auto_create_network": null,
            "billing_account": null,
            "folder_id": "645534415534",
            "id": "projects/trustly-data-services-test",
            "labels": {},
            "name": "Trustly Data Services Test",
            "number": "496466744113",
            "org_id": "",
            "project_id": "trustly-data-services-test",
            "skip_delete": null
          },
          "sensitive_attributes": []
        }
      ]
    },
    {
      "module": "module.bucket_catalystone_import",
      "mode": "managed",
      "type": "google_storage_bucket",
      "name": "bucket",
      "provider": "provider[\"registry.terraform.io/hashicorp/google\"]",
      "instances": [
        {
          "schema_version": 0,
          "attributes": {
            "bucket_policy_only": true,
            "cors": [],
            "default_event_based_hold": false,
            "encryption": [],
            "force_destroy": false,
            "id": "trustly-data-services-test-catalystone-import",
            "labels": {},
            "lifecycle_rule": [
              {
                "action": [
                  {
                    "storage_class": "",
                    "type": "Delete"
                  }
                ],
                "condition": [
                  {
                    "age": 30,
                    "created_before": "",
                    "custom_time_before": "",
                    "days_since_custom_time": 0,
                    "days_since_noncurrent_time": 0,
                    "matches_storage_class": [],
                    "noncurrent_time_before": "",
                    "num_newer_versions": 0,
                    "with_state": "ANY"
                  }
                ]
              }
            ],
            "location": "EU",
            "logging": [],
            "name": "trustly-data-services-test-catalystone-import",
            "project": "trustly-data-services-test",
            "requester_pays": false,
            "retention_policy": [],
            "self_link": "https://www.googleapis.com/storage/v1/b/trustly-data-services-test-catalystone-import",
            "storage_class": "STANDARD",
            "uniform_bucket_level_access": true,
            "url": "gs://trustly-data-services-test-catalystone-import",
            "versioning": [],
            "website": []
          },
          "sensitive_attributes": [],
          "private": "bnVsbA==",
          "dependencies": [
            "module.bucket_catalystone_import.data.google_project.current_project"
          ]
        }
      ]
    },
    {
      "module": "module.bucket_catalystone_import",
      "mode": "managed",
      "type": "google_storage_bucket_iam_policy",
      "name": "policy_mapping",
      "provider": "provider[\"registry.terraform.io/hashicorp/google\"]",
      "instances": [
        {
          "schema_version": 0,
          "attributes": {
            "bucket": "b/trustly-data-services-test-catalystone-import",
            "etag": "CAI=",
            "id": "b/trustly-data-services-test-catalystone-import",
            "policy_data": "{}"
          },
          "sensitive_attributes": [],
          "private": "bnVsbA==",
          "dependencies": [
            "module.bucket_catalystone_import.data.google_iam_policy.policy",
            "module.bucket_catalystone_import.data.google_project.current_project",
            "module.bucket_catalystone_import.google_storage_bucket.bucket"
          ]
        }
      ]
    },
    {
      "module": "module.bucket_data_science",
      "mode": "data",
      "type": "google_iam_policy",
      "name": "policy",
      "provider": "provider[\"registry.terraform.io/hashicorp/google\"]",
      "instances": [
        {
          "schema_version": 0,
          "attributes": {
            "audit_config": null,
            "binding": [
              {
                "condition": [],
                "members": [
                  "group:bigquery.powerusers@trustly.com",
                  "serviceAccount:svc-data-science-deployment@trustly-data-services-test.iam.gserviceaccount.com"
                ],
                "role": "roles/storage.objectAdmin"
              },
              {
                "condition": [],
                "members": [],
                "role": "roles/storage.admin"
              },
              {
                "condition": [],
                "members": [],
                "role": "roles/storage.objectViewer"
              }
            ],
            "id": "243861759",
            "policy_data": "{\"bindings\":[{\"role\":\"roles/storage.admin\"},{\"members\":[\"group:bigquery.powerusers@trustly.com\",\"serviceAccount:svc-data-science-deployment@trustly-data-services-test.iam.gserviceaccount.com\"],\"role\":\"roles/storage.objectAdmin\"},{\"role\":\"roles/storage.objectViewer\"}]}"
          },
          "sensitive_attributes": []
        }
      ]
    },
    {
      "module": "module.bucket_data_science",
      "mode": "data",
      "type": "google_project",
      "name": "current_project",
      "provider": "provider[\"registry.terraform.io/hashicorp/google\"]",
      "instances": [
        {
          "schema_version": 0,
          "attributes": {
            "auto_create_network": null,
            "billing_account": null,
            "folder_id": "645534415534",
            "id": "projects/trustly-data-services-test",
            "labels": {},
            "name": "Trustly Data Services Test",
            "number": "496466744113",
            "org_id": "",
            "project_id": "trustly-data-services-test",
            "skip_delete": null
          },
          "sensitive_attributes": []
        }
      ]
    },
    {
      "module": "module.bucket_data_science",
      "mode": "managed",
      "type": "google_storage_bucket",
      "name": "bucket",
      "provider": "provider[\"registry.terraform.io/hashicorp/google\"]",
      "instances": [
        {
          "schema_version": 0,
          "attributes": {
            "bucket_policy_only": true,
            "cors": [],
            "default_event_based_hold": false,
            "encryption": [],
            "force_destroy": false,
            "id": "trustly-data-services-test-data-science",
            "labels": {},
            "lifecycle_rule": [],
            "location": "EU",
            "logging": [],
            "name": "trustly-data-services-test-data-science",
            "project": "trustly-data-services-test",
            "requester_pays": false,
            "retention_policy": [],
            "self_link": "https://www.googleapis.com/storage/v1/b/trustly-data-services-test-data-science",
            "storage_class": "STANDARD",
            "uniform_bucket_level_access": true,
            "url": "gs://trustly-data-services-test-data-science",
            "versioning": [],
            "website": []
          },
          "sensitive_attributes": [],
          "private": "bnVsbA==",
          "dependencies": [
            "module.bucket_data_science.data.google_project.current_project"
          ]
        }
      ]
    },
    {
      "module": "module.bucket_data_science",
      "mode": "managed",
      "type": "google_storage_bucket_iam_policy",
      "name": "policy_mapping",
      "provider": "provider[\"registry.terraform.io/hashicorp/google\"]",
      "instances": [
        {
          "schema_version": 0,
          "attributes": {
            "bucket": "b/trustly-data-services-test-data-science",
            "etag": "CAQ=",
            "id": "b/trustly-data-services-test-data-science",
            "policy_data": "{\"bindings\":[{\"members\":[\"group:bigquery.powerusers@trustly.com\",\"serviceAccount:svc-data-science-deployment@trustly-data-services-test.iam.gserviceaccount.com\"],\"role\":\"roles/storage.objectAdmin\"}]}"
          },
          "sensitive_attributes": [],
          "private": "bnVsbA==",
          "dependencies": [
            "google_service_account.svc_github_action_data_science_deployment",
            "module.bucket_data_science.data.google_iam_policy.policy",
            "module.bucket_data_science.data.google_project.current_project",
            "module.bucket_data_science.google_storage_bucket.bucket"
          ]
        }
      ]
    },
    {
      "module": "module.bucket_dataflow_temp",
      "mode": "data",
      "type": "google_iam_policy",
      "name": "policy",
      "provider": "provider[\"registry.terraform.io/hashicorp/google\"]",
      "instances": [
        {
          "schema_version": 0,
          "attributes": {
            "audit_config": null,
            "binding": [
              {
                "condition": [],
                "members": [
                  "serviceAccount:svc-application-deployment@trustly-data-services-test.iam.gserviceaccount.com",
                  "serviceAccount:svc-dataflow-worker@trustly-data-services-test.iam.gserviceaccount.com"
                ],
                "role": "roles/storage.objectAdmin"
              },
              {
                "condition": [],
                "members": [],
                "role": "roles/storage.admin"
              },
              {
                "condition": [],
                "members": [],
                "role": "roles/storage.objectViewer"
              }
            ],
            "id": "2337347631",
            "policy_data": "{\"bindings\":[{\"role\":\"roles/storage.admin\"},{\"members\":[\"serviceAccount:svc-application-deployment@trustly-data-services-test.iam.gserviceaccount.com\",\"serviceAccount:svc-dataflow-worker@trustly-data-services-test.iam.gserviceaccount.com\"],\"role\":\"roles/storage.objectAdmin\"},{\"role\":\"roles/storage.objectViewer\"}]}"
          },
          "sensitive_attributes": []
        }
      ]
    },
    {
      "module": "module.bucket_dataflow_temp",
      "mode": "data",
      "type": "google_project",
      "name": "current_project",
      "provider": "provider[\"registry.terraform.io/hashicorp/google\"]",
      "instances": [
        {
          "schema_version": 0,
          "attributes": {
            "auto_create_network": null,
            "billing_account": null,
            "folder_id": "645534415534",
            "id": "projects/trustly-data-services-test",
            "labels": {},
            "name": "Trustly Data Services Test",
            "number": "496466744113",
            "org_id": "",
            "project_id": "trustly-data-services-test",
            "skip_delete": null
          },
          "sensitive_attributes": []
        }
      ]
    },
    {
      "module": "module.bucket_dataflow_temp",
      "mode": "managed",
      "type": "google_storage_bucket",
      "name": "bucket",
      "provider": "provider[\"registry.terraform.io/hashicorp/google\"]",
      "instances": [
        {
          "schema_version": 0,
          "attributes": {
            "bucket_policy_only": true,
            "cors": [],
            "default_event_based_hold": false,
            "encryption": [],
            "force_destroy": false,
            "id": "trustly-data-services-test-dataflow-temp",
            "labels": {},
            "lifecycle_rule": [],
            "location": "EU",
            "logging": [],
            "name": "trustly-data-services-test-dataflow-temp",
            "project": "trustly-data-services-test",
            "requester_pays": false,
            "retention_policy": [],
            "self_link": "https://www.googleapis.com/storage/v1/b/trustly-data-services-test-dataflow-temp",
            "storage_class": "STANDARD",
            "uniform_bucket_level_access": true,
            "url": "gs://trustly-data-services-test-dataflow-temp",
            "versioning": [],
            "website": []
          },
          "sensitive_attributes": [],
          "dependencies": [
            "module.bucket_dataflow_temp.data.google_project.current_project"
          ]
        }
      ]
    },
    {
      "module": "module.bucket_dataflow_temp",
      "mode": "managed",
      "type": "google_storage_bucket_iam_policy",
      "name": "policy_mapping",
      "provider": "provider[\"registry.terraform.io/hashicorp/google\"]",
      "instances": [
        {
          "schema_version": 0,
          "attributes": {
            "bucket": "b/trustly-data-services-test-dataflow-temp",
            "etag": "CAY=",
            "id": "b/trustly-data-services-test-dataflow-temp",
            "policy_data": "{\"bindings\":[{\"members\":[\"serviceAccount:svc-application-deployment@trustly-data-services-test.iam.gserviceaccount.com\",\"serviceAccount:svc-dataflow-worker@trustly-data-services-test.iam.gserviceaccount.com\"],\"role\":\"roles/storage.objectAdmin\"}]}"
          },
          "sensitive_attributes": [],
          "private": "bnVsbA==",
          "dependencies": [
            "google_service_account.svc_dataflow_worker",
            "google_service_account.svc_github_action_application_deployment",
            "module.bucket_dataflow_temp.data.google_iam_policy.policy",
            "module.bucket_dataflow_temp.data.google_project.current_project",
            "module.bucket_dataflow_temp.google_storage_bucket.bucket"
          ]
        }
      ]
    },
    {
      "module": "module.bucket_dataflow_templates",
      "mode": "data",
      "type": "google_iam_policy",
      "name": "policy",
      "provider": "provider[\"registry.terraform.io/hashicorp/google\"]",
      "instances": [
        {
          "schema_version": 0,
          "attributes": {
            "audit_config": null,
            "binding": [
              {
                "condition": [],
                "members": [
                  "serviceAccount:svc-application-deployment@trustly-data-services-test.iam.gserviceaccount.com"
                ],
                "role": "roles/storage.objectAdmin"
              },
              {
                "condition": [],
                "members": [],
                "role": "roles/storage.admin"
              },
              {
                "condition": [],
                "members": [],
                "role": "roles/storage.objectViewer"
              }
            ],
            "id": "4032127838",
            "policy_data": "{\"bindings\":[{\"role\":\"roles/storage.admin\"},{\"members\":[\"serviceAccount:svc-application-deployment@trustly-data-services-test.iam.gserviceaccount.com\"],\"role\":\"roles/storage.objectAdmin\"},{\"role\":\"roles/storage.objectViewer\"}]}"
          },
          "sensitive_attributes": []
        }
      ]
    },
    {
      "module": "module.bucket_dataflow_templates",
      "mode": "data",
      "type": "google_project",
      "name": "current_project",
      "provider": "provider[\"registry.terraform.io/hashicorp/google\"]",
      "instances": [
        {
          "schema_version": 0,
          "attributes": {
            "auto_create_network": null,
            "billing_account": null,
            "folder_id": "645534415534",
            "id": "projects/trustly-data-services-test",
            "labels": {},
            "name": "Trustly Data Services Test",
            "number": "496466744113",
            "org_id": "",
            "project_id": "trustly-data-services-test",
            "skip_delete": null
          },
          "sensitive_attributes": []
        }
      ]
    },
    {
      "module": "module.bucket_dataflow_templates",
      "mode": "managed",
      "type": "google_storage_bucket",
      "name": "bucket",
      "provider": "provider[\"registry.terraform.io/hashicorp/google\"]",
      "instances": [
        {
          "schema_version": 0,
          "attributes": {
            "bucket_policy_only": true,
            "cors": [],
            "default_event_based_hold": false,
            "encryption": [],
            "force_destroy": false,
            "id": "trustly-data-services-test-dataflow-templates",
            "labels": {},
            "lifecycle_rule": [],
            "location": "EU",
            "logging": [],
            "name": "trustly-data-services-test-dataflow-templates",
            "project": "trustly-data-services-test",
            "requester_pays": false,
            "retention_policy": [],
            "self_link": "https://www.googleapis.com/storage/v1/b/trustly-data-services-test-dataflow-templates",
            "storage_class": "STANDARD",
            "uniform_bucket_level_access": true,
            "url": "gs://trustly-data-services-test-dataflow-templates",
            "versioning": [],
            "website": []
          },
          "sensitive_attributes": [],
          "private": "bnVsbA==",
          "dependencies": [
            "module.bucket_dataflow_templates.data.google_project.current_project"
          ]
        }
      ]
    },
    {
      "module": "module.bucket_dataflow_templates",
      "mode": "managed",
      "type": "google_storage_bucket_iam_policy",
      "name": "policy_mapping",
      "provider": "provider[\"registry.terraform.io/hashicorp/google\"]",
      "instances": [
        {
          "schema_version": 0,
          "attributes": {
            "bucket": "b/trustly-data-services-test-dataflow-templates",
            "etag": "CAI=",
            "id": "b/trustly-data-services-test-dataflow-templates",
            "policy_data": "{\"bindings\":[{\"members\":[\"serviceAccount:svc-application-deployment@trustly-data-services-test.iam.gserviceaccount.com\"],\"role\":\"roles/storage.objectAdmin\"}]}"
          },
          "sensitive_attributes": [],
          "private": "bnVsbA==",
          "dependencies": [
            "google_service_account.svc_github_action_application_deployment",
            "module.bucket_dataflow_templates.data.google_iam_policy.policy",
            "module.bucket_dataflow_templates.data.google_project.current_project",
            "module.bucket_dataflow_templates.google_storage_bucket.bucket"
          ]
        }
      ]
    },
    {
      "module": "module.bucket_entercash_import",
      "mode": "data",
      "type": "google_iam_policy",
      "name": "policy",
      "provider": "provider[\"registry.terraform.io/hashicorp/google\"]",
      "instances": [
        {
          "schema_version": 0,
          "attributes": {
            "audit_config": null,
            "binding": [
              {
                "condition": [],
                "members": [],
                "role": "roles/storage.admin"
              },
              {
                "condition": [],
                "members": [],
                "role": "roles/storage.objectAdmin"
              },
              {
                "condition": [],
                "members": [],
                "role": "roles/storage.objectViewer"
              }
            ],
            "id": "3771213234",
            "policy_data": "{\"bindings\":[{\"role\":\"roles/storage.admin\"},{\"role\":\"roles/storage.objectAdmin\"},{\"role\":\"roles/storage.objectViewer\"}]}"
          },
          "sensitive_attributes": []
        }
      ]
    },
    {
      "module": "module.bucket_entercash_import",
      "mode": "data",
      "type": "google_project",
      "name": "current_project",
      "provider": "provider[\"registry.terraform.io/hashicorp/google\"]",
      "instances": [
        {
          "schema_version": 0,
          "attributes": {
            "auto_create_network": null,
            "billing_account": null,
            "folder_id": "645534415534",
            "id": "projects/trustly-data-services-test",
            "labels": {},
            "name": "Trustly Data Services Test",
            "number": "496466744113",
            "org_id": "",
            "project_id": "trustly-data-services-test",
            "skip_delete": null
          },
          "sensitive_attributes": []
        }
      ]
    },
    {
      "module": "module.bucket_entercash_import",
      "mode": "managed",
      "type": "google_storage_bucket",
      "name": "bucket",
      "provider": "provider[\"registry.terraform.io/hashicorp/google\"]",
      "instances": [
        {
          "schema_version": 0,
          "attributes": {
            "bucket_policy_only": true,
            "cors": [],
            "default_event_based_hold": false,
            "encryption": [],
            "force_destroy": false,
            "id": "trustly-data-services-test-entercash-import",
            "labels": {},
            "lifecycle_rule": [],
            "location": "EU",
            "logging": [],
            "name": "trustly-data-services-test-entercash-import",
            "project": "trustly-data-services-test",
            "requester_pays": false,
            "retention_policy": [],
            "self_link": "https://www.googleapis.com/storage/v1/b/trustly-data-services-test-entercash-import",
            "storage_class": "STANDARD",
            "uniform_bucket_level_access": true,
            "url": "gs://trustly-data-services-test-entercash-import",
            "versioning": [],
            "website": []
          },
          "sensitive_attributes": [],
          "private": "bnVsbA==",
          "dependencies": [
            "module.bucket_entercash_import.data.google_project.current_project"
          ]
        }
      ]
    },
    {
      "module": "module.bucket_entercash_import",
      "mode": "managed",
      "type": "google_storage_bucket_iam_policy",
      "name": "policy_mapping",
      "provider": "provider[\"registry.terraform.io/hashicorp/google\"]",
      "instances": [
        {
          "schema_version": 0,
          "attributes": {
            "bucket": "b/trustly-data-services-test-entercash-import",
            "etag": "CAI=",
            "id": "b/trustly-data-services-test-entercash-import",
            "policy_data": "{}"
          },
          "sensitive_attributes": [],
          "private": "bnVsbA==",
          "dependencies": [
            "module.bucket_entercash_import.data.google_iam_policy.policy",
            "module.bucket_entercash_import.data.google_project.current_project",
            "module.bucket_entercash_import.google_storage_bucket.bucket"
          ]
        }
      ]
    },
    {
      "module": "module.bucket_gluepay_import",
      "mode": "data",
      "type": "google_iam_policy",
      "name": "policy",
      "provider": "provider[\"registry.terraform.io/hashicorp/google\"]",
      "instances": [
        {
          "schema_version": 0,
          "attributes": {
            "audit_config": null,
            "binding": [
              {
                "condition": [],
                "members": [
                  "serviceAccount:svc-bi-etl@trustly-data-services-test.iam.gserviceaccount.com"
                ],
                "role": "roles/storage.objectAdmin"
              },
              {
                "condition": [],
                "members": [],
                "role": "roles/storage.admin"
              },
              {
                "condition": [],
                "members": [],
                "role": "roles/storage.objectViewer"
              }
            ],
            "id": "2255631365",
            "policy_data": "{\"bindings\":[{\"role\":\"roles/storage.admin\"},{\"members\":[\"serviceAccount:svc-bi-etl@trustly-data-services-test.iam.gserviceaccount.com\"],\"role\":\"roles/storage.objectAdmin\"},{\"role\":\"roles/storage.objectViewer\"}]}"
          },
          "sensitive_attributes": []
        }
      ]
    },
    {
      "module": "module.bucket_gluepay_import",
      "mode": "data",
      "type": "google_project",
      "name": "current_project",
      "provider": "provider[\"registry.terraform.io/hashicorp/google\"]",
      "instances": [
        {
          "schema_version": 0,
          "attributes": {
            "auto_create_network": null,
            "billing_account": null,
            "folder_id": "645534415534",
            "id": "projects/trustly-data-services-test",
            "labels": {},
            "name": "Trustly Data Services Test",
            "number": "496466744113",
            "org_id": "",
            "project_id": "trustly-data-services-test",
            "skip_delete": null
          },
          "sensitive_attributes": []
        }
      ]
    },
    {
      "module": "module.bucket_gluepay_import",
      "mode": "managed",
      "type": "google_storage_bucket",
      "name": "bucket",
      "provider": "provider[\"registry.terraform.io/hashicorp/google\"]",
      "instances": [
        {
          "schema_version": 0,
          "attributes": {
            "bucket_policy_only": true,
            "cors": [],
            "default_event_based_hold": false,
            "encryption": [],
            "force_destroy": false,
            "id": "trustly-data-services-test-gluepay-import",
            "labels": {},
            "lifecycle_rule": [
              {
                "action": [
                  {
                    "storage_class": "",
                    "type": "Delete"
                  }
                ],
                "condition": [
                  {
                    "age": 30,
                    "created_before": "",
                    "custom_time_before": "",
                    "days_since_custom_time": 0,
                    "days_since_noncurrent_time": 0,
                    "matches_storage_class": [],
                    "noncurrent_time_before": "",
                    "num_newer_versions": 0,
                    "with_state": "ANY"
                  }
                ]
              }
            ],
            "location": "EU",
            "logging": [],
            "name": "trustly-data-services-test-gluepay-import",
            "project": "trustly-data-services-test",
            "requester_pays": false,
            "retention_policy": [],
            "self_link": "https://www.googleapis.com/storage/v1/b/trustly-data-services-test-gluepay-import",
            "storage_class": "STANDARD",
            "uniform_bucket_level_access": true,
            "url": "gs://trustly-data-services-test-gluepay-import",
            "versioning": [],
            "website": []
          },
          "sensitive_attributes": [],
          "private": "bnVsbA==",
          "dependencies": [
            "module.bucket_gluepay_import.data.google_project.current_project"
          ]
        }
      ]
    },
    {
      "module": "module.bucket_gluepay_import",
      "mode": "managed",
      "type": "google_storage_bucket_iam_policy",
      "name": "policy_mapping",
      "provider": "provider[\"registry.terraform.io/hashicorp/google\"]",
      "instances": [
        {
          "schema_version": 0,
          "attributes": {
            "bucket": "b/trustly-data-services-test-gluepay-import",
            "etag": "CAQ=",
            "id": "b/trustly-data-services-test-gluepay-import",
            "policy_data": "{\"bindings\":[{\"members\":[\"serviceAccount:svc-bi-etl@trustly-data-services-test.iam.gserviceaccount.com\"],\"role\":\"roles/storage.objectAdmin\"}]}"
          },
          "sensitive_attributes": [],
          "private": "bnVsbA==",
          "dependencies": [
            "google_service_account.svc_bi_etl",
            "module.bucket_gluepay_import.data.google_iam_policy.policy",
            "module.bucket_gluepay_import.data.google_project.current_project",
            "module.bucket_gluepay_import.google_storage_bucket.bucket"
          ]
        }
      ]
    },
    {
      "module": "module.bucket_jira_import",
      "mode": "data",
      "type": "google_iam_policy",
      "name": "policy",
      "provider": "provider[\"registry.terraform.io/hashicorp/google\"]",
      "instances": [
        {
          "schema_version": 0,
          "attributes": {
            "audit_config": null,
            "binding": [
              {
                "condition": [],
                "members": [],
                "role": "roles/storage.admin"
              },
              {
                "condition": [],
                "members": [],
                "role": "roles/storage.objectAdmin"
              },
              {
                "condition": [],
                "members": [],
                "role": "roles/storage.objectViewer"
              }
            ],
            "id": "3771213234",
            "policy_data": "{\"bindings\":[{\"role\":\"roles/storage.admin\"},{\"role\":\"roles/storage.objectAdmin\"},{\"role\":\"roles/storage.objectViewer\"}]}"
          },
          "sensitive_attributes": []
        }
      ]
    },
    {
      "module": "module.bucket_jira_import",
      "mode": "data",
      "type": "google_project",
      "name": "current_project",
      "provider": "provider[\"registry.terraform.io/hashicorp/google\"]",
      "instances": [
        {
          "schema_version": 0,
          "attributes": {
            "auto_create_network": null,
            "billing_account": null,
            "folder_id": "645534415534",
            "id": "projects/trustly-data-services-test",
            "labels": {},
            "name": "Trustly Data Services Test",
            "number": "496466744113",
            "org_id": "",
            "project_id": "trustly-data-services-test",
            "skip_delete": null
          },
          "sensitive_attributes": []
        }
      ]
    },
    {
      "module": "module.bucket_jira_import",
      "mode": "managed",
      "type": "google_storage_bucket",
      "name": "bucket",
      "provider": "provider[\"registry.terraform.io/hashicorp/google\"]",
      "instances": [
        {
          "schema_version": 0,
          "attributes": {
            "bucket_policy_only": true,
            "cors": [],
            "default_event_based_hold": false,
            "encryption": [],
            "force_destroy": false,
            "id": "trustly-data-services-test-jira-import",
            "labels": {},
            "lifecycle_rule": [
              {
                "action": [
                  {
                    "storage_class": "",
                    "type": "Delete"
                  }
                ],
                "condition": [
                  {
                    "age": 30,
                    "created_before": "",
                    "custom_time_before": "",
                    "days_since_custom_time": 0,
                    "days_since_noncurrent_time": 0,
                    "matches_storage_class": [],
                    "noncurrent_time_before": "",
                    "num_newer_versions": 0,
                    "with_state": "ANY"
                  }
                ]
              }
            ],
            "location": "EU",
            "logging": [],
            "name": "trustly-data-services-test-jira-import",
            "project": "trustly-data-services-test",
            "requester_pays": false,
            "retention_policy": [],
            "self_link": "https://www.googleapis.com/storage/v1/b/trustly-data-services-test-jira-import",
            "storage_class": "STANDARD",
            "uniform_bucket_level_access": true,
            "url": "gs://trustly-data-services-test-jira-import",
            "versioning": [],
            "website": []
          },
          "sensitive_attributes": [],
          "private": "bnVsbA==",
          "dependencies": [
            "module.bucket_jira_import.data.google_project.current_project"
          ]
        }
      ]
    },
    {
      "module": "module.bucket_jira_import",
      "mode": "managed",
      "type": "google_storage_bucket_iam_policy",
      "name": "policy_mapping",
      "provider": "provider[\"registry.terraform.io/hashicorp/google\"]",
      "instances": [
        {
          "schema_version": 0,
          "attributes": {
            "bucket": "b/trustly-data-services-test-jira-import",
            "etag": "CAI=",
            "id": "b/trustly-data-services-test-jira-import",
            "policy_data": "{}"
          },
          "sensitive_attributes": [],
          "private": "bnVsbA==",
          "dependencies": [
            "module.bucket_jira_import.data.google_iam_policy.policy",
            "module.bucket_jira_import.data.google_project.current_project",
            "module.bucket_jira_import.google_storage_bucket.bucket"
          ]
        }
      ]
    },
    {
      "module": "module.bucket_paywithmybank_import",
      "mode": "data",
      "type": "google_iam_policy",
      "name": "policy",
      "provider": "provider[\"registry.terraform.io/hashicorp/google\"]",
      "instances": [
        {
          "schema_version": 0,
          "attributes": {
            "audit_config": null,
            "binding": [
              {
                "condition": [],
                "members": [
                  "serviceAccount:svc-paywithmybank@trustly-data-services-test.iam.gserviceaccount.com"
                ],
                "role": "roles/storage.objectAdmin"
              },
              {
                "condition": [],
                "members": [],
                "role": "roles/storage.admin"
              },
              {
                "condition": [],
                "members": [],
                "role": "roles/storage.objectViewer"
              }
            ],
            "id": "4011512422",
            "policy_data": "{\"bindings\":[{\"role\":\"roles/storage.admin\"},{\"members\":[\"serviceAccount:svc-paywithmybank@trustly-data-services-test.iam.gserviceaccount.com\"],\"role\":\"roles/storage.objectAdmin\"},{\"role\":\"roles/storage.objectViewer\"}]}"
          },
          "sensitive_attributes": []
        }
      ]
    },
    {
      "module": "module.bucket_paywithmybank_import",
      "mode": "data",
      "type": "google_project",
      "name": "current_project",
      "provider": "provider[\"registry.terraform.io/hashicorp/google\"]",
      "instances": [
        {
          "schema_version": 0,
          "attributes": {
            "auto_create_network": null,
            "billing_account": null,
            "folder_id": "645534415534",
            "id": "projects/trustly-data-services-test",
            "labels": {},
            "name": "Trustly Data Services Test",
            "number": "496466744113",
            "org_id": "",
            "project_id": "trustly-data-services-test",
            "skip_delete": null
          },
          "sensitive_attributes": []
        }
      ]
    },
    {
      "module": "module.bucket_paywithmybank_import",
      "mode": "managed",
      "type": "google_storage_bucket",
      "name": "bucket",
      "provider": "provider[\"registry.terraform.io/hashicorp/google\"]",
      "instances": [
        {
          "schema_version": 0,
          "attributes": {
            "bucket_policy_only": true,
            "cors": [],
            "default_event_based_hold": false,
            "encryption": [],
            "force_destroy": false,
            "id": "trustly-data-services-test-paywithmybank-import",
            "labels": {},
            "lifecycle_rule": [],
            "location": "EU",
            "logging": [],
            "name": "trustly-data-services-test-paywithmybank-import",
            "project": "trustly-data-services-test",
            "requester_pays": false,
            "retention_policy": [],
            "self_link": "https://www.googleapis.com/storage/v1/b/trustly-data-services-test-paywithmybank-import",
            "storage_class": "STANDARD",
            "uniform_bucket_level_access": true,
            "url": "gs://trustly-data-services-test-paywithmybank-import",
            "versioning": [],
            "website": []
          },
          "sensitive_attributes": [],
          "private": "bnVsbA==",
          "dependencies": [
            "module.bucket_paywithmybank_import.data.google_project.current_project"
          ]
        }
      ]
    },
    {
      "module": "module.bucket_paywithmybank_import",
      "mode": "managed",
      "type": "google_storage_bucket_iam_policy",
      "name": "policy_mapping",
      "provider": "provider[\"registry.terraform.io/hashicorp/google\"]",
      "instances": [
        {
          "schema_version": 0,
          "attributes": {
            "bucket": "b/trustly-data-services-test-paywithmybank-import",
            "etag": "CAI=",
            "id": "b/trustly-data-services-test-paywithmybank-import",
            "policy_data": "{\"bindings\":[{\"members\":[\"serviceAccount:svc-paywithmybank@trustly-data-services-test.iam.gserviceaccount.com\"],\"role\":\"roles/storage.objectAdmin\"}]}"
          },
          "sensitive_attributes": [],
          "private": "bnVsbA==",
          "dependencies": [
            "google_service_account.svc_paywithmybank",
            "module.bucket_paywithmybank_import.data.google_iam_policy.policy",
            "module.bucket_paywithmybank_import.data.google_project.current_project",
            "module.bucket_paywithmybank_import.google_storage_bucket.bucket"
          ]
        }
      ]
    },
    {
      "module": "module.bucket_phoenix_import",
      "mode": "data",
      "type": "google_iam_policy",
      "name": "policy",
      "provider": "provider[\"registry.terraform.io/hashicorp/google\"]",
      "instances": [
        {
          "schema_version": 0,
          "attributes": {
            "audit_config": null,
            "binding": [
              {
                "condition": [],
                "members": [
                  "group:team.tech@trustly.com"
                ],
                "role": "roles/storage.objectViewer"
              },
              {
                "condition": [],
                "members": [
                  "serviceAccount:svc-kafka-connect@trustly-data-services-test.iam.gserviceaccount.com"
                ],
                "role": "roles/storage.objectAdmin"
              },
              {
                "condition": [],
                "members": [],
                "role": "roles/storage.admin"
              }
            ],
            "id": "463656970",
            "policy_data": "{\"bindings\":[{\"role\":\"roles/storage.admin\"},{\"members\":[\"serviceAccount:svc-kafka-connect@trustly-data-services-test.iam.gserviceaccount.com\"],\"role\":\"roles/storage.objectAdmin\"},{\"members\":[\"group:team.tech@trustly.com\"],\"role\":\"roles/storage.objectViewer\"}]}"
          },
          "sensitive_attributes": []
        }
      ]
    },
    {
      "module": "module.bucket_phoenix_import",
      "mode": "data",
      "type": "google_project",
      "name": "current_project",
      "provider": "provider[\"registry.terraform.io/hashicorp/google\"]",
      "instances": [
        {
          "schema_version": 0,
          "attributes": {
            "auto_create_network": null,
            "billing_account": null,
            "folder_id": "645534415534",
            "id": "projects/trustly-data-services-test",
            "labels": {},
            "name": "Trustly Data Services Test",
            "number": "496466744113",
            "org_id": "",
            "project_id": "trustly-data-services-test",
            "skip_delete": null
          },
          "sensitive_attributes": []
        }
      ]
    },
    {
      "module": "module.bucket_phoenix_import",
      "mode": "managed",
      "type": "google_storage_bucket",
      "name": "bucket",
      "provider": "provider[\"registry.terraform.io/hashicorp/google\"]",
      "instances": [
        {
          "schema_version": 0,
          "attributes": {
            "bucket_policy_only": true,
            "cors": [],
            "default_event_based_hold": false,
            "encryption": [],
            "force_destroy": false,
            "id": "trustly-data-services-test-phoenix-import",
            "labels": {},
            "lifecycle_rule": [],
            "location": "EU",
            "logging": [],
            "name": "trustly-data-services-test-phoenix-import",
            "project": "trustly-data-services-test",
            "requester_pays": false,
            "retention_policy": [],
            "self_link": "https://www.googleapis.com/storage/v1/b/trustly-data-services-test-phoenix-import",
            "storage_class": "STANDARD",
            "uniform_bucket_level_access": true,
            "url": "gs://trustly-data-services-test-phoenix-import",
            "versioning": [],
            "website": []
          },
          "sensitive_attributes": [],
          "private": "bnVsbA==",
          "dependencies": [
            "module.bucket_phoenix_import.data.google_project.current_project"
          ]
        }
      ]
    },
    {
      "module": "module.bucket_phoenix_import",
      "mode": "managed",
      "type": "google_storage_bucket_iam_policy",
      "name": "policy_mapping",
      "provider": "provider[\"registry.terraform.io/hashicorp/google\"]",
      "instances": [
        {
          "schema_version": 0,
          "attributes": {
            "bucket": "b/trustly-data-services-test-phoenix-import",
            "etag": "CAM=",
            "id": "b/trustly-data-services-test-phoenix-import",
            "policy_data": "{\"bindings\":[{\"members\":[\"serviceAccount:svc-kafka-connect@trustly-data-services-test.iam.gserviceaccount.com\"],\"role\":\"roles/storage.objectAdmin\"},{\"members\":[\"group:team.tech@trustly.com\"],\"role\":\"roles/storage.objectViewer\"}]}"
          },
          "sensitive_attributes": [],
          "private": "bnVsbA==",
          "dependencies": [
            "google_service_account.svc_kafka_connect",
            "module.bucket_phoenix_import.data.google_iam_policy.policy",
            "module.bucket_phoenix_import.data.google_project.current_project",
            "module.bucket_phoenix_import.google_storage_bucket.bucket"
          ]
        }
      ]
    },
    {
      "module": "module.bucket_phoenix_schemas",
      "mode": "data",
      "type": "google_iam_policy",
      "name": "policy",
      "provider": "provider[\"registry.terraform.io/hashicorp/google\"]",
      "instances": [
        {
          "schema_version": 0,
          "attributes": {
            "audit_config": null,
            "binding": [
              {
                "condition": [],
                "members": [
                  "group:team.tech@trustly.com"
                ],
                "role": "roles/storage.objectViewer"
              },
              {
                "condition": [],
                "members": [
                  "serviceAccount:svc-application-deployment@trustly-data-services-prod.iam.gserviceaccount.com",
                  "serviceAccount:svc-application-deployment@trustly-data-services-test.iam.gserviceaccount.com"
                ],
                "role": "roles/storage.objectAdmin"
              },
              {
                "condition": [],
                "members": [],
                "role": "roles/storage.admin"
              }
            ],
            "id": "1696191502",
            "policy_data": "{\"bindings\":[{\"role\":\"roles/storage.admin\"},{\"members\":[\"serviceAccount:svc-application-deployment@trustly-data-services-prod.iam.gserviceaccount.com\",\"serviceAccount:svc-application-deployment@trustly-data-services-test.iam.gserviceaccount.com\"],\"role\":\"roles/storage.objectAdmin\"},{\"members\":[\"group:team.tech@trustly.com\"],\"role\":\"roles/storage.objectViewer\"}]}"
          },
          "sensitive_attributes": []
        }
      ]
    },
    {
      "module": "module.bucket_phoenix_schemas",
      "mode": "data",
      "type": "google_project",
      "name": "current_project",
      "provider": "provider[\"registry.terraform.io/hashicorp/google\"]",
      "instances": [
        {
          "schema_version": 0,
          "attributes": {
            "auto_create_network": null,
            "billing_account": null,
            "folder_id": "645534415534",
            "id": "projects/trustly-data-services-test",
            "labels": {},
            "name": "Trustly Data Services Test",
            "number": "496466744113",
            "org_id": "",
            "project_id": "trustly-data-services-test",
            "skip_delete": null
          },
          "sensitive_attributes": []
        }
      ]
    },
    {
      "module": "module.bucket_phoenix_schemas",
      "mode": "managed",
      "type": "google_storage_bucket",
      "name": "bucket",
      "provider": "provider[\"registry.terraform.io/hashicorp/google\"]",
      "instances": [
        {
          "schema_version": 0,
          "attributes": {
            "bucket_policy_only": true,
            "cors": [],
            "default_event_based_hold": false,
            "encryption": [],
            "force_destroy": false,
            "id": "trustly-data-services-test-phoenix-schemas",
            "labels": {},
            "lifecycle_rule": [],
            "location": "EU",
            "logging": [],
            "name": "trustly-data-services-test-phoenix-schemas",
            "project": "trustly-data-services-test",
            "requester_pays": false,
            "retention_policy": [],
            "self_link": "https://www.googleapis.com/storage/v1/b/trustly-data-services-test-phoenix-schemas",
            "storage_class": "STANDARD",
            "uniform_bucket_level_access": true,
            "url": "gs://trustly-data-services-test-phoenix-schemas",
            "versioning": [],
            "website": []
          },
          "sensitive_attributes": [],
          "private": "bnVsbA==",
          "dependencies": [
            "module.bucket_phoenix_schemas.data.google_project.current_project"
          ]
        }
      ]
    },
    {
      "module": "module.bucket_phoenix_schemas",
      "mode": "managed",
      "type": "google_storage_bucket_iam_policy",
      "name": "policy_mapping",
      "provider": "provider[\"registry.terraform.io/hashicorp/google\"]",
      "instances": [
        {
          "schema_version": 0,
          "attributes": {
            "bucket": "b/trustly-data-services-test-phoenix-schemas",
            "etag": "CAI=",
            "id": "b/trustly-data-services-test-phoenix-schemas",
            "policy_data": "{\"bindings\":[{\"members\":[\"serviceAccount:svc-application-deployment@trustly-data-services-prod.iam.gserviceaccount.com\",\"serviceAccount:svc-application-deployment@trustly-data-services-test.iam.gserviceaccount.com\"],\"role\":\"roles/storage.objectAdmin\"},{\"members\":[\"group:team.tech@trustly.com\"],\"role\":\"roles/storage.objectViewer\"}]}"
          },
          "sensitive_attributes": [],
          "private": "bnVsbA==",
          "dependencies": [
            "google_service_account.svc_github_action_application_deployment",
            "module.bucket_phoenix_schemas.data.google_iam_policy.policy",
            "module.bucket_phoenix_schemas.data.google_project.current_project",
            "module.bucket_phoenix_schemas.google_storage_bucket.bucket"
          ]
        }
      ]
    },
    {
      "module": "module.bucket_phoenix_staging_import",
      "mode": "data",
      "type": "google_iam_policy",
      "name": "policy",
      "provider": "provider[\"registry.terraform.io/hashicorp/google\"]",
      "instances": [
        {
          "schema_version": 0,
          "attributes": {
            "audit_config": null,
            "binding": [
              {
                "condition": [],
                "members": [
                  "group:team.tech@trustly.com"
                ],
                "role": "roles/storage.objectViewer"
              },
              {
                "condition": [],
                "members": [
                  "serviceAccount:svc-kafka-connect@trustly-data-services-test.iam.gserviceaccount.com"
                ],
                "role": "roles/storage.objectAdmin"
              },
              {
                "condition": [],
                "members": [],
                "role": "roles/storage.admin"
              }
            ],
            "id": "463656970",
            "policy_data": "{\"bindings\":[{\"role\":\"roles/storage.admin\"},{\"members\":[\"serviceAccount:svc-kafka-connect@trustly-data-services-test.iam.gserviceaccount.com\"],\"role\":\"roles/storage.objectAdmin\"},{\"members\":[\"group:team.tech@trustly.com\"],\"role\":\"roles/storage.objectViewer\"}]}"
          },
          "sensitive_attributes": []
        }
      ]
    },
    {
      "module": "module.bucket_phoenix_staging_import",
      "mode": "data",
      "type": "google_project",
      "name": "current_project",
      "provider": "provider[\"registry.terraform.io/hashicorp/google\"]",
      "instances": [
        {
          "schema_version": 0,
          "attributes": {
            "auto_create_network": null,
            "billing_account": null,
            "folder_id": "645534415534",
            "id": "projects/trustly-data-services-test",
            "labels": {},
            "name": "Trustly Data Services Test",
            "number": "496466744113",
            "org_id": "",
            "project_id": "trustly-data-services-test",
            "skip_delete": null
          },
          "sensitive_attributes": []
        }
      ]
    },
    {
      "module": "module.bucket_phoenix_staging_import",
      "mode": "managed",
      "type": "google_storage_bucket",
      "name": "bucket",
      "provider": "provider[\"registry.terraform.io/hashicorp/google\"]",
      "instances": [
        {
          "schema_version": 0,
          "attributes": {
            "bucket_policy_only": true,
            "cors": [],
            "default_event_based_hold": false,
            "encryption": [],
            "force_destroy": false,
            "id": "trustly-data-services-test-phoenix-staging-import",
            "labels": {},
            "lifecycle_rule": [],
            "location": "EU",
            "logging": [],
            "name": "trustly-data-services-test-phoenix-staging-import",
            "project": "trustly-data-services-test",
            "requester_pays": false,
            "retention_policy": [],
            "self_link": "https://www.googleapis.com/storage/v1/b/trustly-data-services-test-phoenix-staging-import",
            "storage_class": "STANDARD",
            "uniform_bucket_level_access": true,
            "url": "gs://trustly-data-services-test-phoenix-staging-import",
            "versioning": [],
            "website": []
          },
          "sensitive_attributes": [],
          "private": "bnVsbA==",
          "dependencies": [
            "module.bucket_phoenix_staging_import.data.google_project.current_project"
          ]
        }
      ]
    },
    {
      "module": "module.bucket_phoenix_staging_import",
      "mode": "managed",
      "type": "google_storage_bucket_iam_policy",
      "name": "policy_mapping",
      "provider": "provider[\"registry.terraform.io/hashicorp/google\"]",
      "instances": [
        {
          "schema_version": 0,
          "attributes": {
            "bucket": "b/trustly-data-services-test-phoenix-staging-import",
            "etag": "CAM=",
            "id": "b/trustly-data-services-test-phoenix-staging-import",
            "policy_data": "{\"bindings\":[{\"members\":[\"serviceAccount:svc-kafka-connect@trustly-data-services-test.iam.gserviceaccount.com\"],\"role\":\"roles/storage.objectAdmin\"},{\"members\":[\"group:team.tech@trustly.com\"],\"role\":\"roles/storage.objectViewer\"}]}"
          },
          "sensitive_attributes": [],
          "private": "bnVsbA==",
          "dependencies": [
            "google_service_account.svc_kafka_connect",
            "module.bucket_phoenix_staging_import.data.google_iam_policy.policy",
            "module.bucket_phoenix_staging_import.data.google_project.current_project",
            "module.bucket_phoenix_staging_import.google_storage_bucket.bucket"
          ]
        }
      ]
    },
    {
      "module": "module.bucket_salesforce_import",
      "mode": "data",
      "type": "google_iam_policy",
      "name": "policy",
      "provider": "provider[\"registry.terraform.io/hashicorp/google\"]",
      "instances": [
        {
          "schema_version": 0,
          "attributes": {
            "audit_config": null,
            "binding": [
              {
                "condition": [],
                "members": [],
                "role": "roles/storage.admin"
              },
              {
                "condition": [],
                "members": [],
                "role": "roles/storage.objectAdmin"
              },
              {
                "condition": [],
                "members": [],
                "role": "roles/storage.objectViewer"
              }
            ],
            "id": "3771213234",
            "policy_data": "{\"bindings\":[{\"role\":\"roles/storage.admin\"},{\"role\":\"roles/storage.objectAdmin\"},{\"role\":\"roles/storage.objectViewer\"}]}"
          },
          "sensitive_attributes": []
        }
      ]
    },
    {
      "module": "module.bucket_salesforce_import",
      "mode": "data",
      "type": "google_project",
      "name": "current_project",
      "provider": "provider[\"registry.terraform.io/hashicorp/google\"]",
      "instances": [
        {
          "schema_version": 0,
          "attributes": {
            "auto_create_network": null,
            "billing_account": null,
            "folder_id": "645534415534",
            "id": "projects/trustly-data-services-test",
            "labels": {},
            "name": "Trustly Data Services Test",
            "number": "496466744113",
            "org_id": "",
            "project_id": "trustly-data-services-test",
            "skip_delete": null
          },
          "sensitive_attributes": []
        }
      ]
    },
    {
      "module": "module.bucket_salesforce_import",
      "mode": "managed",
      "type": "google_storage_bucket",
      "name": "bucket",
      "provider": "provider[\"registry.terraform.io/hashicorp/google\"]",
      "instances": [
        {
          "schema_version": 0,
          "attributes": {
            "bucket_policy_only": true,
            "cors": [],
            "default_event_based_hold": false,
            "encryption": [],
            "force_destroy": false,
            "id": "trustly-data-services-test-salesforce-import",
            "labels": {},
            "lifecycle_rule": [
              {
                "action": [
                  {
                    "storage_class": "",
                    "type": "Delete"
                  }
                ],
                "condition": [
                  {
                    "age": 30,
                    "created_before": "",
                    "custom_time_before": "",
                    "days_since_custom_time": 0,
                    "days_since_noncurrent_time": 0,
                    "matches_storage_class": [],
                    "noncurrent_time_before": "",
                    "num_newer_versions": 0,
                    "with_state": "ANY"
                  }
                ]
              }
            ],
            "location": "EU",
            "logging": [],
            "name": "trustly-data-services-test-salesforce-import",
            "project": "trustly-data-services-test",
            "requester_pays": false,
            "retention_policy": [],
            "self_link": "https://www.googleapis.com/storage/v1/b/trustly-data-services-test-salesforce-import",
            "storage_class": "STANDARD",
            "uniform_bucket_level_access": true,
            "url": "gs://trustly-data-services-test-salesforce-import",
            "versioning": [],
            "website": []
          },
          "sensitive_attributes": [],
          "private": "bnVsbA==",
          "dependencies": [
            "module.bucket_salesforce_import.data.google_project.current_project"
          ]
        }
      ]
    },
    {
      "module": "module.bucket_salesforce_import",
      "mode": "managed",
      "type": "google_storage_bucket_iam_policy",
      "name": "policy_mapping",
      "provider": "provider[\"registry.terraform.io/hashicorp/google\"]",
      "instances": [
        {
          "schema_version": 0,
          "attributes": {
            "bucket": "b/trustly-data-services-test-salesforce-import",
            "etag": "CAI=",
            "id": "b/trustly-data-services-test-salesforce-import",
            "policy_data": "{}"
          },
          "sensitive_attributes": [],
          "private": "bnVsbA==",
          "dependencies": [
            "module.bucket_salesforce_import.data.google_iam_policy.policy",
            "module.bucket_salesforce_import.data.google_project.current_project",
            "module.bucket_salesforce_import.google_storage_bucket.bucket"
          ]
        }
      ]
    },
    {
      "module": "module.bucket_schemas",
      "mode": "data",
      "type": "google_iam_policy",
      "name": "policy",
      "provider": "provider[\"registry.terraform.io/hashicorp/google\"]",
      "instances": [
        {
          "schema_version": 0,
          "attributes": {
            "audit_config": null,
            "binding": [
              {
                "condition": [],
                "members": [
                  "serviceAccount:svc-bi-etl@trustly-data-services-test.iam.gserviceaccount.com"
                ],
                "role": "roles/storage.objectAdmin"
              },
              {
                "condition": [],
                "members": [
                  "serviceAccount:uc25ca97456c9f99dp-tp@appspot.gserviceaccount.com"
                ],
                "role": "roles/storage.objectViewer"
              },
              {
                "condition": [],
                "members": [],
                "role": "roles/storage.admin"
              }
            ],
            "id": "3117314404",
            "policy_data": "{\"bindings\":[{\"role\":\"roles/storage.admin\"},{\"members\":[\"serviceAccount:svc-bi-etl@trustly-data-services-test.iam.gserviceaccount.com\"],\"role\":\"roles/storage.objectAdmin\"},{\"members\":[\"serviceAccount:uc25ca97456c9f99dp-tp@appspot.gserviceaccount.com\"],\"role\":\"roles/storage.objectViewer\"}]}"
          },
          "sensitive_attributes": []
        }
      ]
    },
    {
      "module": "module.bucket_schemas",
      "mode": "data",
      "type": "google_project",
      "name": "current_project",
      "provider": "provider[\"registry.terraform.io/hashicorp/google\"]",
      "instances": [
        {
          "schema_version": 0,
          "attributes": {
            "auto_create_network": null,
            "billing_account": null,
            "folder_id": "645534415534",
            "id": "projects/trustly-data-services-test",
            "labels": {},
            "name": "Trustly Data Services Test",
            "number": "496466744113",
            "org_id": "",
            "project_id": "trustly-data-services-test",
            "skip_delete": null
          },
          "sensitive_attributes": []
        }
      ]
    },
    {
      "module": "module.bucket_schemas",
      "mode": "managed",
      "type": "google_storage_bucket",
      "name": "bucket",
      "provider": "provider[\"registry.terraform.io/hashicorp/google\"]",
      "instances": [
        {
          "schema_version": 0,
          "attributes": {
            "bucket_policy_only": true,
            "cors": [],
            "default_event_based_hold": false,
            "encryption": [],
            "force_destroy": false,
            "id": "trustly-data-services-test-schemas",
            "labels": {},
            "lifecycle_rule": [],
            "location": "EU",
            "logging": [],
            "name": "trustly-data-services-test-schemas",
            "project": "trustly-data-services-test",
            "requester_pays": false,
            "retention_policy": [],
            "self_link": "https://www.googleapis.com/storage/v1/b/trustly-data-services-test-schemas",
            "storage_class": "STANDARD",
            "uniform_bucket_level_access": true,
            "url": "gs://trustly-data-services-test-schemas",
            "versioning": [],
            "website": []
          },
          "sensitive_attributes": [],
          "private": "bnVsbA==",
          "dependencies": [
            "module.bucket_schemas.data.google_project.current_project"
          ]
        }
      ]
    },
    {
      "module": "module.bucket_schemas",
      "mode": "managed",
      "type": "google_storage_bucket_iam_policy",
      "name": "policy_mapping",
      "provider": "provider[\"registry.terraform.io/hashicorp/google\"]",
      "instances": [
        {
          "schema_version": 0,
          "attributes": {
            "bucket": "b/trustly-data-services-test-schemas",
            "etag": "CAg=",
            "id": "b/trustly-data-services-test-schemas",
            "policy_data": "{\"bindings\":[{\"members\":[\"serviceAccount:svc-bi-etl@trustly-data-services-test.iam.gserviceaccount.com\"],\"role\":\"roles/storage.objectAdmin\"},{\"members\":[\"serviceAccount:uc25ca97456c9f99dp-tp@appspot.gserviceaccount.com\"],\"role\":\"roles/storage.objectViewer\"}]}"
          },
          "sensitive_attributes": [],
          "private": "bnVsbA==",
          "dependencies": [
            "google_service_account.svc_bi_etl",
            "google_service_account.svc_composer_worker",
            "module.bucket_schemas.data.google_iam_policy.policy",
            "module.bucket_schemas.data.google_project.current_project",
            "module.bucket_schemas.google_storage_bucket.bucket",
            "module.composer.data.google_project.current_project",
            "module.composer.google_composer_environment.composer",
            "module.composer.google_compute_network.composer_network",
            "module.composer.google_compute_subnetwork.composer_subnetwork",
            "module.composer.google_project_service.composer_api"
          ]
        }
      ]
    },
    {
      "module": "module.bucket_schemas_secure",
      "mode": "data",
      "type": "google_iam_policy",
      "name": "policy",
      "provider": "provider[\"registry.terraform.io/hashicorp/google\"]",
      "instances": [
        {
          "schema_version": 0,
          "attributes": {
            "audit_config": null,
            "binding": [
              {
                "condition": [],
                "members": [
                  "serviceAccount:uc25ca97456c9f99dp-tp@appspot.gserviceaccount.com"
                ],
                "role": "roles/storage.objectViewer"
              },
              {
                "condition": [],
                "members": [],
                "role": "roles/storage.admin"
              },
              {
                "condition": [],
                "members": [],
                "role": "roles/storage.objectAdmin"
              }
            ],
            "id": "527999439",
            "policy_data": "{\"bindings\":[{\"role\":\"roles/storage.admin\"},{\"role\":\"roles/storage.objectAdmin\"},{\"members\":[\"serviceAccount:uc25ca97456c9f99dp-tp@appspot.gserviceaccount.com\"],\"role\":\"roles/storage.objectViewer\"}]}"
          },
          "sensitive_attributes": []
        }
      ]
    },
    {
      "module": "module.bucket_schemas_secure",
      "mode": "data",
      "type": "google_project",
      "name": "current_project",
      "provider": "provider[\"registry.terraform.io/hashicorp/google\"]",
      "instances": [
        {
          "schema_version": 0,
          "attributes": {
            "auto_create_network": null,
            "billing_account": null,
            "folder_id": "645534415534",
            "id": "projects/trustly-data-services-test",
            "labels": {},
            "name": "Trustly Data Services Test",
            "number": "496466744113",
            "org_id": "",
            "project_id": "trustly-data-services-test",
            "skip_delete": null
          },
          "sensitive_attributes": []
        }
      ]
    },
    {
      "module": "module.bucket_schemas_secure",
      "mode": "managed",
      "type": "google_storage_bucket",
      "name": "bucket",
      "provider": "provider[\"registry.terraform.io/hashicorp/google\"]",
      "instances": [
        {
          "schema_version": 0,
          "attributes": {
            "bucket_policy_only": true,
            "cors": [],
            "default_event_based_hold": false,
            "encryption": [],
            "force_destroy": false,
            "id": "trustly-data-services-test-schemas-secure",
            "labels": {},
            "lifecycle_rule": [
              {
                "action": [
                  {
                    "storage_class": "",
                    "type": "Delete"
                  }
                ],
                "condition": [
                  {
                    "age": 30,
                    "created_before": "",
                    "custom_time_before": "",
                    "days_since_custom_time": 0,
                    "days_since_noncurrent_time": 0,
                    "matches_storage_class": [],
                    "noncurrent_time_before": "",
                    "num_newer_versions": 0,
                    "with_state": "ANY"
                  }
                ]
              }
            ],
            "location": "EU",
            "logging": [],
            "name": "trustly-data-services-test-schemas-secure",
            "project": "trustly-data-services-test",
            "requester_pays": false,
            "retention_policy": [],
            "self_link": "https://www.googleapis.com/storage/v1/b/trustly-data-services-test-schemas-secure",
            "storage_class": "STANDARD",
            "uniform_bucket_level_access": true,
            "url": "gs://trustly-data-services-test-schemas-secure",
            "versioning": [],
            "website": []
          },
          "sensitive_attributes": [],
          "private": "bnVsbA==",
          "dependencies": [
            "module.bucket_schemas_secure.data.google_project.current_project"
          ]
        }
      ]
    },
    {
      "module": "module.bucket_schemas_secure",
      "mode": "managed",
      "type": "google_storage_bucket_iam_policy",
      "name": "policy_mapping",
      "provider": "provider[\"registry.terraform.io/hashicorp/google\"]",
      "instances": [
        {
          "schema_version": 0,
          "attributes": {
            "bucket": "b/trustly-data-services-test-schemas-secure",
            "etag": "CAY=",
            "id": "b/trustly-data-services-test-schemas-secure",
            "policy_data": "{\"bindings\":[{\"members\":[\"serviceAccount:uc25ca97456c9f99dp-tp@appspot.gserviceaccount.com\"],\"role\":\"roles/storage.objectViewer\"}]}"
          },
          "sensitive_attributes": [],
          "private": "bnVsbA==",
          "dependencies": [
            "google_service_account.svc_composer_worker",
            "module.bucket_schemas_secure.data.google_iam_policy.policy",
            "module.bucket_schemas_secure.data.google_project.current_project",
            "module.bucket_schemas_secure.google_storage_bucket.bucket",
            "module.composer.data.google_project.current_project",
            "module.composer.google_composer_environment.composer",
            "module.composer.google_compute_network.composer_network",
            "module.composer.google_compute_subnetwork.composer_subnetwork",
            "module.composer.google_project_service.composer_api"
          ]
        }
      ]
    },
    {
      "module": "module.bucket_slack_import",
      "mode": "data",
      "type": "google_iam_policy",
      "name": "policy",
      "provider": "provider[\"registry.terraform.io/hashicorp/google\"]",
      "instances": [
        {
          "schema_version": 0,
          "attributes": {
            "audit_config": null,
            "binding": [
              {
                "condition": [],
                "members": [],
                "role": "roles/storage.admin"
              },
              {
                "condition": [],
                "members": [],
                "role": "roles/storage.objectAdmin"
              },
              {
                "condition": [],
                "members": [],
                "role": "roles/storage.objectViewer"
              }
            ],
            "id": "3771213234",
            "policy_data": "{\"bindings\":[{\"role\":\"roles/storage.admin\"},{\"role\":\"roles/storage.objectAdmin\"},{\"role\":\"roles/storage.objectViewer\"}]}"
          },
          "sensitive_attributes": []
        }
      ]
    },
    {
      "module": "module.bucket_slack_import",
      "mode": "data",
      "type": "google_project",
      "name": "current_project",
      "provider": "provider[\"registry.terraform.io/hashicorp/google\"]",
      "instances": [
        {
          "schema_version": 0,
          "attributes": {
            "auto_create_network": null,
            "billing_account": null,
            "folder_id": "645534415534",
            "id": "projects/trustly-data-services-test",
            "labels": {},
            "name": "Trustly Data Services Test",
            "number": "496466744113",
            "org_id": "",
            "project_id": "trustly-data-services-test",
            "skip_delete": null
          },
          "sensitive_attributes": []
        }
      ]
    },
    {
      "module": "module.bucket_slack_import",
      "mode": "managed",
      "type": "google_storage_bucket",
      "name": "bucket",
      "provider": "provider[\"registry.terraform.io/hashicorp/google\"]",
      "instances": [
        {
          "schema_version": 0,
          "attributes": {
            "bucket_policy_only": true,
            "cors": [],
            "default_event_based_hold": false,
            "encryption": [],
            "force_destroy": false,
            "id": "trustly-data-services-test-slack-import",
            "labels": {},
            "lifecycle_rule": [],
            "location": "EU",
            "logging": [],
            "name": "trustly-data-services-test-slack-import",
            "project": "trustly-data-services-test",
            "requester_pays": false,
            "retention_policy": [],
            "self_link": "https://www.googleapis.com/storage/v1/b/trustly-data-services-test-slack-import",
            "storage_class": "STANDARD",
            "uniform_bucket_level_access": true,
            "url": "gs://trustly-data-services-test-slack-import",
            "versioning": [],
            "website": []
          },
          "sensitive_attributes": [],
          "private": "bnVsbA==",
          "dependencies": [
            "module.bucket_slack_import.data.google_project.current_project"
          ]
        }
      ]
    },
    {
      "module": "module.bucket_slack_import",
      "mode": "managed",
      "type": "google_storage_bucket_iam_policy",
      "name": "policy_mapping",
      "provider": "provider[\"registry.terraform.io/hashicorp/google\"]",
      "instances": [
        {
          "schema_version": 0,
          "attributes": {
            "bucket": "b/trustly-data-services-test-slack-import",
            "etag": "CAI=",
            "id": "b/trustly-data-services-test-slack-import",
            "policy_data": "{}"
          },
          "sensitive_attributes": [],
          "private": "bnVsbA==",
          "dependencies": [
            "module.bucket_slack_import.data.google_iam_policy.policy",
            "module.bucket_slack_import.data.google_project.current_project",
            "module.bucket_slack_import.google_storage_bucket.bucket"
          ]
        }
      ]
    },
    {
      "module": "module.composer",
      "mode": "data",
      "type": "google_project",
      "name": "current_project",
      "provider": "provider[\"registry.terraform.io/hashicorp/google\"]",
      "instances": [
        {
          "schema_version": 0,
          "attributes": {
            "auto_create_network": null,
            "billing_account": null,
            "folder_id": "645534415534",
            "id": "projects/trustly-data-services-test",
            "labels": {},
            "name": "Trustly Data Services Test",
            "number": "496466744113",
            "org_id": "",
            "project_id": "trustly-data-services-test",
            "skip_delete": null
          },
          "sensitive_attributes": []
        }
      ]
    },
    {
      "module": "module.composer",
      "mode": "managed",
      "type": "google_composer_environment",
      "name": "composer",
      "provider": "provider[\"registry.terraform.io/hashicorp/google-beta\"]",
      "instances": [
        {
          "schema_version": 0,
          "attributes": {
            "config": [
              {
                "airflow_uri": "https://uc25ca97456c9f99dp-tp.appspot.com",
                "dag_gcs_prefix": "gs://europe-west1-composer-env-t-48c46bd3-bucket/dags",
                "database_config": [
                  {
                    "machine_type": "db-n1-standard-2"
                  }
                ],
                "encryption_config": [
                  {
                    "kms_key_name": ""
                  }
                ],
                "gke_cluster": "projects/trustly-data-services-test/zones/europe-west1-d/clusters/europe-west1-composer-env-t-48c46bd3-gke",
                "maintenance_window": [
                  {
                    "end_time": "2021-01-01T16:00:00Z",
                    "recurrence": "FREQ=WEEKLY;BYDAY=SA,SU",
                    "start_time": "2021-01-01T08:00:00Z"
                  }
                ],
                "node_config": [
                  {
                    "disk_size_gb": 100,
                    "ip_allocation_policy": [
                      {
                        "cluster_ipv4_cidr_block": "",
                        "cluster_secondary_range_name": "",
                        "services_ipv4_cidr_block": "",
                        "services_secondary_range_name": "",
                        "use_ip_aliases": false
                      }
                    ],
                    "machine_type": "projects/trustly-data-services-test/zones/europe-west1-d/machineTypes/e2-standard-4",
                    "max_pods_per_node": 32,
                    "network": "projects/trustly-data-services-test/global/networks/composer-network",
                    "oauth_scopes": [
                      "https://www.googleapis.com/auth/cloud-platform",
                      "https://www.googleapis.com/auth/drive"
                    ],
                    "service_account": "svc-composer-worker@trustly-data-services-test.iam.gserviceaccount.com",
                    "subnetwork": "projects/trustly-data-services-test/regions/europe-west1/subnetworks/composer-subnetwork",
                    "tags": [],
                    "zone": "projects/trustly-data-services-test/zones/europe-west1-d"
                  }
                ],
                "node_count": 3,
                "private_environment_config": [
                  {
                    "cloud_sql_ipv4_cidr_block": "10.0.0.0/12",
                    "enable_private_endpoint": false,
                    "master_ipv4_cidr_block": "",
                    "web_server_ipv4_cidr_block": "172.31.251.0/24"
                  }
                ],
                "software_config": [
                  {
                    "airflow_config_overrides": {
                      "core-parallelism": "16",
                      "webserver-navbar_color": "#ff7700"
                    },
                    "env_variables": {},
                    "image_version": "composer-1.17.9-airflow-1.10.15",
                    "pypi_packages": {
                      "bigquery-schema-generator": "==1.1",
                      "jira": "==2.0.0",
                      "simple-salesforce": "==1.10.1",
                      "slack-sdk": "==3.4.2"
                    },
                    "python_version": "3"
                  }
                ],
                "web_server_config": [
                  {
                    "machine_type": "composer-n1-webserver-2"
                  }
                ],
                "web_server_network_access_control": [
                  {
                    "allowed_ip_range": [
                      {
                        "description": "Allows access from all IPv4 addresses (default value)",
                        "value": "0.0.0.0/0"
                      },
                      {
                        "description": "Allows access from all IPv6 addresses (default value)",
                        "value": "::0/0"
                      }
                    ]
                  }
                ]
              }
            ],
            "id": "projects/trustly-data-services-test/locations/europe-west1/environments/composer-env-trustly-data-services-test",
            "labels": {},
            "name": "composer-env-trustly-data-services-test",
            "project": "trustly-data-services-test",
            "region": "europe-west1",
            "timeouts": null
          },
          "sensitive_attributes": [],
          "private": "eyJlMmJmYjczMC1lY2FhLTExZTYtOGY4OC0zNDM2M2JjN2M0YzAiOnsiY3JlYXRlIjo3MjAwMDAwMDAwMDAwLCJkZWxldGUiOjE4MDAwMDAwMDAwMDAsInVwZGF0ZSI6NzIwMDAwMDAwMDAwMH19",
          "dependencies": [
            "google_service_account.svc_composer_worker",
            "module.composer.data.google_project.current_project",
            "module.composer.google_compute_network.composer_network",
            "module.composer.google_compute_subnetwork.composer_subnetwork",
            "module.composer.google_project_service.composer_api"
          ]
        }
      ]
    },
    {
      "module": "module.composer",
      "mode": "managed",
      "type": "google_compute_network",
      "name": "composer_network",
      "provider": "provider[\"registry.terraform.io/hashicorp/google\"]",
      "instances": [
        {
          "schema_version": 0,
          "attributes": {
            "auto_create_subnetworks": false,
            "delete_default_routes_on_create": false,
            "description": "",
            "gateway_ipv4": "",
            "id": "projects/trustly-data-services-test/global/networks/composer-network",
            "mtu": 0,
            "name": "composer-network",
            "project": "trustly-data-services-test",
            "routing_mode": "REGIONAL",
            "self_link": "https://www.googleapis.com/compute/v1/projects/trustly-data-services-test/global/networks/composer-network",
            "timeouts": null
          },
          "sensitive_attributes": [],
          "private": "eyJlMmJmYjczMC1lY2FhLTExZTYtOGY4OC0zNDM2M2JjN2M0YzAiOnsiY3JlYXRlIjoyNDAwMDAwMDAwMDAsImRlbGV0ZSI6MjQwMDAwMDAwMDAwLCJ1cGRhdGUiOjI0MDAwMDAwMDAwMH19"
        }
      ]
    },
    {
      "module": "module.composer",
      "mode": "managed",
      "type": "google_compute_subnetwork",
      "name": "composer_subnetwork",
      "provider": "provider[\"registry.terraform.io/hashicorp/google\"]",
      "instances": [
        {
          "schema_version": 0,
          "attributes": {
            "creation_timestamp": "2020-08-14T00:06:11.397-07:00",
            "description": "",
            "fingerprint": null,
            "gateway_address": "192.168.22.1",
            "id": "projects/trustly-data-services-test/regions/europe-west1/subnetworks/composer-subnetwork",
            "ip_cidr_range": "192.168.22.0/24",
            "log_config": [],
            "name": "composer-subnetwork",
            "network": "https://www.googleapis.com/compute/v1/projects/trustly-data-services-test/global/networks/composer-network",
            "private_ip_google_access": false,
            "private_ipv6_google_access": "DISABLE_GOOGLE_ACCESS",
            "project": "trustly-data-services-test",
            "purpose": "PRIVATE",
            "region": "europe-west1",
            "role": "",
            "secondary_ip_range": [],
            "self_link": "https://www.googleapis.com/compute/v1/projects/trustly-data-services-test/regions/europe-west1/subnetworks/composer-subnetwork",
            "timeouts": null
          },
          "sensitive_attributes": [],
          "private": "eyJlMmJmYjczMC1lY2FhLTExZTYtOGY4OC0zNDM2M2JjN2M0YzAiOnsiY3JlYXRlIjozNjAwMDAwMDAwMDAsImRlbGV0ZSI6MzYwMDAwMDAwMDAwLCJ1cGRhdGUiOjM2MDAwMDAwMDAwMH19",
          "dependencies": [
            "module.composer.google_compute_network.composer_network"
          ]
        }
      ]
    },
    {
      "module": "module.composer",
      "mode": "managed",
      "type": "google_project_service",
      "name": "composer_api",
      "provider": "provider[\"registry.terraform.io/hashicorp/google\"]",
      "instances": [
        {
          "schema_version": 0,
          "attributes": {
            "disable_dependent_services": null,
            "disable_on_destroy": true,
            "id": "trustly-data-services-test/composer.googleapis.com",
            "project": "trustly-data-services-test",
            "service": "composer.googleapis.com",
            "timeouts": null
          },
          "sensitive_attributes": [],
          "private": "eyJlMmJmYjczMC1lY2FhLTExZTYtOGY4OC0zNDM2M2JjN2M0YzAiOnsiY3JlYXRlIjoxMjAwMDAwMDAwMDAwLCJkZWxldGUiOjEyMDAwMDAwMDAwMDAsInJlYWQiOjYwMDAwMDAwMDAwMCwidXBkYXRlIjoxMjAwMDAwMDAwMDAwfX0="
        }
      ]
    },
    {
      "module": "module.composer",
      "mode": "managed",
      "type": "google_storage_bucket_iam_member",
      "name": "github_action_object_admin",
      "provider": "provider[\"registry.terraform.io/hashicorp/google\"]",
      "instances": [
        {
          "schema_version": 0,
          "attributes": {
            "bucket": "b/europe-west1-composer-env-t-48c46bd3-bucket",
            "condition": [],
            "etag": "CAQ=",
            "id": "b/europe-west1-composer-env-t-48c46bd3-bucket/roles/storage.objectAdmin/serviceaccount:svc-application-deployment@trustly-data-services-test.iam.gserviceaccount.com",
            "member": "serviceAccount:svc-application-deployment@trustly-data-services-test.iam.gserviceaccount.com",
            "role": "roles/storage.objectAdmin"
          },
          "sensitive_attributes": [],
          "private": "bnVsbA==",
          "dependencies": [
            "google_service_account.svc_composer_worker",
            "google_service_account.svc_github_action_application_deployment",
            "module.composer.data.google_project.current_project",
            "module.composer.google_composer_environment.composer",
            "module.composer.google_compute_network.composer_network",
            "module.composer.google_compute_subnetwork.composer_subnetwork",
            "module.composer.google_project_service.composer_api"
          ]
        }
      ]
    },
    {
      "module": "module.composer_airflow_two",
      "mode": "data",
      "type": "google_project",
      "name": "current_project",
      "provider": "provider[\"registry.terraform.io/hashicorp/google\"]",
      "instances": [
        {
          "schema_version": 0,
          "attributes": {
            "auto_create_network": null,
            "billing_account": null,
            "folder_id": "645534415534",
            "id": "projects/trustly-data-services-test",
            "labels": {},
            "name": "Trustly Data Services Test",
            "number": "496466744113",
            "org_id": "",
            "project_id": "trustly-data-services-test",
            "skip_delete": null
          },
          "sensitive_attributes": []
        }
      ]
    },
    {
      "module": "module.composer_airflow_two",
      "mode": "managed",
      "type": "google_compute_network",
      "name": "composer_network",
      "provider": "provider[\"registry.terraform.io/hashicorp/google\"]",
      "instances": [
        {
          "schema_version": 0,
          "attributes": {
            "auto_create_subnetworks": false,
            "delete_default_routes_on_create": false,
            "description": "",
            "gateway_ipv4": "",
            "id": "projects/trustly-data-services-test/global/networks/composer-network-two",
            "mtu": 0,
            "name": "composer-network-two",
            "project": "trustly-data-services-test",
            "routing_mode": "REGIONAL",
            "self_link": "https://www.googleapis.com/compute/v1/projects/trustly-data-services-test/global/networks/composer-network-two",
            "timeouts": null
          },
          "sensitive_attributes": [],
          "private": "eyJlMmJmYjczMC1lY2FhLTExZTYtOGY4OC0zNDM2M2JjN2M0YzAiOnsiY3JlYXRlIjoyNDAwMDAwMDAwMDAsImRlbGV0ZSI6MjQwMDAwMDAwMDAwLCJ1cGRhdGUiOjI0MDAwMDAwMDAwMH19"
        }
      ]
    },
    {
      "module": "module.composer_airflow_two",
      "mode": "managed",
      "type": "google_compute_subnetwork",
      "name": "composer_subnetwork",
      "provider": "provider[\"registry.terraform.io/hashicorp/google\"]",
      "instances": [
        {
          "schema_version": 0,
          "attributes": {
            "creation_timestamp": "2022-02-11T06:55:54.838-08:00",
            "description": "",
            "fingerprint": null,
            "gateway_address": "192.168.22.1",
            "id": "projects/trustly-data-services-test/regions/europe-west1/subnetworks/composer-subnetwork-two",
            "ip_cidr_range": "192.168.22.0/24",
            "log_config": [],
            "name": "composer-subnetwork-two",
            "network": "https://www.googleapis.com/compute/v1/projects/trustly-data-services-test/global/networks/composer-network-two",
            "private_ip_google_access": false,
            "private_ipv6_google_access": "DISABLE_GOOGLE_ACCESS",
            "project": "trustly-data-services-test",
            "purpose": "PRIVATE",
            "region": "europe-west1",
            "role": "",
            "secondary_ip_range": [],
            "self_link": "https://www.googleapis.com/compute/v1/projects/trustly-data-services-test/regions/europe-west1/subnetworks/composer-subnetwork-two",
            "timeouts": null
          },
          "sensitive_attributes": [],
          "private": "eyJlMmJmYjczMC1lY2FhLTExZTYtOGY4OC0zNDM2M2JjN2M0YzAiOnsiY3JlYXRlIjozNjAwMDAwMDAwMDAsImRlbGV0ZSI6MzYwMDAwMDAwMDAwLCJ1cGRhdGUiOjM2MDAwMDAwMDAwMH19",
          "dependencies": [
            "module.composer_airflow_two.google_compute_network.composer_network"
          ]
        }
      ]
    },
    {
      "module": "module.composer_airflow_two",
      "mode": "managed",
      "type": "google_project_service",
      "name": "composer_api",
      "provider": "provider[\"registry.terraform.io/hashicorp/google\"]",
      "instances": [
        {
          "schema_version": 0,
          "attributes": {
            "disable_dependent_services": null,
            "disable_on_destroy": true,
            "id": "trustly-data-services-test/composer.googleapis.com",
            "project": "trustly-data-services-test",
            "service": "composer.googleapis.com",
            "timeouts": null
          },
          "sensitive_attributes": [],
          "private": "eyJlMmJmYjczMC1lY2FhLTExZTYtOGY4OC0zNDM2M2JjN2M0YzAiOnsiY3JlYXRlIjoxMjAwMDAwMDAwMDAwLCJkZWxldGUiOjEyMDAwMDAwMDAwMDAsInJlYWQiOjYwMDAwMDAwMDAwMCwidXBkYXRlIjoxMjAwMDAwMDAwMDAwfX0="
        }
      ]
    },
    {
      "module": "module.composer_airflow_two",
      "mode": "managed",
      "type": "google_storage_bucket_iam_member",
      "name": "github_action_object_admin",
      "provider": "provider[\"registry.terraform.io/hashicorp/google\"]",
      "instances": []
    },
    {
      "module": "module.data_pipeline",
      "mode": "data",
      "type": "google_project",
      "name": "current_project",
      "provider": "provider[\"registry.terraform.io/hashicorp/google\"]",
      "instances": [
        {
          "schema_version": 0,
          "attributes": {
            "auto_create_network": null,
            "billing_account": null,
            "folder_id": "645534415534",
            "id": "projects/trustly-data-services-test",
            "labels": {},
            "name": "Trustly Data Services Test",
            "number": "496466744113",
            "org_id": "",
            "project_id": "trustly-data-services-test",
            "skip_delete": null
          },
          "sensitive_attributes": []
        }
      ]
    },
    {
      "module": "module.data_pipeline",
      "mode": "managed",
      "type": "google_bigquery_dataset",
      "name": "datalake_dataset",
      "provider": "provider[\"registry.terraform.io/hashicorp/google\"]",
      "instances": [
        {
          "schema_version": 0,
          "attributes": {
            "access": [
              {
                "domain": "",
                "group_by_email": "",
                "role": "",
                "special_group": "",
                "user_by_email": "",
                "view": [
                  {
                    "dataset_id": "dbt_octavio_raw_access",
                    "project_id": "trustly-data-services-test",
                    "table_id": "phoenix__checkout_checkout"
                  }
                ]
              },
              {
                "domain": "",
                "group_by_email": "",
                "role": "",
                "special_group": "",
                "user_by_email": "",
                "view": [
                  {
                    "dataset_id": "dbt_octavio_raw_access",
                    "project_id": "trustly-data-services-test",
                    "table_id": "phoenix__depositservice_deposit"
                  }
                ]
              },
              {
                "domain": "",
                "group_by_email": "",
                "role": "OWNER",
                "special_group": "",
                "user_by_email": "terraform-admin@trustly-data-services-test.iam.gserviceaccount.com",
                "view": []
              },
              {
                "domain": "",
                "group_by_email": "",
                "role": "OWNER",
                "special_group": "projectOwners",
                "user_by_email": "",
                "view": []
              },
              {
                "domain": "",
                "group_by_email": "",
                "role": "READER",
                "special_group": "",
                "user_by_email": "svc-application-deployment@trustly-data-services-test.iam.gserviceaccount.com",
                "view": []
              },
              {
                "domain": "",
                "group_by_email": "",
                "role": "READER",
                "special_group": "projectReaders",
                "user_by_email": "",
                "view": []
              },
              {
                "domain": "",
                "group_by_email": "",
                "role": "WRITER",
                "special_group": "",
                "user_by_email": "svc-avro-schema-registry@trustly-data-services-test.iam.gserviceaccount.com",
                "view": []
              },
              {
                "domain": "",
                "group_by_email": "",
                "role": "WRITER",
                "special_group": "",
                "user_by_email": "svc-dataflow-worker@trustly-data-services-test.iam.gserviceaccount.com",
                "view": []
              },
              {
                "domain": "",
                "group_by_email": "",
                "role": "WRITER",
                "special_group": "projectWriters",
                "user_by_email": "",
                "view": []
              },
              {
                "domain": "",
                "group_by_email": "team.productanalytics@trustly.com",
                "role": "READER",
                "special_group": "",
                "user_by_email": "",
                "view": []
              },
              {
                "domain": "",
                "group_by_email": "team.tech@trustly.com",
                "role": "READER",
                "special_group": "",
                "user_by_email": "",
                "view": []
              }
            ],
            "creation_time": 1628508308717,
            "dataset_id": "data_lake_sysint",
            "default_encryption_configuration": [],
            "default_partition_expiration_ms": 0,
            "default_table_expiration_ms": 0,
            "delete_contents_on_destroy": false,
            "description": "Raw data from the Trustly data ingestion framework",
            "etag": "zyrG1optTt1ZAwxE8fiipg==",
            "friendly_name": "",
            "id": "projects/trustly-data-services-test/datasets/data_lake_sysint",
            "labels": {},
            "last_modified_time": 1644585221831,
            "location": "EU",
            "project": "trustly-data-services-test",
            "self_link": "https://bigquery.googleapis.com/bigquery/v2/projects/trustly-data-services-test/datasets/data_lake_sysint",
            "timeouts": null
          },
          "sensitive_attributes": [],
          "private": "eyJlMmJmYjczMC1lY2FhLTExZTYtOGY4OC0zNDM2M2JjN2M0YzAiOnsiY3JlYXRlIjoyNDAwMDAwMDAwMDAsImRlbGV0ZSI6MjQwMDAwMDAwMDAwLCJ1cGRhdGUiOjI0MDAwMDAwMDAwMH19"
        }
      ]
    },
    {
      "module": "module.data_pipeline",
      "mode": "managed",
      "type": "google_bigquery_dataset_iam_member",
      "name": "datalake_dataset_editor_dataflow_worker",
      "provider": "provider[\"registry.terraform.io/hashicorp/google\"]",
      "instances": [
        {
          "schema_version": 0,
          "attributes": {
            "condition": [],
            "dataset_id": "data_lake_sysint",
            "etag": "",
            "id": "projects/trustly-data-services-test/datasets/data_lake_sysint/roles/bigquery.dataEditor/serviceaccount:svc-dataflow-worker@trustly-data-services-test.iam.gserviceaccount.com",
            "member": "serviceAccount:svc-dataflow-worker@trustly-data-services-test.iam.gserviceaccount.com",
            "project": "trustly-data-services-test",
            "role": "roles/bigquery.dataEditor"
          },
          "sensitive_attributes": [],
          "private": "bnVsbA==",
          "dependencies": [
            "google_service_account.svc_dataflow_worker",
            "module.data_pipeline.google_bigquery_dataset.datalake_dataset"
          ]
        }
      ]
    },
    {
      "module": "module.data_pipeline",
      "mode": "managed",
      "type": "google_bigquery_dataset_iam_member",
      "name": "datalake_dataset_editor_schema_registry_svc",
      "provider": "provider[\"registry.terraform.io/hashicorp/google\"]",
      "instances": [
        {
          "schema_version": 0,
          "attributes": {
            "condition": [],
            "dataset_id": "data_lake_sysint",
            "etag": "",
            "id": "projects/trustly-data-services-test/datasets/data_lake_sysint/roles/bigquery.dataEditor/serviceaccount:svc-avro-schema-registry@trustly-data-services-test.iam.gserviceaccount.com",
            "member": "serviceAccount:svc-avro-schema-registry@trustly-data-services-test.iam.gserviceaccount.com",
            "project": "trustly-data-services-test",
            "role": "roles/bigquery.dataEditor"
          },
          "sensitive_attributes": [],
          "private": "bnVsbA==",
          "dependencies": [
            "google_service_account.svc_github_action_avro_schema_registry",
            "module.data_pipeline.google_bigquery_dataset.datalake_dataset"
          ]
        }
      ]
    },
    {
      "module": "module.data_pipeline",
      "mode": "managed",
      "type": "google_compute_network",
      "name": "dataflow_network",
      "provider": "provider[\"registry.terraform.io/hashicorp/google\"]",
      "instances": [
        {
          "schema_version": 0,
          "attributes": {
            "auto_create_subnetworks": false,
            "delete_default_routes_on_create": false,
            "description": "VPC network used for hosting Dataflow workers",
            "gateway_ipv4": "",
            "id": "projects/trustly-data-services-test/global/networks/dataflow-network",
            "mtu": 0,
            "name": "dataflow-network",
            "project": "trustly-data-services-test",
            "routing_mode": "REGIONAL",
            "self_link": "https://www.googleapis.com/compute/v1/projects/trustly-data-services-test/global/networks/dataflow-network",
            "timeouts": null
          },
          "sensitive_attributes": [],
          "private": "eyJlMmJmYjczMC1lY2FhLTExZTYtOGY4OC0zNDM2M2JjN2M0YzAiOnsiY3JlYXRlIjoyNDAwMDAwMDAwMDAsImRlbGV0ZSI6MjQwMDAwMDAwMDAwLCJ1cGRhdGUiOjI0MDAwMDAwMDAwMH19"
        }
      ]
    },
    {
      "module": "module.data_pipeline",
      "mode": "managed",
      "type": "google_compute_subnetwork",
      "name": "dataflow_subnetwork",
      "provider": "provider[\"registry.terraform.io/hashicorp/google\"]",
      "instances": [
        {
          "schema_version": 0,
          "attributes": {
            "creation_timestamp": "2021-08-09T04:41:05.482-07:00",
            "description": "",
            "fingerprint": null,
            "gateway_address": "10.1.0.1",
            "id": "projects/trustly-data-services-test/regions/europe-west1/subnetworks/dataflow-subnetwork",
            "ip_cidr_range": "10.1.0.0/20",
            "log_config": [],
            "name": "dataflow-subnetwork",
            "network": "https://www.googleapis.com/compute/v1/projects/trustly-data-services-test/global/networks/dataflow-network",
            "private_ip_google_access": false,
            "private_ipv6_google_access": "DISABLE_GOOGLE_ACCESS",
            "project": "trustly-data-services-test",
            "purpose": "PRIVATE",
            "region": "europe-west1",
            "role": "",
            "secondary_ip_range": [],
            "self_link": "https://www.googleapis.com/compute/v1/projects/trustly-data-services-test/regions/europe-west1/subnetworks/dataflow-subnetwork",
            "timeouts": null
          },
          "sensitive_attributes": [],
          "private": "eyJlMmJmYjczMC1lY2FhLTExZTYtOGY4OC0zNDM2M2JjN2M0YzAiOnsiY3JlYXRlIjozNjAwMDAwMDAwMDAsImRlbGV0ZSI6MzYwMDAwMDAwMDAwLCJ1cGRhdGUiOjM2MDAwMDAwMDAwMH19",
          "dependencies": [
            "module.data_pipeline.google_compute_network.dataflow_network"
          ]
        }
      ]
    },
    {
      "module": "module.data_pipeline",
      "mode": "managed",
      "type": "google_project_iam_member",
      "name": "dataflow_worker",
      "provider": "provider[\"registry.terraform.io/hashicorp/google\"]",
      "instances": [
        {
          "schema_version": 0,
          "attributes": {
            "condition": [],
            "etag": "BwXW9UQZCaU=",
            "id": "trustly-data-services-test/roles/dataflow.worker/serviceaccount:svc-dataflow-worker@trustly-data-services-test.iam.gserviceaccount.com",
            "member": "serviceAccount:svc-dataflow-worker@trustly-data-services-test.iam.gserviceaccount.com",
            "project": "trustly-data-services-test",
            "role": "roles/dataflow.worker"
          },
          "sensitive_attributes": [],
          "private": "bnVsbA==",
          "dependencies": [
            "google_service_account.svc_dataflow_worker"
          ]
        }
      ]
    },
    {
      "module": "module.data_pipeline",
      "mode": "managed",
      "type": "google_pubsub_subscription",
      "name": "data_ingestion_subscription_avro_gcs",
      "provider": "provider[\"registry.terraform.io/hashicorp/google\"]",
      "instances": [
        {
          "schema_version": 0,
          "attributes": {
            "ack_deadline_seconds": 10,
            "dead_letter_policy": [],
            "enable_message_ordering": false,
            "expiration_policy": [
              {
                "ttl": ""
              }
            ],
            "filter": "",
            "id": "projects/trustly-data-services-test/subscriptions/beam-to-gcs",
            "labels": {},
            "message_retention_duration": "604800s",
            "name": "beam-to-gcs",
            "path": "projects/trustly-data-services-test/subscriptions/beam-to-gcs",
            "project": "trustly-data-services-test",
            "push_config": [],
            "retain_acked_messages": false,
            "retry_policy": [],
            "timeouts": null,
            "topic": "projects/trustly-data-services-test/topics/phoenix.analytics.avro"
          },
          "sensitive_attributes": [],
          "private": "eyJlMmJmYjczMC1lY2FhLTExZTYtOGY4OC0zNDM2M2JjN2M0YzAiOnsiY3JlYXRlIjozNjAwMDAwMDAwMDAsImRlbGV0ZSI6MjQwMDAwMDAwMDAwLCJ1cGRhdGUiOjM2MDAwMDAwMDAwMH19",
          "dependencies": [
            "module.data_pipeline.google_pubsub_topic.data_ingestion_topic"
          ]
        }
      ]
    },
    {
      "module": "module.data_pipeline",
      "mode": "managed",
      "type": "google_pubsub_subscription_iam_binding",
      "name": "phoenix_analytics_avro_beam_avro_gcs_subscriber",
      "provider": "provider[\"registry.terraform.io/hashicorp/google\"]",
      "instances": [
        {
          "schema_version": 0,
          "attributes": {
            "condition": [],
            "etag": "BwXXaX2uyZQ=",
            "id": "projects/trustly-data-services-test/subscriptions/beam-to-gcs/roles/pubsub.subscriber",
            "members": [
              "serviceAccount:svc-dataflow-worker@trustly-data-services-test.iam.gserviceaccount.com"
            ],
            "project": null,
            "role": "roles/pubsub.subscriber",
            "subscription": "projects/trustly-data-services-test/subscriptions/beam-to-gcs"
          },
          "sensitive_attributes": [],
          "private": "bnVsbA==",
          "dependencies": [
            "google_service_account.svc_dataflow_worker",
            "module.data_pipeline.google_pubsub_subscription.data_ingestion_subscription_avro_gcs",
            "module.data_pipeline.google_pubsub_topic.data_ingestion_topic"
          ]
        }
      ]
    },
    {
      "module": "module.data_pipeline",
      "mode": "managed",
      "type": "google_pubsub_subscription_iam_binding",
      "name": "phoenix_analytics_avro_beam_avro_gcs_viewer",
      "provider": "provider[\"registry.terraform.io/hashicorp/google\"]",
      "instances": [
        {
          "schema_version": 0,
          "attributes": {
            "condition": [],
            "etag": "BwXXaX2uyZQ=",
            "id": "projects/trustly-data-services-test/subscriptions/beam-to-gcs/roles/pubsub.viewer",
            "members": [
              "serviceAccount:svc-dataflow-worker@trustly-data-services-test.iam.gserviceaccount.com"
            ],
            "project": null,
            "role": "roles/pubsub.viewer",
            "subscription": "projects/trustly-data-services-test/subscriptions/beam-to-gcs"
          },
          "sensitive_attributes": [],
          "private": "bnVsbA==",
          "dependencies": [
            "google_service_account.svc_dataflow_worker",
            "module.data_pipeline.google_pubsub_subscription.data_ingestion_subscription_avro_gcs",
            "module.data_pipeline.google_pubsub_topic.data_ingestion_topic"
          ]
        }
      ]
    },
    {
      "module": "module.data_pipeline",
      "mode": "managed",
      "type": "google_pubsub_topic",
      "name": "data_ingestion_topic",
      "provider": "provider[\"registry.terraform.io/hashicorp/google\"]",
      "instances": [
        {
          "schema_version": 0,
          "attributes": {
            "id": "projects/trustly-data-services-test/topics/phoenix.analytics.avro",
            "kms_key_name": "",
            "labels": {},
            "message_storage_policy": [],
            "name": "phoenix.analytics.avro",
            "project": "trustly-data-services-test",
            "schema_settings": [],
            "timeouts": null
          },
          "sensitive_attributes": [],
          "private": "eyJlMmJmYjczMC1lY2FhLTExZTYtOGY4OC0zNDM2M2JjN2M0YzAiOnsiY3JlYXRlIjozNjAwMDAwMDAwMDAsImRlbGV0ZSI6MjQwMDAwMDAwMDAwLCJ1cGRhdGUiOjM2MDAwMDAwMDAwMH19"
        }
      ]
    },
    {
      "module": "module.data_pipeline",
      "mode": "managed",
      "type": "google_pubsub_topic_iam_binding",
      "name": "publishers",
      "provider": "provider[\"registry.terraform.io/hashicorp/google\"]",
      "instances": [
        {
          "schema_version": 0,
          "attributes": {
            "condition": [],
            "etag": "BwXNRiRRgt0=",
            "id": "projects/trustly-data-services-test/topics/phoenix.analytics.avro/roles/pubsub.publisher",
            "members": [
              "serviceAccount:svc-data-lake-producer@trustly-data-services-test.iam.gserviceaccount.com",
              "serviceAccount:svc-pubsub-checkout-mon@trustly-data-services-test.iam.gserviceaccount.com",
              "serviceAccount:svc-pubsub-deposit-service@trustly-data-services-test.iam.gserviceaccount.com"
            ],
            "project": "trustly-data-services-test",
            "role": "roles/pubsub.publisher",
            "topic": "projects/trustly-data-services-test/topics/phoenix.analytics.avro"
          },
          "sensitive_attributes": [],
          "private": "bnVsbA==",
          "dependencies": [
            "google_service_account.svc_data_lake_producer",
            "google_service_account.svc_pubsub_checkout_mon",
            "google_service_account.svc_pubsub_deposit_service",
            "module.data_pipeline.google_pubsub_topic.data_ingestion_topic"
          ]
        }
      ]
    },
    {
      "module": "module.data_pipeline",
      "mode": "managed",
      "type": "google_storage_bucket",
      "name": "dataflow_temp_bucket",
      "provider": "provider[\"registry.terraform.io/hashicorp/google\"]",
      "instances": [
        {
          "schema_version": 0,
          "attributes": {
            "bucket_policy_only": true,
            "cors": [],
            "default_event_based_hold": false,
            "encryption": [],
            "force_destroy": true,
            "id": "trustly-data-services-test-dataflow-temp-sysint",
            "labels": {},
            "lifecycle_rule": [],
            "location": "EU",
            "logging": [],
            "name": "trustly-data-services-test-dataflow-temp-sysint",
            "project": "trustly-data-services-test",
            "requester_pays": false,
            "retention_policy": [],
            "self_link": "https://www.googleapis.com/storage/v1/b/trustly-data-services-test-dataflow-temp-sysint",
            "storage_class": "STANDARD",
            "uniform_bucket_level_access": true,
            "url": "gs://trustly-data-services-test-dataflow-temp-sysint",
            "versioning": [],
            "website": []
          },
          "sensitive_attributes": [],
          "private": "bnVsbA=="
        }
      ]
    },
    {
      "module": "module.data_pipeline",
      "mode": "managed",
      "type": "google_storage_bucket",
      "name": "schema_registry_bucket",
      "provider": "provider[\"registry.terraform.io/hashicorp/google\"]",
      "instances": [
        {
          "schema_version": 0,
          "attributes": {
            "bucket_policy_only": true,
            "cors": [],
            "default_event_based_hold": false,
            "encryption": [],
            "force_destroy": true,
            "id": "trustly-data-services-test-avro-schema-store-sysint",
            "labels": {},
            "lifecycle_rule": [],
            "location": "EU",
            "logging": [],
            "name": "trustly-data-services-test-avro-schema-store-sysint",
            "project": "trustly-data-services-test",
            "requester_pays": false,
            "retention_policy": [],
            "self_link": "https://www.googleapis.com/storage/v1/b/trustly-data-services-test-avro-schema-store-sysint",
            "storage_class": "STANDARD",
            "uniform_bucket_level_access": true,
            "url": "gs://trustly-data-services-test-avro-schema-store-sysint",
            "versioning": [],
            "website": []
          },
          "sensitive_attributes": [],
          "private": "bnVsbA=="
        }
      ]
    },
    {
      "module": "module.data_pipeline",
      "mode": "managed",
      "type": "google_storage_bucket",
      "name": "unprocessed_bucket",
      "provider": "provider[\"registry.terraform.io/hashicorp/google\"]",
      "instances": [
        {
          "schema_version": 0,
          "attributes": {
            "bucket_policy_only": true,
            "cors": [],
            "default_event_based_hold": false,
            "encryption": [],
            "force_destroy": false,
            "id": "trustly-data-services-test-beam-pubsub-unprocessed-sysint",
            "labels": {},
            "lifecycle_rule": [],
            "location": "EU",
            "logging": [],
            "name": "trustly-data-services-test-beam-pubsub-unprocessed-sysint",
            "project": "trustly-data-services-test",
            "requester_pays": false,
            "retention_policy": [],
            "self_link": "https://www.googleapis.com/storage/v1/b/trustly-data-services-test-beam-pubsub-unprocessed-sysint",
            "storage_class": "STANDARD",
            "uniform_bucket_level_access": true,
            "url": "gs://trustly-data-services-test-beam-pubsub-unprocessed-sysint",
            "versioning": [],
            "website": []
          },
          "sensitive_attributes": [],
          "private": "bnVsbA=="
        }
      ]
    },
    {
      "module": "module.data_pipeline",
      "mode": "managed",
      "type": "google_storage_bucket_iam_member",
      "name": "dataflow_temp_bucket_object_admin",
      "provider": "provider[\"registry.terraform.io/hashicorp/google\"]",
      "instances": [
        {
          "schema_version": 0,
          "attributes": {
            "bucket": "b/trustly-data-services-test-dataflow-temp-sysint",
            "condition": [],
            "etag": "CAM=",
            "id": "b/trustly-data-services-test-dataflow-temp-sysint/roles/storage.objectAdmin/serviceaccount:svc-dataflow-worker@trustly-data-services-test.iam.gserviceaccount.com",
            "member": "serviceAccount:svc-dataflow-worker@trustly-data-services-test.iam.gserviceaccount.com",
            "role": "roles/storage.objectAdmin"
          },
          "sensitive_attributes": [],
          "private": "bnVsbA==",
          "dependencies": [
            "google_service_account.svc_dataflow_worker",
            "module.data_pipeline.google_storage_bucket.dataflow_temp_bucket"
          ]
        }
      ]
    },
    {
      "module": "module.data_pipeline",
      "mode": "managed",
      "type": "google_storage_bucket_iam_member",
      "name": "schema_registry_bucket_object_admin",
      "provider": "provider[\"registry.terraform.io/hashicorp/google\"]",
      "instances": [
        {
          "schema_version": 0,
          "attributes": {
            "bucket": "b/trustly-data-services-test-avro-schema-store-sysint",
            "condition": [],
            "etag": "CAU=",
            "id": "b/trustly-data-services-test-avro-schema-store-sysint/roles/storage.objectAdmin/serviceaccount:svc-avro-schema-registry@trustly-data-services-test.iam.gserviceaccount.com",
            "member": "serviceAccount:svc-avro-schema-registry@trustly-data-services-test.iam.gserviceaccount.com",
            "role": "roles/storage.objectAdmin"
          },
          "sensitive_attributes": [],
          "private": "bnVsbA==",
          "dependencies": [
            "google_service_account.svc_github_action_avro_schema_registry",
            "module.data_pipeline.google_storage_bucket.schema_registry_bucket"
          ]
        }
      ]
    },
    {
      "module": "module.data_pipeline",
      "mode": "managed",
      "type": "google_storage_bucket_iam_member",
      "name": "schema_registry_bucket_object_viewer",
      "provider": "provider[\"registry.terraform.io/hashicorp/google\"]",
      "instances": [
        {
          "schema_version": 0,
          "attributes": {
            "bucket": "b/trustly-data-services-test-avro-schema-store-sysint",
            "condition": [],
            "etag": "CAU=",
            "id": "b/trustly-data-services-test-avro-schema-store-sysint/roles/storage.objectViewer/serviceaccount:svc-dataflow-worker@trustly-data-services-test.iam.gserviceaccount.com",
            "member": "serviceAccount:svc-dataflow-worker@trustly-data-services-test.iam.gserviceaccount.com",
            "role": "roles/storage.objectViewer"
          },
          "sensitive_attributes": [],
          "private": "bnVsbA==",
          "dependencies": [
            "google_service_account.svc_dataflow_worker",
            "module.data_pipeline.google_storage_bucket.schema_registry_bucket"
          ]
        }
      ]
    },
    {
      "module": "module.data_pipeline",
      "mode": "managed",
      "type": "google_storage_bucket_iam_member",
      "name": "unprocessed_bucket_object_admin",
      "provider": "provider[\"registry.terraform.io/hashicorp/google\"]",
      "instances": [
        {
          "schema_version": 0,
          "attributes": {
            "bucket": "b/trustly-data-services-test-beam-pubsub-unprocessed-sysint",
            "condition": [],
            "etag": "CAM=",
            "id": "b/trustly-data-services-test-beam-pubsub-unprocessed-sysint/roles/storage.objectAdmin/serviceaccount:svc-dataflow-worker@trustly-data-services-test.iam.gserviceaccount.com",
            "member": "serviceAccount:svc-dataflow-worker@trustly-data-services-test.iam.gserviceaccount.com",
            "role": "roles/storage.objectAdmin"
          },
          "sensitive_attributes": [],
          "private": "bnVsbA==",
          "dependencies": [
            "google_service_account.svc_dataflow_worker",
            "module.data_pipeline.google_storage_bucket.unprocessed_bucket"
          ]
        }
      ]
    },
    {
      "module": "module.data_pipeline_staging",
      "mode": "data",
      "type": "google_project",
      "name": "current_project",
      "provider": "provider[\"registry.terraform.io/hashicorp/google\"]",
      "instances": [
        {
          "schema_version": 0,
          "attributes": {
            "auto_create_network": null,
            "billing_account": null,
            "folder_id": "645534415534",
            "id": "projects/trustly-data-services-test",
            "labels": {},
            "name": "Trustly Data Services Test",
            "number": "496466744113",
            "org_id": "",
            "project_id": "trustly-data-services-test",
            "skip_delete": null
          },
          "sensitive_attributes": []
        }
      ]
    },
    {
      "module": "module.data_pipeline_staging",
      "mode": "managed",
      "type": "google_bigquery_dataset",
      "name": "datalake_dataset",
      "provider": "provider[\"registry.terraform.io/hashicorp/google\"]",
      "instances": [
        {
          "schema_version": 0,
          "attributes": {
            "access": [
              {
                "domain": "",
                "group_by_email": "",
                "role": "OWNER",
                "special_group": "",
                "user_by_email": "terraform-admin@trustly-data-services-test.iam.gserviceaccount.com",
                "view": []
              },
              {
                "domain": "",
                "group_by_email": "",
                "role": "OWNER",
                "special_group": "projectOwners",
                "user_by_email": "",
                "view": []
              },
              {
                "domain": "",
                "group_by_email": "",
                "role": "READER",
                "special_group": "",
                "user_by_email": "svc-application-deployment@trustly-data-services-test.iam.gserviceaccount.com",
                "view": []
              },
              {
                "domain": "",
                "group_by_email": "",
                "role": "READER",
                "special_group": "projectReaders",
                "user_by_email": "",
                "view": []
              },
              {
                "domain": "",
                "group_by_email": "",
                "role": "WRITER",
                "special_group": "",
                "user_by_email": "svc-avro-schema-registry@trustly-data-services-test.iam.gserviceaccount.com",
                "view": []
              },
              {
                "domain": "",
                "group_by_email": "",
                "role": "WRITER",
                "special_group": "",
                "user_by_email": "svc-dataflow-worker@trustly-data-services-test.iam.gserviceaccount.com",
                "view": []
              },
              {
                "domain": "",
                "group_by_email": "",
                "role": "WRITER",
                "special_group": "projectWriters",
                "user_by_email": "",
                "view": []
              },
              {
                "domain": "",
                "group_by_email": "team.productanalytics@trustly.com",
                "role": "READER",
                "special_group": "",
                "user_by_email": "",
                "view": []
              },
              {
                "domain": "",
                "group_by_email": "team.tech@trustly.com",
                "role": "READER",
                "special_group": "",
                "user_by_email": "",
                "view": []
              }
            ],
            "creation_time": 1628519164409,
            "dataset_id": "data_lake_staging",
            "default_encryption_configuration": [],
            "default_partition_expiration_ms": 0,
            "default_table_expiration_ms": 0,
            "delete_contents_on_destroy": false,
            "description": "Raw data from the Trustly data ingestion framework",
            "etag": "I/1FA2KVvQb7w3DtgPudCA==",
            "friendly_name": "",
            "id": "projects/trustly-data-services-test/datasets/data_lake_staging",
            "labels": {},
            "last_modified_time": 1629294236723,
            "location": "EU",
            "project": "trustly-data-services-test",
            "self_link": "https://bigquery.googleapis.com/bigquery/v2/projects/trustly-data-services-test/datasets/data_lake_staging",
            "timeouts": null
          },
          "sensitive_attributes": [],
          "private": "eyJlMmJmYjczMC1lY2FhLTExZTYtOGY4OC0zNDM2M2JjN2M0YzAiOnsiY3JlYXRlIjoyNDAwMDAwMDAwMDAsImRlbGV0ZSI6MjQwMDAwMDAwMDAwLCJ1cGRhdGUiOjI0MDAwMDAwMDAwMH19"
        }
      ]
    },
    {
      "module": "module.data_pipeline_staging",
      "mode": "managed",
      "type": "google_bigquery_dataset_iam_member",
      "name": "datalake_dataset_editor_dataflow_worker",
      "provider": "provider[\"registry.terraform.io/hashicorp/google\"]",
      "instances": [
        {
          "schema_version": 0,
          "attributes": {
            "condition": [],
            "dataset_id": "data_lake_staging",
            "etag": "",
            "id": "projects/trustly-data-services-test/datasets/data_lake_staging/roles/bigquery.dataEditor/serviceaccount:svc-dataflow-worker@trustly-data-services-test.iam.gserviceaccount.com",
            "member": "serviceAccount:svc-dataflow-worker@trustly-data-services-test.iam.gserviceaccount.com",
            "project": "trustly-data-services-test",
            "role": "roles/bigquery.dataEditor"
          },
          "sensitive_attributes": [],
          "private": "bnVsbA==",
          "dependencies": [
            "google_service_account.svc_dataflow_worker",
            "module.data_pipeline_staging.google_bigquery_dataset.datalake_dataset"
          ]
        }
      ]
    },
    {
      "module": "module.data_pipeline_staging",
      "mode": "managed",
      "type": "google_bigquery_dataset_iam_member",
      "name": "datalake_dataset_editor_schema_registry_svc",
      "provider": "provider[\"registry.terraform.io/hashicorp/google\"]",
      "instances": [
        {
          "schema_version": 0,
          "attributes": {
            "condition": [],
            "dataset_id": "data_lake_staging",
            "etag": "",
            "id": "projects/trustly-data-services-test/datasets/data_lake_staging/roles/bigquery.dataEditor/serviceaccount:svc-avro-schema-registry@trustly-data-services-test.iam.gserviceaccount.com",
            "member": "serviceAccount:svc-avro-schema-registry@trustly-data-services-test.iam.gserviceaccount.com",
            "project": "trustly-data-services-test",
            "role": "roles/bigquery.dataEditor"
          },
          "sensitive_attributes": [],
          "private": "bnVsbA==",
          "dependencies": [
            "google_service_account.svc_github_action_avro_schema_registry",
            "module.data_pipeline_staging.google_bigquery_dataset.datalake_dataset"
          ]
        }
      ]
    },
    {
      "module": "module.data_pipeline_staging",
      "mode": "managed",
      "type": "google_compute_network",
      "name": "dataflow_network",
      "provider": "provider[\"registry.terraform.io/hashicorp/google\"]",
      "instances": [
        {
          "schema_version": 0,
          "attributes": {
            "auto_create_subnetworks": false,
            "delete_default_routes_on_create": false,
            "description": "VPC network used for hosting Dataflow workers",
            "gateway_ipv4": "",
            "id": "projects/trustly-data-services-test/global/networks/dataflow-network-staging",
            "mtu": 0,
            "name": "dataflow-network-staging",
            "project": "trustly-data-services-test",
            "routing_mode": "REGIONAL",
            "self_link": "https://www.googleapis.com/compute/v1/projects/trustly-data-services-test/global/networks/dataflow-network-staging",
            "timeouts": null
          },
          "sensitive_attributes": [],
          "private": "eyJlMmJmYjczMC1lY2FhLTExZTYtOGY4OC0zNDM2M2JjN2M0YzAiOnsiY3JlYXRlIjoyNDAwMDAwMDAwMDAsImRlbGV0ZSI6MjQwMDAwMDAwMDAwLCJ1cGRhdGUiOjI0MDAwMDAwMDAwMH19"
        }
      ]
    },
    {
      "module": "module.data_pipeline_staging",
      "mode": "managed",
      "type": "google_compute_subnetwork",
      "name": "dataflow_subnetwork",
      "provider": "provider[\"registry.terraform.io/hashicorp/google\"]",
      "instances": [
        {
          "schema_version": 0,
          "attributes": {
            "creation_timestamp": "2021-08-09T07:26:15.797-07:00",
            "description": "",
            "fingerprint": null,
            "gateway_address": "10.2.0.1",
            "id": "projects/trustly-data-services-test/regions/europe-west1/subnetworks/dataflow-subnetwork-staging",
            "ip_cidr_range": "10.2.0.0/20",
            "log_config": [],
            "name": "dataflow-subnetwork-staging",
            "network": "https://www.googleapis.com/compute/v1/projects/trustly-data-services-test/global/networks/dataflow-network-staging",
            "private_ip_google_access": false,
            "private_ipv6_google_access": "DISABLE_GOOGLE_ACCESS",
            "project": "trustly-data-services-test",
            "purpose": "PRIVATE",
            "region": "europe-west1",
            "role": "",
            "secondary_ip_range": [],
            "self_link": "https://www.googleapis.com/compute/v1/projects/trustly-data-services-test/regions/europe-west1/subnetworks/dataflow-subnetwork-staging",
            "timeouts": null
          },
          "sensitive_attributes": [],
          "private": "eyJlMmJmYjczMC1lY2FhLTExZTYtOGY4OC0zNDM2M2JjN2M0YzAiOnsiY3JlYXRlIjozNjAwMDAwMDAwMDAsImRlbGV0ZSI6MzYwMDAwMDAwMDAwLCJ1cGRhdGUiOjM2MDAwMDAwMDAwMH19",
          "dependencies": [
            "module.data_pipeline_staging.google_compute_network.dataflow_network"
          ]
        }
      ]
    },
    {
      "module": "module.data_pipeline_staging",
      "mode": "managed",
      "type": "google_project_iam_member",
      "name": "dataflow_worker",
      "provider": "provider[\"registry.terraform.io/hashicorp/google\"]",
      "instances": [
        {
          "schema_version": 0,
          "attributes": {
            "condition": [],
            "etag": "BwXW9UQZCaU=",
            "id": "trustly-data-services-test/roles/dataflow.worker/serviceaccount:svc-dataflow-worker@trustly-data-services-test.iam.gserviceaccount.com",
            "member": "serviceAccount:svc-dataflow-worker@trustly-data-services-test.iam.gserviceaccount.com",
            "project": "trustly-data-services-test",
            "role": "roles/dataflow.worker"
          },
          "sensitive_attributes": [],
          "private": "bnVsbA==",
          "dependencies": [
            "google_service_account.svc_dataflow_worker"
          ]
        }
      ]
    },
    {
      "module": "module.data_pipeline_staging",
      "mode": "managed",
      "type": "google_pubsub_subscription",
      "name": "data_ingestion_subscription_avro_gcs",
      "provider": "provider[\"registry.terraform.io/hashicorp/google\"]",
      "instances": [
        {
          "schema_version": 0,
          "attributes": {
            "ack_deadline_seconds": 10,
            "dead_letter_policy": [],
            "enable_message_ordering": false,
            "expiration_policy": [
              {
                "ttl": ""
              }
            ],
            "filter": "",
            "id": "projects/trustly-data-services-test/subscriptions/beam-to-gcs-staging",
            "labels": {},
            "message_retention_duration": "604800s",
            "name": "beam-to-gcs-staging",
            "path": "projects/trustly-data-services-test/subscriptions/beam-to-gcs-staging",
            "project": "trustly-data-services-test",
            "push_config": [],
            "retain_acked_messages": false,
            "retry_policy": [],
            "timeouts": null,
            "topic": "projects/trustly-data-services-test/topics/phoenix.analytics.avro.staging"
          },
          "sensitive_attributes": [],
          "private": "eyJlMmJmYjczMC1lY2FhLTExZTYtOGY4OC0zNDM2M2JjN2M0YzAiOnsiY3JlYXRlIjozNjAwMDAwMDAwMDAsImRlbGV0ZSI6MjQwMDAwMDAwMDAwLCJ1cGRhdGUiOjM2MDAwMDAwMDAwMH19",
          "dependencies": [
            "module.data_pipeline_staging.google_pubsub_topic.data_ingestion_topic"
          ]
        }
      ]
    },
    {
      "module": "module.data_pipeline_staging",
      "mode": "managed",
      "type": "google_pubsub_subscription_iam_binding",
      "name": "phoenix_analytics_avro_beam_avro_gcs_subscriber",
      "provider": "provider[\"registry.terraform.io/hashicorp/google\"]",
      "instances": [
        {
          "schema_version": 0,
          "attributes": {
            "condition": [],
            "etag": "BwXXaX2s4CI=",
            "id": "projects/trustly-data-services-test/subscriptions/beam-to-gcs-staging/roles/pubsub.subscriber",
            "members": [
              "serviceAccount:svc-dataflow-worker@trustly-data-services-test.iam.gserviceaccount.com"
            ],
            "project": null,
            "role": "roles/pubsub.subscriber",
            "subscription": "projects/trustly-data-services-test/subscriptions/beam-to-gcs-staging"
          },
          "sensitive_attributes": [],
          "private": "bnVsbA==",
          "dependencies": [
            "google_service_account.svc_dataflow_worker",
            "module.data_pipeline_staging.google_pubsub_subscription.data_ingestion_subscription_avro_gcs",
            "module.data_pipeline_staging.google_pubsub_topic.data_ingestion_topic"
          ]
        }
      ]
    },
    {
      "module": "module.data_pipeline_staging",
      "mode": "managed",
      "type": "google_pubsub_subscription_iam_binding",
      "name": "phoenix_analytics_avro_beam_avro_gcs_viewer",
      "provider": "provider[\"registry.terraform.io/hashicorp/google\"]",
      "instances": [
        {
          "schema_version": 0,
          "attributes": {
            "condition": [],
            "etag": "BwXXaX2s4CI=",
            "id": "projects/trustly-data-services-test/subscriptions/beam-to-gcs-staging/roles/pubsub.viewer",
            "members": [
              "serviceAccount:svc-dataflow-worker@trustly-data-services-test.iam.gserviceaccount.com"
            ],
            "project": null,
            "role": "roles/pubsub.viewer",
            "subscription": "projects/trustly-data-services-test/subscriptions/beam-to-gcs-staging"
          },
          "sensitive_attributes": [],
          "private": "bnVsbA==",
          "dependencies": [
            "google_service_account.svc_dataflow_worker",
            "module.data_pipeline_staging.google_pubsub_subscription.data_ingestion_subscription_avro_gcs",
            "module.data_pipeline_staging.google_pubsub_topic.data_ingestion_topic"
          ]
        }
      ]
    },
    {
      "module": "module.data_pipeline_staging",
      "mode": "managed",
      "type": "google_pubsub_topic",
      "name": "data_ingestion_topic",
      "provider": "provider[\"registry.terraform.io/hashicorp/google\"]",
      "instances": [
        {
          "schema_version": 0,
          "attributes": {
            "id": "projects/trustly-data-services-test/topics/phoenix.analytics.avro.staging",
            "kms_key_name": "",
            "labels": {},
            "message_storage_policy": [],
            "name": "phoenix.analytics.avro.staging",
            "project": "trustly-data-services-test",
            "schema_settings": [],
            "timeouts": null
          },
          "sensitive_attributes": [],
          "private": "eyJlMmJmYjczMC1lY2FhLTExZTYtOGY4OC0zNDM2M2JjN2M0YzAiOnsiY3JlYXRlIjozNjAwMDAwMDAwMDAsImRlbGV0ZSI6MjQwMDAwMDAwMDAwLCJ1cGRhdGUiOjM2MDAwMDAwMDAwMH19"
        }
      ]
    },
    {
      "module": "module.data_pipeline_staging",
      "mode": "managed",
      "type": "google_pubsub_topic_iam_binding",
      "name": "publishers",
      "provider": "provider[\"registry.terraform.io/hashicorp/google\"]",
      "instances": [
        {
          "schema_version": 0,
          "attributes": {
            "condition": [],
            "etag": "BwXNRiRP1KY=",
            "id": "projects/trustly-data-services-test/topics/phoenix.analytics.avro.staging/roles/pubsub.publisher",
            "members": [
              "serviceAccount:svc-data-lake-producer@trustly-data-services-test.iam.gserviceaccount.com",
              "serviceAccount:svc-pubsub-checkout-mon@trustly-data-services-test.iam.gserviceaccount.com",
              "serviceAccount:svc-pubsub-deposit-service@trustly-data-services-test.iam.gserviceaccount.com"
            ],
            "project": "trustly-data-services-test",
            "role": "roles/pubsub.publisher",
            "topic": "projects/trustly-data-services-test/topics/phoenix.analytics.avro.staging"
          },
          "sensitive_attributes": [],
          "private": "bnVsbA==",
          "dependencies": [
            "google_service_account.svc_data_lake_producer",
            "google_service_account.svc_pubsub_checkout_mon",
            "google_service_account.svc_pubsub_deposit_service",
            "module.data_pipeline_staging.google_pubsub_topic.data_ingestion_topic"
          ]
        }
      ]
    },
    {
      "module": "module.data_pipeline_staging",
      "mode": "managed",
      "type": "google_storage_bucket",
      "name": "dataflow_temp_bucket",
      "provider": "provider[\"registry.terraform.io/hashicorp/google\"]",
      "instances": [
        {
          "schema_version": 0,
          "attributes": {
            "bucket_policy_only": true,
            "cors": [],
            "default_event_based_hold": false,
            "encryption": [],
            "force_destroy": true,
            "id": "trustly-data-services-test-dataflow-temp-staging",
            "labels": {},
            "lifecycle_rule": [],
            "location": "EU",
            "logging": [],
            "name": "trustly-data-services-test-dataflow-temp-staging",
            "project": "trustly-data-services-test",
            "requester_pays": false,
            "retention_policy": [],
            "self_link": "https://www.googleapis.com/storage/v1/b/trustly-data-services-test-dataflow-temp-staging",
            "storage_class": "STANDARD",
            "uniform_bucket_level_access": true,
            "url": "gs://trustly-data-services-test-dataflow-temp-staging",
            "versioning": [],
            "website": []
          },
          "sensitive_attributes": [],
          "private": "bnVsbA=="
        }
      ]
    },
    {
      "module": "module.data_pipeline_staging",
      "mode": "managed",
      "type": "google_storage_bucket",
      "name": "schema_registry_bucket",
      "provider": "provider[\"registry.terraform.io/hashicorp/google\"]",
      "instances": [
        {
          "schema_version": 0,
          "attributes": {
            "bucket_policy_only": true,
            "cors": [],
            "default_event_based_hold": false,
            "encryption": [],
            "force_destroy": true,
            "id": "trustly-data-services-test-avro-schema-store-staging",
            "labels": {},
            "lifecycle_rule": [],
            "location": "EU",
            "logging": [],
            "name": "trustly-data-services-test-avro-schema-store-staging",
            "project": "trustly-data-services-test",
            "requester_pays": false,
            "retention_policy": [],
            "self_link": "https://www.googleapis.com/storage/v1/b/trustly-data-services-test-avro-schema-store-staging",
            "storage_class": "STANDARD",
            "uniform_bucket_level_access": true,
            "url": "gs://trustly-data-services-test-avro-schema-store-staging",
            "versioning": [],
            "website": []
          },
          "sensitive_attributes": [],
          "private": "bnVsbA=="
        }
      ]
    },
    {
      "module": "module.data_pipeline_staging",
      "mode": "managed",
      "type": "google_storage_bucket",
      "name": "unprocessed_bucket",
      "provider": "provider[\"registry.terraform.io/hashicorp/google\"]",
      "instances": [
        {
          "schema_version": 0,
          "attributes": {
            "bucket_policy_only": true,
            "cors": [],
            "default_event_based_hold": false,
            "encryption": [],
            "force_destroy": false,
            "id": "trustly-data-services-test-beam-pubsub-unprocessed-staging",
            "labels": {},
            "lifecycle_rule": [],
            "location": "EU",
            "logging": [],
            "name": "trustly-data-services-test-beam-pubsub-unprocessed-staging",
            "project": "trustly-data-services-test",
            "requester_pays": false,
            "retention_policy": [],
            "self_link": "https://www.googleapis.com/storage/v1/b/trustly-data-services-test-beam-pubsub-unprocessed-staging",
            "storage_class": "STANDARD",
            "uniform_bucket_level_access": true,
            "url": "gs://trustly-data-services-test-beam-pubsub-unprocessed-staging",
            "versioning": [],
            "website": []
          },
          "sensitive_attributes": [],
          "private": "bnVsbA=="
        }
      ]
    },
    {
      "module": "module.data_pipeline_staging",
      "mode": "managed",
      "type": "google_storage_bucket_iam_member",
      "name": "dataflow_temp_bucket_object_admin",
      "provider": "provider[\"registry.terraform.io/hashicorp/google\"]",
      "instances": [
        {
          "schema_version": 0,
          "attributes": {
            "bucket": "b/trustly-data-services-test-dataflow-temp-staging",
            "condition": [],
            "etag": "CAM=",
            "id": "b/trustly-data-services-test-dataflow-temp-staging/roles/storage.objectAdmin/serviceaccount:svc-dataflow-worker@trustly-data-services-test.iam.gserviceaccount.com",
            "member": "serviceAccount:svc-dataflow-worker@trustly-data-services-test.iam.gserviceaccount.com",
            "role": "roles/storage.objectAdmin"
          },
          "sensitive_attributes": [],
          "private": "bnVsbA==",
          "dependencies": [
            "google_service_account.svc_dataflow_worker",
            "module.data_pipeline_staging.google_storage_bucket.dataflow_temp_bucket"
          ]
        }
      ]
    },
    {
      "module": "module.data_pipeline_staging",
      "mode": "managed",
      "type": "google_storage_bucket_iam_member",
      "name": "schema_registry_bucket_object_admin",
      "provider": "provider[\"registry.terraform.io/hashicorp/google\"]",
      "instances": [
        {
          "schema_version": 0,
          "attributes": {
            "bucket": "b/trustly-data-services-test-avro-schema-store-staging",
            "condition": [],
            "etag": "CAQ=",
            "id": "b/trustly-data-services-test-avro-schema-store-staging/roles/storage.objectAdmin/serviceaccount:svc-avro-schema-registry@trustly-data-services-test.iam.gserviceaccount.com",
            "member": "serviceAccount:svc-avro-schema-registry@trustly-data-services-test.iam.gserviceaccount.com",
            "role": "roles/storage.objectAdmin"
          },
          "sensitive_attributes": [],
          "private": "bnVsbA==",
          "dependencies": [
            "google_service_account.svc_github_action_avro_schema_registry",
            "module.data_pipeline_staging.google_storage_bucket.schema_registry_bucket"
          ]
        }
      ]
    },
    {
      "module": "module.data_pipeline_staging",
      "mode": "managed",
      "type": "google_storage_bucket_iam_member",
      "name": "schema_registry_bucket_object_viewer",
      "provider": "provider[\"registry.terraform.io/hashicorp/google\"]",
      "instances": [
        {
          "schema_version": 0,
          "attributes": {
            "bucket": "b/trustly-data-services-test-avro-schema-store-staging",
            "condition": [],
            "etag": "CAQ=",
            "id": "b/trustly-data-services-test-avro-schema-store-staging/roles/storage.objectViewer/serviceaccount:svc-dataflow-worker@trustly-data-services-test.iam.gserviceaccount.com",
            "member": "serviceAccount:svc-dataflow-worker@trustly-data-services-test.iam.gserviceaccount.com",
            "role": "roles/storage.objectViewer"
          },
          "sensitive_attributes": [],
          "private": "bnVsbA==",
          "dependencies": [
            "google_service_account.svc_dataflow_worker",
            "module.data_pipeline_staging.google_storage_bucket.schema_registry_bucket"
          ]
        }
      ]
    },
    {
      "module": "module.data_pipeline_staging",
      "mode": "managed",
      "type": "google_storage_bucket_iam_member",
      "name": "unprocessed_bucket_object_admin",
      "provider": "provider[\"registry.terraform.io/hashicorp/google\"]",
      "instances": [
        {
          "schema_version": 0,
          "attributes": {
            "bucket": "b/trustly-data-services-test-beam-pubsub-unprocessed-staging",
            "condition": [],
            "etag": "CAM=",
            "id": "b/trustly-data-services-test-beam-pubsub-unprocessed-staging/roles/storage.objectAdmin/serviceaccount:svc-dataflow-worker@trustly-data-services-test.iam.gserviceaccount.com",
            "member": "serviceAccount:svc-dataflow-worker@trustly-data-services-test.iam.gserviceaccount.com",
            "role": "roles/storage.objectAdmin"
          },
          "sensitive_attributes": [],
          "private": "bnVsbA==",
          "dependencies": [
            "google_service_account.svc_dataflow_worker",
            "module.data_pipeline_staging.google_storage_bucket.unprocessed_bucket"
          ]
        }
      ]
    },
    {
      "module": "module.dataset_applications",
      "mode": "data",
      "type": "google_iam_policy",
      "name": "policy",
      "provider": "provider[\"registry.terraform.io/hashicorp/google\"]",
      "instances": [
        {
          "schema_version": 0,
          "attributes": {
            "audit_config": null,
            "binding": [
              {
                "condition": [],
                "members": [
                  "group:bigquery.analysts@trustly.com",
                  "group:team.businessintelligence@trustly.com",
                  "serviceAccount:svc-qliksense@trustly-data-services-test.iam.gserviceaccount.com"
                ],
                "role": "roles/bigquery.dataViewer"
              },
              {
                "condition": [],
                "members": [
                  "serviceAccount:terraform-admin@trustly-data-services-test.iam.gserviceaccount.com"
                ],
                "role": "roles/bigquery.dataOwner"
              },
              {
                "condition": [],
                "members": [],
                "role": "roles/bigquery.dataEditor"
              }
            ],
            "id": "1624941300",
            "policy_data": "{\"bindings\":[{\"role\":\"roles/bigquery.dataEditor\"},{\"members\":[\"serviceAccount:terraform-admin@trustly-data-services-test.iam.gserviceaccount.com\"],\"role\":\"roles/bigquery.dataOwner\"},{\"members\":[\"group:bigquery.analysts@trustly.com\",\"group:team.businessintelligence@trustly.com\",\"serviceAccount:svc-qliksense@trustly-data-services-test.iam.gserviceaccount.com\"],\"role\":\"roles/bigquery.dataViewer\"}]}"
          },
          "sensitive_attributes": []
        }
      ]
    },
    {
      "module": "module.dataset_applications",
      "mode": "data",
      "type": "google_project",
      "name": "current_project",
      "provider": "provider[\"registry.terraform.io/hashicorp/google\"]",
      "instances": [
        {
          "schema_version": 0,
          "attributes": {
            "auto_create_network": null,
            "billing_account": null,
            "folder_id": "645534415534",
            "id": "projects/trustly-data-services-test",
            "labels": {},
            "name": "Trustly Data Services Test",
            "number": "496466744113",
            "org_id": "",
            "project_id": "trustly-data-services-test",
            "skip_delete": null
          },
          "sensitive_attributes": []
        }
      ]
    },
    {
      "module": "module.dataset_applications",
      "mode": "managed",
      "type": "google_bigquery_dataset",
      "name": "dataset",
      "provider": "provider[\"registry.terraform.io/hashicorp/google\"]",
      "instances": [
        {
          "schema_version": 0,
          "attributes": {
            "access": [
              {
                "domain": "",
                "group_by_email": "",
                "role": "OWNER",
                "special_group": "",
                "user_by_email": "terraform-admin@trustly-data-services-test.iam.gserviceaccount.com",
                "view": []
              },
              {
                "domain": "",
                "group_by_email": "",
                "role": "READER",
                "special_group": "",
                "user_by_email": "svc-qliksense@trustly-data-services-test.iam.gserviceaccount.com",
                "view": []
              },
              {
                "domain": "",
                "group_by_email": "bigquery.analysts@trustly.com",
                "role": "READER",
                "special_group": "",
                "user_by_email": "",
                "view": []
              },
              {
                "domain": "",
                "group_by_email": "team.businessintelligence@trustly.com",
                "role": "READER",
                "special_group": "",
                "user_by_email": "",
                "view": []
              }
            ],
            "creation_time": 1596700682606,
            "dataset_id": "applications",
            "default_encryption_configuration": [],
            "default_partition_expiration_ms": 345600000000,
            "default_table_expiration_ms": 0,
            "delete_contents_on_destroy": false,
            "description": "Dataset for data apps, typically consumed by Qlik Sense",
            "etag": "h9KKQud8MxY4VN+Ad1NQzQ==",
            "friendly_name": "",
            "id": "projects/trustly-data-services-test/datasets/applications",
            "labels": {
              "make-sync-bq": "true"
            },
            "last_modified_time": 1643804924616,
            "location": "EU",
            "project": "trustly-data-services-test",
            "self_link": "https://bigquery.googleapis.com/bigquery/v2/projects/trustly-data-services-test/datasets/applications",
            "timeouts": null
          },
          "sensitive_attributes": [],
          "private": "eyJlMmJmYjczMC1lY2FhLTExZTYtOGY4OC0zNDM2M2JjN2M0YzAiOnsiY3JlYXRlIjoyNDAwMDAwMDAwMDAsImRlbGV0ZSI6MjQwMDAwMDAwMDAwLCJ1cGRhdGUiOjI0MDAwMDAwMDAwMH19"
        }
      ]
    },
    {
      "module": "module.dataset_applications",
      "mode": "managed",
      "type": "google_bigquery_dataset_iam_policy",
      "name": "policy_mapping",
      "provider": "provider[\"registry.terraform.io/hashicorp/google\"]",
      "instances": [
        {
          "schema_version": 0,
          "attributes": {
            "dataset_id": "applications",
            "etag": "",
            "id": "projects/trustly-data-services-test/datasets/applications",
            "policy_data": "{\"bindings\":[{\"members\":[\"serviceAccount:terraform-admin@trustly-data-services-test.iam.gserviceaccount.com\"],\"role\":\"roles/bigquery.dataOwner\"},{\"members\":[\"group:bigquery.analysts@trustly.com\",\"group:team.businessintelligence@trustly.com\",\"serviceAccount:svc-qliksense@trustly-data-services-test.iam.gserviceaccount.com\"],\"role\":\"roles/bigquery.dataViewer\"}]}",
            "project": "trustly-data-services-test"
          },
          "sensitive_attributes": [],
          "private": "bnVsbA==",
          "dependencies": [
            "google_service_account.svc_qliksense",
            "module.dataset_applications.data.google_iam_policy.policy",
            "module.dataset_applications.data.google_project.current_project",
            "module.dataset_applications.google_bigquery_dataset.dataset"
          ]
        }
      ]
    },
    {
      "module": "module.dataset_catalystone",
      "mode": "data",
      "type": "google_iam_policy",
      "name": "policy",
      "provider": "provider[\"registry.terraform.io/hashicorp/google\"]",
      "instances": [
        {
          "schema_version": 0,
          "attributes": {
            "audit_config": null,
            "binding": [
              {
                "condition": [],
                "members": [
                  "group:team.businessintelligence@trustly.com",
                  "serviceAccount:svc-qliksense@trustly-data-services-test.iam.gserviceaccount.com"
                ],
                "role": "roles/bigquery.dataViewer"
              },
              {
                "condition": [],
                "members": [
                  "serviceAccount:terraform-admin@trustly-data-services-test.iam.gserviceaccount.com"
                ],
                "role": "roles/bigquery.dataOwner"
              },
              {
                "condition": [],
                "members": [],
                "role": "roles/bigquery.dataEditor"
              }
            ],
            "id": "1740096065",
            "policy_data": "{\"bindings\":[{\"role\":\"roles/bigquery.dataEditor\"},{\"members\":[\"serviceAccount:terraform-admin@trustly-data-services-test.iam.gserviceaccount.com\"],\"role\":\"roles/bigquery.dataOwner\"},{\"members\":[\"group:team.businessintelligence@trustly.com\",\"serviceAccount:svc-qliksense@trustly-data-services-test.iam.gserviceaccount.com\"],\"role\":\"roles/bigquery.dataViewer\"}]}"
          },
          "sensitive_attributes": []
        }
      ]
    },
    {
      "module": "module.dataset_catalystone",
      "mode": "data",
      "type": "google_project",
      "name": "current_project",
      "provider": "provider[\"registry.terraform.io/hashicorp/google\"]",
      "instances": [
        {
          "schema_version": 0,
          "attributes": {
            "auto_create_network": null,
            "billing_account": null,
            "folder_id": "645534415534",
            "id": "projects/trustly-data-services-test",
            "labels": {},
            "name": "Trustly Data Services Test",
            "number": "496466744113",
            "org_id": "",
            "project_id": "trustly-data-services-test",
            "skip_delete": null
          },
          "sensitive_attributes": []
        }
      ]
    },
    {
      "module": "module.dataset_catalystone",
      "mode": "managed",
      "type": "google_bigquery_dataset",
      "name": "dataset",
      "provider": "provider[\"registry.terraform.io/hashicorp/google\"]",
      "instances": [
        {
          "schema_version": 0,
          "attributes": {
            "access": [
              {
                "domain": "",
                "group_by_email": "",
                "role": "OWNER",
                "special_group": "",
                "user_by_email": "terraform-admin@trustly-data-services-test.iam.gserviceaccount.com",
                "view": []
              },
              {
                "domain": "",
                "group_by_email": "",
                "role": "READER",
                "special_group": "",
                "user_by_email": "svc-qliksense@trustly-data-services-test.iam.gserviceaccount.com",
                "view": []
              },
              {
                "domain": "",
                "group_by_email": "team.businessintelligence@trustly.com",
                "role": "READER",
                "special_group": "",
                "user_by_email": "",
                "view": []
              }
            ],
            "creation_time": 1596700679999,
            "dataset_id": "catalystone",
            "default_encryption_configuration": [],
            "default_partition_expiration_ms": 345600000000,
            "default_table_expiration_ms": 0,
            "delete_contents_on_destroy": false,
            "description": "Employee data imported from CatalystOne. Used for reporting by Qlik Sense.",
            "etag": "PcLlwmt40q5J/QE626WH1Q==",
            "friendly_name": "",
            "id": "projects/trustly-data-services-test/datasets/catalystone",
            "labels": {
              "make-sync-bq": "false"
            },
            "last_modified_time": 1643804923815,
            "location": "EU",
            "project": "trustly-data-services-test",
            "self_link": "https://bigquery.googleapis.com/bigquery/v2/projects/trustly-data-services-test/datasets/catalystone",
            "timeouts": null
          },
          "sensitive_attributes": [],
          "private": "eyJlMmJmYjczMC1lY2FhLTExZTYtOGY4OC0zNDM2M2JjN2M0YzAiOnsiY3JlYXRlIjoyNDAwMDAwMDAwMDAsImRlbGV0ZSI6MjQwMDAwMDAwMDAwLCJ1cGRhdGUiOjI0MDAwMDAwMDAwMH19"
        }
      ]
    },
    {
      "module": "module.dataset_catalystone",
      "mode": "managed",
      "type": "google_bigquery_dataset_iam_policy",
      "name": "policy_mapping",
      "provider": "provider[\"registry.terraform.io/hashicorp/google\"]",
      "instances": [
        {
          "schema_version": 0,
          "attributes": {
            "dataset_id": "catalystone",
            "etag": "",
            "id": "projects/trustly-data-services-test/datasets/catalystone",
            "policy_data": "{\"bindings\":[{\"members\":[\"serviceAccount:terraform-admin@trustly-data-services-test.iam.gserviceaccount.com\"],\"role\":\"roles/bigquery.dataOwner\"},{\"members\":[\"group:team.businessintelligence@trustly.com\",\"serviceAccount:svc-qliksense@trustly-data-services-test.iam.gserviceaccount.com\"],\"role\":\"roles/bigquery.dataViewer\"}]}",
            "project": "trustly-data-services-test"
          },
          "sensitive_attributes": [],
          "private": "bnVsbA==",
          "dependencies": [
            "google_service_account.svc_qliksense",
            "module.dataset_catalystone.data.google_iam_policy.policy",
            "module.dataset_catalystone.data.google_project.current_project",
            "module.dataset_catalystone.google_bigquery_dataset.dataset"
          ]
        }
      ]
    },
    {
      "module": "module.dataset_data_lake_avro",
      "mode": "data",
      "type": "google_iam_policy",
      "name": "policy",
      "provider": "provider[\"registry.terraform.io/hashicorp/google\"]",
      "instances": [
        {
          "schema_version": 0,
          "attributes": {
            "audit_config": null,
            "binding": [
              {
                "condition": [],
                "members": [
                  "group:team.businessintelligence@trustly.com",
                  "group:team.productanalytics@trustly.com",
                  "serviceAccount:svc-dbt@trustly-bi-finance-prod.iam.gserviceaccount.com",
                  "serviceAccount:svc-dbt@trustly-bi-finance-test.iam.gserviceaccount.com",
                  "serviceAccount:svc-qliksense@trustly-data-services-test.iam.gserviceaccount.com"
                ],
                "role": "roles/bigquery.dataViewer"
              },
              {
                "condition": [],
                "members": [
                  "serviceAccount:terraform-admin@trustly-data-services-test.iam.gserviceaccount.com"
                ],
                "role": "roles/bigquery.dataOwner"
              },
              {
                "condition": [],
                "members": [],
                "role": "roles/bigquery.dataEditor"
              }
            ],
            "id": "1448449149",
            "policy_data": "{\"bindings\":[{\"role\":\"roles/bigquery.dataEditor\"},{\"members\":[\"serviceAccount:terraform-admin@trustly-data-services-test.iam.gserviceaccount.com\"],\"role\":\"roles/bigquery.dataOwner\"},{\"members\":[\"group:team.businessintelligence@trustly.com\",\"group:team.productanalytics@trustly.com\",\"serviceAccount:svc-dbt@trustly-bi-finance-prod.iam.gserviceaccount.com\",\"serviceAccount:svc-dbt@trustly-bi-finance-test.iam.gserviceaccount.com\",\"serviceAccount:svc-qliksense@trustly-data-services-test.iam.gserviceaccount.com\"],\"role\":\"roles/bigquery.dataViewer\"}]}"
          },
          "sensitive_attributes": []
        }
      ]
    },
    {
      "module": "module.dataset_data_lake_avro",
      "mode": "data",
      "type": "google_project",
      "name": "current_project",
      "provider": "provider[\"registry.terraform.io/hashicorp/google\"]",
      "instances": [
        {
          "schema_version": 0,
          "attributes": {
            "auto_create_network": null,
            "billing_account": null,
            "folder_id": "645534415534",
            "id": "projects/trustly-data-services-test",
            "labels": {},
            "name": "Trustly Data Services Test",
            "number": "496466744113",
            "org_id": "",
            "project_id": "trustly-data-services-test",
            "skip_delete": null
          },
          "sensitive_attributes": []
        }
      ]
    },
    {
      "module": "module.dataset_data_lake_avro",
      "mode": "managed",
      "type": "google_bigquery_dataset",
      "name": "dataset",
      "provider": "provider[\"registry.terraform.io/hashicorp/google\"]",
      "instances": [
        {
          "schema_version": 0,
          "attributes": {
            "access": [
              {
                "domain": "",
                "group_by_email": "",
                "role": "OWNER",
                "special_group": "",
                "user_by_email": "terraform-admin@trustly-data-services-test.iam.gserviceaccount.com",
                "view": []
              },
              {
                "domain": "",
                "group_by_email": "",
                "role": "READER",
                "special_group": "",
                "user_by_email": "svc-dbt@trustly-bi-finance-prod.iam.gserviceaccount.com",
                "view": []
              },
              {
                "domain": "",
                "group_by_email": "",
                "role": "READER",
                "special_group": "",
                "user_by_email": "svc-dbt@trustly-bi-finance-test.iam.gserviceaccount.com",
                "view": []
              },
              {
                "domain": "",
                "group_by_email": "",
                "role": "READER",
                "special_group": "",
                "user_by_email": "svc-qliksense@trustly-data-services-test.iam.gserviceaccount.com",
                "view": []
              },
              {
                "domain": "",
                "group_by_email": "team.businessintelligence@trustly.com",
                "role": "READER",
                "special_group": "",
                "user_by_email": "",
                "view": []
              },
              {
                "domain": "",
                "group_by_email": "team.productanalytics@trustly.com",
                "role": "READER",
                "special_group": "",
                "user_by_email": "",
                "view": []
              }
            ],
            "creation_time": 1634297803632,
            "dataset_id": "data_lake_avro",
            "default_encryption_configuration": [],
            "default_partition_expiration_ms": 345600000000,
            "default_table_expiration_ms": 0,
            "delete_contents_on_destroy": false,
            "description": "Tables created from events sent by microservices over Pub/Sub. The events are micro-batched as files on GCS which are ingested into BigQuery.",
            "etag": "HV3yeYK2uMPcAnvsHh6DRw==",
            "friendly_name": "",
            "id": "projects/trustly-data-services-test/datasets/data_lake_avro",
            "labels": {
              "make-sync-bq": "false"
            },
            "last_modified_time": 1644584686923,
            "location": "EU",
            "project": "trustly-data-services-test",
            "self_link": "https://bigquery.googleapis.com/bigquery/v2/projects/trustly-data-services-test/datasets/data_lake_avro",
            "timeouts": null
          },
          "sensitive_attributes": [],
          "private": "eyJlMmJmYjczMC1lY2FhLTExZTYtOGY4OC0zNDM2M2JjN2M0YzAiOnsiY3JlYXRlIjoyNDAwMDAwMDAwMDAsImRlbGV0ZSI6MjQwMDAwMDAwMDAwLCJ1cGRhdGUiOjI0MDAwMDAwMDAwMH19"
        }
      ]
    },
    {
      "module": "module.dataset_data_lake_avro",
      "mode": "managed",
      "type": "google_bigquery_dataset_iam_policy",
      "name": "policy_mapping",
      "provider": "provider[\"registry.terraform.io/hashicorp/google\"]",
      "instances": [
        {
          "schema_version": 0,
          "attributes": {
            "dataset_id": "data_lake_avro",
            "etag": "",
            "id": "projects/trustly-data-services-test/datasets/data_lake_avro",
            "policy_data": "{\"bindings\":[{\"members\":[\"serviceAccount:terraform-admin@trustly-data-services-test.iam.gserviceaccount.com\"],\"role\":\"roles/bigquery.dataOwner\"},{\"members\":[\"group:team.businessintelligence@trustly.com\",\"group:team.productanalytics@trustly.com\",\"serviceAccount:svc-dbt@trustly-bi-finance-prod.iam.gserviceaccount.com\",\"serviceAccount:svc-dbt@trustly-bi-finance-test.iam.gserviceaccount.com\",\"serviceAccount:svc-qliksense@trustly-data-services-test.iam.gserviceaccount.com\"],\"role\":\"roles/bigquery.dataViewer\"}]}",
            "project": "trustly-data-services-test"
          },
          "sensitive_attributes": [],
          "private": "bnVsbA==",
          "dependencies": [
            "google_service_account.svc_qliksense",
            "module.dataset_data_lake_avro.data.google_iam_policy.policy",
            "module.dataset_data_lake_avro.data.google_project.current_project",
            "module.dataset_data_lake_avro.google_bigquery_dataset.dataset"
          ]
        }
      ]
    },
    {
      "module": "module.dataset_dbt",
      "mode": "data",
      "type": "google_iam_policy",
      "name": "policy",
      "provider": "provider[\"registry.terraform.io/hashicorp/google\"]",
      "instances": [
        {
          "schema_version": 0,
          "attributes": {
            "audit_config": null,
            "binding": [
              {
                "condition": [],
                "members": [
                  "group:team.businessintelligence@trustly.com",
                  "serviceAccount:svc-qliksense@trustly-data-services-test.iam.gserviceaccount.com"
                ],
                "role": "roles/bigquery.dataViewer"
              },
              {
                "condition": [],
                "members": [
                  "serviceAccount:terraform-admin@trustly-data-services-test.iam.gserviceaccount.com"
                ],
                "role": "roles/bigquery.dataOwner"
              },
              {
                "condition": [],
                "members": [],
                "role": "roles/bigquery.dataEditor"
              }
            ],
            "id": "1740096065",
            "policy_data": "{\"bindings\":[{\"role\":\"roles/bigquery.dataEditor\"},{\"members\":[\"serviceAccount:terraform-admin@trustly-data-services-test.iam.gserviceaccount.com\"],\"role\":\"roles/bigquery.dataOwner\"},{\"members\":[\"group:team.businessintelligence@trustly.com\",\"serviceAccount:svc-qliksense@trustly-data-services-test.iam.gserviceaccount.com\"],\"role\":\"roles/bigquery.dataViewer\"}]}"
          },
          "sensitive_attributes": []
        }
      ]
    },
    {
      "module": "module.dataset_dbt",
      "mode": "data",
      "type": "google_project",
      "name": "current_project",
      "provider": "provider[\"registry.terraform.io/hashicorp/google\"]",
      "instances": [
        {
          "schema_version": 0,
          "attributes": {
            "auto_create_network": null,
            "billing_account": null,
            "folder_id": "645534415534",
            "id": "projects/trustly-data-services-test",
            "labels": {},
            "name": "Trustly Data Services Test",
            "number": "496466744113",
            "org_id": "",
            "project_id": "trustly-data-services-test",
            "skip_delete": null
          },
          "sensitive_attributes": []
        }
      ]
    },
    {
      "module": "module.dataset_dbt",
      "mode": "managed",
      "type": "google_bigquery_dataset",
      "name": "dataset",
      "provider": "provider[\"registry.terraform.io/hashicorp/google\"]",
      "instances": [
        {
          "schema_version": 0,
          "attributes": {
            "access": [
              {
                "domain": "",
                "group_by_email": "",
                "role": "OWNER",
                "special_group": "",
                "user_by_email": "terraform-admin@trustly-data-services-test.iam.gserviceaccount.com",
                "view": []
              },
              {
                "domain": "",
                "group_by_email": "",
                "role": "READER",
                "special_group": "",
                "user_by_email": "svc-qliksense@trustly-data-services-test.iam.gserviceaccount.com",
                "view": []
              },
              {
                "domain": "",
                "group_by_email": "team.businessintelligence@trustly.com",
                "role": "READER",
                "special_group": "",
                "user_by_email": "",
                "view": []
              }
            ],
            "creation_time": 1603976244542,
            "dataset_id": "dbt",
            "default_encryption_configuration": [],
            "default_partition_expiration_ms": 345600000000,
            "default_table_expiration_ms": 0,
            "delete_contents_on_destroy": false,
            "description": "Staging tables for dbt. Mostly wrappers around the source tables.",
            "etag": "DQixoQa1sWv/a6xmKHuNdw==",
            "friendly_name": "",
            "id": "projects/trustly-data-services-test/datasets/dbt",
            "labels": {
              "make-sync-bq": "false"
            },
            "last_modified_time": 1643804924714,
            "location": "EU",
            "project": "trustly-data-services-test",
            "self_link": "https://bigquery.googleapis.com/bigquery/v2/projects/trustly-data-services-test/datasets/dbt",
            "timeouts": null
          },
          "sensitive_attributes": [],
          "private": "eyJlMmJmYjczMC1lY2FhLTExZTYtOGY4OC0zNDM2M2JjN2M0YzAiOnsiY3JlYXRlIjoyNDAwMDAwMDAwMDAsImRlbGV0ZSI6MjQwMDAwMDAwMDAwLCJ1cGRhdGUiOjI0MDAwMDAwMDAwMH19"
        }
      ]
    },
    {
      "module": "module.dataset_dbt",
      "mode": "managed",
      "type": "google_bigquery_dataset_iam_policy",
      "name": "policy_mapping",
      "provider": "provider[\"registry.terraform.io/hashicorp/google\"]",
      "instances": [
        {
          "schema_version": 0,
          "attributes": {
            "dataset_id": "dbt",
            "etag": "",
            "id": "projects/trustly-data-services-test/datasets/dbt",
            "policy_data": "{\"bindings\":[{\"members\":[\"serviceAccount:terraform-admin@trustly-data-services-test.iam.gserviceaccount.com\"],\"role\":\"roles/bigquery.dataOwner\"},{\"members\":[\"group:team.businessintelligence@trustly.com\",\"serviceAccount:svc-qliksense@trustly-data-services-test.iam.gserviceaccount.com\"],\"role\":\"roles/bigquery.dataViewer\"}]}",
            "project": "trustly-data-services-test"
          },
          "sensitive_attributes": [],
          "private": "bnVsbA==",
          "dependencies": [
            "google_service_account.svc_qliksense",
            "module.dataset_dbt.data.google_iam_policy.policy",
            "module.dataset_dbt.data.google_project.current_project",
            "module.dataset_dbt.google_bigquery_dataset.dataset"
          ]
        }
      ]
    },
    {
      "module": "module.dataset_dbt_applications",
      "mode": "data",
      "type": "google_iam_policy",
      "name": "policy",
      "provider": "provider[\"registry.terraform.io/hashicorp/google\"]",
      "instances": [
        {
          "schema_version": 0,
          "attributes": {
            "audit_config": null,
            "binding": [
              {
                "condition": [],
                "members": [
                  "group:bigquery.analysts@trustly.com",
                  "group:team.businessintelligence@trustly.com",
                  "serviceAccount:svc-qliksense@trustly-data-services-test.iam.gserviceaccount.com"
                ],
                "role": "roles/bigquery.dataViewer"
              },
              {
                "condition": [],
                "members": [
                  "serviceAccount:terraform-admin@trustly-data-services-test.iam.gserviceaccount.com"
                ],
                "role": "roles/bigquery.dataOwner"
              },
              {
                "condition": [],
                "members": [],
                "role": "roles/bigquery.dataEditor"
              }
            ],
            "id": "1624941300",
            "policy_data": "{\"bindings\":[{\"role\":\"roles/bigquery.dataEditor\"},{\"members\":[\"serviceAccount:terraform-admin@trustly-data-services-test.iam.gserviceaccount.com\"],\"role\":\"roles/bigquery.dataOwner\"},{\"members\":[\"group:bigquery.analysts@trustly.com\",\"group:team.businessintelligence@trustly.com\",\"serviceAccount:svc-qliksense@trustly-data-services-test.iam.gserviceaccount.com\"],\"role\":\"roles/bigquery.dataViewer\"}]}"
          },
          "sensitive_attributes": []
        }
      ]
    },
    {
      "module": "module.dataset_dbt_applications",
      "mode": "data",
      "type": "google_project",
      "name": "current_project",
      "provider": "provider[\"registry.terraform.io/hashicorp/google\"]",
      "instances": [
        {
          "schema_version": 0,
          "attributes": {
            "auto_create_network": null,
            "billing_account": null,
            "folder_id": "645534415534",
            "id": "projects/trustly-data-services-test",
            "labels": {},
            "name": "Trustly Data Services Test",
            "number": "496466744113",
            "org_id": "",
            "project_id": "trustly-data-services-test",
            "skip_delete": null
          },
          "sensitive_attributes": []
        }
      ]
    },
    {
      "module": "module.dataset_dbt_applications",
      "mode": "managed",
      "type": "google_bigquery_dataset",
      "name": "dataset",
      "provider": "provider[\"registry.terraform.io/hashicorp/google\"]",
      "instances": [
        {
          "schema_version": 0,
          "attributes": {
            "access": [
              {
                "domain": "",
                "group_by_email": "",
                "role": "OWNER",
                "special_group": "",
                "user_by_email": "terraform-admin@trustly-data-services-test.iam.gserviceaccount.com",
                "view": []
              },
              {
                "domain": "",
                "group_by_email": "",
                "role": "READER",
                "special_group": "",
                "user_by_email": "svc-qliksense@trustly-data-services-test.iam.gserviceaccount.com",
                "view": []
              },
              {
                "domain": "",
                "group_by_email": "bigquery.analysts@trustly.com",
                "role": "READER",
                "special_group": "",
                "user_by_email": "",
                "view": []
              },
              {
                "domain": "",
                "group_by_email": "team.businessintelligence@trustly.com",
                "role": "READER",
                "special_group": "",
                "user_by_email": "",
                "view": []
              }
            ],
            "creation_time": 1603988742668,
            "dataset_id": "dbt_applications",
            "default_encryption_configuration": [],
            "default_partition_expiration_ms": 345600000000,
            "default_table_expiration_ms": 0,
            "delete_contents_on_destroy": false,
            "description": "Dataset for data apps, typically consumed by Qlik Sense.",
            "etag": "i4bMf8akzUEBCkvE0ucFIQ==",
            "friendly_name": "",
            "id": "projects/trustly-data-services-test/datasets/dbt_applications",
            "labels": {
              "make-sync-bq": "false"
            },
            "last_modified_time": 1643804923212,
            "location": "EU",
            "project": "trustly-data-services-test",
            "self_link": "https://bigquery.googleapis.com/bigquery/v2/projects/trustly-data-services-test/datasets/dbt_applications",
            "timeouts": null
          },
          "sensitive_attributes": [],
          "private": "eyJlMmJmYjczMC1lY2FhLTExZTYtOGY4OC0zNDM2M2JjN2M0YzAiOnsiY3JlYXRlIjoyNDAwMDAwMDAwMDAsImRlbGV0ZSI6MjQwMDAwMDAwMDAwLCJ1cGRhdGUiOjI0MDAwMDAwMDAwMH19"
        }
      ]
    },
    {
      "module": "module.dataset_dbt_applications",
      "mode": "managed",
      "type": "google_bigquery_dataset_iam_policy",
      "name": "policy_mapping",
      "provider": "provider[\"registry.terraform.io/hashicorp/google\"]",
      "instances": [
        {
          "schema_version": 0,
          "attributes": {
            "dataset_id": "dbt_applications",
            "etag": "",
            "id": "projects/trustly-data-services-test/datasets/dbt_applications",
            "policy_data": "{\"bindings\":[{\"members\":[\"serviceAccount:terraform-admin@trustly-data-services-test.iam.gserviceaccount.com\"],\"role\":\"roles/bigquery.dataOwner\"},{\"members\":[\"group:bigquery.analysts@trustly.com\",\"group:team.businessintelligence@trustly.com\",\"serviceAccount:svc-qliksense@trustly-data-services-test.iam.gserviceaccount.com\"],\"role\":\"roles/bigquery.dataViewer\"}]}",
            "project": "trustly-data-services-test"
          },
          "sensitive_attributes": [],
          "private": "bnVsbA==",
          "dependencies": [
            "google_service_account.svc_qliksense",
            "module.dataset_dbt_applications.data.google_iam_policy.policy",
            "module.dataset_dbt_applications.data.google_project.current_project",
            "module.dataset_dbt_applications.google_bigquery_dataset.dataset"
          ]
        }
      ]
    },
    {
      "module": "module.dataset_dbt_cash_management",
      "mode": "data",
      "type": "google_iam_policy",
      "name": "policy",
      "provider": "provider[\"registry.terraform.io/hashicorp/google\"]",
      "instances": [
        {
          "schema_version": 0,
          "attributes": {
            "audit_config": null,
            "binding": [
              {
                "condition": [],
                "members": [
                  "group:bigquery.analysts@trustly.com",
                  "group:team.businessintelligence@trustly.com",
                  "serviceAccount:svc-qliksense@trustly-data-services-test.iam.gserviceaccount.com"
                ],
                "role": "roles/bigquery.dataViewer"
              },
              {
                "condition": [],
                "members": [
                  "serviceAccount:terraform-admin@trustly-data-services-test.iam.gserviceaccount.com"
                ],
                "role": "roles/bigquery.dataOwner"
              },
              {
                "condition": [],
                "members": [],
                "role": "roles/bigquery.dataEditor"
              }
            ],
            "id": "1624941300",
            "policy_data": "{\"bindings\":[{\"role\":\"roles/bigquery.dataEditor\"},{\"members\":[\"serviceAccount:terraform-admin@trustly-data-services-test.iam.gserviceaccount.com\"],\"role\":\"roles/bigquery.dataOwner\"},{\"members\":[\"group:bigquery.analysts@trustly.com\",\"group:team.businessintelligence@trustly.com\",\"serviceAccount:svc-qliksense@trustly-data-services-test.iam.gserviceaccount.com\"],\"role\":\"roles/bigquery.dataViewer\"}]}"
          },
          "sensitive_attributes": []
        }
      ]
    },
    {
      "module": "module.dataset_dbt_cash_management",
      "mode": "data",
      "type": "google_project",
      "name": "current_project",
      "provider": "provider[\"registry.terraform.io/hashicorp/google\"]",
      "instances": [
        {
          "schema_version": 0,
          "attributes": {
            "auto_create_network": null,
            "billing_account": null,
            "folder_id": "645534415534",
            "id": "projects/trustly-data-services-test",
            "labels": {},
            "name": "Trustly Data Services Test",
            "number": "496466744113",
            "org_id": "",
            "project_id": "trustly-data-services-test",
            "skip_delete": null
          },
          "sensitive_attributes": []
        }
      ]
    },
    {
      "module": "module.dataset_dbt_cash_management",
      "mode": "managed",
      "type": "google_bigquery_dataset",
      "name": "dataset",
      "provider": "provider[\"registry.terraform.io/hashicorp/google\"]",
      "instances": [
        {
          "schema_version": 0,
          "attributes": {
            "access": [
              {
                "domain": "",
                "group_by_email": "",
                "role": "OWNER",
                "special_group": "",
                "user_by_email": "terraform-admin@trustly-data-services-test.iam.gserviceaccount.com",
                "view": []
              },
              {
                "domain": "",
                "group_by_email": "",
                "role": "READER",
                "special_group": "",
                "user_by_email": "svc-qliksense@trustly-data-services-test.iam.gserviceaccount.com",
                "view": []
              },
              {
                "domain": "",
                "group_by_email": "bigquery.analysts@trustly.com",
                "role": "READER",
                "special_group": "",
                "user_by_email": "",
                "view": []
              },
              {
                "domain": "",
                "group_by_email": "team.businessintelligence@trustly.com",
                "role": "READER",
                "special_group": "",
                "user_by_email": "",
                "view": []
              }
            ],
            "creation_time": 1603963359979,
            "dataset_id": "dbt_cash_management",
            "default_encryption_configuration": [],
            "default_partition_expiration_ms": 345600000000,
            "default_table_expiration_ms": 0,
            "delete_contents_on_destroy": false,
            "description": "Cash management tables. Enriched from Gluepay tables to support the Cash Management teams operations.",
            "etag": "viLW2cvbX3twCK/Cbg8jNw==",
            "friendly_name": "",
            "id": "projects/trustly-data-services-test/datasets/dbt_cash_management",
            "labels": {
              "make-sync-bq": "false"
            },
            "last_modified_time": 1643804925326,
            "location": "EU",
            "project": "trustly-data-services-test",
            "self_link": "https://bigquery.googleapis.com/bigquery/v2/projects/trustly-data-services-test/datasets/dbt_cash_management",
            "timeouts": null
          },
          "sensitive_attributes": [],
          "private": "eyJlMmJmYjczMC1lY2FhLTExZTYtOGY4OC0zNDM2M2JjN2M0YzAiOnsiY3JlYXRlIjoyNDAwMDAwMDAwMDAsImRlbGV0ZSI6MjQwMDAwMDAwMDAwLCJ1cGRhdGUiOjI0MDAwMDAwMDAwMH19"
        }
      ]
    },
    {
      "module": "module.dataset_dbt_cash_management",
      "mode": "managed",
      "type": "google_bigquery_dataset_iam_policy",
      "name": "policy_mapping",
      "provider": "provider[\"registry.terraform.io/hashicorp/google\"]",
      "instances": [
        {
          "schema_version": 0,
          "attributes": {
            "dataset_id": "dbt_cash_management",
            "etag": "",
            "id": "projects/trustly-data-services-test/datasets/dbt_cash_management",
            "policy_data": "{\"bindings\":[{\"members\":[\"serviceAccount:terraform-admin@trustly-data-services-test.iam.gserviceaccount.com\"],\"role\":\"roles/bigquery.dataOwner\"},{\"members\":[\"group:bigquery.analysts@trustly.com\",\"group:team.businessintelligence@trustly.com\",\"serviceAccount:svc-qliksense@trustly-data-services-test.iam.gserviceaccount.com\"],\"role\":\"roles/bigquery.dataViewer\"}]}",
            "project": "trustly-data-services-test"
          },
          "sensitive_attributes": [],
          "private": "bnVsbA==",
          "dependencies": [
            "google_service_account.svc_qliksense",
            "module.dataset_dbt_cash_management.data.google_iam_policy.policy",
            "module.dataset_dbt_cash_management.data.google_project.current_project",
            "module.dataset_dbt_cash_management.google_bigquery_dataset.dataset"
          ]
        }
      ]
    },
    {
      "module": "module.dataset_dbt_endusers",
      "mode": "data",
      "type": "google_iam_policy",
      "name": "policy",
      "provider": "provider[\"registry.terraform.io/hashicorp/google\"]",
      "instances": [
        {
          "schema_version": 0,
          "attributes": {
            "audit_config": null,
            "binding": [
              {
                "condition": [],
                "members": [
                  "group:bigquery.analysts@trustly.com",
                  "group:team.businessintelligence@trustly.com",
                  "serviceAccount:svc-qliksense@trustly-data-services-test.iam.gserviceaccount.com"
                ],
                "role": "roles/bigquery.dataViewer"
              },
              {
                "condition": [],
                "members": [
                  "serviceAccount:terraform-admin@trustly-data-services-test.iam.gserviceaccount.com"
                ],
                "role": "roles/bigquery.dataOwner"
              },
              {
                "condition": [],
                "members": [],
                "role": "roles/bigquery.dataEditor"
              }
            ],
            "id": "1624941300",
            "policy_data": "{\"bindings\":[{\"role\":\"roles/bigquery.dataEditor\"},{\"members\":[\"serviceAccount:terraform-admin@trustly-data-services-test.iam.gserviceaccount.com\"],\"role\":\"roles/bigquery.dataOwner\"},{\"members\":[\"group:bigquery.analysts@trustly.com\",\"group:team.businessintelligence@trustly.com\",\"serviceAccount:svc-qliksense@trustly-data-services-test.iam.gserviceaccount.com\"],\"role\":\"roles/bigquery.dataViewer\"}]}"
          },
          "sensitive_attributes": []
        }
      ]
    },
    {
      "module": "module.dataset_dbt_endusers",
      "mode": "data",
      "type": "google_project",
      "name": "current_project",
      "provider": "provider[\"registry.terraform.io/hashicorp/google\"]",
      "instances": [
        {
          "schema_version": 0,
          "attributes": {
            "auto_create_network": null,
            "billing_account": null,
            "folder_id": "645534415534",
            "id": "projects/trustly-data-services-test",
            "labels": {},
            "name": "Trustly Data Services Test",
            "number": "496466744113",
            "org_id": "",
            "project_id": "trustly-data-services-test",
            "skip_delete": null
          },
          "sensitive_attributes": []
        }
      ]
    },
    {
      "module": "module.dataset_dbt_endusers",
      "mode": "managed",
      "type": "google_bigquery_dataset",
      "name": "dataset",
      "provider": "provider[\"registry.terraform.io/hashicorp/google\"]",
      "instances": [
        {
          "schema_version": 0,
          "attributes": {
            "access": [
              {
                "domain": "",
                "group_by_email": "",
                "role": "OWNER",
                "special_group": "",
                "user_by_email": "terraform-admin@trustly-data-services-test.iam.gserviceaccount.com",
                "view": []
              },
              {
                "domain": "",
                "group_by_email": "",
                "role": "READER",
                "special_group": "",
                "user_by_email": "svc-qliksense@trustly-data-services-test.iam.gserviceaccount.com",
                "view": []
              },
              {
                "domain": "",
                "group_by_email": "bigquery.analysts@trustly.com",
                "role": "READER",
                "special_group": "",
                "user_by_email": "",
                "view": []
              },
              {
                "domain": "",
                "group_by_email": "team.businessintelligence@trustly.com",
                "role": "READER",
                "special_group": "",
                "user_by_email": "",
                "view": []
              }
            ],
            "creation_time": 1603988742577,
            "dataset_id": "dbt_endusers",
            "default_encryption_configuration": [],
            "default_partition_expiration_ms": 345600000000,
            "default_table_expiration_ms": 0,
            "delete_contents_on_destroy": false,
            "description": "Data related to marketing and end user behaviour",
            "etag": "+qLzsEXQIPvSMhsCZCHFJQ==",
            "friendly_name": "",
            "id": "projects/trustly-data-services-test/datasets/dbt_endusers",
            "labels": {
              "make-sync-bq": "false"
            },
            "last_modified_time": 1643804922214,
            "location": "EU",
            "project": "trustly-data-services-test",
            "self_link": "https://bigquery.googleapis.com/bigquery/v2/projects/trustly-data-services-test/datasets/dbt_endusers",
            "timeouts": null
          },
          "sensitive_attributes": [],
          "private": "eyJlMmJmYjczMC1lY2FhLTExZTYtOGY4OC0zNDM2M2JjN2M0YzAiOnsiY3JlYXRlIjoyNDAwMDAwMDAwMDAsImRlbGV0ZSI6MjQwMDAwMDAwMDAwLCJ1cGRhdGUiOjI0MDAwMDAwMDAwMH19"
        }
      ]
    },
    {
      "module": "module.dataset_dbt_endusers",
      "mode": "managed",
      "type": "google_bigquery_dataset_iam_policy",
      "name": "policy_mapping",
      "provider": "provider[\"registry.terraform.io/hashicorp/google\"]",
      "instances": [
        {
          "schema_version": 0,
          "attributes": {
            "dataset_id": "dbt_endusers",
            "etag": "",
            "id": "projects/trustly-data-services-test/datasets/dbt_endusers",
            "policy_data": "{\"bindings\":[{\"members\":[\"serviceAccount:terraform-admin@trustly-data-services-test.iam.gserviceaccount.com\"],\"role\":\"roles/bigquery.dataOwner\"},{\"members\":[\"group:bigquery.analysts@trustly.com\",\"group:team.businessintelligence@trustly.com\",\"serviceAccount:svc-qliksense@trustly-data-services-test.iam.gserviceaccount.com\"],\"role\":\"roles/bigquery.dataViewer\"}]}",
            "project": "trustly-data-services-test"
          },
          "sensitive_attributes": [],
          "private": "bnVsbA==",
          "dependencies": [
            "google_service_account.svc_qliksense",
            "module.dataset_dbt_endusers.data.google_iam_policy.policy",
            "module.dataset_dbt_endusers.data.google_project.current_project",
            "module.dataset_dbt_endusers.google_bigquery_dataset.dataset"
          ]
        }
      ]
    },
    {
      "module": "module.dataset_dbt_orders",
      "mode": "data",
      "type": "google_iam_policy",
      "name": "policy",
      "provider": "provider[\"registry.terraform.io/hashicorp/google\"]",
      "instances": [
        {
          "schema_version": 0,
          "attributes": {
            "audit_config": null,
            "binding": [
              {
                "condition": [],
                "members": [
                  "group:bigquery.analysts@trustly.com",
                  "group:team.businessintelligence@trustly.com",
                  "serviceAccount:svc-qliksense@trustly-data-services-test.iam.gserviceaccount.com"
                ],
                "role": "roles/bigquery.dataViewer"
              },
              {
                "condition": [],
                "members": [
                  "serviceAccount:terraform-admin@trustly-data-services-test.iam.gserviceaccount.com"
                ],
                "role": "roles/bigquery.dataOwner"
              },
              {
                "condition": [],
                "members": [],
                "role": "roles/bigquery.dataEditor"
              }
            ],
            "id": "1624941300",
            "policy_data": "{\"bindings\":[{\"role\":\"roles/bigquery.dataEditor\"},{\"members\":[\"serviceAccount:terraform-admin@trustly-data-services-test.iam.gserviceaccount.com\"],\"role\":\"roles/bigquery.dataOwner\"},{\"members\":[\"group:bigquery.analysts@trustly.com\",\"group:team.businessintelligence@trustly.com\",\"serviceAccount:svc-qliksense@trustly-data-services-test.iam.gserviceaccount.com\"],\"role\":\"roles/bigquery.dataViewer\"}]}"
          },
          "sensitive_attributes": []
        }
      ]
    },
    {
      "module": "module.dataset_dbt_orders",
      "mode": "data",
      "type": "google_project",
      "name": "current_project",
      "provider": "provider[\"registry.terraform.io/hashicorp/google\"]",
      "instances": [
        {
          "schema_version": 0,
          "attributes": {
            "auto_create_network": null,
            "billing_account": null,
            "folder_id": "645534415534",
            "id": "projects/trustly-data-services-test",
            "labels": {},
            "name": "Trustly Data Services Test",
            "number": "496466744113",
            "org_id": "",
            "project_id": "trustly-data-services-test",
            "skip_delete": null
          },
          "sensitive_attributes": []
        }
      ]
    },
    {
      "module": "module.dataset_dbt_orders",
      "mode": "managed",
      "type": "google_bigquery_dataset",
      "name": "dataset",
      "provider": "provider[\"registry.terraform.io/hashicorp/google\"]",
      "instances": [
        {
          "schema_version": 0,
          "attributes": {
            "access": [
              {
                "domain": "",
                "group_by_email": "",
                "role": "OWNER",
                "special_group": "",
                "user_by_email": "terraform-admin@trustly-data-services-test.iam.gserviceaccount.com",
                "view": []
              },
              {
                "domain": "",
                "group_by_email": "",
                "role": "READER",
                "special_group": "",
                "user_by_email": "svc-qliksense@trustly-data-services-test.iam.gserviceaccount.com",
                "view": []
              },
              {
                "domain": "",
                "group_by_email": "bigquery.analysts@trustly.com",
                "role": "READER",
                "special_group": "",
                "user_by_email": "",
                "view": []
              },
              {
                "domain": "",
                "group_by_email": "team.businessintelligence@trustly.com",
                "role": "READER",
                "special_group": "",
                "user_by_email": "",
                "view": []
              }
            ],
            "creation_time": 1603963502579,
            "dataset_id": "dbt_orders",
            "default_encryption_configuration": [],
            "default_partition_expiration_ms": 345600000000,
            "default_table_expiration_ms": 0,
            "delete_contents_on_destroy": false,
            "description": "Star schema centered around orders from Gluepay",
            "etag": "1Zl6WkyyQLdsEl0q8kjzrg==",
            "friendly_name": "",
            "id": "projects/trustly-data-services-test/datasets/dbt_orders",
            "labels": {
              "make-sync-bq": "false"
            },
            "last_modified_time": 1643804922217,
            "location": "EU",
            "project": "trustly-data-services-test",
            "self_link": "https://bigquery.googleapis.com/bigquery/v2/projects/trustly-data-services-test/datasets/dbt_orders",
            "timeouts": null
          },
          "sensitive_attributes": [],
          "private": "eyJlMmJmYjczMC1lY2FhLTExZTYtOGY4OC0zNDM2M2JjN2M0YzAiOnsiY3JlYXRlIjoyNDAwMDAwMDAwMDAsImRlbGV0ZSI6MjQwMDAwMDAwMDAwLCJ1cGRhdGUiOjI0MDAwMDAwMDAwMH19"
        }
      ]
    },
    {
      "module": "module.dataset_dbt_orders",
      "mode": "managed",
      "type": "google_bigquery_dataset_iam_policy",
      "name": "policy_mapping",
      "provider": "provider[\"registry.terraform.io/hashicorp/google\"]",
      "instances": [
        {
          "schema_version": 0,
          "attributes": {
            "dataset_id": "dbt_orders",
            "etag": "",
            "id": "projects/trustly-data-services-test/datasets/dbt_orders",
            "policy_data": "{\"bindings\":[{\"members\":[\"serviceAccount:terraform-admin@trustly-data-services-test.iam.gserviceaccount.com\"],\"role\":\"roles/bigquery.dataOwner\"},{\"members\":[\"group:bigquery.analysts@trustly.com\",\"group:team.businessintelligence@trustly.com\",\"serviceAccount:svc-qliksense@trustly-data-services-test.iam.gserviceaccount.com\"],\"role\":\"roles/bigquery.dataViewer\"}]}",
            "project": "trustly-data-services-test"
          },
          "sensitive_attributes": [],
          "private": "bnVsbA==",
          "dependencies": [
            "google_service_account.svc_qliksense",
            "module.dataset_dbt_orders.data.google_iam_policy.policy",
            "module.dataset_dbt_orders.data.google_project.current_project",
            "module.dataset_dbt_orders.google_bigquery_dataset.dataset"
          ]
        }
      ]
    },
    {
      "module": "module.dataset_dbt_revenue",
      "mode": "data",
      "type": "google_iam_policy",
      "name": "policy",
      "provider": "provider[\"registry.terraform.io/hashicorp/google\"]",
      "instances": [
        {
          "schema_version": 0,
          "attributes": {
            "audit_config": null,
            "binding": [
              {
                "condition": [],
                "members": [
                  "group:globalrisk-datascience@trustly.com",
                  "group:globalrisk-riskproduct-analytics@trustly.com",
                  "group:team.businesscontrol@trustly.com",
                  "group:team.businessintelligence@trustly.com",
                  "serviceAccount:svc-qliksense@trustly-data-services-test.iam.gserviceaccount.com"
                ],
                "role": "roles/bigquery.dataViewer"
              },
              {
                "condition": [],
                "members": [
                  "serviceAccount:terraform-admin@trustly-data-services-test.iam.gserviceaccount.com"
                ],
                "role": "roles/bigquery.dataOwner"
              },
              {
                "condition": [],
                "members": [],
                "role": "roles/bigquery.dataEditor"
              }
            ],
            "id": "3032829050",
            "policy_data": "{\"bindings\":[{\"role\":\"roles/bigquery.dataEditor\"},{\"members\":[\"serviceAccount:terraform-admin@trustly-data-services-test.iam.gserviceaccount.com\"],\"role\":\"roles/bigquery.dataOwner\"},{\"members\":[\"group:globalrisk-datascience@trustly.com\",\"group:globalrisk-riskproduct-analytics@trustly.com\",\"group:team.businesscontrol@trustly.com\",\"group:team.businessintelligence@trustly.com\",\"serviceAccount:svc-qliksense@trustly-data-services-test.iam.gserviceaccount.com\"],\"role\":\"roles/bigquery.dataViewer\"}]}"
          },
          "sensitive_attributes": []
        }
      ]
    },
    {
      "module": "module.dataset_dbt_revenue",
      "mode": "data",
      "type": "google_project",
      "name": "current_project",
      "provider": "provider[\"registry.terraform.io/hashicorp/google\"]",
      "instances": [
        {
          "schema_version": 0,
          "attributes": {
            "auto_create_network": null,
            "billing_account": null,
            "folder_id": "645534415534",
            "id": "projects/trustly-data-services-test",
            "labels": {},
            "name": "Trustly Data Services Test",
            "number": "496466744113",
            "org_id": "",
            "project_id": "trustly-data-services-test",
            "skip_delete": null
          },
          "sensitive_attributes": []
        }
      ]
    },
    {
      "module": "module.dataset_dbt_revenue",
      "mode": "managed",
      "type": "google_bigquery_dataset",
      "name": "dataset",
      "provider": "provider[\"registry.terraform.io/hashicorp/google\"]",
      "instances": [
        {
          "schema_version": 0,
          "attributes": {
            "access": [
              {
                "domain": "",
                "group_by_email": "",
                "role": "OWNER",
                "special_group": "",
                "user_by_email": "terraform-admin@trustly-data-services-test.iam.gserviceaccount.com",
                "view": []
              },
              {
                "domain": "",
                "group_by_email": "",
                "role": "READER",
                "special_group": "",
                "user_by_email": "svc-qliksense@trustly-data-services-test.iam.gserviceaccount.com",
                "view": []
              },
              {
                "domain": "",
                "group_by_email": "globalrisk-datascience@trustly.com",
                "role": "READER",
                "special_group": "",
                "user_by_email": "",
                "view": []
              },
              {
                "domain": "",
                "group_by_email": "globalrisk-riskproduct-analytics@trustly.com",
                "role": "READER",
                "special_group": "",
                "user_by_email": "",
                "view": []
              },
              {
                "domain": "",
                "group_by_email": "team.businesscontrol@trustly.com",
                "role": "READER",
                "special_group": "",
                "user_by_email": "",
                "view": []
              },
              {
                "domain": "",
                "group_by_email": "team.businessintelligence@trustly.com",
                "role": "READER",
                "special_group": "",
                "user_by_email": "",
                "view": []
              }
            ],
            "creation_time": 1603963502578,
            "dataset_id": "dbt_revenue",
            "default_encryption_configuration": [],
            "default_partition_expiration_ms": 345600000000,
            "default_table_expiration_ms": 0,
            "delete_contents_on_destroy": false,
            "description": "Data about payments and revenues enriched from Gluepay.",
            "etag": "MyACy66/G/RwS6YK2bs/aQ==",
            "friendly_name": "",
            "id": "projects/trustly-data-services-test/datasets/dbt_revenue",
            "labels": {
              "make-sync-bq": "false"
            },
            "last_modified_time": 1643804923813,
            "location": "EU",
            "project": "trustly-data-services-test",
            "self_link": "https://bigquery.googleapis.com/bigquery/v2/projects/trustly-data-services-test/datasets/dbt_revenue",
            "timeouts": null
          },
          "sensitive_attributes": [],
          "private": "eyJlMmJmYjczMC1lY2FhLTExZTYtOGY4OC0zNDM2M2JjN2M0YzAiOnsiY3JlYXRlIjoyNDAwMDAwMDAwMDAsImRlbGV0ZSI6MjQwMDAwMDAwMDAwLCJ1cGRhdGUiOjI0MDAwMDAwMDAwMH19"
        }
      ]
    },
    {
      "module": "module.dataset_dbt_revenue",
      "mode": "managed",
      "type": "google_bigquery_dataset_iam_policy",
      "name": "policy_mapping",
      "provider": "provider[\"registry.terraform.io/hashicorp/google\"]",
      "instances": [
        {
          "schema_version": 0,
          "attributes": {
            "dataset_id": "dbt_revenue",
            "etag": "",
            "id": "projects/trustly-data-services-test/datasets/dbt_revenue",
            "policy_data": "{\"bindings\":[{\"members\":[\"serviceAccount:terraform-admin@trustly-data-services-test.iam.gserviceaccount.com\"],\"role\":\"roles/bigquery.dataOwner\"},{\"members\":[\"group:globalrisk-datascience@trustly.com\",\"group:globalrisk-riskproduct-analytics@trustly.com\",\"group:team.businesscontrol@trustly.com\",\"group:team.businessintelligence@trustly.com\",\"serviceAccount:svc-qliksense@trustly-data-services-test.iam.gserviceaccount.com\"],\"role\":\"roles/bigquery.dataViewer\"}]}",
            "project": "trustly-data-services-test"
          },
          "sensitive_attributes": [],
          "private": "bnVsbA==",
          "dependencies": [
            "google_service_account.svc_qliksense",
            "module.dataset_dbt_revenue.data.google_iam_policy.policy",
            "module.dataset_dbt_revenue.data.google_project.current_project",
            "module.dataset_dbt_revenue.google_bigquery_dataset.dataset"
          ]
        }
      ]
    },
    {
      "module": "module.dataset_dbt_risk",
      "mode": "data",
      "type": "google_iam_policy",
      "name": "policy",
      "provider": "provider[\"registry.terraform.io/hashicorp/google\"]",
      "instances": [
        {
          "schema_version": 0,
          "attributes": {
            "audit_config": null,
            "binding": [
              {
                "condition": [],
                "members": [
                  "group:globalrisk-datascience@trustly.com",
                  "group:globalrisk-riskproduct-analytics@trustly.com"
                ],
                "role": "roles/bigquery.dataViewer"
              },
              {
                "condition": [],
                "members": [
                  "serviceAccount:terraform-admin@trustly-data-services-test.iam.gserviceaccount.com"
                ],
                "role": "roles/bigquery.dataOwner"
              },
              {
                "condition": [],
                "members": [],
                "role": "roles/bigquery.dataEditor"
              }
            ],
            "id": "3843705543",
            "policy_data": "{\"bindings\":[{\"role\":\"roles/bigquery.dataEditor\"},{\"members\":[\"serviceAccount:terraform-admin@trustly-data-services-test.iam.gserviceaccount.com\"],\"role\":\"roles/bigquery.dataOwner\"},{\"members\":[\"group:globalrisk-datascience@trustly.com\",\"group:globalrisk-riskproduct-analytics@trustly.com\"],\"role\":\"roles/bigquery.dataViewer\"}]}"
          },
          "sensitive_attributes": []
        }
      ]
    },
    {
      "module": "module.dataset_dbt_risk",
      "mode": "data",
      "type": "google_project",
      "name": "current_project",
      "provider": "provider[\"registry.terraform.io/hashicorp/google\"]",
      "instances": [
        {
          "schema_version": 0,
          "attributes": {
            "auto_create_network": null,
            "billing_account": null,
            "folder_id": "645534415534",
            "id": "projects/trustly-data-services-test",
            "labels": {},
            "name": "Trustly Data Services Test",
            "number": "496466744113",
            "org_id": "",
            "project_id": "trustly-data-services-test",
            "skip_delete": null
          },
          "sensitive_attributes": []
        }
      ]
    },
    {
      "module": "module.dataset_dbt_risk",
      "mode": "managed",
      "type": "google_bigquery_dataset",
      "name": "dataset",
      "provider": "provider[\"registry.terraform.io/hashicorp/google\"]",
      "instances": [
        {
          "schema_version": 0,
          "attributes": {
            "access": [
              {
                "domain": "",
                "group_by_email": "",
                "role": "OWNER",
                "special_group": "",
                "user_by_email": "terraform-admin@trustly-data-services-test.iam.gserviceaccount.com",
                "view": []
              },
              {
                "domain": "",
                "group_by_email": "globalrisk-datascience@trustly.com",
                "role": "READER",
                "special_group": "",
                "user_by_email": "",
                "view": []
              },
              {
                "domain": "",
                "group_by_email": "globalrisk-riskproduct-analytics@trustly.com",
                "role": "READER",
                "special_group": "",
                "user_by_email": "",
                "view": []
              }
            ],
            "creation_time": 1603963502671,
            "dataset_id": "dbt_risk",
            "default_encryption_configuration": [],
            "default_partition_expiration_ms": 345600000000,
            "default_table_expiration_ms": 0,
            "delete_contents_on_destroy": false,
            "description": "Tables used by the Consumer Risk team",
            "etag": "fw5KXeoDAHg7HRxoThb/JQ==",
            "friendly_name": "",
            "id": "projects/trustly-data-services-test/datasets/dbt_risk",
            "labels": {
              "make-sync-bq": "false"
            },
            "last_modified_time": 1643804923713,
            "location": "EU",
            "project": "trustly-data-services-test",
            "self_link": "https://bigquery.googleapis.com/bigquery/v2/projects/trustly-data-services-test/datasets/dbt_risk",
            "timeouts": null
          },
          "sensitive_attributes": [],
          "private": "eyJlMmJmYjczMC1lY2FhLTExZTYtOGY4OC0zNDM2M2JjN2M0YzAiOnsiY3JlYXRlIjoyNDAwMDAwMDAwMDAsImRlbGV0ZSI6MjQwMDAwMDAwMDAwLCJ1cGRhdGUiOjI0MDAwMDAwMDAwMH19"
        }
      ]
    },
    {
      "module": "module.dataset_dbt_risk",
      "mode": "managed",
      "type": "google_bigquery_dataset_iam_policy",
      "name": "policy_mapping",
      "provider": "provider[\"registry.terraform.io/hashicorp/google\"]",
      "instances": [
        {
          "schema_version": 0,
          "attributes": {
            "dataset_id": "dbt_risk",
            "etag": "",
            "id": "projects/trustly-data-services-test/datasets/dbt_risk",
            "policy_data": "{\"bindings\":[{\"members\":[\"serviceAccount:terraform-admin@trustly-data-services-test.iam.gserviceaccount.com\"],\"role\":\"roles/bigquery.dataOwner\"},{\"members\":[\"group:globalrisk-datascience@trustly.com\",\"group:globalrisk-riskproduct-analytics@trustly.com\"],\"role\":\"roles/bigquery.dataViewer\"}]}",
            "project": "trustly-data-services-test"
          },
          "sensitive_attributes": [],
          "private": "bnVsbA==",
          "dependencies": [
            "module.dataset_dbt_risk.data.google_iam_policy.policy",
            "module.dataset_dbt_risk.data.google_project.current_project",
            "module.dataset_dbt_risk.google_bigquery_dataset.dataset"
          ]
        }
      ]
    },
    {
      "module": "module.dataset_ebay",
      "mode": "data",
      "type": "google_iam_policy",
      "name": "policy",
      "provider": "provider[\"registry.terraform.io/hashicorp/google\"]",
      "instances": [
        {
          "schema_version": 0,
          "attributes": {
            "audit_config": null,
            "binding": [
              {
                "condition": [],
                "members": [
                  "group:team.businessintelligence@trustly.com",
                  "group:team.transfersuccess@trustly.com",
                  "serviceAccount:svc-qliksense@trustly-data-services-test.iam.gserviceaccount.com"
                ],
                "role": "roles/bigquery.dataViewer"
              },
              {
                "condition": [],
                "members": [
                  "serviceAccount:terraform-admin@trustly-data-services-test.iam.gserviceaccount.com"
                ],
                "role": "roles/bigquery.dataOwner"
              },
              {
                "condition": [],
                "members": [],
                "role": "roles/bigquery.dataEditor"
              }
            ],
            "id": "4228179298",
            "policy_data": "{\"bindings\":[{\"role\":\"roles/bigquery.dataEditor\"},{\"members\":[\"serviceAccount:terraform-admin@trustly-data-services-test.iam.gserviceaccount.com\"],\"role\":\"roles/bigquery.dataOwner\"},{\"members\":[\"group:team.businessintelligence@trustly.com\",\"group:team.transfersuccess@trustly.com\",\"serviceAccount:svc-qliksense@trustly-data-services-test.iam.gserviceaccount.com\"],\"role\":\"roles/bigquery.dataViewer\"}]}"
          },
          "sensitive_attributes": []
        }
      ]
    },
    {
      "module": "module.dataset_ebay",
      "mode": "data",
      "type": "google_project",
      "name": "current_project",
      "provider": "provider[\"registry.terraform.io/hashicorp/google\"]",
      "instances": [
        {
          "schema_version": 0,
          "attributes": {
            "auto_create_network": null,
            "billing_account": null,
            "folder_id": "645534415534",
            "id": "projects/trustly-data-services-test",
            "labels": {},
            "name": "Trustly Data Services Test",
            "number": "496466744113",
            "org_id": "",
            "project_id": "trustly-data-services-test",
            "skip_delete": null
          },
          "sensitive_attributes": []
        }
      ]
    },
    {
      "module": "module.dataset_ebay",
      "mode": "managed",
      "type": "google_bigquery_dataset",
      "name": "dataset",
      "provider": "provider[\"registry.terraform.io/hashicorp/google\"]",
      "instances": [
        {
          "schema_version": 0,
          "attributes": {
            "access": [
              {
                "domain": "",
                "group_by_email": "",
                "role": "OWNER",
                "special_group": "",
                "user_by_email": "terraform-admin@trustly-data-services-test.iam.gserviceaccount.com",
                "view": []
              },
              {
                "domain": "",
                "group_by_email": "",
                "role": "READER",
                "special_group": "",
                "user_by_email": "svc-qliksense@trustly-data-services-test.iam.gserviceaccount.com",
                "view": []
              },
              {
                "domain": "",
                "group_by_email": "team.businessintelligence@trustly.com",
                "role": "READER",
                "special_group": "",
                "user_by_email": "",
                "view": []
              },
              {
                "domain": "",
                "group_by_email": "team.transfersuccess@trustly.com",
                "role": "READER",
                "special_group": "",
                "user_by_email": "",
                "view": []
              }
            ],
            "creation_time": 1626703334314,
            "dataset_id": "ebay",
            "default_encryption_configuration": [],
            "default_partition_expiration_ms": 345600000000,
            "default_table_expiration_ms": 0,
            "delete_contents_on_destroy": false,
            "description": "Data used to generate detailed reports for Ebay. Includes PII.",
            "etag": "Dr0zw1DdLHBW0tmnxcAWYg==",
            "friendly_name": "",
            "id": "projects/trustly-data-services-test/datasets/ebay",
            "labels": {
              "make-sync-bq": "false"
            },
            "last_modified_time": 1643804923814,
            "location": "EU",
            "project": "trustly-data-services-test",
            "self_link": "https://bigquery.googleapis.com/bigquery/v2/projects/trustly-data-services-test/datasets/ebay",
            "timeouts": null
          },
          "sensitive_attributes": [],
          "private": "eyJlMmJmYjczMC1lY2FhLTExZTYtOGY4OC0zNDM2M2JjN2M0YzAiOnsiY3JlYXRlIjoyNDAwMDAwMDAwMDAsImRlbGV0ZSI6MjQwMDAwMDAwMDAwLCJ1cGRhdGUiOjI0MDAwMDAwMDAwMH19"
        }
      ]
    },
    {
      "module": "module.dataset_ebay",
      "mode": "managed",
      "type": "google_bigquery_dataset_iam_policy",
      "name": "policy_mapping",
      "provider": "provider[\"registry.terraform.io/hashicorp/google\"]",
      "instances": [
        {
          "schema_version": 0,
          "attributes": {
            "dataset_id": "ebay",
            "etag": "",
            "id": "projects/trustly-data-services-test/datasets/ebay",
            "policy_data": "{\"bindings\":[{\"members\":[\"group:team.businessintelligence@trustly.com\",\"group:team.transfersuccess@trustly.com\",\"serviceAccount:svc-qliksense@trustly-data-services-test.iam.gserviceaccount.com\"],\"role\":\"roles/bigquery.dataViewer\"},{\"members\":[\"serviceAccount:terraform-admin@trustly-data-services-test.iam.gserviceaccount.com\"],\"role\":\"roles/bigquery.dataOwner\"}]}",
            "project": "trustly-data-services-test"
          },
          "sensitive_attributes": [],
          "private": "bnVsbA==",
          "dependencies": [
            "google_service_account.svc_qliksense",
            "module.dataset_ebay.data.google_iam_policy.policy",
            "module.dataset_ebay.data.google_project.current_project",
            "module.dataset_ebay.google_bigquery_dataset.dataset"
          ]
        }
      ]
    },
    {
      "module": "module.dataset_entercash",
      "mode": "data",
      "type": "google_iam_policy",
      "name": "policy",
      "provider": "provider[\"registry.terraform.io/hashicorp/google\"]",
      "instances": [
        {
          "schema_version": 0,
          "attributes": {
            "audit_config": null,
            "binding": [
              {
                "condition": [],
                "members": [
                  "group:team.businessintelligence@trustly.com",
                  "serviceAccount:svc-qliksense@trustly-data-services-test.iam.gserviceaccount.com"
                ],
                "role": "roles/bigquery.dataViewer"
              },
              {
                "condition": [],
                "members": [
                  "serviceAccount:terraform-admin@trustly-data-services-test.iam.gserviceaccount.com"
                ],
                "role": "roles/bigquery.dataOwner"
              },
              {
                "condition": [],
                "members": [],
                "role": "roles/bigquery.dataEditor"
              }
            ],
            "id": "1740096065",
            "policy_data": "{\"bindings\":[{\"role\":\"roles/bigquery.dataEditor\"},{\"members\":[\"serviceAccount:terraform-admin@trustly-data-services-test.iam.gserviceaccount.com\"],\"role\":\"roles/bigquery.dataOwner\"},{\"members\":[\"group:team.businessintelligence@trustly.com\",\"serviceAccount:svc-qliksense@trustly-data-services-test.iam.gserviceaccount.com\"],\"role\":\"roles/bigquery.dataViewer\"}]}"
          },
          "sensitive_attributes": []
        }
      ]
    },
    {
      "module": "module.dataset_entercash",
      "mode": "data",
      "type": "google_project",
      "name": "current_project",
      "provider": "provider[\"registry.terraform.io/hashicorp/google\"]",
      "instances": [
        {
          "schema_version": 0,
          "attributes": {
            "auto_create_network": null,
            "billing_account": null,
            "folder_id": "645534415534",
            "id": "projects/trustly-data-services-test",
            "labels": {},
            "name": "Trustly Data Services Test",
            "number": "496466744113",
            "org_id": "",
            "project_id": "trustly-data-services-test",
            "skip_delete": null
          },
          "sensitive_attributes": []
        }
      ]
    },
    {
      "module": "module.dataset_entercash",
      "mode": "managed",
      "type": "google_bigquery_dataset",
      "name": "dataset",
      "provider": "provider[\"registry.terraform.io/hashicorp/google\"]",
      "instances": [
        {
          "schema_version": 0,
          "attributes": {
            "access": [
              {
                "domain": "",
                "group_by_email": "",
                "role": "OWNER",
                "special_group": "",
                "user_by_email": "terraform-admin@trustly-data-services-test.iam.gserviceaccount.com",
                "view": []
              },
              {
                "domain": "",
                "group_by_email": "",
                "role": "READER",
                "special_group": "",
                "user_by_email": "svc-qliksense@trustly-data-services-test.iam.gserviceaccount.com",
                "view": []
              },
              {
                "domain": "",
                "group_by_email": "team.businessintelligence@trustly.com",
                "role": "READER",
                "special_group": "",
                "user_by_email": "",
                "view": []
              }
            ],
            "creation_time": 1596700682068,
            "dataset_id": "entercash",
            "default_encryption_configuration": [],
            "default_partition_expiration_ms": 345600000000,
            "default_table_expiration_ms": 0,
            "delete_contents_on_destroy": false,
            "description": "Legacy Entercash transactions and revenues kept for historical purposes",
            "etag": "P+g8Qy5P7FfrgiAapflHWQ==",
            "friendly_name": "",
            "id": "projects/trustly-data-services-test/datasets/entercash",
            "labels": {
              "make-sync-bq": "true"
            },
            "last_modified_time": 1643804923718,
            "location": "EU",
            "project": "trustly-data-services-test",
            "self_link": "https://bigquery.googleapis.com/bigquery/v2/projects/trustly-data-services-test/datasets/entercash",
            "timeouts": null
          },
          "sensitive_attributes": [],
          "private": "eyJlMmJmYjczMC1lY2FhLTExZTYtOGY4OC0zNDM2M2JjN2M0YzAiOnsiY3JlYXRlIjoyNDAwMDAwMDAwMDAsImRlbGV0ZSI6MjQwMDAwMDAwMDAwLCJ1cGRhdGUiOjI0MDAwMDAwMDAwMH19"
        }
      ]
    },
    {
      "module": "module.dataset_entercash",
      "mode": "managed",
      "type": "google_bigquery_dataset_iam_policy",
      "name": "policy_mapping",
      "provider": "provider[\"registry.terraform.io/hashicorp/google\"]",
      "instances": [
        {
          "schema_version": 0,
          "attributes": {
            "dataset_id": "entercash",
            "etag": "",
            "id": "projects/trustly-data-services-test/datasets/entercash",
            "policy_data": "{\"bindings\":[{\"members\":[\"serviceAccount:terraform-admin@trustly-data-services-test.iam.gserviceaccount.com\"],\"role\":\"roles/bigquery.dataOwner\"},{\"members\":[\"group:team.businessintelligence@trustly.com\",\"serviceAccount:svc-qliksense@trustly-data-services-test.iam.gserviceaccount.com\"],\"role\":\"roles/bigquery.dataViewer\"}]}",
            "project": "trustly-data-services-test"
          },
          "sensitive_attributes": [],
          "private": "bnVsbA==",
          "dependencies": [
            "google_service_account.svc_qliksense",
            "module.dataset_entercash.data.google_iam_policy.policy",
            "module.dataset_entercash.data.google_project.current_project",
            "module.dataset_entercash.google_bigquery_dataset.dataset"
          ]
        }
      ]
    },
    {
      "module": "module.dataset_gluepay",
      "mode": "data",
      "type": "google_iam_policy",
      "name": "policy",
      "provider": "provider[\"registry.terraform.io/hashicorp/google\"]",
      "instances": [
        {
          "schema_version": 0,
          "attributes": {
            "audit_config": null,
            "binding": [
              {
                "condition": [],
                "members": [
                  "group:bigquery.Gluepay@trustly.com",
                  "group:team.businessintelligence@trustly.com",
                  "serviceAccount:svc-qliksense@trustly-data-services-test.iam.gserviceaccount.com"
                ],
                "role": "roles/bigquery.dataViewer"
              },
              {
                "condition": [],
                "members": [
                  "serviceAccount:terraform-admin@trustly-data-services-test.iam.gserviceaccount.com"
                ],
                "role": "roles/bigquery.dataOwner"
              },
              {
                "condition": [],
                "members": [],
                "role": "roles/bigquery.dataEditor"
              }
            ],
            "id": "2932952823",
            "policy_data": "{\"bindings\":[{\"role\":\"roles/bigquery.dataEditor\"},{\"members\":[\"serviceAccount:terraform-admin@trustly-data-services-test.iam.gserviceaccount.com\"],\"role\":\"roles/bigquery.dataOwner\"},{\"members\":[\"group:bigquery.Gluepay@trustly.com\",\"group:team.businessintelligence@trustly.com\",\"serviceAccount:svc-qliksense@trustly-data-services-test.iam.gserviceaccount.com\"],\"role\":\"roles/bigquery.dataViewer\"}]}"
          },
          "sensitive_attributes": []
        }
      ]
    },
    {
      "module": "module.dataset_gluepay",
      "mode": "data",
      "type": "google_project",
      "name": "current_project",
      "provider": "provider[\"registry.terraform.io/hashicorp/google\"]",
      "instances": [
        {
          "schema_version": 0,
          "attributes": {
            "auto_create_network": null,
            "billing_account": null,
            "folder_id": "645534415534",
            "id": "projects/trustly-data-services-test",
            "labels": {},
            "name": "Trustly Data Services Test",
            "number": "496466744113",
            "org_id": "",
            "project_id": "trustly-data-services-test",
            "skip_delete": null
          },
          "sensitive_attributes": []
        }
      ]
    },
    {
      "module": "module.dataset_gluepay",
      "mode": "managed",
      "type": "google_bigquery_dataset",
      "name": "dataset",
      "provider": "provider[\"registry.terraform.io/hashicorp/google\"]",
      "instances": [
        {
          "schema_version": 0,
          "attributes": {
            "access": [
              {
                "domain": "",
                "group_by_email": "",
                "role": "OWNER",
                "special_group": "",
                "user_by_email": "terraform-admin@trustly-data-services-test.iam.gserviceaccount.com",
                "view": []
              },
              {
                "domain": "",
                "group_by_email": "",
                "role": "READER",
                "special_group": "",
                "user_by_email": "svc-qliksense@trustly-data-services-test.iam.gserviceaccount.com",
                "view": []
              },
              {
                "domain": "",
                "group_by_email": "bigquery.Gluepay@trustly.com",
                "role": "READER",
                "special_group": "",
                "user_by_email": "",
                "view": []
              },
              {
                "domain": "",
                "group_by_email": "team.businessintelligence@trustly.com",
                "role": "READER",
                "special_group": "",
                "user_by_email": "",
                "view": []
              }
            ],
            "creation_time": 1596610776567,
            "dataset_id": "gluepay",
            "default_encryption_configuration": [],
            "default_partition_expiration_ms": 345600000000,
            "default_table_expiration_ms": 0,
            "delete_contents_on_destroy": false,
            "description": "Daily data dump of Gluepay tables",
            "etag": "549tEcT8OvBwYZbRCZKfVQ==",
            "friendly_name": "",
            "id": "projects/trustly-data-services-test/datasets/gluepay",
            "labels": {
              "make-sync-bq": "true"
            },
            "last_modified_time": 1643804922216,
            "location": "EU",
            "project": "trustly-data-services-test",
            "self_link": "https://bigquery.googleapis.com/bigquery/v2/projects/trustly-data-services-test/datasets/gluepay",
            "timeouts": null
          },
          "sensitive_attributes": [],
          "private": "eyJlMmJmYjczMC1lY2FhLTExZTYtOGY4OC0zNDM2M2JjN2M0YzAiOnsiY3JlYXRlIjoyNDAwMDAwMDAwMDAsImRlbGV0ZSI6MjQwMDAwMDAwMDAwLCJ1cGRhdGUiOjI0MDAwMDAwMDAwMH19"
        }
      ]
    },
    {
      "module": "module.dataset_gluepay",
      "mode": "managed",
      "type": "google_bigquery_dataset_iam_policy",
      "name": "policy_mapping",
      "provider": "provider[\"registry.terraform.io/hashicorp/google\"]",
      "instances": [
        {
          "schema_version": 0,
          "attributes": {
            "dataset_id": "gluepay",
            "etag": "",
            "id": "projects/trustly-data-services-test/datasets/gluepay",
            "policy_data": "{\"bindings\":[{\"members\":[\"serviceAccount:terraform-admin@trustly-data-services-test.iam.gserviceaccount.com\"],\"role\":\"roles/bigquery.dataOwner\"},{\"members\":[\"group:bigquery.Gluepay@trustly.com\",\"group:team.businessintelligence@trustly.com\",\"serviceAccount:svc-qliksense@trustly-data-services-test.iam.gserviceaccount.com\"],\"role\":\"roles/bigquery.dataViewer\"}]}",
            "project": "trustly-data-services-test"
          },
          "sensitive_attributes": [],
          "private": "bnVsbA==",
          "dependencies": [
            "google_service_account.svc_qliksense",
            "module.dataset_gluepay.data.google_iam_policy.policy",
            "module.dataset_gluepay.data.google_project.current_project",
            "module.dataset_gluepay.google_bigquery_dataset.dataset"
          ]
        }
      ]
    },
    {
      "module": "module.dataset_jira",
      "mode": "data",
      "type": "google_iam_policy",
      "name": "policy",
      "provider": "provider[\"registry.terraform.io/hashicorp/google\"]",
      "instances": [
        {
          "schema_version": 0,
          "attributes": {
            "audit_config": null,
            "binding": [
              {
                "condition": [],
                "members": [
                  "group:bigquery.analysts@trustly.com",
                  "group:team.businessintelligence@trustly.com",
                  "serviceAccount:svc-qliksense@trustly-data-services-test.iam.gserviceaccount.com"
                ],
                "role": "roles/bigquery.dataViewer"
              },
              {
                "condition": [],
                "members": [
                  "serviceAccount:terraform-admin@trustly-data-services-test.iam.gserviceaccount.com"
                ],
                "role": "roles/bigquery.dataOwner"
              },
              {
                "condition": [],
                "members": [],
                "role": "roles/bigquery.dataEditor"
              }
            ],
            "id": "1624941300",
            "policy_data": "{\"bindings\":[{\"role\":\"roles/bigquery.dataEditor\"},{\"members\":[\"serviceAccount:terraform-admin@trustly-data-services-test.iam.gserviceaccount.com\"],\"role\":\"roles/bigquery.dataOwner\"},{\"members\":[\"group:bigquery.analysts@trustly.com\",\"group:team.businessintelligence@trustly.com\",\"serviceAccount:svc-qliksense@trustly-data-services-test.iam.gserviceaccount.com\"],\"role\":\"roles/bigquery.dataViewer\"}]}"
          },
          "sensitive_attributes": []
        }
      ]
    },
    {
      "module": "module.dataset_jira",
      "mode": "data",
      "type": "google_project",
      "name": "current_project",
      "provider": "provider[\"registry.terraform.io/hashicorp/google\"]",
      "instances": [
        {
          "schema_version": 0,
          "attributes": {
            "auto_create_network": null,
            "billing_account": null,
            "folder_id": "645534415534",
            "id": "projects/trustly-data-services-test",
            "labels": {},
            "name": "Trustly Data Services Test",
            "number": "496466744113",
            "org_id": "",
            "project_id": "trustly-data-services-test",
            "skip_delete": null
          },
          "sensitive_attributes": []
        }
      ]
    },
    {
      "module": "module.dataset_jira",
      "mode": "managed",
      "type": "google_bigquery_dataset",
      "name": "dataset",
      "provider": "provider[\"registry.terraform.io/hashicorp/google\"]",
      "instances": [
        {
          "schema_version": 0,
          "attributes": {
            "access": [
              {
                "domain": "",
                "group_by_email": "",
                "role": "OWNER",
                "special_group": "",
                "user_by_email": "terraform-admin@trustly-data-services-test.iam.gserviceaccount.com",
                "view": []
              },
              {
                "domain": "",
                "group_by_email": "",
                "role": "READER",
                "special_group": "",
                "user_by_email": "svc-qliksense@trustly-data-services-test.iam.gserviceaccount.com",
                "view": []
              },
              {
                "domain": "",
                "group_by_email": "bigquery.analysts@trustly.com",
                "role": "READER",
                "special_group": "",
                "user_by_email": "",
                "view": []
              },
              {
                "domain": "",
                "group_by_email": "team.businessintelligence@trustly.com",
                "role": "READER",
                "special_group": "",
                "user_by_email": "",
                "view": []
              }
            ],
            "creation_time": 1596700680077,
            "dataset_id": "jira",
            "default_encryption_configuration": [],
            "default_partition_expiration_ms": 345600000000,
            "default_table_expiration_ms": 0,
            "delete_contents_on_destroy": false,
            "description": "Tables generated from imported Jira objects. Loaded by Qlik Sense.",
            "etag": "69SQquxTGAIg11opQAXvCQ==",
            "friendly_name": "",
            "id": "projects/trustly-data-services-test/datasets/jira",
            "labels": {
              "make-sync-bq": "true"
            },
            "last_modified_time": 1643804922218,
            "location": "EU",
            "project": "trustly-data-services-test",
            "self_link": "https://bigquery.googleapis.com/bigquery/v2/projects/trustly-data-services-test/datasets/jira",
            "timeouts": null
          },
          "sensitive_attributes": [],
          "private": "eyJlMmJmYjczMC1lY2FhLTExZTYtOGY4OC0zNDM2M2JjN2M0YzAiOnsiY3JlYXRlIjoyNDAwMDAwMDAwMDAsImRlbGV0ZSI6MjQwMDAwMDAwMDAwLCJ1cGRhdGUiOjI0MDAwMDAwMDAwMH19"
        }
      ]
    },
    {
      "module": "module.dataset_jira",
      "mode": "managed",
      "type": "google_bigquery_dataset_iam_policy",
      "name": "policy_mapping",
      "provider": "provider[\"registry.terraform.io/hashicorp/google\"]",
      "instances": [
        {
          "schema_version": 0,
          "attributes": {
            "dataset_id": "jira",
            "etag": "",
            "id": "projects/trustly-data-services-test/datasets/jira",
            "policy_data": "{\"bindings\":[{\"members\":[\"serviceAccount:terraform-admin@trustly-data-services-test.iam.gserviceaccount.com\"],\"role\":\"roles/bigquery.dataOwner\"},{\"members\":[\"group:bigquery.analysts@trustly.com\",\"group:team.businessintelligence@trustly.com\",\"serviceAccount:svc-qliksense@trustly-data-services-test.iam.gserviceaccount.com\"],\"role\":\"roles/bigquery.dataViewer\"}]}",
            "project": "trustly-data-services-test"
          },
          "sensitive_attributes": [],
          "private": "bnVsbA==",
          "dependencies": [
            "google_service_account.svc_qliksense",
            "module.dataset_jira.data.google_iam_policy.policy",
            "module.dataset_jira.data.google_project.current_project",
            "module.dataset_jira.google_bigquery_dataset.dataset"
          ]
        }
      ]
    },
    {
      "module": "module.dataset_jira_incremental",
      "mode": "data",
      "type": "google_iam_policy",
      "name": "policy",
      "provider": "provider[\"registry.terraform.io/hashicorp/google\"]",
      "instances": [
        {
          "schema_version": 0,
          "attributes": {
            "audit_config": null,
            "binding": [
              {
                "condition": [],
                "members": [
                  "serviceAccount:terraform-admin@trustly-data-services-test.iam.gserviceaccount.com"
                ],
                "role": "roles/bigquery.dataOwner"
              },
              {
                "condition": [],
                "members": [],
                "role": "roles/bigquery.dataEditor"
              },
              {
                "condition": [],
                "members": [],
                "role": "roles/bigquery.dataViewer"
              }
            ],
            "id": "25399183",
            "policy_data": "{\"bindings\":[{\"role\":\"roles/bigquery.dataEditor\"},{\"members\":[\"serviceAccount:terraform-admin@trustly-data-services-test.iam.gserviceaccount.com\"],\"role\":\"roles/bigquery.dataOwner\"},{\"role\":\"roles/bigquery.dataViewer\"}]}"
          },
          "sensitive_attributes": []
        }
      ]
    },
    {
      "module": "module.dataset_jira_incremental",
      "mode": "data",
      "type": "google_project",
      "name": "current_project",
      "provider": "provider[\"registry.terraform.io/hashicorp/google\"]",
      "instances": [
        {
          "schema_version": 0,
          "attributes": {
            "auto_create_network": null,
            "billing_account": null,
            "folder_id": "645534415534",
            "id": "projects/trustly-data-services-test",
            "labels": {},
            "name": "Trustly Data Services Test",
            "number": "496466744113",
            "org_id": "",
            "project_id": "trustly-data-services-test",
            "skip_delete": null
          },
          "sensitive_attributes": []
        }
      ]
    },
    {
      "module": "module.dataset_jira_incremental",
      "mode": "managed",
      "type": "google_bigquery_dataset",
      "name": "dataset",
      "provider": "provider[\"registry.terraform.io/hashicorp/google\"]",
      "instances": [
        {
          "schema_version": 0,
          "attributes": {
            "access": [
              {
                "domain": "",
                "group_by_email": "",
                "role": "OWNER",
                "special_group": "",
                "user_by_email": "terraform-admin@trustly-data-services-test.iam.gserviceaccount.com",
                "view": []
              }
            ],
            "creation_time": 1596700683181,
            "dataset_id": "jira_incremental",
            "default_encryption_configuration": [],
            "default_partition_expiration_ms": 345600000000,
            "default_table_expiration_ms": 0,
            "delete_contents_on_destroy": false,
            "description": "Used to incrementally load and update the jira dataset.",
            "etag": "4XW1a5c6MvxlA3n8bQmRkA==",
            "friendly_name": "",
            "id": "projects/trustly-data-services-test/datasets/jira_incremental",
            "labels": {
              "make-sync-bq": "false"
            },
            "last_modified_time": 1643804923713,
            "location": "EU",
            "project": "trustly-data-services-test",
            "self_link": "https://bigquery.googleapis.com/bigquery/v2/projects/trustly-data-services-test/datasets/jira_incremental",
            "timeouts": null
          },
          "sensitive_attributes": [],
          "private": "eyJlMmJmYjczMC1lY2FhLTExZTYtOGY4OC0zNDM2M2JjN2M0YzAiOnsiY3JlYXRlIjoyNDAwMDAwMDAwMDAsImRlbGV0ZSI6MjQwMDAwMDAwMDAwLCJ1cGRhdGUiOjI0MDAwMDAwMDAwMH19"
        }
      ]
    },
    {
      "module": "module.dataset_jira_incremental",
      "mode": "managed",
      "type": "google_bigquery_dataset_iam_policy",
      "name": "policy_mapping",
      "provider": "provider[\"registry.terraform.io/hashicorp/google\"]",
      "instances": [
        {
          "schema_version": 0,
          "attributes": {
            "dataset_id": "jira_incremental",
            "etag": "",
            "id": "projects/trustly-data-services-test/datasets/jira_incremental",
            "policy_data": "{\"bindings\":[{\"members\":[\"serviceAccount:terraform-admin@trustly-data-services-test.iam.gserviceaccount.com\"],\"role\":\"roles/bigquery.dataOwner\"}]}",
            "project": "trustly-data-services-test"
          },
          "sensitive_attributes": [],
          "private": "bnVsbA==",
          "dependencies": [
            "module.dataset_jira_incremental.data.google_iam_policy.policy",
            "module.dataset_jira_incremental.data.google_project.current_project",
            "module.dataset_jira_incremental.google_bigquery_dataset.dataset"
          ]
        }
      ]
    },
    {
      "module": "module.dataset_merchant",
      "mode": "data",
      "type": "google_iam_policy",
      "name": "policy",
      "provider": "provider[\"registry.terraform.io/hashicorp/google\"]",
      "instances": [
        {
          "schema_version": 0,
          "attributes": {
            "audit_config": null,
            "binding": [
              {
                "condition": [],
                "members": [
                  "group:bigquery.analysts@trustly.com",
                  "group:team.businessintelligence@trustly.com",
                  "serviceAccount:svc-qliksense@trustly-data-services-test.iam.gserviceaccount.com"
                ],
                "role": "roles/bigquery.dataViewer"
              },
              {
                "condition": [],
                "members": [
                  "serviceAccount:svc-dataflow-worker@trustly-data-services-test.iam.gserviceaccount.com"
                ],
                "role": "roles/bigquery.dataEditor"
              },
              {
                "condition": [],
                "members": [
                  "serviceAccount:terraform-admin@trustly-data-services-test.iam.gserviceaccount.com"
                ],
                "role": "roles/bigquery.dataOwner"
              }
            ],
            "id": "3414170023",
            "policy_data": "{\"bindings\":[{\"members\":[\"serviceAccount:svc-dataflow-worker@trustly-data-services-test.iam.gserviceaccount.com\"],\"role\":\"roles/bigquery.dataEditor\"},{\"members\":[\"serviceAccount:terraform-admin@trustly-data-services-test.iam.gserviceaccount.com\"],\"role\":\"roles/bigquery.dataOwner\"},{\"members\":[\"group:bigquery.analysts@trustly.com\",\"group:team.businessintelligence@trustly.com\",\"serviceAccount:svc-qliksense@trustly-data-services-test.iam.gserviceaccount.com\"],\"role\":\"roles/bigquery.dataViewer\"}]}"
          },
          "sensitive_attributes": []
        }
      ]
    },
    {
      "module": "module.dataset_merchant",
      "mode": "data",
      "type": "google_project",
      "name": "current_project",
      "provider": "provider[\"registry.terraform.io/hashicorp/google\"]",
      "instances": [
        {
          "schema_version": 0,
          "attributes": {
            "auto_create_network": null,
            "billing_account": null,
            "folder_id": "645534415534",
            "id": "projects/trustly-data-services-test",
            "labels": {},
            "name": "Trustly Data Services Test",
            "number": "496466744113",
            "org_id": "",
            "project_id": "trustly-data-services-test",
            "skip_delete": null
          },
          "sensitive_attributes": []
        }
      ]
    },
    {
      "module": "module.dataset_merchant",
      "mode": "managed",
      "type": "google_bigquery_dataset",
      "name": "dataset",
      "provider": "provider[\"registry.terraform.io/hashicorp/google\"]",
      "instances": [
        {
          "schema_version": 0,
          "attributes": {
            "access": [
              {
                "domain": "",
                "group_by_email": "",
                "role": "OWNER",
                "special_group": "",
                "user_by_email": "terraform-admin@trustly-data-services-test.iam.gserviceaccount.com",
                "view": []
              },
              {
                "domain": "",
                "group_by_email": "",
                "role": "READER",
                "special_group": "",
                "user_by_email": "svc-qliksense@trustly-data-services-test.iam.gserviceaccount.com",
                "view": []
              },
              {
                "domain": "",
                "group_by_email": "",
                "role": "WRITER",
                "special_group": "",
                "user_by_email": "svc-dataflow-worker@trustly-data-services-test.iam.gserviceaccount.com",
                "view": []
              },
              {
                "domain": "",
                "group_by_email": "bigquery.analysts@trustly.com",
                "role": "READER",
                "special_group": "",
                "user_by_email": "",
                "view": []
              },
              {
                "domain": "",
                "group_by_email": "team.businessintelligence@trustly.com",
                "role": "READER",
                "special_group": "",
                "user_by_email": "",
                "view": []
              }
            ],
            "creation_time": 1598288127779,
            "dataset_id": "merchant",
            "default_encryption_configuration": [],
            "default_partition_expiration_ms": 345600000000,
            "default_table_expiration_ms": 0,
            "delete_contents_on_destroy": false,
            "description": "Tables used to build a Merchant dimension",
            "etag": "/6gaUDpkJCccQz0FLLEkog==",
            "friendly_name": "",
            "id": "projects/trustly-data-services-test/datasets/merchant",
            "labels": {
              "make-sync-bq": "true"
            },
            "last_modified_time": 1643804922218,
            "location": "EU",
            "project": "trustly-data-services-test",
            "self_link": "https://bigquery.googleapis.com/bigquery/v2/projects/trustly-data-services-test/datasets/merchant",
            "timeouts": null
          },
          "sensitive_attributes": [],
          "private": "eyJlMmJmYjczMC1lY2FhLTExZTYtOGY4OC0zNDM2M2JjN2M0YzAiOnsiY3JlYXRlIjoyNDAwMDAwMDAwMDAsImRlbGV0ZSI6MjQwMDAwMDAwMDAwLCJ1cGRhdGUiOjI0MDAwMDAwMDAwMH19"
        }
      ]
    },
    {
      "module": "module.dataset_merchant",
      "mode": "managed",
      "type": "google_bigquery_dataset_iam_policy",
      "name": "policy_mapping",
      "provider": "provider[\"registry.terraform.io/hashicorp/google\"]",
      "instances": [
        {
          "schema_version": 0,
          "attributes": {
            "dataset_id": "merchant",
            "etag": "",
            "id": "projects/trustly-data-services-test/datasets/merchant",
            "policy_data": "{\"bindings\":[{\"members\":[\"serviceAccount:svc-dataflow-worker@trustly-data-services-test.iam.gserviceaccount.com\"],\"role\":\"roles/bigquery.dataEditor\"},{\"members\":[\"serviceAccount:terraform-admin@trustly-data-services-test.iam.gserviceaccount.com\"],\"role\":\"roles/bigquery.dataOwner\"},{\"members\":[\"group:bigquery.analysts@trustly.com\",\"group:team.businessintelligence@trustly.com\",\"serviceAccount:svc-qliksense@trustly-data-services-test.iam.gserviceaccount.com\"],\"role\":\"roles/bigquery.dataViewer\"}]}",
            "project": "trustly-data-services-test"
          },
          "sensitive_attributes": [],
          "private": "bnVsbA==",
          "dependencies": [
            "google_service_account.svc_dataflow_worker",
            "google_service_account.svc_qliksense",
            "module.dataset_merchant.data.google_iam_policy.policy",
            "module.dataset_merchant.data.google_project.current_project",
            "module.dataset_merchant.google_bigquery_dataset.dataset"
          ]
        }
      ]
    },
    {
      "module": "module.dataset_netsuite",
      "mode": "data",
      "type": "google_iam_policy",
      "name": "policy",
      "provider": "provider[\"registry.terraform.io/hashicorp/google\"]",
      "instances": [
        {
          "schema_version": 0,
          "attributes": {
            "audit_config": null,
            "binding": [
              {
                "condition": [],
                "members": [
                  "group:team.businesscontrol@trustly.com",
                  "group:team.businessintelligence@trustly.com",
                  "serviceAccount:svc-qliksense@trustly-data-services-test.iam.gserviceaccount.com"
                ],
                "role": "roles/bigquery.dataViewer"
              },
              {
                "condition": [],
                "members": [
                  "serviceAccount:terraform-admin@trustly-data-services-test.iam.gserviceaccount.com"
                ],
                "role": "roles/bigquery.dataOwner"
              },
              {
                "condition": [],
                "members": [],
                "role": "roles/bigquery.dataEditor"
              }
            ],
            "id": "4151451063",
            "policy_data": "{\"bindings\":[{\"role\":\"roles/bigquery.dataEditor\"},{\"members\":[\"serviceAccount:terraform-admin@trustly-data-services-test.iam.gserviceaccount.com\"],\"role\":\"roles/bigquery.dataOwner\"},{\"members\":[\"group:team.businesscontrol@trustly.com\",\"group:team.businessintelligence@trustly.com\",\"serviceAccount:svc-qliksense@trustly-data-services-test.iam.gserviceaccount.com\"],\"role\":\"roles/bigquery.dataViewer\"}]}"
          },
          "sensitive_attributes": []
        }
      ]
    },
    {
      "module": "module.dataset_netsuite",
      "mode": "data",
      "type": "google_project",
      "name": "current_project",
      "provider": "provider[\"registry.terraform.io/hashicorp/google\"]",
      "instances": [
        {
          "schema_version": 0,
          "attributes": {
            "auto_create_network": null,
            "billing_account": null,
            "folder_id": "645534415534",
            "id": "projects/trustly-data-services-test",
            "labels": {},
            "name": "Trustly Data Services Test",
            "number": "496466744113",
            "org_id": "",
            "project_id": "trustly-data-services-test",
            "skip_delete": null
          },
          "sensitive_attributes": []
        }
      ]
    },
    {
      "module": "module.dataset_netsuite",
      "mode": "managed",
      "type": "google_bigquery_dataset",
      "name": "dataset",
      "provider": "provider[\"registry.terraform.io/hashicorp/google\"]",
      "instances": [
        {
          "schema_version": 0,
          "attributes": {
            "access": [
              {
                "domain": "",
                "group_by_email": "",
                "role": "OWNER",
                "special_group": "",
                "user_by_email": "terraform-admin@trustly-data-services-test.iam.gserviceaccount.com",
                "view": []
              },
              {
                "domain": "",
                "group_by_email": "",
                "role": "READER",
                "special_group": "",
                "user_by_email": "svc-qliksense@trustly-data-services-test.iam.gserviceaccount.com",
                "view": []
              },
              {
                "domain": "",
                "group_by_email": "team.businesscontrol@trustly.com",
                "role": "READER",
                "special_group": "",
                "user_by_email": "",
                "view": []
              },
              {
                "domain": "",
                "group_by_email": "team.businessintelligence@trustly.com",
                "role": "READER",
                "special_group": "",
                "user_by_email": "",
                "view": []
              }
            ],
            "creation_time": 1596700680096,
            "dataset_id": "netsuite",
            "default_encryption_configuration": [],
            "default_partition_expiration_ms": 345600000000,
            "default_table_expiration_ms": 0,
            "delete_contents_on_destroy": false,
            "description": "Daily data dump from NetSuite",
            "etag": "pD9NKCx62ETP6tfTuIdO+Q==",
            "friendly_name": "",
            "id": "projects/trustly-data-services-test/datasets/netsuite",
            "labels": {
              "make-sync-bq": "false"
            },
            "last_modified_time": 1643804923817,
            "location": "EU",
            "project": "trustly-data-services-test",
            "self_link": "https://bigquery.googleapis.com/bigquery/v2/projects/trustly-data-services-test/datasets/netsuite",
            "timeouts": null
          },
          "sensitive_attributes": [],
          "private": "eyJlMmJmYjczMC1lY2FhLTExZTYtOGY4OC0zNDM2M2JjN2M0YzAiOnsiY3JlYXRlIjoyNDAwMDAwMDAwMDAsImRlbGV0ZSI6MjQwMDAwMDAwMDAwLCJ1cGRhdGUiOjI0MDAwMDAwMDAwMH19"
        }
      ]
    },
    {
      "module": "module.dataset_netsuite",
      "mode": "managed",
      "type": "google_bigquery_dataset_iam_policy",
      "name": "policy_mapping",
      "provider": "provider[\"registry.terraform.io/hashicorp/google\"]",
      "instances": [
        {
          "schema_version": 0,
          "attributes": {
            "dataset_id": "netsuite",
            "etag": "",
            "id": "projects/trustly-data-services-test/datasets/netsuite",
            "policy_data": "{\"bindings\":[{\"members\":[\"serviceAccount:terraform-admin@trustly-data-services-test.iam.gserviceaccount.com\"],\"role\":\"roles/bigquery.dataOwner\"},{\"members\":[\"group:team.businesscontrol@trustly.com\",\"group:team.businessintelligence@trustly.com\",\"serviceAccount:svc-qliksense@trustly-data-services-test.iam.gserviceaccount.com\"],\"role\":\"roles/bigquery.dataViewer\"}]}",
            "project": "trustly-data-services-test"
          },
          "sensitive_attributes": [],
          "private": "bnVsbA==",
          "dependencies": [
            "google_service_account.svc_qliksense",
            "module.dataset_netsuite.data.google_iam_policy.policy",
            "module.dataset_netsuite.data.google_project.current_project",
            "module.dataset_netsuite.google_bigquery_dataset.dataset"
          ]
        }
      ]
    },
    {
      "module": "module.dataset_netsuite_ci",
      "mode": "data",
      "type": "google_iam_policy",
      "name": "policy",
      "provider": "provider[\"registry.terraform.io/hashicorp/google\"]",
      "instances": [
        {
          "schema_version": 0,
          "attributes": {
            "audit_config": null,
            "binding": [
              {
                "condition": [],
                "members": [
                  "serviceAccount:terraform-admin@trustly-data-services-test.iam.gserviceaccount.com"
                ],
                "role": "roles/bigquery.dataOwner"
              },
              {
                "condition": [],
                "members": [],
                "role": "roles/bigquery.dataEditor"
              },
              {
                "condition": [],
                "members": [],
                "role": "roles/bigquery.dataViewer"
              }
            ],
            "id": "25399183",
            "policy_data": "{\"bindings\":[{\"role\":\"roles/bigquery.dataEditor\"},{\"members\":[\"serviceAccount:terraform-admin@trustly-data-services-test.iam.gserviceaccount.com\"],\"role\":\"roles/bigquery.dataOwner\"},{\"role\":\"roles/bigquery.dataViewer\"}]}"
          },
          "sensitive_attributes": []
        }
      ]
    },
    {
      "module": "module.dataset_netsuite_ci",
      "mode": "data",
      "type": "google_project",
      "name": "current_project",
      "provider": "provider[\"registry.terraform.io/hashicorp/google\"]",
      "instances": [
        {
          "schema_version": 0,
          "attributes": {
            "auto_create_network": null,
            "billing_account": null,
            "folder_id": "645534415534",
            "id": "projects/trustly-data-services-test",
            "labels": {},
            "name": "Trustly Data Services Test",
            "number": "496466744113",
            "org_id": "",
            "project_id": "trustly-data-services-test",
            "skip_delete": null
          },
          "sensitive_attributes": []
        }
      ]
    },
    {
      "module": "module.dataset_netsuite_ci",
      "mode": "managed",
      "type": "google_bigquery_dataset",
      "name": "dataset",
      "provider": "provider[\"registry.terraform.io/hashicorp/google\"]",
      "instances": [
        {
          "schema_version": 0,
          "attributes": {
            "access": [
              {
                "domain": "",
                "group_by_email": "",
                "role": "OWNER",
                "special_group": "",
                "user_by_email": "terraform-admin@trustly-data-services-test.iam.gserviceaccount.com",
                "view": []
              }
            ],
            "creation_time": 1612172271073,
            "dataset_id": "netsuite_ci",
            "default_encryption_configuration": [],
            "default_partition_expiration_ms": 345600000000,
            "default_table_expiration_ms": 604800000,
            "delete_contents_on_destroy": false,
            "description": "Used by the GitHub action CI script to verify Netsuite exports",
            "etag": "y86exehtDH9t7FfV8q/Y4g==",
            "friendly_name": "",
            "id": "projects/trustly-data-services-test/datasets/netsuite_ci",
            "labels": {
              "make-sync-bq": "false"
            },
            "last_modified_time": 1643804923716,
            "location": "EU",
            "project": "trustly-data-services-test",
            "self_link": "https://bigquery.googleapis.com/bigquery/v2/projects/trustly-data-services-test/datasets/netsuite_ci",
            "timeouts": null
          },
          "sensitive_attributes": [],
          "private": "eyJlMmJmYjczMC1lY2FhLTExZTYtOGY4OC0zNDM2M2JjN2M0YzAiOnsiY3JlYXRlIjoyNDAwMDAwMDAwMDAsImRlbGV0ZSI6MjQwMDAwMDAwMDAwLCJ1cGRhdGUiOjI0MDAwMDAwMDAwMH19"
        }
      ]
    },
    {
      "module": "module.dataset_netsuite_ci",
      "mode": "managed",
      "type": "google_bigquery_dataset_iam_policy",
      "name": "policy_mapping",
      "provider": "provider[\"registry.terraform.io/hashicorp/google\"]",
      "instances": [
        {
          "schema_version": 0,
          "attributes": {
            "dataset_id": "netsuite_ci",
            "etag": "",
            "id": "projects/trustly-data-services-test/datasets/netsuite_ci",
            "policy_data": "{\"bindings\":[{\"members\":[\"serviceAccount:terraform-admin@trustly-data-services-test.iam.gserviceaccount.com\"],\"role\":\"roles/bigquery.dataOwner\"}]}",
            "project": "trustly-data-services-test"
          },
          "sensitive_attributes": [],
          "private": "bnVsbA==",
          "dependencies": [
            "module.dataset_netsuite_ci.data.google_iam_policy.policy",
            "module.dataset_netsuite_ci.data.google_project.current_project",
            "module.dataset_netsuite_ci.google_bigquery_dataset.dataset"
          ]
        }
      ]
    },
    {
      "module": "module.dataset_revenue",
      "mode": "data",
      "type": "google_iam_policy",
      "name": "policy",
      "provider": "provider[\"registry.terraform.io/hashicorp/google\"]",
      "instances": [
        {
          "schema_version": 0,
          "attributes": {
            "audit_config": null,
            "binding": [
              {
                "condition": [],
                "members": [
                  "group:team.businesscontrol@trustly.com",
                  "group:team.businessintelligence@trustly.com",
                  "serviceAccount:svc-qliksense@trustly-data-services-test.iam.gserviceaccount.com"
                ],
                "role": "roles/bigquery.dataViewer"
              },
              {
                "condition": [],
                "members": [
                  "serviceAccount:terraform-admin@trustly-data-services-test.iam.gserviceaccount.com"
                ],
                "role": "roles/bigquery.dataOwner"
              },
              {
                "condition": [],
                "members": [],
                "role": "roles/bigquery.dataEditor"
              }
            ],
            "id": "4151451063",
            "policy_data": "{\"bindings\":[{\"role\":\"roles/bigquery.dataEditor\"},{\"members\":[\"serviceAccount:terraform-admin@trustly-data-services-test.iam.gserviceaccount.com\"],\"role\":\"roles/bigquery.dataOwner\"},{\"members\":[\"group:team.businesscontrol@trustly.com\",\"group:team.businessintelligence@trustly.com\",\"serviceAccount:svc-qliksense@trustly-data-services-test.iam.gserviceaccount.com\"],\"role\":\"roles/bigquery.dataViewer\"}]}"
          },
          "sensitive_attributes": []
        }
      ]
    },
    {
      "module": "module.dataset_revenue",
      "mode": "data",
      "type": "google_project",
      "name": "current_project",
      "provider": "provider[\"registry.terraform.io/hashicorp/google\"]",
      "instances": [
        {
          "schema_version": 0,
          "attributes": {
            "auto_create_network": null,
            "billing_account": null,
            "folder_id": "645534415534",
            "id": "projects/trustly-data-services-test",
            "labels": {},
            "name": "Trustly Data Services Test",
            "number": "496466744113",
            "org_id": "",
            "project_id": "trustly-data-services-test",
            "skip_delete": null
          },
          "sensitive_attributes": []
        }
      ]
    },
    {
      "module": "module.dataset_revenue",
      "mode": "managed",
      "type": "google_bigquery_dataset",
      "name": "dataset",
      "provider": "provider[\"registry.terraform.io/hashicorp/google\"]",
      "instances": [
        {
          "schema_version": 0,
          "attributes": {
            "access": [
              {
                "domain": "",
                "group_by_email": "",
                "role": "OWNER",
                "special_group": "",
                "user_by_email": "terraform-admin@trustly-data-services-test.iam.gserviceaccount.com",
                "view": []
              },
              {
                "domain": "",
                "group_by_email": "",
                "role": "READER",
                "special_group": "",
                "user_by_email": "svc-qliksense@trustly-data-services-test.iam.gserviceaccount.com",
                "view": []
              },
              {
                "domain": "",
                "group_by_email": "team.businesscontrol@trustly.com",
                "role": "READER",
                "special_group": "",
                "user_by_email": "",
                "view": []
              },
              {
                "domain": "",
                "group_by_email": "team.businessintelligence@trustly.com",
                "role": "READER",
                "special_group": "",
                "user_by_email": "",
                "view": []
              }
            ],
            "creation_time": 1596700682304,
            "dataset_id": "revenue",
            "default_encryption_configuration": [],
            "default_partition_expiration_ms": 345600000000,
            "default_table_expiration_ms": 0,
            "delete_contents_on_destroy": false,
            "description": "Data about payments and revenues enriched from Gluepay.",
            "etag": "Tr73ExH7JoVKNrX1aTqOyA==",
            "friendly_name": "",
            "id": "projects/trustly-data-services-test/datasets/revenue",
            "labels": {
              "make-sync-bq": "true"
            },
            "last_modified_time": 1643804925117,
            "location": "EU",
            "project": "trustly-data-services-test",
            "self_link": "https://bigquery.googleapis.com/bigquery/v2/projects/trustly-data-services-test/datasets/revenue",
            "timeouts": null
          },
          "sensitive_attributes": [],
          "private": "eyJlMmJmYjczMC1lY2FhLTExZTYtOGY4OC0zNDM2M2JjN2M0YzAiOnsiY3JlYXRlIjoyNDAwMDAwMDAwMDAsImRlbGV0ZSI6MjQwMDAwMDAwMDAwLCJ1cGRhdGUiOjI0MDAwMDAwMDAwMH19"
        }
      ]
    },
    {
      "module": "module.dataset_revenue",
      "mode": "managed",
      "type": "google_bigquery_dataset_iam_policy",
      "name": "policy_mapping",
      "provider": "provider[\"registry.terraform.io/hashicorp/google\"]",
      "instances": [
        {
          "schema_version": 0,
          "attributes": {
            "dataset_id": "revenue",
            "etag": "",
            "id": "projects/trustly-data-services-test/datasets/revenue",
            "policy_data": "{\"bindings\":[{\"members\":[\"serviceAccount:terraform-admin@trustly-data-services-test.iam.gserviceaccount.com\"],\"role\":\"roles/bigquery.dataOwner\"},{\"members\":[\"group:team.businesscontrol@trustly.com\",\"group:team.businessintelligence@trustly.com\",\"serviceAccount:svc-qliksense@trustly-data-services-test.iam.gserviceaccount.com\"],\"role\":\"roles/bigquery.dataViewer\"}]}",
            "project": "trustly-data-services-test"
          },
          "sensitive_attributes": [],
          "private": "bnVsbA==",
          "dependencies": [
            "google_service_account.svc_qliksense",
            "module.dataset_revenue.data.google_iam_policy.policy",
            "module.dataset_revenue.data.google_project.current_project",
            "module.dataset_revenue.google_bigquery_dataset.dataset"
          ]
        }
      ]
    },
    {
      "module": "module.dataset_salesforce",
      "mode": "data",
      "type": "google_iam_policy",
      "name": "policy",
      "provider": "provider[\"registry.terraform.io/hashicorp/google\"]",
      "instances": [
        {
          "schema_version": 0,
          "attributes": {
            "audit_config": null,
            "binding": [
              {
                "condition": [],
                "members": [
                  "group:aml.napieranalysts@trustly.com",
                  "group:team.businessintelligence@trustly.com",
                  "group:team.supportcentral@trustly.com",
                  "serviceAccount:svc-qliksense@trustly-data-services-test.iam.gserviceaccount.com"
                ],
                "role": "roles/bigquery.dataViewer"
              },
              {
                "condition": [],
                "members": [
                  "serviceAccount:terraform-admin@trustly-data-services-test.iam.gserviceaccount.com"
                ],
                "role": "roles/bigquery.dataOwner"
              },
              {
                "condition": [],
                "members": [],
                "role": "roles/bigquery.dataEditor"
              }
            ],
            "id": "2763777204",
            "policy_data": "{\"bindings\":[{\"role\":\"roles/bigquery.dataEditor\"},{\"members\":[\"serviceAccount:terraform-admin@trustly-data-services-test.iam.gserviceaccount.com\"],\"role\":\"roles/bigquery.dataOwner\"},{\"members\":[\"group:aml.napieranalysts@trustly.com\",\"group:team.businessintelligence@trustly.com\",\"group:team.supportcentral@trustly.com\",\"serviceAccount:svc-qliksense@trustly-data-services-test.iam.gserviceaccount.com\"],\"role\":\"roles/bigquery.dataViewer\"}]}"
          },
          "sensitive_attributes": []
        }
      ]
    },
    {
      "module": "module.dataset_salesforce",
      "mode": "data",
      "type": "google_project",
      "name": "current_project",
      "provider": "provider[\"registry.terraform.io/hashicorp/google\"]",
      "instances": [
        {
          "schema_version": 0,
          "attributes": {
            "auto_create_network": null,
            "billing_account": null,
            "folder_id": "645534415534",
            "id": "projects/trustly-data-services-test",
            "labels": {},
            "name": "Trustly Data Services Test",
            "number": "496466744113",
            "org_id": "",
            "project_id": "trustly-data-services-test",
            "skip_delete": null
          },
          "sensitive_attributes": []
        }
      ]
    },
    {
      "module": "module.dataset_salesforce",
      "mode": "managed",
      "type": "google_bigquery_dataset",
      "name": "dataset",
      "provider": "provider[\"registry.terraform.io/hashicorp/google\"]",
      "instances": [
        {
          "schema_version": 0,
          "attributes": {
            "access": [
              {
                "domain": "",
                "group_by_email": "",
                "role": "OWNER",
                "special_group": "",
                "user_by_email": "terraform-admin@trustly-data-services-test.iam.gserviceaccount.com",
                "view": []
              },
              {
                "domain": "",
                "group_by_email": "",
                "role": "READER",
                "special_group": "",
                "user_by_email": "svc-qliksense@trustly-data-services-test.iam.gserviceaccount.com",
                "view": []
              },
              {
                "domain": "",
                "group_by_email": "aml.napieranalysts@trustly.com",
                "role": "READER",
                "special_group": "",
                "user_by_email": "",
                "view": []
              },
              {
                "domain": "",
                "group_by_email": "team.businessintelligence@trustly.com",
                "role": "READER",
                "special_group": "",
                "user_by_email": "",
                "view": []
              },
              {
                "domain": "",
                "group_by_email": "team.supportcentral@trustly.com",
                "role": "READER",
                "special_group": "",
                "user_by_email": "",
                "view": []
              }
            ],
            "creation_time": 1596700680091,
            "dataset_id": "salesforce",
            "default_encryption_configuration": [],
            "default_partition_expiration_ms": 345600000000,
            "default_table_expiration_ms": 0,
            "delete_contents_on_destroy": false,
            "description": "Daily imported collection of SalesForce data",
            "etag": "R2Pr/i5xRwxRuDnG1QBAIg==",
            "friendly_name": "",
            "id": "projects/trustly-data-services-test/datasets/salesforce",
            "labels": {
              "make-sync-bq": "true"
            },
            "last_modified_time": 1643804922214,
            "location": "EU",
            "project": "trustly-data-services-test",
            "self_link": "https://bigquery.googleapis.com/bigquery/v2/projects/trustly-data-services-test/datasets/salesforce",
            "timeouts": null
          },
          "sensitive_attributes": [],
          "private": "eyJlMmJmYjczMC1lY2FhLTExZTYtOGY4OC0zNDM2M2JjN2M0YzAiOnsiY3JlYXRlIjoyNDAwMDAwMDAwMDAsImRlbGV0ZSI6MjQwMDAwMDAwMDAwLCJ1cGRhdGUiOjI0MDAwMDAwMDAwMH19"
        }
      ]
    },
    {
      "module": "module.dataset_salesforce",
      "mode": "managed",
      "type": "google_bigquery_dataset_iam_policy",
      "name": "policy_mapping",
      "provider": "provider[\"registry.terraform.io/hashicorp/google\"]",
      "instances": [
        {
          "schema_version": 0,
          "attributes": {
            "dataset_id": "salesforce",
            "etag": "",
            "id": "projects/trustly-data-services-test/datasets/salesforce",
            "policy_data": "{\"bindings\":[{\"members\":[\"serviceAccount:terraform-admin@trustly-data-services-test.iam.gserviceaccount.com\"],\"role\":\"roles/bigquery.dataOwner\"},{\"members\":[\"group:aml.napieranalysts@trustly.com\",\"group:team.businessintelligence@trustly.com\",\"group:team.supportcentral@trustly.com\",\"serviceAccount:svc-qliksense@trustly-data-services-test.iam.gserviceaccount.com\"],\"role\":\"roles/bigquery.dataViewer\"}]}",
            "project": "trustly-data-services-test"
          },
          "sensitive_attributes": [],
          "private": "bnVsbA==",
          "dependencies": [
            "google_service_account.svc_qliksense",
            "module.dataset_salesforce.data.google_iam_policy.policy",
            "module.dataset_salesforce.data.google_project.current_project",
            "module.dataset_salesforce.google_bigquery_dataset.dataset"
          ]
        }
      ]
    },
    {
      "module": "module.dataset_salesforce_incremental",
      "mode": "data",
      "type": "google_iam_policy",
      "name": "policy",
      "provider": "provider[\"registry.terraform.io/hashicorp/google\"]",
      "instances": [
        {
          "schema_version": 0,
          "attributes": {
            "audit_config": null,
            "binding": [
              {
                "condition": [],
                "members": [
                  "group:team.businessintelligence@trustly.com",
                  "group:team.supportcentral@trustly.com",
                  "serviceAccount:svc-qliksense@trustly-data-services-test.iam.gserviceaccount.com"
                ],
                "role": "roles/bigquery.dataViewer"
              },
              {
                "condition": [],
                "members": [
                  "serviceAccount:terraform-admin@trustly-data-services-test.iam.gserviceaccount.com"
                ],
                "role": "roles/bigquery.dataOwner"
              },
              {
                "condition": [],
                "members": [],
                "role": "roles/bigquery.dataEditor"
              }
            ],
            "id": "2738007891",
            "policy_data": "{\"bindings\":[{\"role\":\"roles/bigquery.dataEditor\"},{\"members\":[\"serviceAccount:terraform-admin@trustly-data-services-test.iam.gserviceaccount.com\"],\"role\":\"roles/bigquery.dataOwner\"},{\"members\":[\"group:team.businessintelligence@trustly.com\",\"group:team.supportcentral@trustly.com\",\"serviceAccount:svc-qliksense@trustly-data-services-test.iam.gserviceaccount.com\"],\"role\":\"roles/bigquery.dataViewer\"}]}"
          },
          "sensitive_attributes": []
        }
      ]
    },
    {
      "module": "module.dataset_salesforce_incremental",
      "mode": "data",
      "type": "google_project",
      "name": "current_project",
      "provider": "provider[\"registry.terraform.io/hashicorp/google\"]",
      "instances": [
        {
          "schema_version": 0,
          "attributes": {
            "auto_create_network": null,
            "billing_account": null,
            "folder_id": "645534415534",
            "id": "projects/trustly-data-services-test",
            "labels": {},
            "name": "Trustly Data Services Test",
            "number": "496466744113",
            "org_id": "",
            "project_id": "trustly-data-services-test",
            "skip_delete": null
          },
          "sensitive_attributes": []
        }
      ]
    },
    {
      "module": "module.dataset_salesforce_incremental",
      "mode": "managed",
      "type": "google_bigquery_dataset",
      "name": "dataset",
      "provider": "provider[\"registry.terraform.io/hashicorp/google\"]",
      "instances": [
        {
          "schema_version": 0,
          "attributes": {
            "access": [
              {
                "domain": "",
                "group_by_email": "",
                "role": "OWNER",
                "special_group": "",
                "user_by_email": "terraform-admin@trustly-data-services-test.iam.gserviceaccount.com",
                "view": []
              },
              {
                "domain": "",
                "group_by_email": "",
                "role": "READER",
                "special_group": "",
                "user_by_email": "svc-qliksense@trustly-data-services-test.iam.gserviceaccount.com",
                "view": []
              },
              {
                "domain": "",
                "group_by_email": "team.businessintelligence@trustly.com",
                "role": "READER",
                "special_group": "",
                "user_by_email": "",
                "view": []
              },
              {
                "domain": "",
                "group_by_email": "team.supportcentral@trustly.com",
                "role": "READER",
                "special_group": "",
                "user_by_email": "",
                "view": []
              }
            ],
            "creation_time": 1602592341730,
            "dataset_id": "salesforce_incremental",
            "default_encryption_configuration": [],
            "default_partition_expiration_ms": 345600000000,
            "default_table_expiration_ms": 7776000000,
            "delete_contents_on_destroy": false,
            "description": "Incremental load SalesForce tables",
            "etag": "44Ex6ArBKyqONwUhhWk7sA==",
            "friendly_name": "",
            "id": "projects/trustly-data-services-test/datasets/salesforce_incremental",
            "labels": {
              "make-sync-bq": "false"
            },
            "last_modified_time": 1643804922215,
            "location": "EU",
            "project": "trustly-data-services-test",
            "self_link": "https://bigquery.googleapis.com/bigquery/v2/projects/trustly-data-services-test/datasets/salesforce_incremental",
            "timeouts": null
          },
          "sensitive_attributes": [],
          "private": "eyJlMmJmYjczMC1lY2FhLTExZTYtOGY4OC0zNDM2M2JjN2M0YzAiOnsiY3JlYXRlIjoyNDAwMDAwMDAwMDAsImRlbGV0ZSI6MjQwMDAwMDAwMDAwLCJ1cGRhdGUiOjI0MDAwMDAwMDAwMH19"
        }
      ]
    },
    {
      "module": "module.dataset_salesforce_incremental",
      "mode": "managed",
      "type": "google_bigquery_dataset_iam_policy",
      "name": "policy_mapping",
      "provider": "provider[\"registry.terraform.io/hashicorp/google\"]",
      "instances": [
        {
          "schema_version": 0,
          "attributes": {
            "dataset_id": "salesforce_incremental",
            "etag": "",
            "id": "projects/trustly-data-services-test/datasets/salesforce_incremental",
            "policy_data": "{\"bindings\":[{\"members\":[\"serviceAccount:terraform-admin@trustly-data-services-test.iam.gserviceaccount.com\"],\"role\":\"roles/bigquery.dataOwner\"},{\"members\":[\"group:team.businessintelligence@trustly.com\",\"group:team.supportcentral@trustly.com\",\"serviceAccount:svc-qliksense@trustly-data-services-test.iam.gserviceaccount.com\"],\"role\":\"roles/bigquery.dataViewer\"}]}",
            "project": "trustly-data-services-test"
          },
          "sensitive_attributes": [],
          "private": "bnVsbA==",
          "dependencies": [
            "google_service_account.svc_qliksense",
            "module.dataset_salesforce_incremental.data.google_iam_policy.policy",
            "module.dataset_salesforce_incremental.data.google_project.current_project",
            "module.dataset_salesforce_incremental.google_bigquery_dataset.dataset"
          ]
        }
      ]
    },
    {
      "module": "module.dataset_slack",
      "mode": "data",
      "type": "google_iam_policy",
      "name": "policy",
      "provider": "provider[\"registry.terraform.io/hashicorp/google\"]",
      "instances": [
        {
          "schema_version": 0,
          "attributes": {
            "audit_config": null,
            "binding": [
              {
                "condition": [],
                "members": [
                  "group:bigquery.analysts@trustly.com",
                  "group:team.businessintelligence@trustly.com",
                  "serviceAccount:svc-qliksense@trustly-data-services-test.iam.gserviceaccount.com"
                ],
                "role": "roles/bigquery.dataViewer"
              },
              {
                "condition": [],
                "members": [
                  "serviceAccount:terraform-admin@trustly-data-services-test.iam.gserviceaccount.com"
                ],
                "role": "roles/bigquery.dataOwner"
              },
              {
                "condition": [],
                "members": [],
                "role": "roles/bigquery.dataEditor"
              }
            ],
            "id": "1624941300",
            "policy_data": "{\"bindings\":[{\"role\":\"roles/bigquery.dataEditor\"},{\"members\":[\"serviceAccount:terraform-admin@trustly-data-services-test.iam.gserviceaccount.com\"],\"role\":\"roles/bigquery.dataOwner\"},{\"members\":[\"group:bigquery.analysts@trustly.com\",\"group:team.businessintelligence@trustly.com\",\"serviceAccount:svc-qliksense@trustly-data-services-test.iam.gserviceaccount.com\"],\"role\":\"roles/bigquery.dataViewer\"}]}"
          },
          "sensitive_attributes": []
        }
      ]
    },
    {
      "module": "module.dataset_slack",
      "mode": "data",
      "type": "google_project",
      "name": "current_project",
      "provider": "provider[\"registry.terraform.io/hashicorp/google\"]",
      "instances": [
        {
          "schema_version": 0,
          "attributes": {
            "auto_create_network": null,
            "billing_account": null,
            "folder_id": "645534415534",
            "id": "projects/trustly-data-services-test",
            "labels": {},
            "name": "Trustly Data Services Test",
            "number": "496466744113",
            "org_id": "",
            "project_id": "trustly-data-services-test",
            "skip_delete": null
          },
          "sensitive_attributes": []
        }
      ]
    },
    {
      "module": "module.dataset_slack",
      "mode": "managed",
      "type": "google_bigquery_dataset",
      "name": "dataset",
      "provider": "provider[\"registry.terraform.io/hashicorp/google\"]",
      "instances": [
        {
          "schema_version": 0,
          "attributes": {
            "access": [
              {
                "domain": "",
                "group_by_email": "",
                "role": "OWNER",
                "special_group": "",
                "user_by_email": "terraform-admin@trustly-data-services-test.iam.gserviceaccount.com",
                "view": []
              },
              {
                "domain": "",
                "group_by_email": "",
                "role": "READER",
                "special_group": "",
                "user_by_email": "svc-qliksense@trustly-data-services-test.iam.gserviceaccount.com",
                "view": []
              },
              {
                "domain": "",
                "group_by_email": "bigquery.analysts@trustly.com",
                "role": "READER",
                "special_group": "",
                "user_by_email": "",
                "view": []
              },
              {
                "domain": "",
                "group_by_email": "team.businessintelligence@trustly.com",
                "role": "READER",
                "special_group": "",
                "user_by_email": "",
                "view": []
              }
            ],
            "creation_time": 1618407838108,
            "dataset_id": "slack",
            "default_encryption_configuration": [],
            "default_partition_expiration_ms": 345600000000,
            "default_table_expiration_ms": 0,
            "delete_contents_on_destroy": false,
            "description": "Tables generated from importing Slack data.",
            "etag": "cgsdqQei7rcUHsmDN2x6ng==",
            "friendly_name": "",
            "id": "projects/trustly-data-services-test/datasets/slack",
            "labels": {
              "make-sync-bq": "true"
            },
            "last_modified_time": 1643804922222,
            "location": "EU",
            "project": "trustly-data-services-test",
            "self_link": "https://bigquery.googleapis.com/bigquery/v2/projects/trustly-data-services-test/datasets/slack",
            "timeouts": null
          },
          "sensitive_attributes": [],
          "private": "eyJlMmJmYjczMC1lY2FhLTExZTYtOGY4OC0zNDM2M2JjN2M0YzAiOnsiY3JlYXRlIjoyNDAwMDAwMDAwMDAsImRlbGV0ZSI6MjQwMDAwMDAwMDAwLCJ1cGRhdGUiOjI0MDAwMDAwMDAwMH19"
        }
      ]
    },
    {
      "module": "module.dataset_slack",
      "mode": "managed",
      "type": "google_bigquery_dataset_iam_policy",
      "name": "policy_mapping",
      "provider": "provider[\"registry.terraform.io/hashicorp/google\"]",
      "instances": [
        {
          "schema_version": 0,
          "attributes": {
            "dataset_id": "slack",
            "etag": "",
            "id": "projects/trustly-data-services-test/datasets/slack",
            "policy_data": "{\"bindings\":[{\"members\":[\"serviceAccount:terraform-admin@trustly-data-services-test.iam.gserviceaccount.com\"],\"role\":\"roles/bigquery.dataOwner\"},{\"members\":[\"group:bigquery.analysts@trustly.com\",\"group:team.businessintelligence@trustly.com\",\"serviceAccount:svc-qliksense@trustly-data-services-test.iam.gserviceaccount.com\"],\"role\":\"roles/bigquery.dataViewer\"}]}",
            "project": "trustly-data-services-test"
          },
          "sensitive_attributes": [],
          "private": "bnVsbA==",
          "dependencies": [
            "google_service_account.svc_qliksense",
            "module.dataset_slack.data.google_iam_policy.policy",
            "module.dataset_slack.data.google_project.current_project",
            "module.dataset_slack.google_bigquery_dataset.dataset"
          ]
        }
      ]
    },
    {
      "module": "module.dataset_staging",
      "mode": "data",
      "type": "google_iam_policy",
      "name": "policy",
      "provider": "provider[\"registry.terraform.io/hashicorp/google\"]",
      "instances": [
        {
          "schema_version": 0,
          "attributes": {
            "audit_config": null,
            "binding": [
              {
                "condition": [],
                "members": [
                  "group:team.businessintelligence@trustly.com"
                ],
                "role": "roles/bigquery.dataViewer"
              },
              {
                "condition": [],
                "members": [
                  "serviceAccount:terraform-admin@trustly-data-services-test.iam.gserviceaccount.com"
                ],
                "role": "roles/bigquery.dataOwner"
              },
              {
                "condition": [],
                "members": [],
                "role": "roles/bigquery.dataEditor"
              }
            ],
            "id": "4045754115",
            "policy_data": "{\"bindings\":[{\"role\":\"roles/bigquery.dataEditor\"},{\"members\":[\"serviceAccount:terraform-admin@trustly-data-services-test.iam.gserviceaccount.com\"],\"role\":\"roles/bigquery.dataOwner\"},{\"members\":[\"group:team.businessintelligence@trustly.com\"],\"role\":\"roles/bigquery.dataViewer\"}]}"
          },
          "sensitive_attributes": []
        }
      ]
    },
    {
      "module": "module.dataset_staging",
      "mode": "data",
      "type": "google_project",
      "name": "current_project",
      "provider": "provider[\"registry.terraform.io/hashicorp/google\"]",
      "instances": [
        {
          "schema_version": 0,
          "attributes": {
            "auto_create_network": null,
            "billing_account": null,
            "folder_id": "645534415534",
            "id": "projects/trustly-data-services-test",
            "labels": {},
            "name": "Trustly Data Services Test",
            "number": "496466744113",
            "org_id": "",
            "project_id": "trustly-data-services-test",
            "skip_delete": null
          },
          "sensitive_attributes": []
        }
      ]
    },
    {
      "module": "module.dataset_staging",
      "mode": "managed",
      "type": "google_bigquery_dataset",
      "name": "dataset",
      "provider": "provider[\"registry.terraform.io/hashicorp/google\"]",
      "instances": [
        {
          "schema_version": 0,
          "attributes": {
            "access": [
              {
                "domain": "",
                "group_by_email": "",
                "role": "OWNER",
                "special_group": "",
                "user_by_email": "terraform-admin@trustly-data-services-test.iam.gserviceaccount.com",
                "view": []
              },
              {
                "domain": "",
                "group_by_email": "team.businessintelligence@trustly.com",
                "role": "READER",
                "special_group": "",
                "user_by_email": "",
                "view": []
              }
            ],
            "creation_time": 1629880610110,
            "dataset_id": "staging",
            "default_encryption_configuration": [],
            "default_partition_expiration_ms": 345600000000,
            "default_table_expiration_ms": 0,
            "delete_contents_on_destroy": false,
            "description": "External tables sourced by Gluepay export CSV files placed on Google Cloud Storage, used for querying the latest 4000 days due to Bigquery limitations.",
            "etag": "O1KZPl8B9tm1J3XMvxKA1Q==",
            "friendly_name": "",
            "id": "projects/trustly-data-services-test/datasets/staging",
            "labels": {
              "make-sync-bq": "false"
            },
            "last_modified_time": 1643804925213,
            "location": "EU",
            "project": "trustly-data-services-test",
            "self_link": "https://bigquery.googleapis.com/bigquery/v2/projects/trustly-data-services-test/datasets/staging",
            "timeouts": null
          },
          "sensitive_attributes": [],
          "private": "eyJlMmJmYjczMC1lY2FhLTExZTYtOGY4OC0zNDM2M2JjN2M0YzAiOnsiY3JlYXRlIjoyNDAwMDAwMDAwMDAsImRlbGV0ZSI6MjQwMDAwMDAwMDAwLCJ1cGRhdGUiOjI0MDAwMDAwMDAwMH19"
        }
      ]
    },
    {
      "module": "module.dataset_staging",
      "mode": "managed",
      "type": "google_bigquery_dataset_iam_policy",
      "name": "policy_mapping",
      "provider": "provider[\"registry.terraform.io/hashicorp/google\"]",
      "instances": [
        {
          "schema_version": 0,
          "attributes": {
            "dataset_id": "staging",
            "etag": "",
            "id": "projects/trustly-data-services-test/datasets/staging",
            "policy_data": "{\"bindings\":[{\"members\":[\"serviceAccount:terraform-admin@trustly-data-services-test.iam.gserviceaccount.com\"],\"role\":\"roles/bigquery.dataOwner\"},{\"members\":[\"group:team.businessintelligence@trustly.com\"],\"role\":\"roles/bigquery.dataViewer\"}]}",
            "project": "trustly-data-services-test"
          },
          "sensitive_attributes": [],
          "private": "bnVsbA==",
          "dependencies": [
            "module.dataset_staging.data.google_iam_policy.policy",
            "module.dataset_staging.data.google_project.current_project",
            "module.dataset_staging.google_bigquery_dataset.dataset"
          ]
        }
      ]
    },
    {
      "module": "module.dataset_trustlyinc_aml",
      "mode": "data",
      "type": "google_iam_policy",
      "name": "policy",
      "provider": "provider[\"registry.terraform.io/hashicorp/google\"]",
      "instances": [
        {
          "schema_version": 0,
          "attributes": {
            "audit_config": null,
            "binding": [
              {
                "condition": [],
                "members": [
                  "group:aml.napieranalysts@trustly.com",
                  "serviceAccount:svc-dbt@trustly-napier-export-prod.iam.gserviceaccount.com"
                ],
                "role": "roles/bigquery.dataViewer"
              },
              {
                "condition": [],
                "members": [
                  "serviceAccount:terraform-admin@trustly-data-services-test.iam.gserviceaccount.com"
                ],
                "role": "roles/bigquery.dataOwner"
              },
              {
                "condition": [],
                "members": [],
                "role": "roles/bigquery.dataEditor"
              }
            ],
            "id": "2204525834",
            "policy_data": "{\"bindings\":[{\"role\":\"roles/bigquery.dataEditor\"},{\"members\":[\"serviceAccount:terraform-admin@trustly-data-services-test.iam.gserviceaccount.com\"],\"role\":\"roles/bigquery.dataOwner\"},{\"members\":[\"group:aml.napieranalysts@trustly.com\",\"serviceAccount:svc-dbt@trustly-napier-export-prod.iam.gserviceaccount.com\"],\"role\":\"roles/bigquery.dataViewer\"}]}"
          },
          "sensitive_attributes": []
        }
      ]
    },
    {
      "module": "module.dataset_trustlyinc_aml",
      "mode": "data",
      "type": "google_project",
      "name": "current_project",
      "provider": "provider[\"registry.terraform.io/hashicorp/google\"]",
      "instances": [
        {
          "schema_version": 0,
          "attributes": {
            "auto_create_network": null,
            "billing_account": null,
            "folder_id": "645534415534",
            "id": "projects/trustly-data-services-test",
            "labels": {},
            "name": "Trustly Data Services Test",
            "number": "496466744113",
            "org_id": "",
            "project_id": "trustly-data-services-test",
            "skip_delete": null
          },
          "sensitive_attributes": []
        }
      ]
    },
    {
      "module": "module.dataset_trustlyinc_aml",
      "mode": "managed",
      "type": "google_bigquery_dataset",
      "name": "dataset",
      "provider": "provider[\"registry.terraform.io/hashicorp/google\"]",
      "instances": [
        {
          "schema_version": 0,
          "attributes": {
            "access": [
              {
                "domain": "",
                "group_by_email": "",
                "role": "OWNER",
                "special_group": "",
                "user_by_email": "terraform-admin@trustly-data-services-test.iam.gserviceaccount.com",
                "view": []
              },
              {
                "domain": "",
                "group_by_email": "",
                "role": "READER",
                "special_group": "",
                "user_by_email": "svc-dbt@trustly-napier-export-prod.iam.gserviceaccount.com",
                "view": []
              },
              {
                "domain": "",
                "group_by_email": "aml.napieranalysts@trustly.com",
                "role": "READER",
                "special_group": "",
                "user_by_email": "",
                "view": []
              }
            ],
            "creation_time": 1636973078414,
            "dataset_id": "trustlyinc_aml",
            "default_encryption_configuration": [],
            "default_partition_expiration_ms": 345600000000,
            "default_table_expiration_ms": 0,
            "delete_contents_on_destroy": false,
            "description": "Trustly Inc AML tables used for Napier export",
            "etag": "Us8o8Dj2yjuSjnLPJQLs5Q==",
            "friendly_name": "",
            "id": "projects/trustly-data-services-test/datasets/trustlyinc_aml",
            "labels": {
              "make-sync-bq": "false"
            },
            "last_modified_time": 1643804922214,
            "location": "EU",
            "project": "trustly-data-services-test",
            "self_link": "https://bigquery.googleapis.com/bigquery/v2/projects/trustly-data-services-test/datasets/trustlyinc_aml",
            "timeouts": null
          },
          "sensitive_attributes": [],
          "private": "eyJlMmJmYjczMC1lY2FhLTExZTYtOGY4OC0zNDM2M2JjN2M0YzAiOnsiY3JlYXRlIjoyNDAwMDAwMDAwMDAsImRlbGV0ZSI6MjQwMDAwMDAwMDAwLCJ1cGRhdGUiOjI0MDAwMDAwMDAwMH19"
        }
      ]
    },
    {
      "module": "module.dataset_trustlyinc_aml",
      "mode": "managed",
      "type": "google_bigquery_dataset_iam_policy",
      "name": "policy_mapping",
      "provider": "provider[\"registry.terraform.io/hashicorp/google\"]",
      "instances": [
        {
          "schema_version": 0,
          "attributes": {
            "dataset_id": "trustlyinc_aml",
            "etag": "",
            "id": "projects/trustly-data-services-test/datasets/trustlyinc_aml",
            "policy_data": "{\"bindings\":[{\"members\":[\"serviceAccount:terraform-admin@trustly-data-services-test.iam.gserviceaccount.com\"],\"role\":\"roles/bigquery.dataOwner\"},{\"members\":[\"group:aml.napieranalysts@trustly.com\",\"serviceAccount:svc-dbt@trustly-napier-export-prod.iam.gserviceaccount.com\"],\"role\":\"roles/bigquery.dataViewer\"}]}",
            "project": "trustly-data-services-test"
          },
          "sensitive_attributes": [],
          "private": "bnVsbA==",
          "dependencies": [
            "module.dataset_trustlyinc_aml.data.google_iam_policy.policy",
            "module.dataset_trustlyinc_aml.data.google_project.current_project",
            "module.dataset_trustlyinc_aml.google_bigquery_dataset.dataset"
          ]
        }
      ]
    },
    {
      "module": "module.dataset_vector",
      "mode": "data",
      "type": "google_iam_policy",
      "name": "policy",
      "provider": "provider[\"registry.terraform.io/hashicorp/google\"]",
      "instances": [
        {
          "schema_version": 0,
          "attributes": {
            "audit_config": null,
            "binding": [
              {
                "condition": [],
                "members": [
                  "group:globalrisk-riskproduct-analytics@trustly.com",
                  "group:team.businessintelligence@trustly.com",
                  "group:team.productanalytics@trustly.com",
                  "serviceAccount:svc-dbt@trustly-bi-finance-prod.iam.gserviceaccount.com",
                  "serviceAccount:svc-dbt@trustly-bi-finance-test.iam.gserviceaccount.com",
                  "serviceAccount:svc-qliksense@trustly-data-services-test.iam.gserviceaccount.com"
                ],
                "role": "roles/bigquery.dataViewer"
              },
              {
                "condition": [],
                "members": [
                  "serviceAccount:terraform-admin@trustly-data-services-test.iam.gserviceaccount.com"
                ],
                "role": "roles/bigquery.dataOwner"
              },
              {
                "condition": [],
                "members": [],
                "role": "roles/bigquery.dataEditor"
              }
            ],
            "id": "172771965",
            "policy_data": "{\"bindings\":[{\"role\":\"roles/bigquery.dataEditor\"},{\"members\":[\"serviceAccount:terraform-admin@trustly-data-services-test.iam.gserviceaccount.com\"],\"role\":\"roles/bigquery.dataOwner\"},{\"members\":[\"group:globalrisk-riskproduct-analytics@trustly.com\",\"group:team.businessintelligence@trustly.com\",\"group:team.productanalytics@trustly.com\",\"serviceAccount:svc-dbt@trustly-bi-finance-prod.iam.gserviceaccount.com\",\"serviceAccount:svc-dbt@trustly-bi-finance-test.iam.gserviceaccount.com\",\"serviceAccount:svc-qliksense@trustly-data-services-test.iam.gserviceaccount.com\"],\"role\":\"roles/bigquery.dataViewer\"}]}"
          },
          "sensitive_attributes": []
        }
      ]
    },
    {
      "module": "module.dataset_vector",
      "mode": "data",
      "type": "google_project",
      "name": "current_project",
      "provider": "provider[\"registry.terraform.io/hashicorp/google\"]",
      "instances": [
        {
          "schema_version": 0,
          "attributes": {
            "auto_create_network": null,
            "billing_account": null,
            "folder_id": "645534415534",
            "id": "projects/trustly-data-services-test",
            "labels": {},
            "name": "Trustly Data Services Test",
            "number": "496466744113",
            "org_id": "",
            "project_id": "trustly-data-services-test",
            "skip_delete": null
          },
          "sensitive_attributes": []
        }
      ]
    },
    {
      "module": "module.dataset_vector",
      "mode": "managed",
      "type": "google_bigquery_dataset",
      "name": "dataset",
      "provider": "provider[\"registry.terraform.io/hashicorp/google\"]",
      "instances": [
        {
          "schema_version": 0,
          "attributes": {
            "access": [
              {
                "domain": "",
                "group_by_email": "",
                "role": "OWNER",
                "special_group": "",
                "user_by_email": "terraform-admin@trustly-data-services-test.iam.gserviceaccount.com",
                "view": []
              },
              {
                "domain": "",
                "group_by_email": "",
                "role": "READER",
                "special_group": "",
                "user_by_email": "svc-dbt@trustly-bi-finance-prod.iam.gserviceaccount.com",
                "view": []
              },
              {
                "domain": "",
                "group_by_email": "",
                "role": "READER",
                "special_group": "",
                "user_by_email": "svc-dbt@trustly-bi-finance-test.iam.gserviceaccount.com",
                "view": []
              },
              {
                "domain": "",
                "group_by_email": "",
                "role": "READER",
                "special_group": "",
                "user_by_email": "svc-qliksense@trustly-data-services-test.iam.gserviceaccount.com",
                "view": []
              },
              {
                "domain": "",
                "group_by_email": "globalrisk-riskproduct-analytics@trustly.com",
                "role": "READER",
                "special_group": "",
                "user_by_email": "",
                "view": []
              },
              {
                "domain": "",
                "group_by_email": "team.businessintelligence@trustly.com",
                "role": "READER",
                "special_group": "",
                "user_by_email": "",
                "view": []
              },
              {
                "domain": "",
                "group_by_email": "team.productanalytics@trustly.com",
                "role": "READER",
                "special_group": "",
                "user_by_email": "",
                "view": []
              }
            ],
            "creation_time": 1642598476213,
            "dataset_id": "vector",
            "default_encryption_configuration": [],
            "default_partition_expiration_ms": 345600000000,
            "default_table_expiration_ms": 0,
            "delete_contents_on_destroy": false,
            "description": "Product Platform EU tables",
            "etag": "MNNATcT7SeVSiAhBWFZ7Ig==",
            "friendly_name": "",
            "id": "projects/trustly-data-services-test/datasets/vector",
            "labels": {
              "make-sync-bq": "false"
            },
            "last_modified_time": 1643804923813,
            "location": "EU",
            "project": "trustly-data-services-test",
            "self_link": "https://bigquery.googleapis.com/bigquery/v2/projects/trustly-data-services-test/datasets/vector",
            "timeouts": null
          },
          "sensitive_attributes": [],
          "private": "eyJlMmJmYjczMC1lY2FhLTExZTYtOGY4OC0zNDM2M2JjN2M0YzAiOnsiY3JlYXRlIjoyNDAwMDAwMDAwMDAsImRlbGV0ZSI6MjQwMDAwMDAwMDAwLCJ1cGRhdGUiOjI0MDAwMDAwMDAwMH19"
        }
      ]
    },
    {
      "module": "module.dataset_vector",
      "mode": "managed",
      "type": "google_bigquery_dataset_iam_policy",
      "name": "policy_mapping",
      "provider": "provider[\"registry.terraform.io/hashicorp/google\"]",
      "instances": [
        {
          "schema_version": 0,
          "attributes": {
            "dataset_id": "vector",
            "etag": "",
            "id": "projects/trustly-data-services-test/datasets/vector",
            "policy_data": "{\"bindings\":[{\"members\":[\"serviceAccount:terraform-admin@trustly-data-services-test.iam.gserviceaccount.com\"],\"role\":\"roles/bigquery.dataOwner\"},{\"members\":[\"group:globalrisk-riskproduct-analytics@trustly.com\",\"group:team.businessintelligence@trustly.com\",\"group:team.productanalytics@trustly.com\",\"serviceAccount:svc-dbt@trustly-bi-finance-prod.iam.gserviceaccount.com\",\"serviceAccount:svc-dbt@trustly-bi-finance-test.iam.gserviceaccount.com\",\"serviceAccount:svc-qliksense@trustly-data-services-test.iam.gserviceaccount.com\"],\"role\":\"roles/bigquery.dataViewer\"}]}",
            "project": "trustly-data-services-test"
          },
          "sensitive_attributes": [],
          "private": "bnVsbA==",
          "dependencies": [
            "google_service_account.svc_qliksense",
            "module.dataset_vector.data.google_iam_policy.policy",
            "module.dataset_vector.data.google_project.current_project",
            "module.dataset_vector.google_bigquery_dataset.dataset"
          ]
        }
      ]
    }
  ]
}