{
  "version": 4,
  "terraform_version": "1.1.5",
  "serial": 2,
  "lineage": "b17a1d6e-ef63-4ea3-0264-46367e7601a2",
  "outputs": {},
  "resources": [
    {
      "mode": "managed",
      "type": "google_service_account",
      "name": "svc_composer_worker",
      "provider": "provider[\"registry.terraform.io/hashicorp/google\"]",
      "instances": [
        {
          "schema_version": 0,
          "attributes": {
            "account_id": "svc-composer-worker",
            "description": "",
            "disabled": false,
            "display_name": "",
            "email": "svc-composer-worker@trustly-data-services-test.iam.gserviceaccount.com",
            "id": "projects/trustly-data-services-test/serviceAccounts/111300218573403041422",
            "name": "projects/trustly-data-services-test/serviceAccounts/svc-composer-worker@trustly-data-services-test.iam.gserviceaccount.com",
            "project": "trustly-data-services-test",
            "timeouts": {
              "create": null
            },
            "unique_id": "111300218573403041422"
          },
          "sensitive_attributes": [],
          "private": "eyJlMmJmYjczMC1lY2FhLTExZTYtOGY4OC0zNDM2M2JjN2M0YzAiOnsiY3JlYXRlIjozMDAwMDAwMDAwMDB9LCJzY2hlbWFfdmVyc2lvbiI6IjAifQ=="
        }
      ]
    },
    {
      "mode": "managed",
      "type": "google_service_account",
      "name": "svc_github_action_application_deployment",
      "provider": "provider[\"registry.terraform.io/hashicorp/google\"]",
      "instances": [
        {
          "schema_version": 0,
          "attributes": {
            "account_id": "svc-application-deployment",
            "description": "",
            "disabled": false,
            "display_name": "",
            "email": "svc-application-deployment@trustly-data-services-test.iam.gserviceaccount.com",
            "id": "projects/trustly-data-services-test/serviceAccounts/103303564377518452756",
            "name": "projects/trustly-data-services-test/serviceAccounts/svc-application-deployment@trustly-data-services-test.iam.gserviceaccount.com",
            "project": "trustly-data-services-test",
            "timeouts": {
              "create": null
            },
            "unique_id": "103303564377518452756"
          },
          "sensitive_attributes": [],
          "private": "eyJlMmJmYjczMC1lY2FhLTExZTYtOGY4OC0zNDM2M2JjN2M0YzAiOnsiY3JlYXRlIjozMDAwMDAwMDAwMDB9LCJzY2hlbWFfdmVyc2lvbiI6IjAifQ=="
        }
      ]
    }
  ]
}
