{
  "version": 4,
  "terraform_version": "1.1.5",
  "serial": 5,
  "lineage": "b17a1d6e-ef63-4ea3-0264-46367e7601a2",
  "outputs": {},
  "resources": [
    {
      "mode": "managed",
      "type": "google_service_account",
      "name": "svc_composer_worker",
      "provider": "provider[\"registry.terraform.io/hashicorp/google\"]",
      "instances": [
        {
          "schema_version": 0,
          "attributes": {
            "account_id": "svc-composer-worker",
            "description": "",
            "disabled": false,
            "display_name": "",
            "email": "svc-composer-worker@trustly-data-services-test.iam.gserviceaccount.com",
            "id": "projects/trustly-data-services-test/serviceAccounts/111300218573403041422",
            "name": "projects/trustly-data-services-test/serviceAccounts/svc-composer-worker@trustly-data-services-test.iam.gserviceaccount.com",
            "project": "trustly-data-services-test",
            "timeouts": {
              "create": null
            },
            "unique_id": "111300218573403041422"
          },
          "sensitive_attributes": [],
          "private": "eyJlMmJmYjczMC1lY2FhLTExZTYtOGY4OC0zNDM2M2JjN2M0YzAiOnsiY3JlYXRlIjozMDAwMDAwMDAwMDB9LCJzY2hlbWFfdmVyc2lvbiI6IjAifQ=="
        }
      ]
    },
    {
      "mode": "managed",
      "type": "google_service_account",
      "name": "svc_github_action_application_deployment",
      "provider": "provider[\"registry.terraform.io/hashicorp/google\"]",
      "instances": [
        {
          "schema_version": 0,
          "attributes": {
            "account_id": "svc-application-deployment",
            "description": "",
            "disabled": false,
            "display_name": "",
            "email": "svc-application-deployment@trustly-data-services-test.iam.gserviceaccount.com",
            "id": "projects/trustly-data-services-test/serviceAccounts/103303564377518452756",
            "name": "projects/trustly-data-services-test/serviceAccounts/svc-application-deployment@trustly-data-services-test.iam.gserviceaccount.com",
            "project": "trustly-data-services-test",
            "timeouts": {
              "create": null
            },
            "unique_id": "103303564377518452756"
          },
          "sensitive_attributes": [],
          "private": "eyJlMmJmYjczMC1lY2FhLTExZTYtOGY4OC0zNDM2M2JjN2M0YzAiOnsiY3JlYXRlIjozMDAwMDAwMDAwMDB9LCJzY2hlbWFfdmVyc2lvbiI6IjAifQ=="
        }
      ]
    },
    {
      "module": "module.composer_airflow_two",
      "mode": "data",
      "type": "google_project",
      "name": "current_project",
      "provider": "provider[\"registry.terraform.io/hashicorp/google\"]",
      "instances": [
        {
          "schema_version": 0,
          "attributes": {
            "auto_create_network": null,
            "billing_account": null,
            "folder_id": "645534415534",
            "id": "projects/trustly-data-services-test",
            "labels": {},
            "name": "Trustly Data Services Test",
            "number": "496466744113",
            "org_id": "",
            "project_id": "trustly-data-services-test",
            "skip_delete": null
          },
          "sensitive_attributes": []
        }
      ]
    },
    {
      "module": "module.composer_airflow_two",
      "mode": "managed",
      "type": "google_composer_environment",
      "name": "composer",
      "provider": "provider[\"registry.terraform.io/hashicorp/google\"]",
      "instances": []
    },
    {
      "module": "module.composer_airflow_two",
      "mode": "managed",
      "type": "google_compute_subnetwork",
      "name": "composer_subnetwork",
      "provider": "provider[\"registry.terraform.io/hashicorp/google\"]",
      "instances": []
    },
    {
      "module": "module.composer_airflow_two",
      "mode": "managed",
      "type": "google_project_service",
      "name": "composer_api",
      "provider": "provider[\"registry.terraform.io/hashicorp/google\"]",
      "instances": [
        {
          "schema_version": 0,
          "attributes": {
            "disable_dependent_services": null,
            "disable_on_destroy": true,
            "id": "trustly-data-services-test/composer.googleapis.com",
            "project": "trustly-data-services-test",
            "service": "composer.googleapis.com",
            "timeouts": null
          },
          "sensitive_attributes": [],
          "private": "eyJlMmJmYjczMC1lY2FhLTExZTYtOGY4OC0zNDM2M2JjN2M0YzAiOnsiY3JlYXRlIjoxMjAwMDAwMDAwMDAwLCJkZWxldGUiOjEyMDAwMDAwMDAwMDAsInJlYWQiOjYwMDAwMDAwMDAwMCwidXBkYXRlIjoxMjAwMDAwMDAwMDAwfX0="
        }
      ]
    },
    {
      "module": "module.composer_airflow_two",
      "mode": "managed",
      "type": "google_storage_bucket_iam_member",
      "name": "github_action_object_admin",
      "provider": "provider[\"registry.terraform.io/hashicorp/google\"]",
      "instances": []
    }
  ]
}
