{
  "version": 4,
  "terraform_version": "1.1.5",
  "serial": 19,
  "lineage": "b17a1d6e-ef63-4ea3-0264-46367e7601a2",
  "outputs": {},
  "resources": [
    {
      "mode": "managed",
      "type": "google_project_iam_binding",
      "name": "composer_service_aggent2ext",
      "provider": "provider[\"registry.terraform.io/hashicorp/google\"]",
      "instances": [
        {
          "schema_version": 0,
          "attributes": {
            "condition": [],
            "etag": "BwXX0lcg2Ic=",
            "id": "trustly-data-services-test/roles/composer.ServiceAgentV2Ext",
            "members": [
              "serviceAccount:service-496466744113@cloudcomposer-accounts.iam.gserviceaccount.com"
            ],
            "project": "trustly-data-services-test",
            "role": "roles/composer.ServiceAgentV2Ext"
          },
          "sensitive_attributes": [],
          "private": "bnVsbA=="
        }
      ]
    },
    {
      "mode": "managed",
      "type": "google_service_account",
      "name": "svc_composer_worker",
      "provider": "provider[\"registry.terraform.io/hashicorp/google\"]",
      "instances": [
        {
          "schema_version": 0,
          "attributes": {
            "account_id": "svc-composer-worker",
            "description": "",
            "disabled": false,
            "display_name": "",
            "email": "svc-composer-worker@trustly-data-services-test.iam.gserviceaccount.com",
            "id": "projects/trustly-data-services-test/serviceAccounts/111300218573403041422",
            "name": "projects/trustly-data-services-test/serviceAccounts/svc-composer-worker@trustly-data-services-test.iam.gserviceaccount.com",
            "project": "trustly-data-services-test",
            "timeouts": {
              "create": null
            },
            "unique_id": "111300218573403041422"
          },
          "sensitive_attributes": [],
          "private": "eyJlMmJmYjczMC1lY2FhLTExZTYtOGY4OC0zNDM2M2JjN2M0YzAiOnsiY3JlYXRlIjozMDAwMDAwMDAwMDB9LCJzY2hlbWFfdmVyc2lvbiI6IjAifQ=="
        }
      ]
    },
    {
      "mode": "managed",
      "type": "google_service_account",
      "name": "svc_github_action_application_deployment",
      "provider": "provider[\"registry.terraform.io/hashicorp/google\"]",
      "instances": [
        {
          "schema_version": 0,
          "attributes": {
            "account_id": "svc-application-deployment",
            "description": "",
            "disabled": false,
            "display_name": "",
            "email": "svc-application-deployment@trustly-data-services-test.iam.gserviceaccount.com",
            "id": "projects/trustly-data-services-test/serviceAccounts/103303564377518452756",
            "name": "projects/trustly-data-services-test/serviceAccounts/svc-application-deployment@trustly-data-services-test.iam.gserviceaccount.com",
            "project": "trustly-data-services-test",
            "timeouts": {
              "create": null
            },
            "unique_id": "103303564377518452756"
          },
          "sensitive_attributes": [],
          "private": "eyJlMmJmYjczMC1lY2FhLTExZTYtOGY4OC0zNDM2M2JjN2M0YzAiOnsiY3JlYXRlIjozMDAwMDAwMDAwMDB9LCJzY2hlbWFfdmVyc2lvbiI6IjAifQ=="
        }
      ]
    },
    {
      "module": "module.composer_airflow_two",
      "mode": "data",
      "type": "google_project",
      "name": "current_project",
      "provider": "provider[\"registry.terraform.io/hashicorp/google\"]",
      "instances": [
        {
          "schema_version": 0,
          "attributes": {
            "auto_create_network": null,
            "billing_account": null,
            "folder_id": "645534415534",
            "id": "projects/trustly-data-services-test",
            "labels": {},
            "name": "Trustly Data Services Test",
            "number": "496466744113",
            "org_id": "",
            "project_id": "trustly-data-services-test",
            "skip_delete": null
          },
          "sensitive_attributes": []
        }
      ]
    },
    {
      "module": "module.composer_airflow_two",
      "mode": "managed",
      "type": "google_composer_environment",
      "name": "composer",
      "provider": "provider[\"registry.terraform.io/hashicorp/google-beta\"]",
      "instances": [
        {
          "schema_version": 0,
          "attributes": {
            "config": [
              {
                "airflow_uri": "https://b8eafe519d574d578345d14a1a3bc61f-dot-europe-west1.composer.googleusercontent.com",
                "dag_gcs_prefix": "gs://europe-west1-composer-env-t-501baf16-bucket/dags",
                "database_config": [],
                "encryption_config": [
                  {
                    "kms_key_name": ""
                  }
                ],
                "environment_size": "ENVIRONMENT_SIZE_SMALL",
                "gke_cluster": "projects/trustly-data-services-test/locations/europe-west1/clusters/europe-west1-composer-env-t-501baf16-gke",
                "maintenance_window": [
                  {
                    "end_time": "1970-01-01T04:00:00Z",
                    "recurrence": "FREQ=WEEKLY;BYDAY=FR,SA,SU",
                    "start_time": "1970-01-01T00:00:00Z"
                  }
                ],
                "master_authorized_networks_config": [],
                "node_config": [
                  {
                    "disk_size_gb": 0,
                    "enable_ip_masq_agent": false,
                    "ip_allocation_policy": [
                      {
                        "cluster_ipv4_cidr_block": "",
                        "cluster_secondary_range_name": "",
                        "services_ipv4_cidr_block": "",
                        "services_secondary_range_name": "",
                        "use_ip_aliases": false
                      }
                    ],
                    "machine_type": "",
                    "max_pods_per_node": 0,
                    "network": "projects/trustly-data-services-test/global/networks/composer-network-two",
                    "oauth_scopes": [],
                    "service_account": "svc-composer-worker@trustly-data-services-test.iam.gserviceaccount.com",
                    "subnetwork": "projects/trustly-data-services-test/regions/europe-west1/subnetworks/composer-subnetwork-two",
                    "tags": null,
                    "zone": ""
                  }
                ],
                "node_count": 0,
                "private_environment_config": [
                  {
                    "cloud_composer_connection_subnetwork": "",
                    "cloud_composer_network_ipv4_cidr_block": "172.31.251.0/24",
                    "cloud_sql_ipv4_cidr_block": "10.0.0.0/12",
                    "enable_private_endpoint": false,
                    "enable_privately_used_public_ips": false,
                    "master_ipv4_cidr_block": "",
                    "web_server_ipv4_cidr_block": ""
                  }
                ],
                "software_config": [
                  {
                    "airflow_config_overrides": {
                      "webserver-navbar_color": "#00ff3c"
                    },
                    "env_variables": null,
                    "image_version": "composer-2.0.3-airflow-2.2.3",
                    "pypi_packages": {
                      "bigquery-schema-generator": "==1.5",
                      "jira": "==2.0.0",
                      "simple-salesforce": "==1.10.1",
                      "slack-sdk": "==3.4.2"
                    },
                    "python_version": "",
                    "scheduler_count": 0
                  }
                ],
                "web_server_config": [],
                "web_server_network_access_control": [
                  {
                    "allowed_ip_range": [
                      {
                        "description": "Allows access from all IPv4 addresses (default value)",
                        "value": "0.0.0.0/0"
                      },
                      {
                        "description": "Allows access from all IPv6 addresses (default value)",
                        "value": "::0/0"
                      }
                    ]
                  }
                ],
                "workloads_config": [
                  {
                    "scheduler": [
                      {
                        "count": 1,
                        "cpu": 0.5,
                        "memory_gb": 1.875,
                        "storage_gb": 1
                      }
                    ],
                    "web_server": [
                      {
                        "cpu": 0.5,
                        "memory_gb": 1.875,
                        "storage_gb": 1
                      }
                    ],
                    "worker": [
                      {
                        "cpu": 0.5,
                        "max_count": 3,
                        "memory_gb": 1.875,
                        "min_count": 1,
                        "storage_gb": 1
                      }
                    ]
                  }
                ]
              }
            ],
            "id": "projects/trustly-data-services-test/locations/europe-west1/environments/composer-env-trustly-data-services-test-two",
            "labels": null,
            "name": "composer-env-trustly-data-services-test-two",
            "project": "trustly-data-services-test",
            "region": "europe-west1",
            "timeouts": null
          },
          "sensitive_attributes": [],
          "private": "eyJlMmJmYjczMC1lY2FhLTExZTYtOGY4OC0zNDM2M2JjN2M0YzAiOnsiY3JlYXRlIjo3MjAwMDAwMDAwMDAwLCJkZWxldGUiOjE4MDAwMDAwMDAwMDAsInVwZGF0ZSI6NzIwMDAwMDAwMDAwMH19",
          "dependencies": [
            "google_service_account.svc_composer_worker",
            "module.composer_airflow_two.data.google_project.current_project",
            "module.composer_airflow_two.google_compute_network.composer_network",
            "module.composer_airflow_two.google_compute_subnetwork.composer_subnetwork",
            "module.composer_airflow_two.google_project_service.composer_api"
          ]
        }
      ]
    },
    {
      "module": "module.composer_airflow_two",
      "mode": "managed",
      "type": "google_compute_network",
      "name": "composer_network",
      "provider": "provider[\"registry.terraform.io/hashicorp/google\"]",
      "instances": [
        {
          "schema_version": 0,
          "attributes": {
            "auto_create_subnetworks": false,
            "delete_default_routes_on_create": false,
            "description": "",
            "gateway_ipv4": "",
            "id": "projects/trustly-data-services-test/global/networks/composer-network-two",
            "mtu": 0,
            "name": "composer-network-two",
            "project": "trustly-data-services-test",
            "routing_mode": "REGIONAL",
            "self_link": "https://www.googleapis.com/compute/v1/projects/trustly-data-services-test/global/networks/composer-network-two",
            "timeouts": null
          },
          "sensitive_attributes": [],
          "private": "eyJlMmJmYjczMC1lY2FhLTExZTYtOGY4OC0zNDM2M2JjN2M0YzAiOnsiY3JlYXRlIjoxMjAwMDAwMDAwMDAwLCJkZWxldGUiOjEyMDAwMDAwMDAwMDAsInVwZGF0ZSI6MTIwMDAwMDAwMDAwMH19"
        }
      ]
    },
    {
      "module": "module.composer_airflow_two",
      "mode": "managed",
      "type": "google_compute_subnetwork",
      "name": "composer_subnetwork",
      "provider": "provider[\"registry.terraform.io/hashicorp/google\"]",
      "instances": [
        {
          "schema_version": 0,
          "attributes": {
            "creation_timestamp": "2022-02-12T01:43:06.047-08:00",
            "description": "",
            "external_ipv6_prefix": "",
            "fingerprint": null,
            "gateway_address": "192.168.22.1",
            "id": "projects/trustly-data-services-test/regions/europe-west1/subnetworks/composer-subnetwork-two",
            "ip_cidr_range": "192.168.22.0/24",
            "ipv6_access_type": "",
            "ipv6_cidr_range": "",
            "log_config": [],
            "name": "composer-subnetwork-two",
            "network": "https://www.googleapis.com/compute/v1/projects/trustly-data-services-test/global/networks/composer-network-two",
            "private_ip_google_access": false,
            "private_ipv6_google_access": "DISABLE_GOOGLE_ACCESS",
            "project": "trustly-data-services-test",
            "purpose": "PRIVATE",
            "region": "europe-west1",
            "role": "",
            "secondary_ip_range": [],
            "self_link": "https://www.googleapis.com/compute/v1/projects/trustly-data-services-test/regions/europe-west1/subnetworks/composer-subnetwork-two",
            "stack_type": "IPV4_ONLY",
            "timeouts": null
          },
          "sensitive_attributes": [],
          "private": "eyJlMmJmYjczMC1lY2FhLTExZTYtOGY4OC0zNDM2M2JjN2M0YzAiOnsiY3JlYXRlIjoxMjAwMDAwMDAwMDAwLCJkZWxldGUiOjEyMDAwMDAwMDAwMDAsInVwZGF0ZSI6MTIwMDAwMDAwMDAwMH19",
          "dependencies": [
            "module.composer_airflow_two.google_compute_network.composer_network"
          ]
        }
      ]
    },
    {
      "module": "module.composer_airflow_two",
      "mode": "managed",
      "type": "google_project_service",
      "name": "composer_api",
      "provider": "provider[\"registry.terraform.io/hashicorp/google\"]",
      "instances": [
        {
          "schema_version": 0,
          "attributes": {
            "disable_dependent_services": null,
            "disable_on_destroy": true,
            "id": "trustly-data-services-test/composer.googleapis.com",
            "project": "trustly-data-services-test",
            "service": "composer.googleapis.com",
            "timeouts": null
          },
          "sensitive_attributes": [],
          "private": "eyJlMmJmYjczMC1lY2FhLTExZTYtOGY4OC0zNDM2M2JjN2M0YzAiOnsiY3JlYXRlIjoxMjAwMDAwMDAwMDAwLCJkZWxldGUiOjEyMDAwMDAwMDAwMDAsInJlYWQiOjYwMDAwMDAwMDAwMCwidXBkYXRlIjoxMjAwMDAwMDAwMDAwfX0="
        }
      ]
    },
    {
      "module": "module.composer_airflow_two",
      "mode": "managed",
      "type": "google_storage_bucket_iam_member",
      "name": "github_action_object_admin",
      "provider": "provider[\"registry.terraform.io/hashicorp/google\"]",
      "instances": [
        {
          "schema_version": 0,
          "attributes": {
            "bucket": "b/europe-west1-composer-env-t-501baf16-bucket",
            "condition": [],
            "etag": "CAM=",
            "id": "b/europe-west1-composer-env-t-501baf16-bucket/roles/storage.objectAdmin/serviceAccount:svc-application-deployment@trustly-data-services-test.iam.gserviceaccount.com",
            "member": "serviceAccount:svc-application-deployment@trustly-data-services-test.iam.gserviceaccount.com",
            "role": "roles/storage.objectAdmin"
          },
          "sensitive_attributes": [],
          "private": "bnVsbA==",
          "dependencies": [
            "google_service_account.svc_composer_worker",
            "google_service_account.svc_github_action_application_deployment",
            "module.composer_airflow_two.data.google_project.current_project",
            "module.composer_airflow_two.google_composer_environment.composer",
            "module.composer_airflow_two.google_compute_network.composer_network",
            "module.composer_airflow_two.google_compute_subnetwork.composer_subnetwork",
            "module.composer_airflow_two.google_project_service.composer_api"
          ]
        }
      ]
    }
  ]
}
